{
  "version": 4,
  "terraform_version": "1.8.5",
  "serial": 1652,
  "lineage": "d1c58729-fe15-cda0-aef2-93226575cda0",
  "outputs": {},
  "resources": [
    {
      "mode": "data",
      "type": "aws_caller_identity",
      "name": "current",
      "provider": "provider[\"registry.terraform.io/hashicorp/aws\"]",
      "instances": [
        {
          "schema_version": 0,
          "attributes": {
            "account_id": "654654394525",
            "arn": "arn:aws:sts::654654394525:assumed-role/voclabs/user3154006=gpramirezecheverria@gmail.com",
            "id": "654654394525",
            "user_id": "AROAZQ3DRKCORTCTDEKVT:user3154006=gpramirezecheverria@gmail.com"
          },
          "sensitive_attributes": []
        }
      ]
    },
    {
      "mode": "data",
      "type": "aws_ecr_authorization_token",
      "name": "token",
      "provider": "provider[\"registry.terraform.io/hashicorp/aws\"]",
      "instances": [
        {
          "schema_version": 0,
          "attributes": {
            "authorization_token": "QVdTOmV5SndZWGxzYjJGa0lqb2lTblp5Y2tWWk1GcHFXVVpuWXk5elRubDFZVTlrTkVKYVVHTlRiR3RJU1VwU1ptOTBaVGgzY1doSGFXSnVXamhuVm10dVNYSTBVVWRuTWpKck1IcHFZVXh4ZWxoQmVrOHJWVEZNTTNCd1JVVXJabXBrZG5FM2FtRnBkeTk2WkhkRmRXRk5iVzlKUm5SdFQxVlhRelYzV0haMU1qa3hURUpEYzNJeFQybEdRMGMyVTBSR2R6bHhXbVpxVEZCa1kwMXhjSGt6TkZKTmVHVk1lbWhtVHpBM1EwOW5MMnh2U1hZMk0wMDNSRFZET0ZaWWVYWXhhMnRzUkV3MWJHZG9XakpFU1hKbVVYY3ZVV05rZGt0YWFWSkhWbUpaTDJGR1ZqZ3hWRFJFYW5WVGNHUlhTVFZDSzJvd1dFTnVSR2N3UjFCNlNVcEJVSFp4YldOdGJTOXhUVkZuWnpaTFdUWjRSRTA1Y1RoU2VYZHNVRFZEWmxsSmRXUnhWVEpqZUcxeU4zZFdVVUZZV2trdlJuUllURmw1ZEc5clFYcFVjMmszT1hnMVNWTmtUa0Y2WlZKYVRGZFRaWEpWTUhWRVdEUjVOWG8xYjBkcE1VcDRSek5QWlRKSU1EQTJaakJPUm5sdVdWTlNMMjV2YkRKVWVsbGlNSGMwVnlzNU0yeFBPQzlYU0RCc1ZrNWxWbmhWYVZaSlFtOVhNM2hPTkU1a2JGYzBaREJ3UTNwSUswbG1TRWxuZGtGMFFtaGlUMWhQZDB0RFNsWnZLM1pPV0VKNll6RjZRazlITUhsRlkzUnpTVTlCTVcxVldraEZjVGRpUlZJM1JEYzBaRzFQY1hkMWFraFJVelZxYkhWeFRERXZNMnQyYW5ocFN6UjJVSGxLV0c1MFprdEZTR1F5T0VwMmFDOWhTUzluYldnck9UUm5LMFI1ZEdweGRIZFplRk5hWkRRd1Z6TnhSQzlsUTNoTU5rcDVWRVpaYUdsbFJsbFVPV0pZVjNoSVUxaE1SMWhDUjNwclVtMXFRVEpHYTJkWlMzTnhibkk0Y21GeU1rVlFiRGR6UkRsaVNraGFOMVkxVW0xdFpXTjBWREpYTmpFeVdrWkVXSEJVVmtSUGN6WlVVWFZQTVVGb1owSk1ibE5pTW05MU5uRmhXSGRTTWpFdkswWjZObmhSUjBoamNXdHRURGw0YTFSYWJHZzRWMGRoTTBSU1J6WkRaMW92VFdWSU9FNVdUQzg1TkRsVVVVVTJkblpSU0U0MVVFVkpTMEZ2ZEd0bWRtbDJWRXRQYXpOWVlsVkZWWGxMY2prME9Ia3JWMnRpV2pKbldYQXZPVFkzYTBSTWRFWmxjMWhqVTBsQ01WSTNVbE5OTWt0b05YWllRMjlFTmxsWmFXUmxjVmh4TkZZeldUTkJhVWg2WW1nM1QzZDNNalZ1U2xGRmNtSkxhVVpUUmk5SVUwbDRlRXRaYTJsNU0wbHFNR1pqVDFCVkwxUklNbFpXVTNoR1dHaHZhekJNVEZVdlltbEJRMHBVYWxjclVVRlZhMjgyTUd0cU1XOXBiMk5SUTJnck9XVnpWbkZuY0hOQ1FrTlZXSEl5ZFdaSlJ6WXpNek5VV1d3eWJETlZSWFpLTWtvNFZGRktSbEpGZWtwR1VqZDNWVk5XY1VWcGRrSm1OM3AyV2pobmJYVktTbTU0WlhWdFkwZFBSVmhOU1V0RVdWSnBLekpqTm5kYWNIVTJZWGRIUzNoYWVqWkliRkV2Y1dSa2FWSjViRlJGZEhaak56RjBhV3RQZWxVeWREUjFRVWhZV2taQ1RFdDNXRTl6TlRWamIxSjVRM2hZU1RCMlRtTlFhMVowVVc1TFNqUnpibmRHZG1wM2FqSlZiRUZHUVdkVVExTklNVU16ZFhwTk1rTkxVVEJEVkhWbVlXSlNhbUpaVkZkTk1GRllRVkF3TjNaVFYxVnhjM2N4YzB0elpXWlZaa2xTWW5Wck9EWkRhVk4zYnpSbmJYY3dNeTlJVTFKamJucEVkVWxoWXpKVlpqZ3ZURFZoYWsxM2NHMDRjbTlHYjBWQk1FcGlURzlDTjJwQ05FeHFUWFZHWnpsWlNWRlJWVTg1UVhob1dWWldXWFZLZDJaT1ExVTFLMnRYUTJ0T2VVTnRhRE41YWpGalRsZEliMUpOWkZSYVNteGFLMkkzTTBJekwwZExWblV4VmtWSmRFb3daMEpEVGtKS2ExUXpiRkk0ZHpOdE5IbDZSRGx6VW5GWEwzTlNOV3hTVTFaeGVFSkdNV050Ums1M1ZHcHpkR1pQV0hGc05IWmhkRlZWTld0aFlVaFRkVkJyVVV3eU5sTk9lV3RQWml0a04xaFJSeXM0TkhVM1VVSlRkSFV2Uml0WVR6TlRlWGRPWnl0VWJpOXJaRzg1VjB4a0lpd2laR0YwWVd0bGVTSTZJa0ZSUlVKQlNHaDNiVEJaWVVsVFNtVlNkRXB0Tlc0eFJ6WjFjV1ZsYTFoMWIxaFlVR1UxVlVaalpUbFNjVGd2TVRSM1FVRkJTRFIzWmtGWlNrdHZXa2xvZG1OT1FWRmpSMjlIT0hkaVVVbENRVVJDYjBKbmEzRm9hMmxIT1hjd1FrSjNSWGRJWjFsS1dVbGFTVUZYVlVSQ1FVVjFUVUpGUlVSTVEwWXdXa3N5VFVkYVRuaFBSWGwzZDBsQ1JVbEJOMUpQWlVoUVMwMXhWVlIwVXk5bmJIb3Jka0V6Y3pKM1RrMWthM1l4V0d4RGVWUnVhbFpSWWxGb1NtbFBiWGR6UkRCNWNsRjNRVUpOWlVKUmRXOXZlVTVTTWtVek9WQkZUM2xoVjFocFZVazlJaXdpZG1WeWMybHZiaUk2SWpJaUxDSjBlWEJsSWpvaVJFRlVRVjlMUlZraUxDSmxlSEJwY21GMGFXOXVJam94TnpFNE9UUTJPVEU0ZlE9PQ==",
            "expires_at": "2024-06-21T05:15:18Z",
            "id": "us-east-1",
            "password": "eyJwYXlsb2FkIjoiSnZyckVZMFpqWUZnYy9zTnl1YU9kNEJaUGNTbGtISUpSZm90ZTh3cWhHaWJuWjhnVmtuSXI0UUdnMjJrMHpqYUxxelhBek8rVTFMM3BwRUUrZmpkdnE3amFpdy96ZHdFdWFNbW9JRnRtT1VXQzV3WHZ1MjkxTEJDc3IxT2lGQ0c2U0RGdzlxWmZqTFBkY01xcHkzNFJNeGVMemhmTzA3Q09nL2xvSXY2M003RDVDOFZYeXYxa2tsREw1bGdoWjJESXJmUXcvUWNkdktaaVJHVmJZL2FGVjgxVDREanVTcGRXSTVCK2owWENuRGcwR1B6SUpBUHZxbWNtbS9xTVFnZzZLWTZ4RE05cThSeXdsUDVDZllJdWRxVTJjeG1yN3dWUUFYWkkvRnRYTFl5dG9rQXpUc2k3OXg1SVNkTkF6ZVJaTFdTZXJVMHVEWDR5NXo1b0dpMUp4RzNPZTJIMDA2ZjBORnluWVNSL25vbDJUelliMHc0Vys5M2xPOC9XSDBsVk5lVnhVaVZJQm9XM3hONE5kbFc0ZDBwQ3pIK0lmSElndkF0QmhiT1hPd0tDSlZvK3ZOWEJ6YzF6Qk9HMHlFY3RzSU9BMW1VWkhFcTdiRVI3RDc0ZG1PcXd1akhRUzVqbHVxTDEvM2t2anhpSzR2UHlKWG50ZktFSGQyOEp2aC9hSS9nbWgrOTRnK0R5dGpxdHdZeFNaZDQwVzNxRC9lQ3hMNkp5VEZZaGllRllUOWJYV3hIU1hMR1hCR3prUm1qQTJGa2dZS3NxbnI4cmFyMkVQbDdzRDliSkhaN1Y1Um1tZWN0VDJXNjEyWkZEWHBUVkRPczZUUXVPMUFoZ0JMblNiMm91NnFhWHdSMjEvK0Z6NnhRR0hjcWttTDl4a1RabGg4V0dhM0RSRzZDZ1ovTWVIOE5WTC85NDlUUUU2dnZRSE41UEVJS0FvdGtmdml2VEtPazNYYlVFVXlLcjk0OHkrV2tiWjJnWXAvOTY3a0RMdEZlc1hjU0lCMVI3UlNNMktoNXZYQ29ENllZaWRlcVhxNFYzWTNBaUh6Ymg3T3d3MjVuSlFFcmJLaUZTRi9IU0l4eEtZa2l5M0lqMGZjT1BVL1RIMlZWU3hGWGhvazBMTFUvYmlBQ0pUalcrUUFVa282MGtqMW9pb2NRQ2grOWVzVnFncHNCQkNVWHIydWZJRzYzMzNUWWwybDNVRXZKMko4VFFKRlJFekpGUjd3VVNWcUVpdkJmN3p2WjhnbXVKSm54ZXVtY0dPRVhNSUtEWVJpKzJjNndacHU2YXdHS3haejZIbFEvcWRkaVJ5bFRFdHZjNzF0aWtPelUydDR1QUhYWkZCTEt3WE9zNTVjb1J5Q3hYSTB2TmNQa1Z0UW5LSjRzbndGdmp3ajJVbEFGQWdUQ1NIMUMzdXpNMkNLUTBDVHVmYWJSamJZVFdNMFFYQVAwN3ZTV1Vxc3cxc0tzZWZVZklSYnVrODZDaVN3bzRnbXcwMy9IU1JjbnpEdUlhYzJVZjgvTDVhak13cG04cm9Gb0VBMEpiTG9CN2pCNExqTXVGZzlZSVFRVU85QXhoWVZWWXVKd2ZOQ1U1K2tXQ2tOeUNtaDN5ajFjTldIb1JNZFRaSmxaK2I3M0IzL0dLVnUxVkVJdEowZ0JDTkJKa1QzbFI4dzNtNHl6RDlzUnFXL3NSNWxSU1ZxeEJGMWNtRk53VGpzdGZPWHFsNHZhdFVVNWthYUhTdVBrUUwyNlNOeWtPZitkN1hRRys4NHU3UUJTdHUvRitYTzNTeXdOZytUbi9rZG85V0xkIiwiZGF0YWtleSI6IkFRRUJBSGh3bTBZYUlTSmVSdEptNW4xRzZ1cWVla1h1b1hYUGU1VUZjZTlScTgvMTR3QUFBSDR3ZkFZSktvWklodmNOQVFjR29HOHdiUUlCQURCb0Jna3Foa2lHOXcwQkJ3RXdIZ1lKWUlaSUFXVURCQUV1TUJFRURMQ0YwWksyTUdaTnhPRXl3d0lCRUlBN1JPZUhQS01xVVR0Uy9nbHordkEzczJ3Tk1ka3YxWGxDeVRualZRYlFoSmlPbXdzRDB5clF3QUJNZUJRdW9veU5SMkUzOVBFT3lhV1hpVUk9IiwidmVyc2lvbiI6IjIiLCJ0eXBlIjoiREFUQV9LRVkiLCJleHBpcmF0aW9uIjoxNzE4OTQ2OTE4fQ==",
            "proxy_endpoint": "https://654654394525.dkr.ecr.us-east-1.amazonaws.com",
            "registry_id": null,
            "user_name": "AWS"
          },
          "sensitive_attributes": [
            [
              {
                "type": "get_attr",
                "value": "authorization_token"
              }
            ],
            [
              {
                "type": "get_attr",
                "value": "password"
              }
            ]
          ]
        }
      ]
    },
    {
      "module": "module.aws",
      "mode": "data",
      "type": "aws_caller_identity",
      "name": "current",
      "provider": "provider[\"registry.terraform.io/hashicorp/aws\"]",
      "instances": [
        {
          "schema_version": 0,
          "attributes": {
            "account_id": "654654394525",
            "arn": "arn:aws:sts::654654394525:assumed-role/voclabs/user3154006=gpramirezecheverria@gmail.com",
            "id": "654654394525",
            "user_id": "AROAZQ3DRKCORTCTDEKVT:user3154006=gpramirezecheverria@gmail.com"
          },
          "sensitive_attributes": []
        }
      ]
    },
    {
      "module": "module.aws",
      "mode": "data",
      "type": "aws_ecr_authorization_token",
      "name": "token",
      "provider": "provider[\"registry.terraform.io/hashicorp/aws\"]",
      "instances": [
        {
          "schema_version": 0,
          "attributes": {
            "authorization_token": "QVdTOmV5SndZWGxzYjJGa0lqb2lLMmhsUTFaUVVuZENiMGRhTkVOUWJDdExLekpXYURnelUyOXhWRU51WWxwNWJGVnJOakZSVVdSQ1kxZHhNREJZWm1SWVowNXlUMjF0UjBaaGVXWnlPRVZITW01UGNGQlVWemh6U0doNU16Rm9VRGhDZW5WMFRqSnRORGhYUW1SaVdtaFVhak12ZDNsSFMxUk1PRlpHZVdWcU5UaG5RU3M0YjFJMVNHVlJiVVpVTW5oVVVIUllhWFZVZG1wd01qbDZXVlppYlZaaE0zSlpVbEZXTlVWcU1WZHdSMjVzZGxVNVRqVlpWV05YYVc1cFdscENSM3B0VjFveGN6UkhRVVpaVkVvNE1XVlRZMnNyUWxOeFFtcFhlVzFHV2s5M2FVSlZPREpFVWt4MWEwMU1XbTVKVlV3NFMyNW1lamg0UldOcGMwTnJiemcwTVhCV05rNW1TWGRaVlV4c2FYbEdObm81WW05cVkwVm1VMlkxTDFSYVlURTJhM3BJVURSQmEwNXRRUzl4Ym1kMGEydEtMMVp6ZEhoc05tMU5hV1pPYVhkR0swSXZNbVJrYms5MU5HUmpNVVIyUjNrM2JYRTNZeTlLYmxsMmMwVlVTREUxVTFjNFJWcDNLMHRrTjJwMVRubHVZbmhxU1Zkd0wwOU1hazAxZUhoSWVXZG1hV3BwVERGbFNFMVhWRVJMUkdKSlIxQlJMMnB0Vm1KeGFsaGxNM1ZDV2xGd1ZVRklOUzlPTlRSSGNrVk1lR3RhYVROb1puZFZMMUo1YVdkMFdsZHZXamd6VVU1RFltMTFXSE5qVUhoa05HZHljRGx3UzBwVVVYQjJRazgwTm5oeGFHRm5VSEpYVG1kQmVHOUhRelk0WmpSVmFGaHVaR2hCSzBSSFdtTnViRzgzVDBKUGFHdHVUVTh5UXpSMmVFaFVObXhGV0VoWVFubG1iMmhDT1ZwSmRXUlhORXBFZVZwTWFHZGlkRm95VUZobVNHbHljM2xVU0dKVmFtOXVaek5JTDB3MldsSTVUV2gzVHlzd2F6TXZiM1ZhVHpoVE1ERjJVR3RGTTFGUmR6UnhVbTFCZDNjMFpUWjRjVlJYU0djeU1sbERVbmw1Y1VoMlNrZDBibnBtYjBObFowMTNNV1Z5WjFCRWFFTmpSM054Wm1SeVNrNUhiM1p5Y2tJNWFVcHZRV1JRWm1Oa2JsbHFOV0Z0WW5WUFdXMVBiVVEzVlRZclJqZERkR1JPYTI5UGFHcDRjRmxvTlZWd1VFNTRXR1U0Y0c0MWMwWk9hbXhrUVZFclVVNU5laXRuYkRBMmNIRm5OMm9yZVdsVVJrZzJWM2RXYlhabGQzUm5VMEkyVFZsQ2RqVkZTblZLVjBaT2QwZ3lZV00xYVRrNE5HSTBiMjVaU0doSlJrdDRaVWh1VTNjNFVYSndaMnRsYlVzMlRIRTNUa3czTlRSbmRWa3hXa1phWkRZeFZUUkJXVW8zYTFOamQyaFhSbkJvVjFsRWRsZExkM2RXYVZFNVdGSXZaRzk2Y0ZGcE0xaHJPR3RsVURoa1lXeEdSRTlFY2tGTVJ6RlliWHBEVGt0UU1YaHJZelJoV0hadVRFUlNLelZXU0ZwdmNWVjBjRzloZDBKb1ptdDBjbmRKTkdOM1VEazFSMjlZTm5ob1JscE1RbmMzZUdORE9VeDJUMnN4WVd4aVJIRlVOM2hKVkV0a05WaEZSVEZrVWs5QmF6ZHpTV1pZY2pkT2RuZEVVM3AyUVRKaVNXTm9SR0ZNVlcxWlRFNUliRVJEVTBGUk9VeHdVRlZEYVZOeGRuSTFjVVF6U0ZkUU1FSk5lR2R0Y21OVU9GbGlXbEpFTTBSUGVEaGlTbmhRWjNRcldEZGxPVFV4ZEd3MWVsRjBibE00U1hWdU4wVjNNRVZMZVRkMFFtRlJRVkU0Um5KUWRtMVBZVXQ1VTNCbVNuUkROekkzY21NMmIwdFZSVUoxVG5SUGIybEJTRlZhVmxKUEwxRm5kVzFpTUhwTFlsVkJOR2R0ZVhaeFIxbDROakowVVc5elVVRTFjVGR5ZVRoblIweFpMMHRIUVUxRmJsVlZjVVYyTURKU05YQmFja0pwYVdZMmJHdDJkM1pwTlZGSWRFODVabU5YVVVGMlNDdG5VamRGYlZkTFVsVlJTbGg1TUUxaFRITmlPRkZHV0hCYVFuWkpRbVZwVlRoc2VtVTFjSEoxVDJKWmR6TTJObFptTUd4M2JERlZUVGhvYkZselppdE1VRE53YkZkU1JrNUpXa2xrY1ZKQmJuTXpSbEIwT1VreVEzY3hiMHRNY0ZjMVNWQnZaM2d6WkVSRFdXVnNVRTVXV0V4M05tMURRa2g2VEZWUlprSXlWRFpXY2xwc1dVczBiR0ZCUm1sSldFVm9hRzF3Wm5VMElpd2laR0YwWVd0bGVTSTZJa0ZSUlVKQlNHaDNiVEJaWVVsVFNtVlNkRXB0Tlc0eFJ6WjFjV1ZsYTFoMWIxaFlVR1UxVlVaalpUbFNjVGd2TVRSM1FVRkJTRFIzWmtGWlNrdHZXa2xvZG1OT1FWRmpSMjlIT0hkaVVVbENRVVJDYjBKbmEzRm9hMmxIT1hjd1FrSjNSWGRJWjFsS1dVbGFTVUZYVlVSQ1FVVjFUVUpGUlVSRlVsRkxiVVZzVFZGdlRsbElVelZQVVVsQ1JVbEJOM1ptVGpSS1VFVXpTV3RaYlRGQlZURnhUMm95WmpkSE9GVnFVemx1WWxaT1RGQjFVSEJxV0hsUVYwNWpVVVpJTDI4eVFUZERUalpoWkZSa1drVm9OazVOUlUxVlEyTlphMHROVEdsU09XYzlJaXdpZG1WeWMybHZiaUk2SWpJaUxDSjBlWEJsSWpvaVJFRlVRVjlMUlZraUxDSmxlSEJwY21GMGFXOXVJam94TnpFNE9UUTJPVEU0ZlE9PQ==",
            "expires_at": "2024-06-21T05:15:18Z",
            "id": "us-east-1",
            "password": "eyJwYXlsb2FkIjoiK2hlQ1ZQUndCb0daNENQbCtLKzJWaDgzU29xVENuYlp5bFVrNjFRUWRCY1dxMDBYZmRYZ05yT21tR0ZheWZyOEVHMm5PcFBUVzhzSGh5MzFoUDhCenV0TjJtNDhXQmRiWmhUajMvd3lHS1RMOFZGeWVqNThnQSs4b1I1SGVRbUZUMnhUUHRYaXVUdmpwMjl6WVZibVZhM3JZUlFWNUVqMVdwR25sdlU5TjVZVWNXaW5pWlpCR3ptV1oxczRHQUZZVEo4MWVTY2srQlNxQmpXeW1GWk93aUJVODJEUkx1a01MWm5JVUw4S25mejh4RWNpc0Nrbzg0MXBWNk5mSXdZVUxsaXlGNno5Ym9qY0VmU2Y1L1RaYTE2a3pIUDRBa05tQS9xbmd0a2tKL1ZzdHhsNm1NaWZOaXdGK0IvMmRkbk91NGRjMUR2R3k3bXE3Yy9Kbll2c0VUSDE1U1c4RVp3K0tkN2p1TnluYnhqSVdwL09Mak01eHhIeWdmaWppTDFlSE1XVERLRGJJR1BRL2ptVmJxalhlM3VCWlFwVUFINS9ONTRHckVMeGtaaTNoZndVL1J5aWd0WldvWjgzUU5DYm11WHNjUHhkNGdycDlwS0pUUXB2Qk80NnhxaGFnUHJXTmdBeG9HQzY4ZjRVaFhuZGhBK0RHWmNubG83T0JPaGtuTU8yQzR2eEhUNmxFWEhYQnlmb2hCOVpJdWRXNEpEeVpMaGdidFoyUFhmSGlyc3lUSGJVam9uZzNIL0w2WlI5TWh3TyswazMvb3VaTzhTMDF2UGtFM1FRdzRxUm1Bd3c0ZTZ4cVRXSGcyMllDUnl5cUh2Skd0bnpmb0NlZ013MWVyZ1BEaENjR3NxZmRySk5Hb3ZyckI5aUpvQWRQZmNkbllqNWFtYnVPWW1PbUQ3VTYrRjdDdGROa29PaGp4cFloNVVwUE54WGU4cG41c0ZOamxkQVErUU5NeitnbDA2cHFnN2oreWlURkg2V3dWbXZld3RnU0I2TVlCdjVFSnVKV0ZOd0gyYWM1aTk4NGI0b25ZSGhJRkt4ZUhuU3c4UXJwZ2tlbUs2THE3Tkw3NTRndVkxWkZaZDYxVTRBWUo3a1Njd2hXRnBoV1lEdldLd3dWaVE5WFIvZG96cFFpM1hrOGtlUDhkYWxGRE9EckFMRzFYbXpDTktQMXhrYzRhWHZuTERSKzVWSFpvcVV0cG9hd0JoZmt0cndJNGN3UDk1R29YNnhoRlpMQnc3eGNDOUx2T2sxYWxiRHFUN3hJVEtkNVhFRTFkUk9BazdzSWZYcjdOdndEU3p2QTJiSWNoRGFMVW1ZTE5IbERDU0FROUxwUFVDaVNxdnI1cUQzSFdQMEJNeGdtcmNUOFliWlJEM0RPeDhiSnhQZ3QrWDdlOTUxdGw1elF0blM4SXVuN0V3MEVLeTd0QmFRQVE4RnJQdm1PYUt5U3BmSnRDNzI3cmM2b0tVRUJ1TnRPb2lBSFVaVlJPL1FndW1iMHpLYlVBNGdteXZxR1l4NjJ0UW9zUUE1cTdyeThnR0xZL0tHQU1FblVVcUV2MDJSNXBackJpaWY2bGt2d3ZpNVFIdE85ZmNXUUF2SCtnUjdFbVdLUlVRSlh5ME1hTHNiOFFGWHBaQnZJQmVpVThsemU1cHJ1T2JZdzM2NlZmMGx3bDFVTThobFlzZitMUDNwbFdSRk5JWklkcVJBbnMzRlB0OUkyQ3cxb0tMcFc1SVBvZ3gzZERDWWVsUE5WWEx3Nm1DQkh6TFVRZkIyVDZWclpsWUs0bGFBRmlJWEVoaG1wZnU0IiwiZGF0YWtleSI6IkFRRUJBSGh3bTBZYUlTSmVSdEptNW4xRzZ1cWVla1h1b1hYUGU1VUZjZTlScTgvMTR3QUFBSDR3ZkFZSktvWklodmNOQVFjR29HOHdiUUlCQURCb0Jna3Foa2lHOXcwQkJ3RXdIZ1lKWUlaSUFXVURCQUV1TUJFRURFUlFLbUVsTVFvTllIUzVPUUlCRUlBN3ZmTjRKUEUzSWtZbTFBVTFxT2oyZjdHOFVqUzluYlZOTFB1UHBqWHlQV05jUUZIL28yQTdDTjZhZFRkWkVoNk5NRU1VQ2NZa0tNTGlSOWc9IiwidmVyc2lvbiI6IjIiLCJ0eXBlIjoiREFUQV9LRVkiLCJleHBpcmF0aW9uIjoxNzE4OTQ2OTE4fQ==",
            "proxy_endpoint": "https://654654394525.dkr.ecr.us-east-1.amazonaws.com",
            "registry_id": null,
            "user_name": "AWS"
          },
          "sensitive_attributes": [
            [
              {
                "type": "get_attr",
                "value": "authorization_token"
              }
            ],
            [
              {
                "type": "get_attr",
                "value": "password"
              }
            ]
          ]
        }
      ]
    },
    {
      "module": "module.aws",
      "mode": "managed",
      "type": "aws_eks_cluster",
      "name": "cluster_obligatorio",
      "provider": "provider[\"registry.terraform.io/hashicorp/aws\"]",
      "instances": [
        {
          "schema_version": 0,
          "attributes": {
            "access_config": [
              {
                "authentication_mode": "CONFIG_MAP",
                "bootstrap_cluster_creator_admin_permissions": false
              }
            ],
            "arn": "arn:aws:eks:us-east-1:654654394525:cluster/cluster_obligatorio",
            "certificate_authority": [
              {
                "data": "LS0tLS1CRUdJTiBDRVJUSUZJQ0FURS0tLS0tCk1JSURCVENDQWUyZ0F3SUJBZ0lJS3NvamxGUTNnTWN3RFFZSktvWklodmNOQVFFTEJRQXdGVEVUTUJFR0ExVUUKQXhNS2EzVmlaWEp1WlhSbGN6QWVGdzB5TkRBMk1qQXhOekF6TWpGYUZ3MHpOREEyTVRneE56QTRNakZhTUJVeApFekFSQmdOVkJBTVRDbXQxWW1WeWJtVjBaWE13Z2dFaU1BMEdDU3FHU0liM0RRRUJBUVVBQTRJQkR3QXdnZ0VLCkFvSUJBUURSOS9JZm16WE9pcnY1ODBMM2xNMVFKeU1WN21UamhVSGpiZ1NVd3VmZytvd085QlpQdDNqK0pMa0EKQXpPMmpXV2FFTTArbm9oVmIwdmkrMWdpcnllZC93eDhDM2o2SlJ5Uis4VWxkdFdBY2ZsVitQSE0rdXI0NVhyWQp5R3J0RkVuUXlmZW9lS3BtQVp2WU43SHo3SDgwdkJ1d0RnNGRwTDNlRlAvUjY1MjJOTy82SkxkdGR4SzNhek9jClo0b2hQVnZjaHptdnRHeEZjenQ0RXhVT3Y2YnRGSWozWVZKR0JWOHJReDVCNnpsQ1IyRWt2NjlyRTZ1d09NaUMKRE83UGhzMmwzSFdJZ1RrT2Y0MWxBTlV5RzBHQjc3TFRJTG1CNVkvOFBDYlNUcjVMMVZJN093Tmp4bG9uN3ViRworNWl6MzR4bzNNNUFoUFA2aUZaZWhUd3RWeFpaQWdNQkFBR2pXVEJYTUE0R0ExVWREd0VCL3dRRUF3SUNwREFQCkJnTlZIUk1CQWY4RUJUQURBUUgvTUIwR0ExVWREZ1FXQkJTR3U3VVpEdVhwTXFtM09UdTZ0ZjliY3NvbmN6QVYKQmdOVkhSRUVEakFNZ2dwcmRXSmxjbTVsZEdWek1BMEdDU3FHU0liM0RRRUJDd1VBQTRJQkFRREQxUjZLdmNDaApJLzVVcWxsZEIrMnpuSWpLdStmN0Zuc1BSMU1OeUVuTjZsVFVma2FvYUI4dXo3MFJCWnY4QUQ5VnUvSzUraWtmCkd3NmdjUk9pWEx4ZlVXdGowaDl5cTF5ZTRwdWFBazhER3oyU0xDeUN2TUxoakhCa2FiQmd4TmNZSTkvSmU2TmMKZFBuUmI2a1UyYlFuY3lyU2hDSVN6MGNYcXdRNE54c3FiclpsUFdZeWwrVmhxMHNib2t5VVJjNWI4MHhRUlExUQprQm1UL0VjRElPSVV3ektDeEZMWWF1RW9tQVpLWGJTbWdrbU9hY2xrRnlZeGY0ZmtYbjA2blNnU1NoaW80SVFOCnYwemVidERPZ0IrMlBTZkVLYURlZkJabk5aak5FSjZ0WXNOQ0N0V0d2YnVjT0pNaXRsb0p2d09kZ0dTRWtCaTMKeXNSZE5iYmQweWJLCi0tLS0tRU5EIENFUlRJRklDQVRFLS0tLS0K"
              }
            ],
            "cluster_id": null,
            "created_at": "2024-06-20 17:03:09.613 +0000 UTC",
            "enabled_cluster_log_types": [],
            "encryption_config": [],
            "endpoint": "https://A4D8599654FFE09A70C0905AE4BE61FA.gr7.us-east-1.eks.amazonaws.com",
            "id": "cluster_obligatorio",
            "identity": [
              {
                "oidc": [
                  {
                    "issuer": "https://oidc.eks.us-east-1.amazonaws.com/id/A4D8599654FFE09A70C0905AE4BE61FA"
                  }
                ]
              }
            ],
            "kubernetes_network_config": [
              {
                "ip_family": "ipv4",
                "service_ipv4_cidr": "10.100.0.0/16",
                "service_ipv6_cidr": ""
              }
            ],
            "name": "cluster_obligatorio",
            "outpost_config": [],
            "platform_version": "eks.18",
            "role_arn": "arn:aws:iam::654654394525:role/LabRole",
            "status": "ACTIVE",
            "tags": {},
            "tags_all": {},
            "timeouts": null,
            "version": "1.26",
            "vpc_config": [
              {
                "cluster_security_group_id": "sg-0c00a4a3bd1c19542",
                "endpoint_private_access": false,
                "endpoint_public_access": true,
                "public_access_cidrs": [
                  "0.0.0.0/0"
                ],
                "security_group_ids": [
                  "sg-0ceff67c8ef9f6644"
                ],
                "subnet_ids": [
                  "subnet-00db96fbdba7cd9dd",
                  "subnet-0f08112e741022aeb"
                ],
                "vpc_id": "vpc-0a20e957898ee6468"
              }
            ]
          },
          "sensitive_attributes": [],
          "private": "eyJlMmJmYjczMC1lY2FhLTExZTYtOGY4OC0zNDM2M2JjN2M0YzAiOnsiY3JlYXRlIjoxODAwMDAwMDAwMDAwLCJkZWxldGUiOjkwMDAwMDAwMDAwMCwidXBkYXRlIjozNjAwMDAwMDAwMDAwfX0=",
          "dependencies": [
            "module.aws.aws_security_group.sg_obligatorio",
            "module.aws.aws_subnet.subnet_A_obligatorio",
            "module.aws.aws_subnet.subnet_B_obligatorio",
            "module.aws.aws_vpc.vpc_obligatorio",
            "module.aws.data.aws_caller_identity.current"
          ]
        }
      ]
    },
    {
      "module": "module.aws",
      "mode": "managed",
      "type": "aws_eks_node_group",
      "name": "node_group_obligatorio",
      "provider": "provider[\"registry.terraform.io/hashicorp/aws\"]",
      "instances": [
        {
          "schema_version": 0,
          "attributes": {
            "ami_type": "AL2_x86_64",
            "arn": "arn:aws:eks:us-east-1:654654394525:nodegroup/cluster_obligatorio/node_group_obligatorio/1ec81b51-708c-e05b-fbfa-ae6ecd6f1678",
            "capacity_type": "ON_DEMAND",
            "cluster_name": "cluster_obligatorio",
            "disk_size": 20,
            "force_update_version": null,
            "id": "cluster_obligatorio:node_group_obligatorio",
            "instance_types": [
              "t3.medium"
            ],
            "labels": {},
            "launch_template": [],
            "node_group_name": "node_group_obligatorio",
            "node_group_name_prefix": "",
            "node_role_arn": "arn:aws:iam::654654394525:role/LabRole",
            "release_version": "1.26.15-20240615",
            "remote_access": [],
            "resources": [
              {
                "autoscaling_groups": [
                  {
                    "name": "eks-node_group_obligatorio-1ec81b51-708c-e05b-fbfa-ae6ecd6f1678"
                  }
                ],
                "remote_access_security_group_id": ""
              }
            ],
            "scaling_config": [
              {
                "desired_size": 2,
                "max_size": 2,
                "min_size": 1
              }
            ],
            "status": "ACTIVE",
            "subnet_ids": [
              "subnet-00db96fbdba7cd9dd",
              "subnet-0f08112e741022aeb"
            ],
            "tags": {},
            "tags_all": {},
            "taint": [],
            "timeouts": null,
            "update_config": [
              {
                "max_unavailable": 1,
                "max_unavailable_percentage": 0
              }
            ],
            "version": "1.26"
          },
          "sensitive_attributes": [],
          "private": "eyJlMmJmYjczMC1lY2FhLTExZTYtOGY4OC0zNDM2M2JjN2M0YzAiOnsiY3JlYXRlIjozNjAwMDAwMDAwMDAwLCJkZWxldGUiOjM2MDAwMDAwMDAwMDAsInVwZGF0ZSI6MzYwMDAwMDAwMDAwMH19",
          "dependencies": [
            "module.aws.aws_eks_cluster.cluster_obligatorio",
            "module.aws.aws_security_group.sg_obligatorio",
            "module.aws.aws_subnet.subnet_A_obligatorio",
            "module.aws.aws_subnet.subnet_B_obligatorio",
            "module.aws.aws_vpc.vpc_obligatorio",
            "module.aws.data.aws_caller_identity.current"
          ]
        }
      ]
    },
    {
      "module": "module.aws",
      "mode": "managed",
      "type": "aws_internet_gateway",
      "name": "ig_obligatorio",
      "provider": "provider[\"registry.terraform.io/hashicorp/aws\"]",
      "instances": [
        {
          "schema_version": 0,
          "attributes": {
            "arn": "arn:aws:ec2:us-east-1:654654394525:internet-gateway/igw-08322df5f72148995",
            "id": "igw-08322df5f72148995",
            "owner_id": "654654394525",
            "tags": {},
            "tags_all": {},
            "timeouts": null,
            "vpc_id": "vpc-0a20e957898ee6468"
          },
          "sensitive_attributes": [],
          "private": "eyJlMmJmYjczMC1lY2FhLTExZTYtOGY4OC0zNDM2M2JjN2M0YzAiOnsiY3JlYXRlIjoxMjAwMDAwMDAwMDAwLCJkZWxldGUiOjEyMDAwMDAwMDAwMDAsInVwZGF0ZSI6MTIwMDAwMDAwMDAwMH19",
          "dependencies": [
            "module.aws.aws_vpc.vpc_obligatorio"
          ]
        }
      ]
    },
    {
      "module": "module.aws",
      "mode": "managed",
      "type": "aws_route",
      "name": "ruta_a_internet",
      "provider": "provider[\"registry.terraform.io/hashicorp/aws\"]",
      "instances": [
        {
          "schema_version": 0,
          "attributes": {
            "carrier_gateway_id": "",
            "core_network_arn": "",
            "destination_cidr_block": "0.0.0.0/0",
            "destination_ipv6_cidr_block": "",
            "destination_prefix_list_id": "",
            "egress_only_gateway_id": "",
            "gateway_id": "igw-08322df5f72148995",
            "id": "r-rtb-0006d04277b9012231080289494",
            "instance_id": "",
            "instance_owner_id": "",
            "local_gateway_id": "",
            "nat_gateway_id": "",
            "network_interface_id": "",
            "origin": "CreateRoute",
            "route_table_id": "rtb-0006d04277b901223",
            "state": "active",
            "timeouts": null,
            "transit_gateway_id": "",
            "vpc_endpoint_id": "",
            "vpc_peering_connection_id": ""
          },
          "sensitive_attributes": [],
          "private": "eyJlMmJmYjczMC1lY2FhLTExZTYtOGY4OC0zNDM2M2JjN2M0YzAiOnsiY3JlYXRlIjozMDAwMDAwMDAwMDAsImRlbGV0ZSI6MzAwMDAwMDAwMDAwLCJ1cGRhdGUiOjEyMDAwMDAwMDAwMH19",
          "dependencies": [
            "module.aws.aws_internet_gateway.ig_obligatorio",
            "module.aws.aws_vpc.vpc_obligatorio"
          ]
        }
      ]
    },
    {
      "module": "module.aws",
      "mode": "managed",
      "type": "aws_security_group",
      "name": "sg_obligatorio",
      "provider": "provider[\"registry.terraform.io/hashicorp/aws\"]",
      "instances": [
        {
          "schema_version": 1,
          "attributes": {
            "arn": "arn:aws:ec2:us-east-1:654654394525:security-group/sg-0ceff67c8ef9f6644",
            "description": "Managed by Terraform",
            "egress": [
              {
                "cidr_blocks": [
                  "0.0.0.0/0"
                ],
                "description": "all",
                "from_port": 0,
                "ipv6_cidr_blocks": [],
                "prefix_list_ids": [],
                "protocol": "-1",
                "security_groups": [],
                "self": false,
                "to_port": 0
              }
            ],
            "id": "sg-0ceff67c8ef9f6644",
            "ingress": [
              {
                "cidr_blocks": [
                  "0.0.0.0/0"
                ],
                "description": "http",
                "from_port": 80,
                "ipv6_cidr_blocks": [],
                "prefix_list_ids": [],
                "protocol": "tcp",
                "security_groups": [],
                "self": false,
                "to_port": 80
              },
              {
                "cidr_blocks": [
                  "0.0.0.0/0"
                ],
                "description": "ssh",
                "from_port": 22,
                "ipv6_cidr_blocks": [],
                "prefix_list_ids": [],
                "protocol": "tcp",
                "security_groups": [],
                "self": false,
                "to_port": 22
              }
            ],
            "name": "sg_obligatorio",
            "name_prefix": "",
            "owner_id": "654654394525",
            "revoke_rules_on_delete": false,
            "tags": {
              "Name": "sg_obligatorio"
            },
            "tags_all": {
              "Name": "sg_obligatorio"
            },
            "timeouts": null,
            "vpc_id": "vpc-0a20e957898ee6468"
          },
          "sensitive_attributes": [],
          "private": "eyJlMmJmYjczMC1lY2FhLTExZTYtOGY4OC0zNDM2M2JjN2M0YzAiOnsiY3JlYXRlIjo2MDAwMDAwMDAwMDAsImRlbGV0ZSI6OTAwMDAwMDAwMDAwfSwic2NoZW1hX3ZlcnNpb24iOiIxIn0=",
          "dependencies": [
            "module.aws.aws_vpc.vpc_obligatorio"
          ]
        }
      ]
    },
    {
      "module": "module.aws",
      "mode": "managed",
      "type": "aws_subnet",
      "name": "subnet_A_obligatorio",
      "provider": "provider[\"registry.terraform.io/hashicorp/aws\"]",
      "instances": [
        {
          "schema_version": 1,
          "attributes": {
            "arn": "arn:aws:ec2:us-east-1:654654394525:subnet/subnet-00db96fbdba7cd9dd",
            "assign_ipv6_address_on_creation": false,
            "availability_zone": "us-east-1a",
            "availability_zone_id": "use1-az1",
            "cidr_block": "172.16.1.0/24",
            "customer_owned_ipv4_pool": "",
            "enable_dns64": false,
            "enable_lni_at_device_index": 0,
            "enable_resource_name_dns_a_record_on_launch": false,
            "enable_resource_name_dns_aaaa_record_on_launch": false,
            "id": "subnet-00db96fbdba7cd9dd",
            "ipv6_cidr_block": "",
            "ipv6_cidr_block_association_id": "",
            "ipv6_native": false,
            "map_customer_owned_ip_on_launch": false,
            "map_public_ip_on_launch": true,
            "outpost_arn": "",
            "owner_id": "654654394525",
            "private_dns_hostname_type_on_launch": "ip-name",
            "tags": {
              "Name": "subnet_A_obligatorio"
            },
            "tags_all": {
              "Name": "subnet_A_obligatorio"
            },
            "timeouts": null,
            "vpc_id": "vpc-0a20e957898ee6468"
          },
          "sensitive_attributes": [],
          "private": "eyJlMmJmYjczMC1lY2FhLTExZTYtOGY4OC0zNDM2M2JjN2M0YzAiOnsiY3JlYXRlIjo2MDAwMDAwMDAwMDAsImRlbGV0ZSI6MTIwMDAwMDAwMDAwMH0sInNjaGVtYV92ZXJzaW9uIjoiMSJ9",
          "dependencies": [
            "module.aws.aws_vpc.vpc_obligatorio"
          ]
        }
      ]
    },
    {
      "module": "module.aws",
      "mode": "managed",
      "type": "aws_subnet",
      "name": "subnet_B_obligatorio",
      "provider": "provider[\"registry.terraform.io/hashicorp/aws\"]",
      "instances": [
        {
          "schema_version": 1,
          "attributes": {
            "arn": "arn:aws:ec2:us-east-1:654654394525:subnet/subnet-0f08112e741022aeb",
            "assign_ipv6_address_on_creation": false,
            "availability_zone": "us-east-1b",
            "availability_zone_id": "use1-az2",
            "cidr_block": "172.16.2.0/24",
            "customer_owned_ipv4_pool": "",
            "enable_dns64": false,
            "enable_lni_at_device_index": 0,
            "enable_resource_name_dns_a_record_on_launch": false,
            "enable_resource_name_dns_aaaa_record_on_launch": false,
            "id": "subnet-0f08112e741022aeb",
            "ipv6_cidr_block": "",
            "ipv6_cidr_block_association_id": "",
            "ipv6_native": false,
            "map_customer_owned_ip_on_launch": false,
            "map_public_ip_on_launch": true,
            "outpost_arn": "",
            "owner_id": "654654394525",
            "private_dns_hostname_type_on_launch": "ip-name",
            "tags": {
              "Name": "subnet_B_obligatorio"
            },
            "tags_all": {
              "Name": "subnet_B_obligatorio"
            },
            "timeouts": null,
            "vpc_id": "vpc-0a20e957898ee6468"
          },
          "sensitive_attributes": [],
          "private": "eyJlMmJmYjczMC1lY2FhLTExZTYtOGY4OC0zNDM2M2JjN2M0YzAiOnsiY3JlYXRlIjo2MDAwMDAwMDAwMDAsImRlbGV0ZSI6MTIwMDAwMDAwMDAwMH0sInNjaGVtYV92ZXJzaW9uIjoiMSJ9",
          "dependencies": [
            "module.aws.aws_vpc.vpc_obligatorio"
          ]
        }
      ]
    },
    {
      "module": "module.aws",
      "mode": "managed",
      "type": "aws_vpc",
      "name": "vpc_obligatorio",
      "provider": "provider[\"registry.terraform.io/hashicorp/aws\"]",
      "instances": [
        {
          "schema_version": 1,
          "attributes": {
            "arn": "arn:aws:ec2:us-east-1:654654394525:vpc/vpc-0a20e957898ee6468",
            "assign_generated_ipv6_cidr_block": false,
            "cidr_block": "172.16.0.0/16",
            "default_network_acl_id": "acl-04ffadc015857cd6a",
            "default_route_table_id": "rtb-0006d04277b901223",
            "default_security_group_id": "sg-0c707529151a7f97e",
            "dhcp_options_id": "dopt-068fd658d84a3f0eb",
            "enable_dns_hostnames": true,
            "enable_dns_support": true,
            "enable_network_address_usage_metrics": false,
            "id": "vpc-0a20e957898ee6468",
            "instance_tenancy": "default",
            "ipv4_ipam_pool_id": null,
            "ipv4_netmask_length": null,
            "ipv6_association_id": "",
            "ipv6_cidr_block": "",
            "ipv6_cidr_block_network_border_group": "",
            "ipv6_ipam_pool_id": "",
            "ipv6_netmask_length": 0,
            "main_route_table_id": "rtb-0006d04277b901223",
            "owner_id": "654654394525",
            "tags": {
              "Name": "vpc-obligatorio"
            },
            "tags_all": {
              "Name": "vpc-obligatorio"
            }
          },
          "sensitive_attributes": [],
          "private": "eyJzY2hlbWFfdmVyc2lvbiI6IjEifQ=="
        }
      ]
    },
    {
      "module": "module.aws",
      "mode": "managed",
      "type": "null_resource",
      "name": "kubectl",
      "provider": "provider[\"registry.terraform.io/hashicorp/null\"]",
      "instances": [
        {
          "schema_version": 0,
          "attributes": {
            "id": "7278499184857030070",
            "triggers": {
              "always_run": "2024-06-20T17:15:23Z"
            }
          },
          "sensitive_attributes": [],
          "dependencies": [
            "module.aws.aws_eks_cluster.cluster_obligatorio",
            "module.aws.aws_eks_node_group.node_group_obligatorio",
            "module.aws.aws_security_group.sg_obligatorio",
            "module.aws.aws_subnet.subnet_A_obligatorio",
            "module.aws.aws_subnet.subnet_B_obligatorio",
            "module.aws.aws_vpc.vpc_obligatorio",
            "module.aws.data.aws_caller_identity.current"
          ]
        }
      ]
    },
    {
      "module": "module.docker",
      "mode": "data",
      "type": "aws_caller_identity",
      "name": "current",
      "provider": "provider[\"registry.terraform.io/hashicorp/aws\"]",
      "instances": [
        {
          "schema_version": 0,
          "attributes": {
            "account_id": "654654394525",
            "arn": "arn:aws:sts::654654394525:assumed-role/voclabs/user3154006=gpramirezecheverria@gmail.com",
            "id": "654654394525",
            "user_id": "AROAZQ3DRKCORTCTDEKVT:user3154006=gpramirezecheverria@gmail.com"
          },
          "sensitive_attributes": []
        }
      ]
    },
    {
      "module": "module.docker",
      "mode": "data",
      "type": "aws_ecr_authorization_token",
      "name": "token",
      "provider": "provider[\"registry.terraform.io/hashicorp/aws\"]",
      "instances": [
        {
          "schema_version": 0,
          "attributes": {
            "authorization_token": "QVdTOmV5SndZWGxzYjJGa0lqb2lUbEZpVDNwbVNIVjZWV0p3ZFVKak5tTjNOVFp2V1doeVFsbEZjV3RxV21abFFYbzVRVUk0SzNoblRscHFRWEp5VVhaSFdWbFZXbk5JZGtKTk1VVnlOM0YyTlZOYWVGQmpaakpGYWtoNk5WZHhWRWRrVVcxNmFuVk5iR2R1VVdFNE1FdHNhbU54UkUxMWVVaE9VelpHTkdoQlFrVlRPWE5qZEV3NVVqTkhkRmhIS3pkbVRYWlFaM2xaYnpsV1luWTVaVTVTWnpseVFVTlFaRGxJWkhkWlkxWnFieXR1TTBwYWVrMHpNVXRMTVdkc1pISkZiRGhpUkRkUGJrcFVRazhyUW5aemJtSTNaVW8zZDNwd2JscFlkQ3M1VUZsaWVGWk1NMko0YUVSR1ozaEtWa1pEYmtSaFV6QXZjRkJ1TUVaRlNIQnpOek40YldKRlpXTnplVTRyU1dwSk1sQjJVbkZVWlRGR0sxcHFXVUU0TlZBeE1HMXFZMGxwY0hOWUswZGlOSElyVUZsRFJGRnFSamRKTVZwdWVtSTVNSHBJV2xkalJtbGlNVTF2VFdjNVpIZ3dOM1JUVVVOVk9XY3hNVGx1Wm00MmJXRm9jbmRHY2tGMGFFWk5hVm95VTNOUGVrdFROekZ3YTBRck56TnFjVUpOTW5jeWNGSklSWGxFUTNFME9VOU9iMEY0ZWlzNGVURXlUM2t2WkZaSmMwaHlVSE5pV1ZsSFdWZzBTMDk0VmtRelJXUlpNSFpaU1ZWVlkydE1lWGhsY2xvdlR5OXpNR05DV0d0S05sUTFZVXhZZUVwUWFEZzJjbVIyWVZaSk5HUkxibEUxYzBwTlkyaFZSbXRSTDNOdUx6STNSVXBqZGtOWmVpczBXa0YzWm1rME4yMUhhalJXV2tJd2VrOWtiVTUwU0UxcllYWTBUVVJMTTFOUVZ6Y3ZPSHBKYVRKRU5YVlZlbkJhUkd0eFNFMUtjMDg1T1RadVpXSkZiR0ZsUW5wdmNuTnpNRUp3TTNabFlXY3JVRFZ1VVZwMFJrWXhaelp6UlVKUGMxRTBWVUY1V1hFM2VrbHlORXRXU21GUlN6SlphVU53Wlc1RkwyZ3JaalUyZEZoWU1tVm5Sa1EwVFZKc2NETXlXakZVWkdsMU1WQk1aVFJ0WkVkWk0ybDViVFUyTlVWbksweDVRbkowVVZWeFQwUm9jMDU2ZEd0VVVrRnBkbmh1VERkWmRYWnZVekZoVDJoYU16RXlUMUZ0VVRGQlduWndUMWsxWm1WSGFFVldTVGxDY1U5WFRtMXpWRzFsU1V4R2J6Uk1UM1EyU1dwWmNrTnVSRk5DWjFRNE9UYzFOekZHU0hST2F6RmxXRVo1YWxKeVltRkJTM1V3VXpZM09Vb3piREZSTTFKS1pHVndkVkV5WTFFMlZtMHdjVFZXWkZoalR6RmlSRlJyYUVGaE9IcFpZMVZxUVd0TVpEVlpjVTFJUkhWYVdERnBTWFJLZHpVeWJubHJXVlUzTjJGVmJFMDFOelp2VTFwNWNWUmxObVpGTkhwc1JERkphMmMyU0ZoT1RucHZZamQ0UjBSVGJHSm9lV0pEUVZsMWRFRlVOR1Z5U3pRelF6TTNXVXBCVlRWdmJrZDZaMlJIZEU1eFZVVlFhWEo1Ym1OUVRUTXZRVVZuY1VoRVkxWlVhRUZUVFV4WFprbFhlV1JLYUhweE9XazJhVkpVUldWUE4yNW5UM2t3VVU1ck1FdzJXVmMxVlVrMVZEWm1lVk5TS3pWTFdrOVlSV2h6YUdsemNHazRSM0ZwZUhKTU4yWXdRWHB1ZDBoRFEyaHVaeTlGVkRoWGRHTnhiMjF5Y1hFNVprdDJVMmRPTlhSTE5VMHlkRFI2VlROalFtSXliRkpHUVZWa1QwbE5ZMnB1TkV4R2NrcG1kRXRUSzNaM2RtbE9OMlZQV1VFd1ZETlpWblV5Vld4MmVXUjZjbkpsWkZaRVVHUTJkazQwV1hocFdqazFSMFpNV1V0TFYzTjNVbmRVVkc0MFlXVnhTMmxCZURCc1pIQmlTVEJKUW1GWk5HMUpLMWRJYTJwTk9IVmpZWFExUWpkR2JUWkdhM1pNYjBOaWIzQXpVVEUyTUVwTEwzTjNObGxDY2tSWVZtRlhObk5wSzNFMmFXTTRTRFJsYlhKbE5UbG5UQ3RWVkRSUVpYbzBTWFo1ZFRoclVqUjBTMUJ4UlU1eWVrOWxXRlpWVlVWNmFXSlNMeTk2TkdwYU15dDJSbkp2TVROcU9VaE5halJsVm1WSlYybEpMekU0WTNCS1owRnBVMEV4TUhjMlVYaExXbkpPTTJsbVFtWnNPVUpNYzBkbmFGZE1ZM1pYVEhnemMwNVNNV2x4U0VOSGFtbGhiRWRCZEdaaVdWWnVZazVhTVVGMklpd2laR0YwWVd0bGVTSTZJa0ZSUlVKQlNHaDNiVEJaWVVsVFNtVlNkRXB0Tlc0eFJ6WjFjV1ZsYTFoMWIxaFlVR1UxVlVaalpUbFNjVGd2TVRSM1FVRkJTRFIzWmtGWlNrdHZXa2xvZG1OT1FWRmpSMjlIT0hkaVVVbENRVVJDYjBKbmEzRm9hMmxIT1hjd1FrSjNSWGRJWjFsS1dVbGFTVUZYVlVSQ1FVVjFUVUpGUlVSTVEyaDVNMmxoZEZwTVJHZDRjMjFrZDBsQ1JVbEJOMWxzYUU5S00wNUZMMjVMY0VSdGRuUkVTR2Q1ZVdnME9UaEdXaTlIV1dGYU9YZzNjbkZvYzJKT1RrSlJlbEZNVWxKbFpIRlRSV05OV1hVeldtMVpaVFpsUmk5MlUyeEVhSE5LUWtaSVluTTlJaXdpZG1WeWMybHZiaUk2SWpJaUxDSjBlWEJsSWpvaVJFRlVRVjlMUlZraUxDSmxlSEJwY21GMGFXOXVJam94TnpFNE9UUTJPVEkwZlE9PQ==",
            "expires_at": "2024-06-21T05:15:24Z",
            "id": "us-east-1",
            "password": "eyJwYXlsb2FkIjoiTlFiT3pmSHV6VWJwdUJjNmN3NTZvWWhyQllFcWtqWmZlQXo5QUI4K3hnTlpqQXJyUXZHWVlVWnNIdkJNMUVyN3F2NVNaeFBjZjJFakh6NVdxVEdkUW16anVNbGduUWE4MEtsamNxRE11eUhOUzZGNGhBQkVTOXNjdEw5UjNHdFhHKzdmTXZQZ3lZbzlWYnY5ZU5SZzlyQUNQZDlIZHdZY1ZqbytuM0paek0zMUtLMWdsZHJFbDhiRDdPbkpUQk8rQnZzbmI3ZUo3d3pwblpYdCs5UFlieFZMM2J4aERGZ3hKVkZDbkRhUzAvcFBuMEZFSHBzNzN4bWJFZWNzeU4rSWpJMlB2UnFUZTFGK1pqWUE4NVAxMG1qY0lpcHNYK0diNHIrUFlDRFFqRjdJMVpuemI5MHpIWldjRmliMU1vTWc5ZHgwN3RTUUNVOWcxMTluZm42bWFocndGckF0aEZNaVoyU3NPektTNzFwa0QrNzNqcUJNMncycFJIRXlEQ3E0OU9Ob0F4eis4eTEyT3kvZFZJc0hyUHNiWVlHWVg0S094VkQzRWRZMHZZSVVVY2tMeXhlclovTy9zMGNCWGtKNlQ1YUxYeEpQaDg2cmR2YVZJNGRLblE1c0pNY2hVRmtRL3NuLzI3RUpjdkNZeis0WkF3Zmk0N21HajRWWkIwek9kbU50SE1rYXY0TURLM1NQVzcvOHpJaTJENXVVenBaRGtxSE1Kc085OTZuZWJFbGFlQnpvcnNzMEJwM3ZlYWcrUDVuUVp0RkYxZzZzRUJPc1E0VUF5WXE3eklyNEtWSmFRSzJZaUNwZW5FL2grZjU2dFhYMmVnRkQ0TVJscDMyWjFUZGl1MVBMZTRtZEdZM2l5bTU2NUVnK0x5QnJ0UVVxT0Roc056dGtUUkFpdnhuTDdZdXZvUzFhT2haMzEyT1FtUTFBWnZwT1k1ZmVHaEVWSTlCcU9XTm1zVG1lSUxGbzRMT3Q2SWpZckNuRFNCZ1Q4OTc1NzFGSHROazFlWEZ5alJyYmFBS3UwUzY3OUozbDFRM1JKZGVwdVEyY1E2Vm0wcTVWZFhjTzFiRFRraEFhOHpZY1VqQWtMZDVZcU1IRHVaWDFpSXRKdzUybnlrWVU3N2FVbE01NzZvU1p5cVRlNmZFNHpsRDFJa2c2SFhOTnpvYjd4R0RTbGJoeWJDQVl1dEFUNGVySzQzQzM3WUpBVTVvbkd6Z2RHdE5xVUVQaXJ5bmNQTTMvQUVncUhEY1ZUaEFTTUxXZklXeWRKaHpxOWk2aVJURWVPN25nT3kwUU5rMEw2WVc1VUk1VDZmeVNSKzVLWk9YRWhzaGlzcGk4R3FpeHJMN2YwQXpud0hDQ2huZy9FVDhXdGNxb21ycXE5Zkt2U2dONXRLNU0ydDR6VTNjQmIybFJGQVVkT0lNY2puNExGckpmdEtTK3Z3dmlON2VPWUEwVDNZVnUyVWx2eWR6cnJlZFZEUGQ2dk40WXhpWjk1R0ZMWUtLV3N3UndUVG40YWVxS2lBeDBsZHBiSTBJQmFZNG1JK1dIa2pNOHVjYXQ1QjdGbTZGa3ZMb0Nib3AzUTE2MEpLL3N3NllCckRYVmFXNnNpK3E2aWM4SDRlbXJlNTlnTCtVVDRQZXo0SXZ5dThrUjR0S1BxRU5yek9lWFZVVUV6aWJSLy96NGpaMyt2RnJvMTNqOUhNajRlVmVJV2lJLzE4Y3BKZ0FpU0ExMHc2UXhLWnJOM2lmQmZsOUJMc0dnaFdMY3ZXTHgzc05SMWlxSENHamlhbEdBdGZiWVZuYk5aMUF2IiwiZGF0YWtleSI6IkFRRUJBSGh3bTBZYUlTSmVSdEptNW4xRzZ1cWVla1h1b1hYUGU1VUZjZTlScTgvMTR3QUFBSDR3ZkFZSktvWklodmNOQVFjR29HOHdiUUlCQURCb0Jna3Foa2lHOXcwQkJ3RXdIZ1lKWUlaSUFXVURCQUV1TUJFRURMQ2h5M2lhdFpMRGd4c21kd0lCRUlBN1lsaE9KM05FL25LcERtdnRESGd5eWg0OThGWi9HWWFaOXg3cnFoc2JOTkJRelFMUlJlZHFTRWNNWXUzWm1ZZTZlRi92U2xEaHNKQkZIYnM9IiwidmVyc2lvbiI6IjIiLCJ0eXBlIjoiREFUQV9LRVkiLCJleHBpcmF0aW9uIjoxNzE4OTQ2OTI0fQ==",
            "proxy_endpoint": "https://654654394525.dkr.ecr.us-east-1.amazonaws.com",
            "registry_id": null,
            "user_name": "AWS"
          },
          "sensitive_attributes": [
            [
              {
                "type": "get_attr",
                "value": "authorization_token"
              }
            ],
            [
              {
                "type": "get_attr",
                "value": "password"
              }
            ]
          ]
        }
      ]
    },
    {
      "module": "module.docker",
      "mode": "managed",
      "type": "aws_ecr_repository",
      "name": "db",
      "provider": "provider[\"registry.terraform.io/hashicorp/aws\"]",
      "instances": [
        {
          "schema_version": 0,
          "attributes": {
            "arn": "arn:aws:ecr:us-east-1:654654394525:repository/db",
            "encryption_configuration": [
              {
                "encryption_type": "AES256",
                "kms_key": ""
              }
            ],
            "force_delete": true,
            "id": "db",
            "image_scanning_configuration": [
              {
                "scan_on_push": false
              }
            ],
            "image_tag_mutability": "MUTABLE",
            "name": "db",
            "registry_id": "654654394525",
            "repository_url": "654654394525.dkr.ecr.us-east-1.amazonaws.com/db",
            "tags": {},
            "tags_all": {},
            "timeouts": null
          },
          "sensitive_attributes": [],
          "private": "eyJlMmJmYjczMC1lY2FhLTExZTYtOGY4OC0zNDM2M2JjN2M0YzAiOnsiZGVsZXRlIjoxMjAwMDAwMDAwMDAwfX0=",
          "dependencies": [
            "module.aws.aws_eks_cluster.cluster_obligatorio",
            "module.aws.aws_eks_node_group.node_group_obligatorio",
            "module.aws.aws_internet_gateway.ig_obligatorio",
            "module.aws.aws_route.ruta_a_internet",
            "module.aws.aws_security_group.sg_obligatorio",
            "module.aws.aws_subnet.subnet_A_obligatorio",
            "module.aws.aws_subnet.subnet_B_obligatorio",
            "module.aws.aws_vpc.vpc_obligatorio",
            "module.aws.data.aws_caller_identity.current",
            "module.aws.data.aws_ecr_authorization_token.token",
            "module.aws.null_resource.kubectl"
          ]
        }
      ]
    },
    {
      "module": "module.docker",
      "mode": "managed",
      "type": "aws_ecr_repository",
      "name": "web",
      "provider": "provider[\"registry.terraform.io/hashicorp/aws\"]",
      "instances": [
        {
          "schema_version": 0,
          "attributes": {
            "arn": "arn:aws:ecr:us-east-1:654654394525:repository/web",
            "encryption_configuration": [
              {
                "encryption_type": "AES256",
                "kms_key": ""
              }
            ],
            "force_delete": true,
            "id": "web",
            "image_scanning_configuration": [
              {
                "scan_on_push": false
              }
            ],
            "image_tag_mutability": "MUTABLE",
            "name": "web",
            "registry_id": "654654394525",
            "repository_url": "654654394525.dkr.ecr.us-east-1.amazonaws.com/web",
            "tags": {},
            "tags_all": {},
            "timeouts": null
          },
          "sensitive_attributes": [],
          "private": "eyJlMmJmYjczMC1lY2FhLTExZTYtOGY4OC0zNDM2M2JjN2M0YzAiOnsiZGVsZXRlIjoxMjAwMDAwMDAwMDAwfX0=",
          "dependencies": [
            "module.aws.aws_eks_cluster.cluster_obligatorio",
            "module.aws.aws_eks_node_group.node_group_obligatorio",
            "module.aws.aws_internet_gateway.ig_obligatorio",
            "module.aws.aws_route.ruta_a_internet",
            "module.aws.aws_security_group.sg_obligatorio",
            "module.aws.aws_subnet.subnet_A_obligatorio",
            "module.aws.aws_subnet.subnet_B_obligatorio",
            "module.aws.aws_vpc.vpc_obligatorio",
            "module.aws.data.aws_caller_identity.current",
            "module.aws.data.aws_ecr_authorization_token.token",
            "module.aws.null_resource.kubectl"
          ]
        }
      ]
    },
    {
      "module": "module.docker",
      "mode": "managed",
      "type": "docker_image",
      "name": "db",
      "provider": "provider[\"registry.terraform.io/kreuzwerker/docker\"]",
      "instances": [
        {
          "schema_version": 0,
          "attributes": {
            "build": [
              {
                "auth_config": [],
                "build_arg": null,
                "build_args": {
                  "MYSQL_DATABASE": "db_obligatorio",
                  "MYSQL_PASSWORD": "user123",
                  "MYSQL_ROOT_PASSWORD": "root123",
                  "MYSQL_USER": "user"
                },
                "build_id": "",
                "cache_from": [],
                "cgroup_parent": "",
                "context": "./imagenes-docker/mysql57/",
                "cpu_period": null,
                "cpu_quota": null,
                "cpu_set_cpus": "",
                "cpu_set_mems": "",
                "cpu_shares": null,
                "dockerfile": "Dockerfile",
                "extra_hosts": [],
                "force_remove": null,
                "isolation": "",
                "label": null,
                "labels": null,
                "memory": null,
                "memory_swap": null,
                "network_mode": "",
                "no_cache": null,
                "platform": "",
                "pull_parent": null,
                "remote_context": "",
                "remove": true,
                "security_opt": [],
                "session_id": "",
                "shm_size": null,
                "squash": null,
                "suppress_output": null,
                "tag": [],
                "target": "",
                "ulimit": [],
                "version": ""
              }
            ],
            "force_remove": null,
            "id": "sha256:569fb9eb861b04541977a370498da40cddda4b1f7a18b10cad181a1ee1a55f6f654654394525.dkr.ecr.us-east-1.amazonaws.com/db",
            "image_id": "sha256:569fb9eb861b04541977a370498da40cddda4b1f7a18b10cad181a1ee1a55f6f",
            "keep_locally": null,
            "name": "654654394525.dkr.ecr.us-east-1.amazonaws.com/db",
            "platform": null,
            "pull_triggers": null,
            "repo_digest": "",
            "triggers": null
          },
          "sensitive_attributes": [],
          "private": "bnVsbA==",
          "dependencies": [
            "data.aws_caller_identity.current",
            "data.aws_ecr_authorization_token.token",
            "module.aws.aws_eks_cluster.cluster_obligatorio",
            "module.aws.aws_eks_node_group.node_group_obligatorio",
            "module.aws.aws_internet_gateway.ig_obligatorio",
            "module.aws.aws_route.ruta_a_internet",
            "module.aws.aws_security_group.sg_obligatorio",
            "module.aws.aws_subnet.subnet_A_obligatorio",
            "module.aws.aws_subnet.subnet_B_obligatorio",
            "module.aws.aws_vpc.vpc_obligatorio",
            "module.aws.data.aws_caller_identity.current",
            "module.aws.data.aws_ecr_authorization_token.token",
            "module.aws.null_resource.kubectl",
            "module.docker.data.aws_caller_identity.current"
          ]
        }
      ]
    },
    {
      "module": "module.docker",
      "mode": "managed",
      "type": "docker_image",
      "name": "web",
      "provider": "provider[\"registry.terraform.io/kreuzwerker/docker\"]",
      "instances": [
        {
          "schema_version": 0,
          "attributes": {
            "build": [
              {
                "auth_config": [],
                "build_arg": null,
                "build_args": null,
                "build_id": "",
                "cache_from": [],
                "cgroup_parent": "",
                "context": "./imagenes-docker/apache-php/",
                "cpu_period": null,
                "cpu_quota": null,
                "cpu_set_cpus": "",
                "cpu_set_mems": "",
                "cpu_shares": null,
                "dockerfile": "Dockerfile",
                "extra_hosts": [],
                "force_remove": null,
                "isolation": "",
                "label": null,
                "labels": null,
                "memory": null,
                "memory_swap": null,
                "network_mode": "",
                "no_cache": null,
                "platform": "",
                "pull_parent": null,
                "remote_context": "",
                "remove": true,
                "security_opt": [],
                "session_id": "",
                "shm_size": null,
                "squash": null,
                "suppress_output": null,
                "tag": [],
                "target": "",
                "ulimit": [],
                "version": ""
              }
            ],
            "force_remove": null,
            "id": "sha256:a6569d8a5bfe1bffb40d2f6eb78b91a5352686d048cd77b55508b59e1a0b0d5c654654394525.dkr.ecr.us-east-1.amazonaws.com/web",
            "image_id": "sha256:a6569d8a5bfe1bffb40d2f6eb78b91a5352686d048cd77b55508b59e1a0b0d5c",
            "keep_locally": null,
            "name": "654654394525.dkr.ecr.us-east-1.amazonaws.com/web",
            "platform": null,
            "pull_triggers": null,
            "repo_digest": "",
            "triggers": null
          },
          "sensitive_attributes": [],
          "private": "bnVsbA==",
          "dependencies": [
            "data.aws_caller_identity.current",
            "data.aws_ecr_authorization_token.token",
            "module.aws.aws_eks_cluster.cluster_obligatorio",
            "module.aws.aws_eks_node_group.node_group_obligatorio",
            "module.aws.aws_internet_gateway.ig_obligatorio",
            "module.aws.aws_route.ruta_a_internet",
            "module.aws.aws_security_group.sg_obligatorio",
            "module.aws.aws_subnet.subnet_A_obligatorio",
            "module.aws.aws_subnet.subnet_B_obligatorio",
            "module.aws.aws_vpc.vpc_obligatorio",
            "module.aws.data.aws_caller_identity.current",
            "module.aws.data.aws_ecr_authorization_token.token",
            "module.aws.null_resource.kubectl",
            "module.docker.data.aws_caller_identity.current"
          ]
        }
      ]
    },
    {
      "module": "module.docker",
      "mode": "managed",
      "type": "docker_registry_image",
      "name": "db",
      "provider": "provider[\"registry.terraform.io/kreuzwerker/docker\"]",
      "instances": [
        {
          "schema_version": 0,
          "attributes": {
            "id": "sha256:6611f28eb73804b037ed618c968dafddb63feae6677678e3744746afe12ba01f",
            "insecure_skip_verify": false,
            "keep_remotely": false,
            "name": "654654394525.dkr.ecr.us-east-1.amazonaws.com/db",
            "sha256_digest": "sha256:6611f28eb73804b037ed618c968dafddb63feae6677678e3744746afe12ba01f",
            "triggers": null
          },
          "sensitive_attributes": [],
          "private": "bnVsbA==",
          "dependencies": [
            "data.aws_caller_identity.current",
            "data.aws_ecr_authorization_token.token",
            "module.aws.aws_eks_cluster.cluster_obligatorio",
            "module.aws.aws_eks_node_group.node_group_obligatorio",
            "module.aws.aws_internet_gateway.ig_obligatorio",
            "module.aws.aws_route.ruta_a_internet",
            "module.aws.aws_security_group.sg_obligatorio",
            "module.aws.aws_subnet.subnet_A_obligatorio",
            "module.aws.aws_subnet.subnet_B_obligatorio",
            "module.aws.aws_vpc.vpc_obligatorio",
            "module.aws.data.aws_caller_identity.current",
            "module.aws.data.aws_ecr_authorization_token.token",
            "module.aws.null_resource.kubectl",
            "module.docker.aws_ecr_repository.db",
            "module.docker.data.aws_caller_identity.current",
            "module.docker.docker_image.db"
          ]
        }
      ]
    },
    {
      "module": "module.docker",
      "mode": "managed",
      "type": "docker_registry_image",
      "name": "web",
      "provider": "provider[\"registry.terraform.io/kreuzwerker/docker\"]",
      "instances": [
        {
          "schema_version": 0,
          "attributes": {
            "id": "sha256:302079bf3034e951d55ab318f7610469b519ffbcfed660218de2c07cedb59030",
            "insecure_skip_verify": false,
            "keep_remotely": false,
            "name": "654654394525.dkr.ecr.us-east-1.amazonaws.com/web",
            "sha256_digest": "sha256:302079bf3034e951d55ab318f7610469b519ffbcfed660218de2c07cedb59030",
            "triggers": null
          },
          "sensitive_attributes": [],
          "private": "bnVsbA==",
          "dependencies": [
            "data.aws_caller_identity.current",
            "data.aws_ecr_authorization_token.token",
            "module.aws.aws_eks_cluster.cluster_obligatorio",
            "module.aws.aws_eks_node_group.node_group_obligatorio",
            "module.aws.aws_internet_gateway.ig_obligatorio",
            "module.aws.aws_route.ruta_a_internet",
            "module.aws.aws_security_group.sg_obligatorio",
            "module.aws.aws_subnet.subnet_A_obligatorio",
            "module.aws.aws_subnet.subnet_B_obligatorio",
            "module.aws.aws_vpc.vpc_obligatorio",
            "module.aws.data.aws_caller_identity.current",
            "module.aws.data.aws_ecr_authorization_token.token",
            "module.aws.null_resource.kubectl",
            "module.docker.aws_ecr_repository.web",
            "module.docker.data.aws_caller_identity.current",
            "module.docker.docker_image.web"
          ]
        }
      ]
    },
    {
      "module": "module.kubernetes",
      "mode": "data",
      "type": "aws_caller_identity",
      "name": "current",
      "provider": "provider[\"registry.terraform.io/hashicorp/aws\"]",
      "instances": [
        {
          "schema_version": 0,
          "attributes": {
            "account_id": "654654394525",
            "arn": "arn:aws:sts::654654394525:assumed-role/voclabs/user3154006=gpramirezecheverria@gmail.com",
            "id": "654654394525",
            "user_id": "AROAZQ3DRKCORTCTDEKVT:user3154006=gpramirezecheverria@gmail.com"
          },
          "sensitive_attributes": []
        }
      ]
    },
    {
      "module": "module.kubernetes",
      "mode": "data",
      "type": "aws_ecr_authorization_token",
      "name": "token",
      "provider": "provider[\"registry.terraform.io/hashicorp/aws\"]",
      "instances": [
        {
          "schema_version": 0,
          "attributes": {
            "authorization_token": "QVdTOmV5SndZWGxzYjJGa0lqb2lkRnBhVkVsdlNubEdOa041U0hocWFrNTZOVzFwYVhnNFFrbHdaM2RhVlVORlpWZzRkRzFVTVhWR1IwWklaM3BWT1VoSFVrdHJkV3hwWmpsb1ZWQnZXVko2T1hkMWJ6bFRhMmRyUTNGdVozWmlVWEYyTUVsRFlTOTFSR016T1hCa1FuTnRaamgxVFM5WU1sQkNRMlZzY2psTWVWbFlObFZJVm1oaVZXZENWbWR0UWtGVGQybGpkRFp4YWpOM1luZEpibGxqYVhOeVNYbFBPRGRyU0d0cWVtdGxZVmxuT1c5eFp6VkZibnBHVTJGMFltMWtSVkJqU1VjNFJVcEtNMjlDVTJKUFR6VXlVM1pqUkhOYVJreHZkME0wWlhKdlIzaG1iVmRqYTJjclVscHZXRXA1VEhKV2JqbEdXVzlGVFd4Q2RIaGxjVWxxUWxoek9ERTJlV2RxU2tsVFpXRkllV1pXZWtOUUwxVlNTbmcxZUZWNWR6UnhRamhuVVVFNGRsVjBRWEpTY2paVGRWUlZLMlZPVjBsQ05GTnBNVUlyTVhJNFVrVXhkRzVaU1ZOWFR6aGpRVmd6ZVRsQ1dGRjNWVzUwTUVrdkwzaEZlRlowTkdWS1VXbDRjVmhCWlhkdVVIQllLMnRvUlZCTFIxbHFMekIwVVVwblVVd3ZZbEZ5U0NzMlF6ZFVTakZrZUdkcU1IcFVjMk01YzFCQlpXNXpVVVJQVUc5blpFOHpOa2xhTWk4NFFrOU5aSGxHWWpjNVRYQm9Ua1ZNZVhSSWQwdEdaVFZVZG1WbmRsZElLMEY0Y0VNNFNHeFRVRzQ1YmtWalUwSTRkaXQyUTBvdlVqZG5iV0ZSTDFWb1Z6RlpTa2xTV0U1U1lXVmFiV014WjBSaGJGbHlWbkJxVDB4VldHTkZNekpGUVZReVprNXFla2RaUzBsUVpFeG5lRTlPVGpSNVJrSkRkRXc0TW1odWJFMU9Va1owY25odU1UQjFXalpQYWxWdlExZzBiREUzUkVJNFdVWnVhaXRNYmpKRWJTdFpaSGhMVEVKR2NtVTVNVzk1ZDNWWVNYRjBkRGhvUTBOcU1qUkZSa2QzVVdVMWQwWjZVMDlVZUdscVQxVmhRalpHV0RGNlZXUkNhVTl3VTBoSmJuSjFXR0ZFYmtoUFJVTTNMekZ6WlUwMlVVbG5MMFJQYjJwaGEzcHdjR05MV0V4UU5FZFZUWEEyVTFOdVpXOXRVMjlvWkUxcWRIWnJWRWRhTnpacU1WZGhjMXB3VkZCeGQxZDZlVUkwWmpONVFuVllOVEZaTlc1UlYzWkNVVzVWT1VsWVdXMXlNMWxyWlVkMFR6WmpjblZ1WmpWTFduWkxZM2N5YWpac2VqQjRMekYwUkZWc1N6bHdlbmd6TWtSeE5GWTNiVE5vZEZvM01FVnBNWEl6VW1sMlFreExhbGRZTjNkNU5VWjFaakl3VUZwSFIwRkNVV050Y0VNM00yZDVVMGhKVlRoVVdHY3hSVWN5UWtWQ1ZHVlZlamRrYkdweFpXUnhiaTgxUTBWVk4wVmhUbUZVWmpScFp6SlVZMUo2V1cwdmRUTnliUzlrSzNGUlZ6Vm5PVzlDYmxoU0szVmtUVzV2UjBkSk4yY3ZielJvTVU5c1YwNDJha0pXWmpCR1NFYzFSRTlKYURRNVExVm5UeXQ2V1ZWVk4zZDZTMFpWVUhsWlRYRnpUM3BsTW14eFZETnFlV1JoTlV0amFrWk1Oa1E1Um5BM2FFVTFSVUZCT1dkQksxZ3dSRFJOVFVReFlXaGtVWE5NTTJnd1VVZEJjbE5oVFRWT1lWRnBjR2xSVm5GRVNXSklZakJsYm1ZMVdrbGtPRU5uWVdoR01sRmphR3AyVWt4UlVYcERaSGwwVEhRelQzZzVXaXRPWkdSUVpUTkplR1ZyVkdSSVJXODBlVWxhZW1OcFlYVkhZakI0VlhZcmFFdHZZbWxrWXpKS2JrSjVPWE4xUkVnNFNERTNTbEJLUjNwMVRUVlFUWEpRUkhsYVRrSnpWSEprWlhrd2RGZ3JVbkJ4VDJKRVpYTktPRTE1YlVwUmJFaGFZME5NWkhoWlZFMHhkV0Z6WVdWUWJVRTRValpyT0VwdlZIaEZNVnBKWmxndmFXdzJWV3BaTkdKUWQyaFlhREpxZFdONGMybzNVREZoZVcxeFRWaFJNVEZPWlM5amVYTmpOV3RQVFRNd1oxZG5jM04xU21wclNUbGhTRk14VFhaeFRWTm5XbG8zVFVoQmFscHVTbWQyVWxGUWN6aG5RMHRqVUZSeE5EazVMMFpNVTIxeGEyOTVhbmRVU1VwSFRsQmxTVWxUYWpnNFlVWlpTWGRYYVcxSFFtTjFZblZQYTAxeFlVcFhUMkpTVEZodFUxUktSM053VUVrM0lpd2laR0YwWVd0bGVTSTZJa0ZSUlVKQlNHaDNiVEJaWVVsVFNtVlNkRXB0Tlc0eFJ6WjFjV1ZsYTFoMWIxaFlVR1UxVlVaalpUbFNjVGd2TVRSM1FVRkJTRFIzWmtGWlNrdHZXa2xvZG1OT1FWRmpSMjlIT0hkaVVVbENRVVJDYjBKbmEzRm9hMmxIT1hjd1FrSjNSWGRJWjFsS1dVbGFTVUZYVlVSQ1FVVjFUVUpGUlVSTVEyaDVNMmxoZEZwTVJHZDRjMjFrZDBsQ1JVbEJOMWxzYUU5S00wNUZMMjVMY0VSdGRuUkVTR2Q1ZVdnME9UaEdXaTlIV1dGYU9YZzNjbkZvYzJKT1RrSlJlbEZNVWxKbFpIRlRSV05OV1hVeldtMVpaVFpsUmk5MlUyeEVhSE5LUWtaSVluTTlJaXdpZG1WeWMybHZiaUk2SWpJaUxDSjBlWEJsSWpvaVJFRlVRVjlMUlZraUxDSmxlSEJwY21GMGFXOXVJam94TnpFNE9UUTJPVEkxZlE9PQ==",
            "expires_at": "2024-06-21T05:15:25Z",
            "id": "us-east-1",
            "password": "eyJwYXlsb2FkIjoidFpaVElvSnlGNkN5SHhqak56NW1paXg4QklwZ3daVUNFZVg4dG1UMXVGR0ZIZ3pVOUhHUktrdWxpZjloVVBvWVJ6OXd1bzlTa2drQ3FuZ3ZiUXF2MElDYS91RGMzOXBkQnNtZjh1TS9YMlBCQ2VscjlMeVlYNlVIVmhiVWdCVmdtQkFTd2ljdDZxajN3YndJblljaXNySXlPODdrSGtqemtlYVlnOW9xZzVFbnpGU2F0Ym1kRVBjSUc4RUpKM29CU2JPTzUyU3ZjRHNaRkxvd0M0ZXJvR3hmbVdja2crUlpvWEp5THJWbjlGWW9FTWxCdHhlcUlqQlhzODE2eWdqSklTZWFIeWZWekNQL1VSSng1eFV5dzRxQjhnUUE4dlV0QXJScjZTdVRVK2VOV0lCNFNpMUIrMXI4UkUxdG5ZSVNXTzhjQVgzeTlCWFF3VW50MEkvL3hFeFZ0NGVKUWl4cVhBZXduUHBYK2toRVBLR1lqLzB0UUpnUUwvYlFySCs2QzdUSjFkeGdqMHpUc2M5c1BBZW5zUURPUG9nZE8zNklaMi84Qk9NZHlGYjc5TXBoTkVMeXRId0tGZTVUdmVndldIK0F4cEM4SGxTUG45bkVjU0I4dit2Q0ovUjdnbWFRL1VoVzFZSklSWE5SYWVabWMxZ0RhbFlyVnBqT0xVWGNFMzJFQVQyZk5qekdZS0lQZExneE9OTjR5RkJDdEw4MmhubE1OUkZ0cnhuMTB1WjZPalVvQ1g0bDE3REI4WUZuaitMbjJEbStZZHhLTEJGcmU5MW95d3VYSXF0dDhoQ0NqMjRFRkd3UWU1d0Z6U09UeGlqT1VhQjZGWDF6VWRCaU9wU0hJbnJ1WGFEbkhPRUM3LzFzZU02UUlnL0RPb2pha3pwcGNLWExQNEdVTXA2U1NuZW9tU29oZE1qdHZrVEdaNzZqMVdhc1pwVFBxd1d6eUI0ZjN5QnVYNTFZNW5RV3ZCUW5VOUlYWW1yM1lrZUd0TzZjcnVuZjVLWnZLY3cyajZsejB4LzF0RFVsSzlwengzMkRxNFY3bTNodFo3MEVpMXIzUml2QkxLaldYN3d5NUZ1ZjIwUFpHR0FCUWNtcEM3M2d5U0hJVThUWGcxRUcyQkVCVGVVejdkbGpxZWRxbi81Q0VVN0VhTmFUZjRpZzJUY1J6WW0vdTNybS9kK3FRVzVnOW9CblhSK3VkTW5vR0dJN2cvbzRoMU9sV042akJWZjBGSEc1RE9JaDQ5Q1VnTyt6WVVVN3d6S0ZVUHlZTXFzT3plMmxxVDNqeWRhNUtjakZMNkQ5RnA3aEU1RUFBOWdBK1gwRDRNTUQxYWhkUXNMM2gwUUdBclNhTTVOYVFpcGlRVnFESWJIYjBlbmY1WklkOENnYWhGMlFjaGp2UkxRUXpDZHl0THQzT3g5WitOZGRQZTNJeGVrVGRIRW80eUlaemNpYXVHYjB4VXYraEtvYmlkYzJKbkJ5OXN1REg4SDE3SlBKR3p1TTVQTXJQRHlaTkJzVHJkZXkwdFgrUnBxT2JEZXNKOE15bUpRbEhaY0NMZHhZVE0xdWFzYWVQbUE4UjZrOEpvVHhFMVpJZlgvaWw2VWpZNGJQd2hYaDJqdWN4c2o3UDFheW1xTVhRMTFOZS9jeXNjNWtPTTMwZ1dnc3N1SmprSTlhSFMxTXZxTVNnWlo3TUhBalpuSmd2UlFQczhnQ0tjUFRxNDk5L0ZMU21xa295andUSUpHTlBlSUlTajg4YUZZSXdXaW1HQmN1YnVPa01xYUpXT2JSTFhtU1RKR3NwUEk3IiwiZGF0YWtleSI6IkFRRUJBSGh3bTBZYUlTSmVSdEptNW4xRzZ1cWVla1h1b1hYUGU1VUZjZTlScTgvMTR3QUFBSDR3ZkFZSktvWklodmNOQVFjR29HOHdiUUlCQURCb0Jna3Foa2lHOXcwQkJ3RXdIZ1lKWUlaSUFXVURCQUV1TUJFRURMQ2h5M2lhdFpMRGd4c21kd0lCRUlBN1lsaE9KM05FL25LcERtdnRESGd5eWg0OThGWi9HWWFaOXg3cnFoc2JOTkJRelFMUlJlZHFTRWNNWXUzWm1ZZTZlRi92U2xEaHNKQkZIYnM9IiwidmVyc2lvbiI6IjIiLCJ0eXBlIjoiREFUQV9LRVkiLCJleHBpcmF0aW9uIjoxNzE4OTQ2OTI1fQ==",
            "proxy_endpoint": "https://654654394525.dkr.ecr.us-east-1.amazonaws.com",
            "registry_id": null,
            "user_name": "AWS"
          },
          "sensitive_attributes": [
            [
              {
                "type": "get_attr",
                "value": "password"
              }
            ],
            [
              {
                "type": "get_attr",
                "value": "authorization_token"
              }
            ]
          ]
        }
      ]
    },
    {
      "module": "module.kubernetes",
      "mode": "managed",
      "type": "kubectl_manifest",
      "name": "db",
      "provider": "provider[\"registry.terraform.io/gavinbunney/kubectl\"]",
      "instances": [
        {
          "schema_version": 1,
          "attributes": {
            "api_version": "apps/v1",
            "apply_only": false,
            "force_conflicts": false,
            "force_new": false,
            "id": "/apis/apps/v1/namespaces/default/deployments/db",
            "ignore_fields": null,
            "kind": "Deployment",
            "live_manifest_incluster": "abb96788f16f6eb2eac90c11f42478857b438835f71de5e2c0b2ff88f2a0904c",
            "live_uid": "5bb749a4-f74d-428c-a249-04a9cc8cab52",
            "name": "db",
            "namespace": null,
            "override_namespace": null,
            "sensitive_fields": null,
            "server_side_apply": false,
            "timeouts": null,
            "uid": "5bb749a4-f74d-428c-a249-04a9cc8cab52",
            "validate_schema": true,
            "wait": null,
            "wait_for_rollout": true,
            "yaml_body": "apiVersion: apps/v1\nkind: Deployment\nmetadata:\n  labels:\n    app: db\n  name: db\nspec:\n  replicas: 1\n  selector:\n    matchLabels:\n      app: db\n  strategy: {}\n  template:\n    metadata:\n      labels:\n        app: db\n    spec:\n      containers:\n      - name: db\n        image: \"654654394525.dkr.ecr.us-east-1.amazonaws.com/db\"\n        ports:\n        - containerPort: 3306\n",
            "yaml_body_parsed": "apiVersion: apps/v1\nkind: Deployment\nmetadata:\n  labels:\n    app: db\n  name: db\nspec:\n  replicas: 1\n  selector:\n    matchLabels:\n      app: db\n  strategy: {}\n  template:\n    metadata:\n      labels:\n        app: db\n    spec:\n      containers:\n      - image: 654654394525.dkr.ecr.us-east-1.amazonaws.com/db\n        name: db\n        ports:\n        - containerPort: 3306\n",
            "yaml_incluster": "abb96788f16f6eb2eac90c11f42478857b438835f71de5e2c0b2ff88f2a0904c"
          },
          "sensitive_attributes": [
            [
              {
                "type": "get_attr",
                "value": "yaml_incluster"
              }
            ],
            [
              {
                "type": "get_attr",
                "value": "live_manifest_incluster"
              }
            ],
            [
              {
                "type": "get_attr",
                "value": "yaml_body"
              }
            ]
          ],
          "private": "eyJlMmJmYjczMC1lY2FhLTExZTYtOGY4OC0zNDM2M2JjN2M0YzAiOnsiY3JlYXRlIjo2MDAwMDAwMDAwMDB9LCJzY2hlbWFfdmVyc2lvbiI6IjEifQ==",
          "dependencies": [
            "data.aws_caller_identity.current",
            "data.aws_ecr_authorization_token.token",
            "module.aws.aws_eks_cluster.cluster_obligatorio",
            "module.aws.aws_eks_node_group.node_group_obligatorio",
            "module.aws.aws_internet_gateway.ig_obligatorio",
            "module.aws.aws_route.ruta_a_internet",
            "module.aws.aws_security_group.sg_obligatorio",
            "module.aws.aws_subnet.subnet_A_obligatorio",
            "module.aws.aws_subnet.subnet_B_obligatorio",
            "module.aws.aws_vpc.vpc_obligatorio",
            "module.aws.data.aws_caller_identity.current",
            "module.aws.data.aws_ecr_authorization_token.token",
            "module.aws.null_resource.kubectl",
            "module.docker.aws_ecr_repository.db",
            "module.docker.aws_ecr_repository.web",
            "module.docker.data.aws_caller_identity.current",
            "module.docker.data.aws_ecr_authorization_token.token",
            "module.docker.docker_image.db",
            "module.docker.docker_image.web",
            "module.docker.docker_registry_image.db",
            "module.docker.docker_registry_image.web",
            "module.kubernetes.data.aws_caller_identity.current",
            "module.kubernetes.kubectl_manifest.db-svc"
          ]
        }
      ]
    },
    {
      "module": "module.kubernetes",
      "mode": "managed",
      "type": "kubectl_manifest",
      "name": "db-config",
      "provider": "provider[\"registry.terraform.io/gavinbunney/kubectl\"]",
      "instances": [
        {
          "schema_version": 1,
          "attributes": {
            "api_version": "v1",
            "apply_only": false,
            "force_conflicts": false,
            "force_new": false,
            "id": "/api/v1/namespaces/default/configmaps/db-config",
            "ignore_fields": null,
            "kind": "ConfigMap",
            "live_manifest_incluster": "51da9550e8d0520ef0c1b21be720378f6202b78e96f91c034e6bd48c61c563b2",
            "live_uid": "80dd4064-9b6a-4ca7-a17f-6d7a44e67847",
            "name": "db-config",
            "namespace": null,
            "override_namespace": null,
            "sensitive_fields": null,
            "server_side_apply": false,
            "timeouts": null,
            "uid": "80dd4064-9b6a-4ca7-a17f-6d7a44e67847",
            "validate_schema": true,
            "wait": null,
            "wait_for_rollout": true,
            "yaml_body": "apiVersion: v1\nkind: ConfigMap\ndata:\n  config.php: |\n    \u003c?php\n    ini_set('display_errors',1);\n    error_reporting(-1);\n    define('DB_HOST', 'db-svc');\n    define('DB_USER', 'user');\n    define('DB_PASSWORD', 'user123');\n    define('DB_DATABASE', 'db_obligatorio');\nmetadata:\n  name: db-config\n",
            "yaml_body_parsed": "apiVersion: v1\ndata:\n  config.php: |\n    \u003c?php\n    ini_set('display_errors',1);\n    error_reporting(-1);\n    define('DB_HOST', 'db-svc');\n    define('DB_USER', 'user');\n    define('DB_PASSWORD', 'user123');\n    define('DB_DATABASE', 'db_obligatorio');\nkind: ConfigMap\nmetadata:\n  name: db-config\n",
            "yaml_incluster": "51da9550e8d0520ef0c1b21be720378f6202b78e96f91c034e6bd48c61c563b2"
          },
          "sensitive_attributes": [
            [
              {
                "type": "get_attr",
                "value": "yaml_incluster"
              }
            ],
            [
              {
                "type": "get_attr",
                "value": "live_manifest_incluster"
              }
            ],
            [
              {
                "type": "get_attr",
                "value": "yaml_body"
              }
            ]
          ],
          "private": "eyJlMmJmYjczMC1lY2FhLTExZTYtOGY4OC0zNDM2M2JjN2M0YzAiOnsiY3JlYXRlIjo2MDAwMDAwMDAwMDB9LCJzY2hlbWFfdmVyc2lvbiI6IjEifQ==",
          "dependencies": [
            "data.aws_caller_identity.current",
            "data.aws_ecr_authorization_token.token",
            "module.aws.aws_eks_cluster.cluster_obligatorio",
            "module.aws.aws_eks_node_group.node_group_obligatorio",
            "module.aws.aws_internet_gateway.ig_obligatorio",
            "module.aws.aws_route.ruta_a_internet",
            "module.aws.aws_security_group.sg_obligatorio",
            "module.aws.aws_subnet.subnet_A_obligatorio",
            "module.aws.aws_subnet.subnet_B_obligatorio",
            "module.aws.aws_vpc.vpc_obligatorio",
            "module.aws.data.aws_caller_identity.current",
            "module.aws.data.aws_ecr_authorization_token.token",
            "module.aws.null_resource.kubectl",
            "module.docker.aws_ecr_repository.db",
            "module.docker.aws_ecr_repository.web",
            "module.docker.data.aws_caller_identity.current",
            "module.docker.data.aws_ecr_authorization_token.token",
            "module.docker.docker_image.db",
            "module.docker.docker_image.web",
            "module.docker.docker_registry_image.db",
            "module.docker.docker_registry_image.web"
          ]
        }
      ]
    },
    {
      "module": "module.kubernetes",
      "mode": "managed",
      "type": "kubectl_manifest",
      "name": "db-svc",
      "provider": "provider[\"registry.terraform.io/gavinbunney/kubectl\"]",
      "instances": [
        {
          "schema_version": 1,
          "attributes": {
            "api_version": "v1",
            "apply_only": false,
            "force_conflicts": false,
            "force_new": false,
            "id": "/api/v1/namespaces/default/services/db-svc",
            "ignore_fields": null,
            "kind": "Service",
            "live_manifest_incluster": "b564c328d0118756272eaed534e85fdfe87bc598adce8e406516cff12b00d2ad",
            "live_uid": "14984d84-c1d7-4432-9fc1-d66e8b030b6c",
            "name": "db-svc",
            "namespace": null,
            "override_namespace": null,
            "sensitive_fields": null,
            "server_side_apply": false,
            "timeouts": null,
            "uid": "14984d84-c1d7-4432-9fc1-d66e8b030b6c",
            "validate_schema": true,
            "wait": null,
            "wait_for_rollout": true,
            "yaml_body": "apiVersion: v1\nkind: Service\nmetadata:\n  name: db-svc\nspec:\n  type: ClusterIP\n  selector:\n    app: db\n  ports:\n  - name: mysql\n    port: 3306\n    targetPort: 3306\n",
            "yaml_body_parsed": "apiVersion: v1\nkind: Service\nmetadata:\n  name: db-svc\nspec:\n  ports:\n  - name: mysql\n    port: 3306\n    targetPort: 3306\n  selector:\n    app: db\n  type: ClusterIP\n",
            "yaml_incluster": "b564c328d0118756272eaed534e85fdfe87bc598adce8e406516cff12b00d2ad"
          },
          "sensitive_attributes": [
            [
              {
                "type": "get_attr",
                "value": "live_manifest_incluster"
              }
            ],
            [
              {
                "type": "get_attr",
                "value": "yaml_incluster"
              }
            ],
            [
              {
                "type": "get_attr",
                "value": "yaml_body"
              }
            ]
          ],
          "private": "eyJlMmJmYjczMC1lY2FhLTExZTYtOGY4OC0zNDM2M2JjN2M0YzAiOnsiY3JlYXRlIjo2MDAwMDAwMDAwMDB9LCJzY2hlbWFfdmVyc2lvbiI6IjEifQ==",
          "dependencies": [
            "data.aws_caller_identity.current",
            "data.aws_ecr_authorization_token.token",
            "module.aws.aws_eks_cluster.cluster_obligatorio",
            "module.aws.aws_eks_node_group.node_group_obligatorio",
            "module.aws.aws_internet_gateway.ig_obligatorio",
            "module.aws.aws_route.ruta_a_internet",
            "module.aws.aws_security_group.sg_obligatorio",
            "module.aws.aws_subnet.subnet_A_obligatorio",
            "module.aws.aws_subnet.subnet_B_obligatorio",
            "module.aws.aws_vpc.vpc_obligatorio",
            "module.aws.data.aws_caller_identity.current",
            "module.aws.data.aws_ecr_authorization_token.token",
            "module.aws.null_resource.kubectl",
            "module.docker.aws_ecr_repository.db",
            "module.docker.aws_ecr_repository.web",
            "module.docker.data.aws_caller_identity.current",
            "module.docker.data.aws_ecr_authorization_token.token",
            "module.docker.docker_image.db",
            "module.docker.docker_image.web",
            "module.docker.docker_registry_image.db",
            "module.docker.docker_registry_image.web"
          ]
        }
      ]
    },
    {
      "module": "module.kubernetes",
      "mode": "managed",
      "type": "kubectl_manifest",
      "name": "web",
      "provider": "provider[\"registry.terraform.io/gavinbunney/kubectl\"]",
      "instances": [
        {
          "schema_version": 1,
          "attributes": {
            "api_version": "apps/v1",
            "apply_only": false,
            "force_conflicts": false,
            "force_new": false,
            "id": "/apis/apps/v1/namespaces/default/deployments/web",
            "ignore_fields": null,
            "kind": "Deployment",
            "live_manifest_incluster": "1ae2db35d152547ea1c65e34bb25d22af669807822529d984717612e286edbe8",
            "live_uid": "a1a3046c-8bad-4b36-a9bb-305cd46e7085",
            "name": "web",
            "namespace": null,
            "override_namespace": null,
            "sensitive_fields": null,
            "server_side_apply": false,
            "timeouts": null,
            "uid": "a1a3046c-8bad-4b36-a9bb-305cd46e7085",
            "validate_schema": true,
            "wait": null,
            "wait_for_rollout": true,
            "yaml_body": "apiVersion: apps/v1\nkind: Deployment\nmetadata:\n  labels:\n    app: web\n  name: web\nspec:\n  replicas: 2\n  selector:\n    matchLabels:\n      app: web\n  strategy: {}\n  template:\n    metadata:\n      labels:\n        app: web\n    spec:\n      containers:\n      - name: web  \n        image: \"654654394525.dkr.ecr.us-east-1.amazonaws.com/web\"\n        ports:\n        - containerPort: 80\n        livenessProbe:\n          initialDelaySeconds: 20\n          periodSeconds: 15\n          httpGet:\n            path: /\n            port: 80\n        volumeMounts:\n        - name: config-volume\n          mountPath: /var/www/html/config.php\n          subPath: config.php\n      volumes:\n      - name: config-volume\n        configMap:\n          name: db-config\n",
            "yaml_body_parsed": "apiVersion: apps/v1\nkind: Deployment\nmetadata:\n  labels:\n    app: web\n  name: web\nspec:\n  replicas: 2\n  selector:\n    matchLabels:\n      app: web\n  strategy: {}\n  template:\n    metadata:\n      labels:\n        app: web\n    spec:\n      containers:\n      - image: 654654394525.dkr.ecr.us-east-1.amazonaws.com/web\n        livenessProbe:\n          httpGet:\n            path: /\n            port: 80\n          initialDelaySeconds: 20\n          periodSeconds: 15\n        name: web\n        ports:\n        - containerPort: 80\n        volumeMounts:\n        - mountPath: /var/www/html/config.php\n          name: config-volume\n          subPath: config.php\n      volumes:\n      - configMap:\n          name: db-config\n        name: config-volume\n",
            "yaml_incluster": "1ae2db35d152547ea1c65e34bb25d22af669807822529d984717612e286edbe8"
          },
          "sensitive_attributes": [
            [
              {
                "type": "get_attr",
                "value": "yaml_incluster"
              }
            ],
            [
              {
                "type": "get_attr",
                "value": "live_manifest_incluster"
              }
            ],
            [
              {
                "type": "get_attr",
                "value": "yaml_body"
              }
            ]
          ],
          "private": "eyJlMmJmYjczMC1lY2FhLTExZTYtOGY4OC0zNDM2M2JjN2M0YzAiOnsiY3JlYXRlIjo2MDAwMDAwMDAwMDB9LCJzY2hlbWFfdmVyc2lvbiI6IjEifQ==",
          "dependencies": [
            "data.aws_caller_identity.current",
            "data.aws_ecr_authorization_token.token",
            "module.aws.aws_eks_cluster.cluster_obligatorio",
            "module.aws.aws_eks_node_group.node_group_obligatorio",
            "module.aws.aws_internet_gateway.ig_obligatorio",
            "module.aws.aws_route.ruta_a_internet",
            "module.aws.aws_security_group.sg_obligatorio",
            "module.aws.aws_subnet.subnet_A_obligatorio",
            "module.aws.aws_subnet.subnet_B_obligatorio",
            "module.aws.aws_vpc.vpc_obligatorio",
            "module.aws.data.aws_caller_identity.current",
            "module.aws.data.aws_ecr_authorization_token.token",
            "module.aws.null_resource.kubectl",
            "module.docker.aws_ecr_repository.db",
            "module.docker.aws_ecr_repository.web",
            "module.docker.data.aws_caller_identity.current",
            "module.docker.data.aws_ecr_authorization_token.token",
            "module.docker.docker_image.db",
            "module.docker.docker_image.web",
            "module.docker.docker_registry_image.db",
            "module.docker.docker_registry_image.web",
            "module.kubernetes.data.aws_caller_identity.current",
            "module.kubernetes.kubectl_manifest.db",
            "module.kubernetes.kubectl_manifest.db-config",
            "module.kubernetes.kubectl_manifest.db-svc",
            "module.kubernetes.kubectl_manifest.web-svc"
          ]
        }
      ]
    },
    {
      "module": "module.kubernetes",
      "mode": "managed",
      "type": "kubectl_manifest",
      "name": "web-svc",
      "provider": "provider[\"registry.terraform.io/gavinbunney/kubectl\"]",
      "instances": [
        {
          "schema_version": 1,
          "attributes": {
            "api_version": "v1",
            "apply_only": false,
            "force_conflicts": false,
            "force_new": false,
            "id": "/api/v1/namespaces/default/services/web",
            "ignore_fields": null,
            "kind": "Service",
            "live_manifest_incluster": "88ad385ab690d640960636024c74ebc45d959f182ba30383047990b5427efd38",
            "live_uid": "4cd5ef84-f86a-4712-a411-9de2c1f66ba6",
            "name": "web",
            "namespace": null,
            "override_namespace": null,
            "sensitive_fields": null,
            "server_side_apply": false,
            "timeouts": null,
            "uid": "4cd5ef84-f86a-4712-a411-9de2c1f66ba6",
            "validate_schema": true,
            "wait": null,
            "wait_for_rollout": true,
            "yaml_body": "apiVersion: v1\nkind: Service\nmetadata:\n  name: web\nspec:\n  type: LoadBalancer\n  selector:\n    app: web\n  ports:\n  - name: http\n    port: 80\n    targetPort: 80\n",
            "yaml_body_parsed": "apiVersion: v1\nkind: Service\nmetadata:\n  name: web\nspec:\n  ports:\n  - name: http\n    port: 80\n    targetPort: 80\n  selector:\n    app: web\n  type: LoadBalancer\n",
            "yaml_incluster": "88ad385ab690d640960636024c74ebc45d959f182ba30383047990b5427efd38"
          },
          "sensitive_attributes": [
            [
              {
                "type": "get_attr",
                "value": "yaml_incluster"
              }
            ],
            [
              {
                "type": "get_attr",
                "value": "yaml_body"
              }
            ],
            [
              {
                "type": "get_attr",
                "value": "live_manifest_incluster"
              }
            ]
          ],
          "private": "eyJlMmJmYjczMC1lY2FhLTExZTYtOGY4OC0zNDM2M2JjN2M0YzAiOnsiY3JlYXRlIjo2MDAwMDAwMDAwMDB9LCJzY2hlbWFfdmVyc2lvbiI6IjEifQ==",
          "dependencies": [
            "data.aws_caller_identity.current",
            "data.aws_ecr_authorization_token.token",
            "module.aws.aws_eks_cluster.cluster_obligatorio",
            "module.aws.aws_eks_node_group.node_group_obligatorio",
            "module.aws.aws_internet_gateway.ig_obligatorio",
            "module.aws.aws_route.ruta_a_internet",
            "module.aws.aws_security_group.sg_obligatorio",
            "module.aws.aws_subnet.subnet_A_obligatorio",
            "module.aws.aws_subnet.subnet_B_obligatorio",
            "module.aws.aws_vpc.vpc_obligatorio",
            "module.aws.data.aws_caller_identity.current",
            "module.aws.data.aws_ecr_authorization_token.token",
            "module.aws.null_resource.kubectl",
            "module.docker.aws_ecr_repository.db",
            "module.docker.aws_ecr_repository.web",
            "module.docker.data.aws_caller_identity.current",
            "module.docker.data.aws_ecr_authorization_token.token",
            "module.docker.docker_image.db",
            "module.docker.docker_image.web",
            "module.docker.docker_registry_image.db",
            "module.docker.docker_registry_image.web",
            "module.kubernetes.data.aws_caller_identity.current",
            "module.kubernetes.kubectl_manifest.db",
            "module.kubernetes.kubectl_manifest.db-svc"
          ]
        }
      ]
    }
  ],
  "check_results": null
}
