{
  "version": 4,
  "terraform_version": "1.8.5",
  "serial": 1112,
  "lineage": "d1c58729-fe15-cda0-aef2-93226575cda0",
  "outputs": {},
  "resources": [
    {
      "mode": "data",
      "type": "aws_caller_identity",
      "name": "current",
      "provider": "provider[\"registry.terraform.io/hashicorp/aws\"]",
      "instances": [
        {
          "schema_version": 0,
          "attributes": {
            "account_id": "654654394525",
            "arn": "arn:aws:sts::654654394525:assumed-role/voclabs/user3154006=gpramirezecheverria@gmail.com",
            "id": "654654394525",
            "user_id": "AROAZQ3DRKCORTCTDEKVT:user3154006=gpramirezecheverria@gmail.com"
          },
          "sensitive_attributes": []
        }
      ]
    },
    {
      "mode": "data",
      "type": "aws_ecr_authorization_token",
      "name": "token",
      "provider": "provider[\"registry.terraform.io/hashicorp/aws\"]",
      "instances": [
        {
          "schema_version": 0,
          "attributes": {
            "authorization_token": "QVdTOmV5SndZWGxzYjJGa0lqb2lSMVZMT1ZZd1l6UmlUbWxSVEc1TU1DOVZTVlJ3V1VKNWVHNW1VMFo2TWt4V01HMDNhbkp3Ymt0dFNHYzVSa3MzWW5oQ2JIWkthekp6WVVaNVRVdEtaRFp4ZEZkQ2IwbGlZVVZGZVZOc1ZuSmxSR00yZWpWSmRHdEtiMUJ0TmtOakwwbFFRblo0UlVGaWMyNW9UMEZ5ZEhkTlFrVlpUMll5VDFCRllTczBPSGxwVURaQlpEUTBUR3h0VEd0SGRUTkZia05WZFZaTk9VVm9NVGhvUlVFdk9VMDBaRnBpWm1sRVRXTmhhbXBSYjFFMVpXNVNOWFV6Y0VKWE1taG1iVGR4TldKMU9DOWxjRzlyU0UxVVIyaDZObEZCUlRSaVptbHNabGxhUldKQ2FXWTRNekZsVGpKUWJGcGxlVmRTWm5GQk9Ua3djRkowTmtwRlJrTTVLMUYwYWpGUlZsVXpUMmx3Wm0wMk5taEtia2gxTW10M1FsbGxNUzkyVG1KR01tWklSMGQzTDBOWVpUUTJWM0JoVkdGeVVUWXZjbFFyT0RFMFQxSlhibVZKYjNreWVtOWtjMDFXVlZJdlQwWlRUWGRVVjNoV1dYTlNPVXBOU2tSUWRXaFhRa04wYnpOeWIwbDVTREZJTVZOc2NsUlRNVFZCWTNBd01HeHZNemRMTlN0akszbFpPVVl2V0hGelExbzRSMU5DWXpaME5ERjZlak5RZUhKT1pUUnllSEZ4UW5WMVVHUXlaMGwzTm5ReU0yZzRUekUzVm1veWNqbGpkMnRqYVRSM2JFRTJPRU5sUm05NWRteDVPVkl4Y2tKV1NGUllSWE42ZEM4d1YwVXplREJoUml0VE1qWkJlVXBsVldkalFVNUhOa2R5UzFwQ1ZrdFVlRGRZTnpscE1XcElhRGxWUTJWQlNrOHlTVGxVZFhGc2FWaFRSMW94TUZoM1pWWkpVRGRCU2pWaVp6TkliakZaVGpWTUsyeFFRbFJaYnpkTFlqRTNXWEV3YWtKRmRrRmpjVU55YlZZeUwyWnZVbmRSWkhBMVQxbHZMMHQyYmtOMlJUQkJiMnhYTldaTWRHeEtTSE4xVWxWa1MzcElNVmM0WVhCNVMwSnpla2M0YVRreVNHaHZlREp3WkU1aFNHSmhjblYxVFdobFNsSjRNakY0ZGt4MlRIcFdMekpPWXpoTWVuSlhUa2RMVDNwYVUxRmtlVVpPVkc5VWFuVlpUblptY0hoNFZYQm5jRFZWY1Rjd1QwWjRWM2xQVjAxYU1sQjFRWFZvTUdGUFZVMWhRM1pFZUhSak1FWnVPVFp6Y2lzM1YxTXlPWEF2Tld0Sk1FNU5VRGxQWjBaa1oyWTFkMVJSUlRkRFNuZDRibWREUzFsTWJITm5WbXRCVFVwRldWZENUamhhTkdoV2NURmtkMDluZHk5TGJHRjFWalI2YW05eGVtNTVjMVZrVWxwMU1WbGtTV1JtSzFGUk5raHZiVEZPTm1Sd05tcFlXVUZUTjJ4d2MweHdRWEZWWnpoUU1FTlpWRTFvTUdOeGVWcGtWWFpzTDBsU1V5OXBNblZwVURoMFMwOHJXV2xrTVZGQlFUSjBNbEpFVWpkNVRHNU5WSFZVZVdocldYRjZaM00yWWxsRlEyY3JTQ3RWSzFSNlVFSnVXbmRZWmxCc09GRmxVbkJHUkhwWldIUkNTSEYyY3pWUFZGTXhhWFY2WW1oeGFESmFXSHB0Vm1SRFNGVnBLemx4VldWb2VGWjJZMk5tYVN0WGJHRnFPSE5GYVRGTVZEbFBkRmxMVlZaSlZHNVpReTgyVFU1b01IZDZka1F4ZWpsTk1tRlZOVGRJYlZWc1FYQTRja3gxWVdsUFEzVTVNVnBrVEV0VlRFZGpPRXBHVkdGVFkxTjNjRFo1U1Zsa2FqSm1WM0JXVmxaVmRFZ3JkMGRVWjNwNFpFUlhWU3RwY0c5SmEzSjBMek0xV1hkMk9HRlFTMlpCVmpSbWVXeFBXbEZvTm5Gb2NDOWxiVU5QZVVKcGVFeFlMMjlUWnpjeFdFdHNWa3RVTmxCU1FWRmphRU5yUTBoblZGQlJhVXRGZW1zNE5TdFJjRFp5YjJNMlQyWkNTalZ0WmxRek4weEhhMFF5VGtOSFpXeHdWRlp4VGxjNU1qYzBVbEJVY3pjeFpGUjNWVVI0TUd0bVNrZzJSMGQ1V1VoSmIycHZXVWRUZW1rMmJtTjNSRmRqT0dwRmMzcEtWbkV2VFRWd1RITk1WaTlMTDBSb2RpOXpSUzlzTm5VdlJtMWtka1JtU1dkSU9EaFJVR2w1UzBScWRtTnRkbEJCV21Oc05IUldSMXBoYVRoVlRqRnFha05oUnk5U01sVjVkM1V6VFdoM1lrVTBNM2hDWkU1cFJIbHlhekY1V2tvMElpd2laR0YwWVd0bGVTSTZJa0ZSUlVKQlNHaDNiVEJaWVVsVFNtVlNkRXB0Tlc0eFJ6WjFjV1ZsYTFoMWIxaFlVR1UxVlVaalpUbFNjVGd2TVRSM1FVRkJTRFIzWmtGWlNrdHZXa2xvZG1OT1FWRmpSMjlIT0hkaVVVbENRVVJDYjBKbmEzRm9hMmxIT1hjd1FrSjNSWGRJWjFsS1dVbGFTVUZYVlVSQ1FVVjFUVUpGUlVSRGRYTmxVR014VVZFNWJtOTRkVTlOZDBsQ1JVbEJOMnBzWjFwWFdVRlVjWGRUVUM5VU9VMTJPRzFuTTA5WlMzUjFPV0ZCYkhWemRURnlhakl6Y0d0SU5ERXhOV05pV0ZSMFpIVmFNMjVaTXpSTldGUjVZMHh1VDFrM1pqbFNSbXBpY0hWMmRWRTlJaXdpZG1WeWMybHZiaUk2SWpJaUxDSjBlWEJsSWpvaVJFRlVRVjlMUlZraUxDSmxlSEJwY21GMGFXOXVJam94TnpFNE9EZzFNRFUzZlE9PQ==",
            "expires_at": "2024-06-20T12:04:17Z",
            "id": "us-east-1",
            "password": "eyJwYXlsb2FkIjoiR1VLOVYwYzRiTmlRTG5MMC9VSVRwWUJ5eG5mU0Z6MkxWMG03anJwbkttSGc5Rks3YnhCbHZKazJzYUZ5TUtKZDZxdFdCb0liYUVFeVNsVnJlRGM2ejVJdGtKb1BtNkNjL0lQQnZ4RUFic25oT0FydHdNQkVZT2YyT1BFYSs0OHlpUDZBZDQ0TGxtTGtHdTNFbkNVdVZNOUVoMThoRUEvOU00ZFpiZmlETWNhampRb1E1ZW5SNXUzcEJXMmhmbTdxNWJ1OC9lcG9rSE1UR2h6NlFBRTRiZmlsZllaRWJCaWY4MzFlTjJQbFpleVdSZnFBOTkwcFJ0NkpFRkM5K1F0ajFRVlUzT2lwZm02NmhKbkh1Mmt3QlllMS92TmJGMmZIR0d3L0NYZTQ2V3BhVGFyUTYvclQrODE0T1JXbmVJb3kyem9kc01WVVIvT0ZTTXdUV3hWWXNSOUpNSkRQdWhXQkN0bzNyb0l5SDFIMVNsclRTMTVBY3AwMGxvMzdLNStjK3lZOUYvWHFzQ1o4R1NCYzZ0NDF6ejNQeHJOZTRyeHFxQnV1UGQyZ0l3NnQyM2g4TzE3Vmoycjljd2tjaTR3bEE2OENlRm95dmx5OVIxckJWSFRYRXN6dC8wV0UzeDBhRitTMjZBeUplVWdjQU5HNkdyS1pCVktUeDdYNzlpMWpIaDlVQ2VBSk8ySTlUdXFsaVhTR1oxMFh3ZVZJUDdBSjViZzNIbjFZTjVMK2xQQlRZbzdLYjE3WXEwakJFdkFjcUNybVYyL2ZvUndRZHA1T1lvL0t2bkN2RTBBb2xXNWZMdGxKSHN1UlVkS3pIMVc4YXB5S0Jzekc4aTkySGhveDJwZE5hSGJhcnV1TWhlSlJ4MjF4dkx2THpWLzJOYzhMenJXTkdLT3paU1FkeUZOVG9UanVZTnZmcHh4VXBncDVVcTcwT0Z4V3lPV01aMlB1QXVoMGFPVU1hQ3ZEeHRjMEZuOTZzcis3V1MyOXAvNWtJME5NUDlPZ0ZkZ2Y1d1RRRTdDSnd4bmdDS1lMbHNnVmtBTUpFWVdCTjhaNGhWcTFkd09ndy9LbGF1VjR6am9xem55c1VkUlp1MVlkSWRmK1FRNkhvbTFONmRwNmpYWUFTN2xwc0xwQXFVZzhQMENZVE1oMGNxeVpkVXZsL0lSUy9pMnVpUDh0S08rWWlkMVFBQTJ0MlJEUjd5TG5NVHVUeWhrWXF6Z3M2YllFQ2crSCtVK1R6UEJuWndYZlBsOFFlUnBGRHpZWHRCSHF2czVPVFMxaXV6YmhxaDJaWHptVmRDSFVpKzlxVWVoeFZ2Y2NmaStXbGFqOHNFaTFMVDlPdFlLVVZJVG5ZQy82TU5oMHd6dkQxejlNMmFVNTdIbVVsQXA4ckx1YWlPQ3U5MVpkTEtVTEdjOEpGVGFTY1N3cDZ5SVlkajJmV3BWVlZVdEgrd0dUZ3p4ZERXVStpcG9Ja3J0LzM1WXd2OGFQS2ZBVjRmeWxPWlFoNnFocC9lbUNPeUJpeExYL29TZzcxWEtsVktUNlBSQVFjaENrQ0hnVFBRaUtFems4NStRcDZyb2M2T2ZCSjVtZlQzN0xHa0QyTkNHZWxwVFZxTlc5Mjc0UlBUczcxZFR3VUR4MGtmSkg2R0d5WUhJb2pvWUdTemk2bmN3RFdjOGpFc3pKVnEvTTVwTHNMVi9LL0Rodi9zRS9sNnUvRm1kdkRmSWdIODhRUGl5S0RqdmNtdlBBWmNsNHRWR1phaThVTjFqakNhRy9SMlV5d3UzTWh3YkU0M3hCZE5pRHlyazF5Wko0IiwiZGF0YWtleSI6IkFRRUJBSGh3bTBZYUlTSmVSdEptNW4xRzZ1cWVla1h1b1hYUGU1VUZjZTlScTgvMTR3QUFBSDR3ZkFZSktvWklodmNOQVFjR29HOHdiUUlCQURCb0Jna3Foa2lHOXcwQkJ3RXdIZ1lKWUlaSUFXVURCQUV1TUJFRURDdXNlUGMxUVE5bm94dU9Nd0lCRUlBN2psZ1pXWUFUcXdTUC9UOU12OG1nM09ZS3R1OWFBbHVzdTFyajIzcGtINDExNWNiWFR0ZHVaM25ZMzRNWFR5Y0xuT1k3ZjlSRmpicHV2dVE9IiwidmVyc2lvbiI6IjIiLCJ0eXBlIjoiREFUQV9LRVkiLCJleHBpcmF0aW9uIjoxNzE4ODg1MDU3fQ==",
            "proxy_endpoint": "https://654654394525.dkr.ecr.us-east-1.amazonaws.com",
            "registry_id": null,
            "user_name": "AWS"
          },
          "sensitive_attributes": [
            [
              {
                "type": "get_attr",
                "value": "password"
              }
            ],
            [
              {
                "type": "get_attr",
                "value": "authorization_token"
              }
            ]
          ]
        }
      ]
    },
    {
      "module": "module.aws",
      "mode": "data",
      "type": "aws_caller_identity",
      "name": "current",
      "provider": "provider[\"registry.terraform.io/hashicorp/aws\"]",
      "instances": [
        {
          "schema_version": 0,
          "attributes": {
            "account_id": "654654394525",
            "arn": "arn:aws:sts::654654394525:assumed-role/voclabs/user3154006=gpramirezecheverria@gmail.com",
            "id": "654654394525",
            "user_id": "AROAZQ3DRKCORTCTDEKVT:user3154006=gpramirezecheverria@gmail.com"
          },
          "sensitive_attributes": []
        }
      ]
    },
    {
      "module": "module.aws",
      "mode": "data",
      "type": "aws_ecr_authorization_token",
      "name": "token",
      "provider": "provider[\"registry.terraform.io/hashicorp/aws\"]",
      "instances": [
        {
          "schema_version": 0,
          "attributes": {
            "authorization_token": "QVdTOmV5SndZWGxzYjJGa0lqb2lOMjlpYkdsTlIxRTVlalpDTDBaTWMxaFFhbTF3ZGxJeWVEVjBSRzlYVERoWFMwMWlUelF4YjJKSlNWZFlSM2hHYWk5NVdGUktPVU5pU1VscmJIVmhXRE5RWjJRMllWWlBkMWd4WjAxRU5HWk5iV0pJTkM5SmF5czVTV3RQZWtsSFUxaGhhelI0ZUc1aFRFczNablpvUm5oSlpFTldkelJuUzJKQmEzRXhVa1ZoUlVKVGMzSnNUbFJrYVdjMU5TdFJNVkZDZUZGWFJURnhkRXBFV0VSM2VUSTBXRFZ6V2pkNlQxZEdXV050UkRGM2VFMDBiMDQ1UWt0a1NraERlRXh6V2paR1Z5OVpTbUZGWTBvdmNrNDJkbGxLZWtwTFFqWlpTbkJCYVZWSmVqSmtkM2RJYlZFd1VWTkllbW95WmpaMVVXZEpWeXRSYm14emRYbE9hRTVWTUU5QlJ6VTJUWGxKZGpOUmJGSlNhbTFSYTFoSFVtdHZOV2RWVWs4dk1uWTVielJxVUc5elJtaHROMU16WVZWUlQyRkxXVmRhWVUwMFlYWmFkVGhCV0dkclZsQkNRazlKWVRob05GRmFSMlF2TVdGWFkwMXRZMUpVT1c5eVpqWlZjME52VVVGVE0zWlBPV2xaWldsaU5EUmxlVEJUU21KMU4xTnNWR040UzBwWFV6VkNVVEoxWW5aR2VUVkNOMHRPVjBwVldVWnBaVTU2Tm01dU5FZEVZbWRZUVhCNWR5OXNiWFkyYnpOU1drOXllRFpIVTBsa2FWTlZjVWhrWW1Gc2RGbHRPR3hKVEVwSWNqRm9Wbk5TY0dzMlVXRnJRV1pFWmxaRmRVTTRjMWN6YTJvMlVIaENNekoyVjA1bU9TdFlSbmhKTWxoQlFXUkZURzU0ZEdRMk5VSkphbkpMV25kS2VTczJORVpaWm14U1YzZFlXRGRzVEVWd1VraFRXVlZDZDJ3MlVEVklLMmxVUml0WFdHdENaMUJuTmpsTFFrRkNaMGQ0U1dvNFYxVm1kVEJ5U2xwTFdEZzNhMEZHSzJ4VVNIWkJSbXhXZVhkeFRGVTBNMVZXTUV0T1RVcFVZamwzVEdaQmNGTnBOR3N6ZFVsQ2MydGxTbVpHVGtWMlYwWjJSRWxLVkU0NVQzTnNTVnBFWXpjeFkxbGFXbkZ2Wnk5cFRtVlhNbEowVW5kbk1GcFFNelZRZDAxd1VYZFpRVmwzWmt4dFdETTFjSEpJTkRBd1VXMUZiSFprZUdwUVRYVnROSFpxU0doM1IycEdRa2cwWjFOcGNHcHdOV3hHU0dSVloxVkphaXR2WVhOQloySklXVmQ2ZEhneFJXazRkMEV4VVRCTlZrMWhaR1o1ZEZsSE9WTjBjWEZ0V2tZMk4xbHlkR1Z3VXpkbmFuZHRhSE5KYzFsMmN6UlRhbEZKUkhNNVpEZEtjVXhKU2tRNVZIWllPVGhxTkZKaVRsaEtSSFZzTWxKWFdFTjFRbTlPWVU1QmIwUlBVSGhYTjNwUGJGSjJlWEYyWWxWS1ZHNVRhV1pFUmt4NVpHNUJPVkJZTjBONmRWaGhRVTlYY21OWFdUSXdVbGR5UzFWcWVXdzRaVWgxWW1NME1tMTNlVFF4ZFZCbVJVaEhTVTVDY3psWGVXWnJZM3BrYjBObkwyeFBVbGhrT1RSTmVXTklablo1Y0V3NFNGSkRXa1J5UnpKNmRVNTJZWGRsUlVWaU1rMUVVMWRoVWswek1sZEVlVWxzY2tOalNUUTVNR0pCZEVabVExTmxUV1JtT1ZOSlFVcHpjalJFTkRSUE9Vb3diRE15YjFGUFJERjZWbkp6ZEZsU1JtZEpLemRGY2tkR05taE5TbVZEWVZCSU5IWldVMVZYYWtSVVJtRmFRelZOTDBFd09FTXphUzlMVDI1eVNtSjJWV0pzTkhGak4wdDFjM0pvYWpodVVWVmxTV1ZhYVVGR2FqUmFiazkxTVhsSlFVZzBSVFZQT1dGbFpHNUpTSGh4Y0ZkcFJsQmpTbnByUm5wWWRVSkVTVGxVTkZCc1JGbFFjSFJvWTBnemJXWjFXbUZxYkdseGFYVlVWRVpFTlVkck1WZzBVSFpyZUZaeFVrbEZOVTVaY3pSSWVrNURkbXBUWkZWV1RGZENibUVyZFhKSlZIRjJNVGw1WTNrMGFITlJNMFJVVEZsb1RqQTBaRkI1UVRCNldsUjJOVXh4ZURBeFN6RXhNRVpUTkcxeU4ydE5PVUpxYVhoRk1IaEdjM0J6T1VSbGVYbGxZMmh3ZGpCMlNYZHBZbGt4ZUhkeU0wZHJabTFJVFVzNVlVcDFaa2hhTUhwblRURktVVWhKVDFobmJ6QnVXbVI1VVVGSWRGVlBaRVZEVTFSVFVFWjBXbE5MTDJoT00yeEtTM1pDYmtOcklpd2laR0YwWVd0bGVTSTZJa0ZSUlVKQlNHaDNiVEJaWVVsVFNtVlNkRXB0Tlc0eFJ6WjFjV1ZsYTFoMWIxaFlVR1UxVlVaalpUbFNjVGd2TVRSM1FVRkJTRFIzWmtGWlNrdHZXa2xvZG1OT1FWRmpSMjlIT0hkaVVVbENRVVJDYjBKbmEzRm9hMmxIT1hjd1FrSjNSWGRJWjFsS1dVbGFTVUZYVlVSQ1FVVjFUVUpGUlVSRFIxcHhaV0pvWWxNeVFXUnNhREZzUVVsQ1JVbEJOM0pNTUZNclJHa3lhVmx3VDBaM2NXVkpMM1Z2VjFCcFFWQTBlakp0UmsxRlZ6TnhWRGx1VG1kVFltSkllSEYxY214UWVqUXJVV1JyWVM5cU5WZEVhM0pJTkVaTE4xSnFVV3hRV0hKQlpWazlJaXdpZG1WeWMybHZiaUk2SWpJaUxDSjBlWEJsSWpvaVJFRlVRVjlMUlZraUxDSmxlSEJwY21GMGFXOXVJam94TnpFNE9EZzFNRFUzZlE9PQ==",
            "expires_at": "2024-06-20T12:04:17Z",
            "id": "us-east-1",
            "password": "eyJwYXlsb2FkIjoiN29ibGlNR1E5ejZCL0ZMc1hQam1wdlIyeDV0RG9XTDhXS01iTzQxb2JJSVdYR3hGai95WFRKOUNiSUlrbHVhWDNQZ2Q2YVZPd1gxZ01ENGZNbWJINC9Jays5SWtPeklHU1hhazR4eG5hTEs3ZnZoRnhJZENWdzRnS2JBa3ExUkVhRUJTc3JsTlRkaWc1NStRMVFCeFFXRTFxdEpEWER3eTI0WDVzWjd6T1dGWWNtRDF3eE00b045QktkSkhDeExzWjZGVy9ZSmFFY0ovck42dllKekpLQjZZSnBBaVVJejJkd3dIbVEwUVNIemoyZjZ1UWdJVytRbmxzdXlOaE5VME9BRzU2TXlJdjNRbFJSam1Ra1hHUmtvNWdVUk8vMnY5bzRqUG9zRmhtN1MzYVVRT2FLWVdaYU00YXZadThBWGdrVlBCQk9JYThoNFFaR2QvMWFXY01tY1JUOW9yZjZVc0NvUUFTM3ZPOWlZZWliNDRleTBTSmJ1N1NsVGN4S0pXUzVCUTJ1YnZGeTVCN0tOV0pVWUZpZU56Nm5uNEdEYmdYQXB5dy9sbXY2bzNSWk9yeDZHU0lkaVNVcUhkYmFsdFltOGxJTEpIcjFoVnNScGs2UWFrQWZEZlZFdUM4c1cza2o2UHhCMzJ2V05mOStYRnhJMlhBQWRFTG54dGQ2NUJJanJLWndKeSs2NEZZZmxSV3dYWDdsTEVwUkhTWVVCd2w2UDVIK2lURitXWGtCZ1BnNjlLQkFCZ0d4SWo4V1VmdTBySlpLWDg3a0FGK2xUSHZBRmxWeXdxTFU0M1VWMEtOTUpUYjl3TGZBcFNpNGszdUlCc2tlSmZGTkV2V0Z2RElKVE45T3NsSVpEYzcxY1laWnFvZy9pTmVXMlJ0UndnMFpQMzVQd01wUXdZQVl3ZkxtWDM1cHJINDAwUW1FbHZkeGpQTXVtNHZqSGh3R2pGQkg0Z1NpcGpwNWxGSGRVZ1VJaitvYXNBZ2JIWVd6dHgxRWk4d0ExUTBNVk1hZGZ5dFlHOVN0cXFtWkY2N1lydGVwUzdnandtaHNJc1l2czRTalFJRHM5ZDdKcUxJSkQ5VHZYOThqNFJiTlhKRHVsMlJXWEN1Qm9OYU5Bb0RPUHhXN3pPbFJ2eXF2YlVKVG5TaWZERkx5ZG5BOVBYN0N6dVhhQU9XcmNXWTIwUldyS1VqeWw4ZUh1YmM0Mm13eTQxdVBmRUhHSU5CczlXeWZrY3pkb0NnL2xPUlhkOTRNeWNIZnZ5cEw4SFJDWkRyRzJ6dU52YXdlRUViMk1EU1dhUk0zMldEeUlsckNjSTQ5MGJBdEZmQ1NlTWRmOVNJQUpzcjRENDRPOUowbDMyb1FPRDF6VnJzdFlSRmdJKzdFckdGNmhNSmVDYVBINHZWU1VXakRURmFaQzVNL0EwOEMzaS9LT25ySmJ2VWJsNHFjN0t1c3JoajhuUVVlSWVaaUFGajRabk91MXlJQUg0RTVPOWFlZG5JSHhxcFdpRlBjSnprRnpYdUJESTlUNFBsRFlQcHRoY0gzbWZ1WmFqbGlxaXVUVEZENUdrMVg0UHZreFZxUklFNU5ZczRIek5DdmpTZFVWTFdCbmErdXJJVHF2MTl5Y3k0aHNRM0RUTFloTjA0ZFB5QTB6WlR2NUxxeDAxSzExMEZTNG1yN2tNOUJqaXhFMHhGc3BzOURleXllY2hwdjB2SXdpYlkxeHdyM0drZm1ITUs5YUp1ZkhaMHpnTTFKUUhJT1hnbzBuWmR5UUFIdFVPZEVDU1RTUEZ0WlNLL2hOM2xKS3ZCbkNrIiwiZGF0YWtleSI6IkFRRUJBSGh3bTBZYUlTSmVSdEptNW4xRzZ1cWVla1h1b1hYUGU1VUZjZTlScTgvMTR3QUFBSDR3ZkFZSktvWklodmNOQVFjR29HOHdiUUlCQURCb0Jna3Foa2lHOXcwQkJ3RXdIZ1lKWUlaSUFXVURCQUV1TUJFRURDR1pxZWJoYlMyQWRsaDFsQUlCRUlBN3JMMFMrRGkyaVlwT0Z3cWVJL3VvV1BpQVA0ejJtRk1FVzNxVDluTmdTYmJIeHF1cmxQejQrUWRrYS9qNVdEa3JINEZLN1JqUWxQWHJBZVk9IiwidmVyc2lvbiI6IjIiLCJ0eXBlIjoiREFUQV9LRVkiLCJleHBpcmF0aW9uIjoxNzE4ODg1MDU3fQ==",
            "proxy_endpoint": "https://654654394525.dkr.ecr.us-east-1.amazonaws.com",
            "registry_id": null,
            "user_name": "AWS"
          },
          "sensitive_attributes": [
            [
              {
                "type": "get_attr",
                "value": "password"
              }
            ],
            [
              {
                "type": "get_attr",
                "value": "authorization_token"
              }
            ]
          ]
        }
      ]
    },
    {
      "module": "module.aws",
      "mode": "managed",
      "type": "aws_eks_cluster",
      "name": "cluster_obligatorio",
      "provider": "provider[\"registry.terraform.io/hashicorp/aws\"]",
      "instances": [
        {
          "schema_version": 0,
          "attributes": {
            "access_config": [
              {
                "authentication_mode": "CONFIG_MAP",
                "bootstrap_cluster_creator_admin_permissions": false
              }
            ],
            "arn": "arn:aws:eks:us-east-1:654654394525:cluster/cluster_obligatorio",
            "certificate_authority": [
              {
                "data": "LS0tLS1CRUdJTiBDRVJUSUZJQ0FURS0tLS0tCk1JSURCVENDQWUyZ0F3SUJBZ0lJR0VlNmFVYmV1M3d3RFFZSktvWklodmNOQVFFTEJRQXdGVEVUTUJFR0ExVUUKQXhNS2EzVmlaWEp1WlhSbGN6QWVGdzB5TkRBMk1Ua3lNelEwTVRGYUZ3MHpOREEyTVRjeU16UTVNVEZhTUJVeApFekFSQmdOVkJBTVRDbXQxWW1WeWJtVjBaWE13Z2dFaU1BMEdDU3FHU0liM0RRRUJBUVVBQTRJQkR3QXdnZ0VLCkFvSUJBUUM0dytTeVNybEF3ZEE4OTJzeC9PS3RQQ3RCT2NPTzA5VGxrRXJnbnk2Ukhid2NUSmx1cGZiNFlZaG0KNUJESkI2VGRSVDkySjNPbDlsaWJPTUNqVXd4TEwwMldlK092SG43b3NiVnYrSjVoRnNFRVA0a2VMTGpyMU44cAp0S1E2NGJnTlFBQ3BKOXpWY1E0ZVNYRnZ4dFZDQ0VMYU1TYzJRL0UzNysyM2prcGVvd1Jqc3czdEV3QlZSckY1ClkrZ0lFWjc0WTZOMXluMkh2VEQxVFloQ3lTT3NCYzFhYXkwUkcvcVM4NVB6TXlWYTRWQTZwSEd5N3JFNzY1RysKZURqbnArcXoydWdtR2MwTkFBSmF2ZGdxZFR5YVA5bEdmK0dreTNrR3hPRm83aWV5WlRvend1bW1CbkdyRDVxUApmT0FCQnRDOXBEMmsyTENVSzBsS3k0VGxpQnRWQWdNQkFBR2pXVEJYTUE0R0ExVWREd0VCL3dRRUF3SUNwREFQCkJnTlZIUk1CQWY4RUJUQURBUUgvTUIwR0ExVWREZ1FXQkJSN2dYcUloRDBRTnB1SW5qU0h4cU1hZSs2SXRUQVYKQmdOVkhSRUVEakFNZ2dwcmRXSmxjbTVsZEdWek1BMEdDU3FHU0liM0RRRUJDd1VBQTRJQkFRQlB2alZoSUhuSwpjNFJyK2dWRDVyRSs3NFdJK1pHSlF2ek9Fam1hMEFhQmhEVFFYdm5CV3FmQ1BvNjBna2ZtS0gvSHhacjlRRmdPCktsb25oM3lHQ0oxN1R3ZHEzOXFRck90MnJ2MW0weXJNZTg3SmpPaFovNG9YU2ZTNmtmUUVTTm85NlQ0VnZwWm4KcXpiRzd1TitiU1IwYktTckhPMVh4a1FjNE1leW5haVVzSUZkelQxNFNicUVmRExQSWlOY2J3UlhPUytybHdIWgpzTG9XWEVIM3V6WDVhTVZqWDRkK3NVcTdTUCtFVDcxRTF4cEtnRzhXbHdRU25Pd0hEOTAxbjJTOUYwSi9yM1V0CnZ5Q0FzZUdySlJYbUhmZWQ2eG9XQlcwL0VPTk9BSitlSmpFUm1LMjhLblFpZTRwWlo4M0JaQTZma0xqWkRlNFYKQ29aazBNanB1KzZSCi0tLS0tRU5EIENFUlRJRklDQVRFLS0tLS0K"
              }
            ],
            "cluster_id": null,
            "created_at": "2024-06-19 23:44:11.378 +0000 UTC",
            "enabled_cluster_log_types": [],
            "encryption_config": [],
            "endpoint": "https://7EBCA029DFA84C8E3AC8B5C744D0D348.gr7.us-east-1.eks.amazonaws.com",
            "id": "cluster_obligatorio",
            "identity": [
              {
                "oidc": [
                  {
                    "issuer": "https://oidc.eks.us-east-1.amazonaws.com/id/7EBCA029DFA84C8E3AC8B5C744D0D348"
                  }
                ]
              }
            ],
            "kubernetes_network_config": [
              {
                "ip_family": "ipv4",
                "service_ipv4_cidr": "10.100.0.0/16",
                "service_ipv6_cidr": ""
              }
            ],
            "name": "cluster_obligatorio",
            "outpost_config": [],
            "platform_version": "eks.18",
            "role_arn": "arn:aws:iam::654654394525:role/LabRole",
            "status": "ACTIVE",
            "tags": {},
            "tags_all": {},
            "timeouts": null,
            "version": "1.26",
            "vpc_config": [
              {
                "cluster_security_group_id": "sg-0fa6568a9bba879f0",
                "endpoint_private_access": false,
                "endpoint_public_access": true,
                "public_access_cidrs": [
                  "0.0.0.0/0"
                ],
                "security_group_ids": [
                  "sg-0405f336aa0a611f6"
                ],
                "subnet_ids": [
                  "subnet-0b225abfe13beff66",
                  "subnet-0fbcdd958ff5be922"
                ],
                "vpc_id": "vpc-0323411f3c0b53b71"
              }
            ]
          },
          "sensitive_attributes": [],
          "private": "eyJlMmJmYjczMC1lY2FhLTExZTYtOGY4OC0zNDM2M2JjN2M0YzAiOnsiY3JlYXRlIjoxODAwMDAwMDAwMDAwLCJkZWxldGUiOjkwMDAwMDAwMDAwMCwidXBkYXRlIjozNjAwMDAwMDAwMDAwfX0=",
          "dependencies": [
            "module.aws.aws_security_group.sg_obligatorio",
            "module.aws.aws_subnet.subnet_A_obligatorio",
            "module.aws.aws_subnet.subnet_B_obligatorio",
            "module.aws.aws_vpc.vpc_obligatorio",
            "module.aws.data.aws_caller_identity.current"
          ]
        }
      ]
    },
    {
      "module": "module.aws",
      "mode": "managed",
      "type": "aws_eks_node_group",
      "name": "node_group_obligatorio",
      "provider": "provider[\"registry.terraform.io/hashicorp/aws\"]",
      "instances": [
        {
          "schema_version": 0,
          "attributes": {
            "ami_type": "AL2_x86_64",
            "arn": "arn:aws:eks:us-east-1:654654394525:nodegroup/cluster_obligatorio/node_group_obligatorio/0ac81975-2357-09c9-f2b6-ada9540c8c08",
            "capacity_type": "ON_DEMAND",
            "cluster_name": "cluster_obligatorio",
            "disk_size": 20,
            "force_update_version": null,
            "id": "cluster_obligatorio:node_group_obligatorio",
            "instance_types": [
              "t3.medium"
            ],
            "labels": {},
            "launch_template": [],
            "node_group_name": "node_group_obligatorio",
            "node_group_name_prefix": "",
            "node_role_arn": "arn:aws:iam::654654394525:role/LabRole",
            "release_version": "1.26.15-20240605",
            "remote_access": [],
            "resources": [
              {
                "autoscaling_groups": [
                  {
                    "name": "eks-node_group_obligatorio-0ac81975-2357-09c9-f2b6-ada9540c8c08"
                  }
                ],
                "remote_access_security_group_id": ""
              }
            ],
            "scaling_config": [
              {
                "desired_size": 2,
                "max_size": 2,
                "min_size": 1
              }
            ],
            "status": "ACTIVE",
            "subnet_ids": [
              "subnet-0b225abfe13beff66",
              "subnet-0fbcdd958ff5be922"
            ],
            "tags": {},
            "tags_all": {},
            "taint": [],
            "timeouts": null,
            "update_config": [
              {
                "max_unavailable": 1,
                "max_unavailable_percentage": 0
              }
            ],
            "version": "1.26"
          },
          "sensitive_attributes": [],
          "private": "eyJlMmJmYjczMC1lY2FhLTExZTYtOGY4OC0zNDM2M2JjN2M0YzAiOnsiY3JlYXRlIjozNjAwMDAwMDAwMDAwLCJkZWxldGUiOjM2MDAwMDAwMDAwMDAsInVwZGF0ZSI6MzYwMDAwMDAwMDAwMH19",
          "dependencies": [
            "module.aws.aws_eks_cluster.cluster_obligatorio",
            "module.aws.aws_security_group.sg_obligatorio",
            "module.aws.aws_subnet.subnet_A_obligatorio",
            "module.aws.aws_subnet.subnet_B_obligatorio",
            "module.aws.aws_vpc.vpc_obligatorio",
            "module.aws.data.aws_caller_identity.current"
          ]
        }
      ]
    },
    {
      "module": "module.aws",
      "mode": "managed",
      "type": "aws_internet_gateway",
      "name": "ig_obligatorio",
      "provider": "provider[\"registry.terraform.io/hashicorp/aws\"]",
      "instances": [
        {
          "schema_version": 0,
          "attributes": {
            "arn": "arn:aws:ec2:us-east-1:654654394525:internet-gateway/igw-0115b04f87d3e2773",
            "id": "igw-0115b04f87d3e2773",
            "owner_id": "654654394525",
            "tags": {},
            "tags_all": {},
            "timeouts": null,
            "vpc_id": "vpc-0323411f3c0b53b71"
          },
          "sensitive_attributes": [],
          "private": "eyJlMmJmYjczMC1lY2FhLTExZTYtOGY4OC0zNDM2M2JjN2M0YzAiOnsiY3JlYXRlIjoxMjAwMDAwMDAwMDAwLCJkZWxldGUiOjEyMDAwMDAwMDAwMDAsInVwZGF0ZSI6MTIwMDAwMDAwMDAwMH19",
          "dependencies": [
            "module.aws.aws_vpc.vpc_obligatorio"
          ]
        }
      ]
    },
    {
      "module": "module.aws",
      "mode": "managed",
      "type": "aws_route",
      "name": "ruta_a_internet",
      "provider": "provider[\"registry.terraform.io/hashicorp/aws\"]",
      "instances": [
        {
          "schema_version": 0,
          "attributes": {
            "carrier_gateway_id": "",
            "core_network_arn": "",
            "destination_cidr_block": "0.0.0.0/0",
            "destination_ipv6_cidr_block": "",
            "destination_prefix_list_id": "",
            "egress_only_gateway_id": "",
            "gateway_id": "igw-0115b04f87d3e2773",
            "id": "r-rtb-0ee5bb14cd7cb456e1080289494",
            "instance_id": "",
            "instance_owner_id": "",
            "local_gateway_id": "",
            "nat_gateway_id": "",
            "network_interface_id": "",
            "origin": "CreateRoute",
            "route_table_id": "rtb-0ee5bb14cd7cb456e",
            "state": "active",
            "timeouts": null,
            "transit_gateway_id": "",
            "vpc_endpoint_id": "",
            "vpc_peering_connection_id": ""
          },
          "sensitive_attributes": [],
          "private": "eyJlMmJmYjczMC1lY2FhLTExZTYtOGY4OC0zNDM2M2JjN2M0YzAiOnsiY3JlYXRlIjozMDAwMDAwMDAwMDAsImRlbGV0ZSI6MzAwMDAwMDAwMDAwLCJ1cGRhdGUiOjEyMDAwMDAwMDAwMH19",
          "dependencies": [
            "module.aws.aws_internet_gateway.ig_obligatorio",
            "module.aws.aws_vpc.vpc_obligatorio"
          ]
        }
      ]
    },
    {
      "module": "module.aws",
      "mode": "managed",
      "type": "aws_security_group",
      "name": "sg_obligatorio",
      "provider": "provider[\"registry.terraform.io/hashicorp/aws\"]",
      "instances": [
        {
          "schema_version": 1,
          "attributes": {
            "arn": "arn:aws:ec2:us-east-1:654654394525:security-group/sg-0405f336aa0a611f6",
            "description": "Managed by Terraform",
            "egress": [
              {
                "cidr_blocks": [
                  "0.0.0.0/0"
                ],
                "description": "all",
                "from_port": 0,
                "ipv6_cidr_blocks": [],
                "prefix_list_ids": [],
                "protocol": "-1",
                "security_groups": [],
                "self": false,
                "to_port": 0
              }
            ],
            "id": "sg-0405f336aa0a611f6",
            "ingress": [
              {
                "cidr_blocks": [
                  "0.0.0.0/0"
                ],
                "description": "http",
                "from_port": 80,
                "ipv6_cidr_blocks": [],
                "prefix_list_ids": [],
                "protocol": "tcp",
                "security_groups": [],
                "self": false,
                "to_port": 80
              },
              {
                "cidr_blocks": [
                  "0.0.0.0/0"
                ],
                "description": "ssh",
                "from_port": 22,
                "ipv6_cidr_blocks": [],
                "prefix_list_ids": [],
                "protocol": "tcp",
                "security_groups": [],
                "self": false,
                "to_port": 22
              }
            ],
            "name": "sg_obligatorio",
            "name_prefix": "",
            "owner_id": "654654394525",
            "revoke_rules_on_delete": false,
            "tags": {
              "Name": "sg_obligatorio"
            },
            "tags_all": {
              "Name": "sg_obligatorio"
            },
            "timeouts": null,
            "vpc_id": "vpc-0323411f3c0b53b71"
          },
          "sensitive_attributes": [],
          "private": "eyJlMmJmYjczMC1lY2FhLTExZTYtOGY4OC0zNDM2M2JjN2M0YzAiOnsiY3JlYXRlIjo2MDAwMDAwMDAwMDAsImRlbGV0ZSI6OTAwMDAwMDAwMDAwfSwic2NoZW1hX3ZlcnNpb24iOiIxIn0=",
          "dependencies": [
            "module.aws.aws_vpc.vpc_obligatorio"
          ]
        }
      ]
    },
    {
      "module": "module.aws",
      "mode": "managed",
      "type": "aws_subnet",
      "name": "subnet_A_obligatorio",
      "provider": "provider[\"registry.terraform.io/hashicorp/aws\"]",
      "instances": [
        {
          "schema_version": 1,
          "attributes": {
            "arn": "arn:aws:ec2:us-east-1:654654394525:subnet/subnet-0b225abfe13beff66",
            "assign_ipv6_address_on_creation": false,
            "availability_zone": "us-east-1a",
            "availability_zone_id": "use1-az1",
            "cidr_block": "172.16.1.0/24",
            "customer_owned_ipv4_pool": "",
            "enable_dns64": false,
            "enable_lni_at_device_index": 0,
            "enable_resource_name_dns_a_record_on_launch": false,
            "enable_resource_name_dns_aaaa_record_on_launch": false,
            "id": "subnet-0b225abfe13beff66",
            "ipv6_cidr_block": "",
            "ipv6_cidr_block_association_id": "",
            "ipv6_native": false,
            "map_customer_owned_ip_on_launch": false,
            "map_public_ip_on_launch": true,
            "outpost_arn": "",
            "owner_id": "654654394525",
            "private_dns_hostname_type_on_launch": "ip-name",
            "tags": {
              "Name": "subnet_A_obligatorio"
            },
            "tags_all": {
              "Name": "subnet_A_obligatorio"
            },
            "timeouts": null,
            "vpc_id": "vpc-0323411f3c0b53b71"
          },
          "sensitive_attributes": [],
          "private": "eyJlMmJmYjczMC1lY2FhLTExZTYtOGY4OC0zNDM2M2JjN2M0YzAiOnsiY3JlYXRlIjo2MDAwMDAwMDAwMDAsImRlbGV0ZSI6MTIwMDAwMDAwMDAwMH0sInNjaGVtYV92ZXJzaW9uIjoiMSJ9",
          "dependencies": [
            "module.aws.aws_vpc.vpc_obligatorio"
          ]
        }
      ]
    },
    {
      "module": "module.aws",
      "mode": "managed",
      "type": "aws_subnet",
      "name": "subnet_B_obligatorio",
      "provider": "provider[\"registry.terraform.io/hashicorp/aws\"]",
      "instances": [
        {
          "schema_version": 1,
          "attributes": {
            "arn": "arn:aws:ec2:us-east-1:654654394525:subnet/subnet-0fbcdd958ff5be922",
            "assign_ipv6_address_on_creation": false,
            "availability_zone": "us-east-1b",
            "availability_zone_id": "use1-az2",
            "cidr_block": "172.16.2.0/24",
            "customer_owned_ipv4_pool": "",
            "enable_dns64": false,
            "enable_lni_at_device_index": 0,
            "enable_resource_name_dns_a_record_on_launch": false,
            "enable_resource_name_dns_aaaa_record_on_launch": false,
            "id": "subnet-0fbcdd958ff5be922",
            "ipv6_cidr_block": "",
            "ipv6_cidr_block_association_id": "",
            "ipv6_native": false,
            "map_customer_owned_ip_on_launch": false,
            "map_public_ip_on_launch": true,
            "outpost_arn": "",
            "owner_id": "654654394525",
            "private_dns_hostname_type_on_launch": "ip-name",
            "tags": {
              "Name": "subnet_B_obligatorio"
            },
            "tags_all": {
              "Name": "subnet_B_obligatorio"
            },
            "timeouts": null,
            "vpc_id": "vpc-0323411f3c0b53b71"
          },
          "sensitive_attributes": [],
          "private": "eyJlMmJmYjczMC1lY2FhLTExZTYtOGY4OC0zNDM2M2JjN2M0YzAiOnsiY3JlYXRlIjo2MDAwMDAwMDAwMDAsImRlbGV0ZSI6MTIwMDAwMDAwMDAwMH0sInNjaGVtYV92ZXJzaW9uIjoiMSJ9",
          "dependencies": [
            "module.aws.aws_vpc.vpc_obligatorio"
          ]
        }
      ]
    },
    {
      "module": "module.aws",
      "mode": "managed",
      "type": "aws_vpc",
      "name": "vpc_obligatorio",
      "provider": "provider[\"registry.terraform.io/hashicorp/aws\"]",
      "instances": [
        {
          "schema_version": 1,
          "attributes": {
            "arn": "arn:aws:ec2:us-east-1:654654394525:vpc/vpc-0323411f3c0b53b71",
            "assign_generated_ipv6_cidr_block": false,
            "cidr_block": "172.16.0.0/16",
            "default_network_acl_id": "acl-04ad1e066003eab94",
            "default_route_table_id": "rtb-0ee5bb14cd7cb456e",
            "default_security_group_id": "sg-009f5f999be0e7f7f",
            "dhcp_options_id": "dopt-068fd658d84a3f0eb",
            "enable_dns_hostnames": true,
            "enable_dns_support": true,
            "enable_network_address_usage_metrics": false,
            "id": "vpc-0323411f3c0b53b71",
            "instance_tenancy": "default",
            "ipv4_ipam_pool_id": null,
            "ipv4_netmask_length": null,
            "ipv6_association_id": "",
            "ipv6_cidr_block": "",
            "ipv6_cidr_block_network_border_group": "",
            "ipv6_ipam_pool_id": "",
            "ipv6_netmask_length": 0,
            "main_route_table_id": "rtb-0ee5bb14cd7cb456e",
            "owner_id": "654654394525",
            "tags": {
              "Name": "vpc-obligatorio"
            },
            "tags_all": {
              "Name": "vpc-obligatorio"
            }
          },
          "sensitive_attributes": [],
          "private": "eyJzY2hlbWFfdmVyc2lvbiI6IjEifQ=="
        }
      ]
    },
    {
      "module": "module.aws",
      "mode": "managed",
      "type": "null_resource",
      "name": "kubectl",
      "provider": "provider[\"registry.terraform.io/hashicorp/null\"]",
      "instances": [
        {
          "schema_version": 0,
          "attributes": {
            "id": "9181194701116025643",
            "triggers": {
              "always_run": "2024-06-20T00:04:21Z"
            }
          },
          "sensitive_attributes": [],
          "dependencies": [
            "module.aws.aws_eks_cluster.cluster_obligatorio",
            "module.aws.aws_eks_node_group.node_group_obligatorio",
            "module.aws.aws_security_group.sg_obligatorio",
            "module.aws.aws_subnet.subnet_A_obligatorio",
            "module.aws.aws_subnet.subnet_B_obligatorio",
            "module.aws.aws_vpc.vpc_obligatorio",
            "module.aws.data.aws_caller_identity.current"
          ]
        }
      ]
    },
    {
      "module": "module.docker",
      "mode": "data",
      "type": "aws_caller_identity",
      "name": "current",
      "provider": "provider[\"registry.terraform.io/hashicorp/aws\"]",
      "instances": [
        {
          "schema_version": 0,
          "attributes": {
            "account_id": "654654394525",
            "arn": "arn:aws:sts::654654394525:assumed-role/voclabs/user3154006=gpramirezecheverria@gmail.com",
            "id": "654654394525",
            "user_id": "AROAZQ3DRKCORTCTDEKVT:user3154006=gpramirezecheverria@gmail.com"
          },
          "sensitive_attributes": []
        }
      ]
    },
    {
      "module": "module.docker",
      "mode": "data",
      "type": "aws_ecr_authorization_token",
      "name": "token",
      "provider": "provider[\"registry.terraform.io/hashicorp/aws\"]",
      "instances": [
        {
          "schema_version": 0,
          "attributes": {
            "authorization_token": "QVdTOmV5SndZWGxzYjJGa0lqb2llVWxMVEcxQ1NFVnhNSHByYzNnNVdFVmxjRWxhVDNWbGREaEJUWGg1T0VSa1FUZHNiakZ3TDFKM2JYSkhMMkkwWkhSTlduSlVSMWw0TW1kWGJteHlWbXRwVUhwd1R6VjRPV05QT0RkaGJqRnBNMHh5YzFobU5YSjFNbnAzV25JeFFXcDVhR05OWjFGQlIwSlNjMWRGVjBzMmRuaFRlbkk1VmxOUlpEWkRkMUpoTmxJeWVXTjFla3hNV0dKMVpUWkNhVkV4YUV0b2FIWjZlWEZIVkRNMk9GUjZURnBWTWs5cU9DdEdZMFZTZDBKRmVXTnRiSFU0WkdKT1RIcDFhM05FU0dkdEsxcHRVVmhZT1VwU1ltSTJkR00zSzFaSFdHRmtRVzU0ZDNCemVITk9ORmRFU1VkbU1FUlJjVzlCVjJodWFsaHhTMVE0ZURCclZrVnJNamx3VlVGNmVUWlNNVEZrTVUxSFpucEllVTUzWkdoWWRqaFhkamh0VjFkeE9TdENORVJOV1hwek5rZHNRazgwUzAxa1lXd3JVMVpaY2tsYVJXcFBOR054YzNWcmMxaEtZV0pzY1VSV2QzQlZVamh5TWxOR1pGUmtUM1JYVEdGWVNIWTJiVzl2TUVsTmNFdzVaVGNyVDJveVEyWTRkbk4zVG5WV1kwaHJTbUUxV0dkdmRFNVdhbmRFUlhKeVVXVlVkVmxZT0N0NU0xY3dRMk54TjJaaVdsZERNRWhSUTFaeVFrcGlWa2xhWkc0dlVGRmpkelU1ZGpkU2FuZEtUME01ZVUxdFJ6VXlVV3gyZGpjMFZ6ZGpURUkyYUVWS2NXWnJla3BFZFdOTk5YcFVPRTV2TURCbmJVRkVMMHcxUVZwNVRHdFVaMlJsTURCV1VXbG1RbWMzUTBkWWVWZEJOMEp2WVZjclNXSXZTVkZxWTFkMWFUSmhVVGQ0V1VwMVlsVnpPV2N2YUdabE5FTjJPV1l2TW1KVlEwSnpTV2RZV21nd1dVSmFjRzl2TWs5SlJVUlZRbm92VDNkWkx5OTVSV05OWTJsbWRsSTVaREZsUTFWWFZVbGhhMnhKTkV0d1dXVTBZMWhhVTFBelNtZHpTbGhLU3pWdFRIZFJRbTVoZFUwd0wyeDVXbFJFTTIxNFZrMDBXR1JCT1dGS1dWWjRLMjFyUzBRd2VtSjBReTlDZG5vMlRISnNNRWhEV2xwUVpraEhXa1ZCU1ZKUWJYRm1OMGd4VWtjMVFra3JiRUZTVkRkMWVHeG5ZVEJMYTI1M1YxUnljRXR6ZDJaQ2MxRnRWbXhXWVN0TFJtdHpaMjF4UVRrME5EbHJWVXh3VjBOSlRWTkphRkZoT1RsMWVUZHhiazlwWlVKWk1IRlBTRkpYVjA5alZFbFdRMFl5VDJsUldtZDRlRXRwTHpjMVIyaFliRmxaU1RaU00wMUZSMlV3VTNGbFFuQTNhelZxY2t3NFdFbG9iamxSYnpGR2NuVnhSMUpHWmxCWFdrUmlXbEpJWVdkbldqRkVkMHhTYkhCaWNWZGhXR3h1UkV0cFJrSjVaMVZSY0hsMFMwcE5aekY0Y3podlkzb3ZaSGRVTjFSeGNUaDJSVTR2ZUdaMVREQmpabUZKVFhSYWJVaHlibkkzWVd4NVZXZDZZMnBNTW5kaUwzcDBUa2hvWVcxT2FETlhUR2hIUzNveWQwSnNXWEJxYzBod1MzcEViRXh0VW1GaFduZFpUMnhTVkZJeU1Xc3dXRzQ0VVVaMmQzbzJLM0p1Vm5wbE16aHlhbEpMYVhoRmVFRnpiakpvVkRNMVQwNTBaRXcyU1VReVZGSkRLekpLVWxOUWJVRTJaalp1U1U1YU1rMDJSVWd6U3l0elFXNXZLMjVoWTBOM1ZVdzBhMmM1VkZOcFJtOXpWVTFzZVRaWVlVcHFTWGgxV0ZWT1ExTm5kVVI0UTNKYVJIbFJXV3QwWldNcldWRTViMkZRZG1oMFNFdHZVWGRrYm13M1dYbHJja1kyUzNOa2EzQmpiMHN5YnpBeVVFUlNWMnRvY1M5RlFrZHpZMU5LUW0wMGFHcExVVlZRUVZkV1pFbGpaR2QwUjNrME1IaDNSbGs0WlU4eWFFMVhMMlY1Y2pGVlNuUk1NelZqT1RWU01VNU5NM0U1VTNKMlJsbzJNMnBEZVU5bVJTOVFkMDF2TDJOQlp6QjNlR1E0Um0xR1RTOU9kbnBqWVVSemNsUk1iQzl5SzNoNUsyaEhZbTQ1S3l0M1QzaG9TbUp6U21WdFZrY3lZWGN3VlU4elRrNUxhMDVHUlVWT2FteFhRVVJ4TjA0NWMybEVSVlJ1ZFd4eFF6ZEtXbXBEU0Vjd1dUbDVWMlpUVEd0bmN6RTNaRzh5UVZVM1NXOVdaRlJ4ZDFkaUt6UjZUa3BFZVRjMUlpd2laR0YwWVd0bGVTSTZJa0ZSUlVKQlNHaDNiVEJaWVVsVFNtVlNkRXB0Tlc0eFJ6WjFjV1ZsYTFoMWIxaFlVR1UxVlVaalpUbFNjVGd2TVRSM1FVRkJTRFIzWmtGWlNrdHZXa2xvZG1OT1FWRmpSMjlIT0hkaVVVbENRVVJDYjBKbmEzRm9hMmxIT1hjd1FrSjNSWGRJWjFsS1dVbGFTVUZYVlVSQ1FVVjFUVUpGUlVST1RGbzVXVzlwU25seFlteGxaMWxNVVVsQ1JVbEJOemxDYUdzMk5FOTRWMU40Y1RCTGVEVjRkbmRCZUc5UVkwWllXV3RZUWl0Q1pTODNhbVo2VUhwYWMzUTVXVmxJUkV3d2R6RlhSREZWWlUxVlEwcG1WM2RNV2poNFdITndjWFV2Vm1jM2VYYzlJaXdpZG1WeWMybHZiaUk2SWpJaUxDSjBlWEJsSWpvaVJFRlVRVjlMUlZraUxDSmxlSEJwY21GMGFXOXVJam94TnpFNE9EZzFNRFl5ZlE9PQ==",
            "expires_at": "2024-06-20T12:04:22Z",
            "id": "us-east-1",
            "password": "eyJwYXlsb2FkIjoieUlLTG1CSEVxMHprc3g5WEVlcElaT3VldDhBTXh5OERkQTdsbjFwL1J3bXJHL2I0ZHRNWnJUR1l4MmdXbmxyVmtpUHpwTzV4OWNPODdhbjFpM0xyc1hmNXJ1Mnp3WnIxQWp5aGNNZ1FBR0JSc1dFV0s2dnhTenI5VlNRZDZDd1JhNlIyeWN1ekxMWGJ1ZTZCaVExaEtoaHZ6eXFHVDM2OFR6TFpVMk9qOCtGY0VSd0JFeWNtbHU4ZGJOTHp1a3NESGdtK1ptUVhYOUpSYmI2dGM3K1ZHWGFkQW54d3BzeHNONFdESUdmMERRcW9BV2hualhxS1Q4eDBrVkVrMjlwVUF6eTZSMTFkMU1HZnpIeU53ZGhYdjhXdjhtV1dxOStCNERNWXpzNkdsQk80S01kYWwrU1ZZcklaRWpPNGNxc3Vrc1hKYWJscURWd3BVUjhyMlNGZFRkT3RXTGFYSHY2bW9vMElNcEw5ZTcrT2oyQ2Y4dnN3TnVWY0hrSmE1WGdvdE5WandERXJyUWVUdVlYOCt5M1cwQ2NxN2ZiWldDMEhRQ1ZyQkpiVklaZG4vUFFjdzU5djdSandKT0M5eU1tRzUyUWx2djc0VzdjTEI2aEVKcWZrekpEdWNNNXpUOE5vMDBnbUFEL0w1QVp5TGtUZ2RlMDBWUWlmQmc3Q0dYeVdBN0JvYVcrSWIvSVFqY1d1aTJhUTd4WUp1YlVzOWcvaGZlNEN2OWYvMmJVQ0JzSWdYWmgwWUJacG9vMk9JRURVQnovT3dZLy95RWNNY2lmdlI5ZDFlQ1VXVUlha2xJNEtwWWU0Y1haU1AzSmdzSlhKSzVtTHdRQm5hdU0wL2x5WlREM214Vk00WGRBOWFKWVZ4K21rS0QwemJ0Qy9Cdno2THJsMEhDWlpQZkhHWkVBSVJQbXFmN0gxUkc1QkkrbEFSVDd1eGxnYTBLa253V1RycEtzd2ZCc1FtVmxWYStLRmtzZ21xQTk0NDlrVUxwV0NJTVNJaFFhOTl1eTdxbk9pZUJZMHFPSFJXV09jVElWQ0YyT2lRWmd4eEtpLzc1R2hYbFlZSTZSM01FR2UwU3FlQnA3azVqckw4WElobjlRbzFGcnVxR1JGZlBXWkRiWlJIYWdnWjFEd0xSbHBicVdhWGxuREtpRkJ5Z1VRcHl0S0pNZzF4czhvY3ovZHdUN1RxcTh2RU4veGZ1TDBjZmFJTXRabUhybnI3YWx5VWd6Y2pMMndiL3p0TkhoYW1OaDNXTGhHS3oyd0JsWXBqc0hwS3pEbExtUmFhWndZT2xSVFIyMWswWG44UUZ2d3o2K3JuVnplMzhyalJLaXhFeEFzbjJoVDM1T050ZEw2SUQyVFJDKzJKUlNQbUE2ZjZuSU5aMk02RUgzSytzQW5vK25hY0N3VUw0a2c5VFNpRm9zVU1seTZYYUpqSXh1WFVOQ1NndUR4Q3JaRHlRWWt0ZWMrWVE5b2FQdmh0SEtvUXdkbmw3WXlrckY2S3Nka3Bjb0sybzAyUERSV2tocS9FQkdzY1NKQm00aGpLUVVQQVdWZEljZGd0R3k0MHh3Rlk4ZU8yaE1XL2V5cjFVSnRMMzVjOTVSMU5NM3E5U3J2Rlo2M2pDeU9mRS9Qd01vL2NBZzB3eGQ4Rm1GTS9OdnpjYURzclRMbC9yK3h5K2hHYm45Kyt3T3hoSmJzSmVtVkcyYXcwVU8zTk5La05GRUVOamxXQURxN045c2lERVRudWxxQzdKWmpDSEcwWTl5V2ZTTGtnczE3ZG8yQVU3SW9WZFRxd1diKzR6TkpEeTc1IiwiZGF0YWtleSI6IkFRRUJBSGh3bTBZYUlTSmVSdEptNW4xRzZ1cWVla1h1b1hYUGU1VUZjZTlScTgvMTR3QUFBSDR3ZkFZSktvWklodmNOQVFjR29HOHdiUUlCQURCb0Jna3Foa2lHOXcwQkJ3RXdIZ1lKWUlaSUFXVURCQUV1TUJFRUROTFo5WW9pSnlxYmxlZ1lMUUlCRUlBNzlCaGs2NE94V1N4cTBLeDV4dndBeG9QY0ZYWWtYQitCZS83amZ6UHpac3Q5WVlIREwwdzFXRDFVZU1VQ0pmV3dMWjh4WHNwcXUvVmc3eXc9IiwidmVyc2lvbiI6IjIiLCJ0eXBlIjoiREFUQV9LRVkiLCJleHBpcmF0aW9uIjoxNzE4ODg1MDYyfQ==",
            "proxy_endpoint": "https://654654394525.dkr.ecr.us-east-1.amazonaws.com",
            "registry_id": null,
            "user_name": "AWS"
          },
          "sensitive_attributes": [
            [
              {
                "type": "get_attr",
                "value": "password"
              }
            ],
            [
              {
                "type": "get_attr",
                "value": "authorization_token"
              }
            ]
          ]
        }
      ]
    },
    {
      "module": "module.docker",
      "mode": "managed",
      "type": "aws_ecr_repository",
      "name": "db",
      "provider": "provider[\"registry.terraform.io/hashicorp/aws\"]",
      "instances": [
        {
          "schema_version": 0,
          "attributes": {
            "arn": "arn:aws:ecr:us-east-1:654654394525:repository/db",
            "encryption_configuration": [
              {
                "encryption_type": "AES256",
                "kms_key": ""
              }
            ],
            "force_delete": true,
            "id": "db",
            "image_scanning_configuration": [
              {
                "scan_on_push": false
              }
            ],
            "image_tag_mutability": "MUTABLE",
            "name": "db",
            "registry_id": "654654394525",
            "repository_url": "654654394525.dkr.ecr.us-east-1.amazonaws.com/db",
            "tags": {},
            "tags_all": {},
            "timeouts": null
          },
          "sensitive_attributes": [],
          "private": "eyJlMmJmYjczMC1lY2FhLTExZTYtOGY4OC0zNDM2M2JjN2M0YzAiOnsiZGVsZXRlIjoxMjAwMDAwMDAwMDAwfX0=",
          "dependencies": [
            "module.aws.aws_eks_cluster.cluster_obligatorio",
            "module.aws.aws_eks_node_group.node_group_obligatorio",
            "module.aws.aws_internet_gateway.ig_obligatorio",
            "module.aws.aws_route.ruta_a_internet",
            "module.aws.aws_security_group.sg_obligatorio",
            "module.aws.aws_subnet.subnet_A_obligatorio",
            "module.aws.aws_subnet.subnet_B_obligatorio",
            "module.aws.aws_vpc.vpc_obligatorio",
            "module.aws.data.aws_caller_identity.current",
            "module.aws.data.aws_ecr_authorization_token.token",
            "module.aws.null_resource.kubectl"
          ]
        }
      ]
    },
    {
      "module": "module.docker",
      "mode": "managed",
      "type": "aws_ecr_repository",
      "name": "web",
      "provider": "provider[\"registry.terraform.io/hashicorp/aws\"]",
      "instances": [
        {
          "schema_version": 0,
          "attributes": {
            "arn": "arn:aws:ecr:us-east-1:654654394525:repository/web",
            "encryption_configuration": [
              {
                "encryption_type": "AES256",
                "kms_key": ""
              }
            ],
            "force_delete": true,
            "id": "web",
            "image_scanning_configuration": [
              {
                "scan_on_push": false
              }
            ],
            "image_tag_mutability": "MUTABLE",
            "name": "web",
            "registry_id": "654654394525",
            "repository_url": "654654394525.dkr.ecr.us-east-1.amazonaws.com/web",
            "tags": {},
            "tags_all": {},
            "timeouts": null
          },
          "sensitive_attributes": [],
          "private": "eyJlMmJmYjczMC1lY2FhLTExZTYtOGY4OC0zNDM2M2JjN2M0YzAiOnsiZGVsZXRlIjoxMjAwMDAwMDAwMDAwfX0=",
          "dependencies": [
            "module.aws.aws_eks_cluster.cluster_obligatorio",
            "module.aws.aws_eks_node_group.node_group_obligatorio",
            "module.aws.aws_internet_gateway.ig_obligatorio",
            "module.aws.aws_route.ruta_a_internet",
            "module.aws.aws_security_group.sg_obligatorio",
            "module.aws.aws_subnet.subnet_A_obligatorio",
            "module.aws.aws_subnet.subnet_B_obligatorio",
            "module.aws.aws_vpc.vpc_obligatorio",
            "module.aws.data.aws_caller_identity.current",
            "module.aws.data.aws_ecr_authorization_token.token",
            "module.aws.null_resource.kubectl"
          ]
        }
      ]
    },
    {
      "module": "module.docker",
      "mode": "managed",
      "type": "docker_image",
      "name": "db",
      "provider": "provider[\"registry.terraform.io/kreuzwerker/docker\"]",
      "instances": [
        {
          "schema_version": 0,
          "attributes": {
            "build": [
              {
                "auth_config": [],
                "build_arg": null,
                "build_args": {
                  "MYSQL_DATABASE": "db_obligatorio",
                  "MYSQL_PASSWORD": "user123",
                  "MYSQL_ROOT_PASSWORD": "root123",
                  "MYSQL_USER": "user"
                },
                "build_id": "",
                "cache_from": [],
                "cgroup_parent": "",
                "context": "./imagenes-docker/mysql57/",
                "cpu_period": null,
                "cpu_quota": null,
                "cpu_set_cpus": "",
                "cpu_set_mems": "",
                "cpu_shares": null,
                "dockerfile": "Dockerfile",
                "extra_hosts": [],
                "force_remove": null,
                "isolation": "",
                "label": null,
                "labels": null,
                "memory": null,
                "memory_swap": null,
                "network_mode": "",
                "no_cache": null,
                "platform": "",
                "pull_parent": null,
                "remote_context": "",
                "remove": true,
                "security_opt": [],
                "session_id": "",
                "shm_size": null,
                "squash": null,
                "suppress_output": null,
                "tag": [],
                "target": "",
                "ulimit": [],
                "version": ""
              }
            ],
            "force_remove": null,
            "id": "sha256:569fb9eb861b04541977a370498da40cddda4b1f7a18b10cad181a1ee1a55f6f654654394525.dkr.ecr.us-east-1.amazonaws.com/db",
            "image_id": "sha256:569fb9eb861b04541977a370498da40cddda4b1f7a18b10cad181a1ee1a55f6f",
            "keep_locally": null,
            "name": "654654394525.dkr.ecr.us-east-1.amazonaws.com/db",
            "platform": null,
            "pull_triggers": null,
            "repo_digest": "",
            "triggers": null
          },
          "sensitive_attributes": [],
          "private": "bnVsbA==",
          "dependencies": [
            "data.aws_caller_identity.current",
            "data.aws_ecr_authorization_token.token",
            "module.aws.aws_eks_cluster.cluster_obligatorio",
            "module.aws.aws_eks_node_group.node_group_obligatorio",
            "module.aws.aws_internet_gateway.ig_obligatorio",
            "module.aws.aws_route.ruta_a_internet",
            "module.aws.aws_security_group.sg_obligatorio",
            "module.aws.aws_subnet.subnet_A_obligatorio",
            "module.aws.aws_subnet.subnet_B_obligatorio",
            "module.aws.aws_vpc.vpc_obligatorio",
            "module.aws.data.aws_caller_identity.current",
            "module.aws.data.aws_ecr_authorization_token.token",
            "module.aws.null_resource.kubectl",
            "module.docker.data.aws_caller_identity.current"
          ]
        }
      ]
    },
    {
      "module": "module.docker",
      "mode": "managed",
      "type": "docker_image",
      "name": "web",
      "provider": "provider[\"registry.terraform.io/kreuzwerker/docker\"]",
      "instances": [
        {
          "schema_version": 0,
          "attributes": {
            "build": [
              {
                "auth_config": [],
                "build_arg": null,
                "build_args": null,
                "build_id": "",
                "cache_from": [],
                "cgroup_parent": "",
                "context": "./imagenes-docker/apache-php/",
                "cpu_period": null,
                "cpu_quota": null,
                "cpu_set_cpus": "",
                "cpu_set_mems": "",
                "cpu_shares": null,
                "dockerfile": "Dockerfile",
                "extra_hosts": [],
                "force_remove": null,
                "isolation": "",
                "label": null,
                "labels": null,
                "memory": null,
                "memory_swap": null,
                "network_mode": "",
                "no_cache": null,
                "platform": "",
                "pull_parent": null,
                "remote_context": "",
                "remove": true,
                "security_opt": [],
                "session_id": "",
                "shm_size": null,
                "squash": null,
                "suppress_output": null,
                "tag": [],
                "target": "",
                "ulimit": [],
                "version": ""
              }
            ],
            "force_remove": null,
            "id": "sha256:a6569d8a5bfe1bffb40d2f6eb78b91a5352686d048cd77b55508b59e1a0b0d5c654654394525.dkr.ecr.us-east-1.amazonaws.com/web",
            "image_id": "sha256:a6569d8a5bfe1bffb40d2f6eb78b91a5352686d048cd77b55508b59e1a0b0d5c",
            "keep_locally": null,
            "name": "654654394525.dkr.ecr.us-east-1.amazonaws.com/web",
            "platform": null,
            "pull_triggers": null,
            "repo_digest": "",
            "triggers": null
          },
          "sensitive_attributes": [],
          "private": "bnVsbA==",
          "dependencies": [
            "data.aws_caller_identity.current",
            "data.aws_ecr_authorization_token.token",
            "module.aws.aws_eks_cluster.cluster_obligatorio",
            "module.aws.aws_eks_node_group.node_group_obligatorio",
            "module.aws.aws_internet_gateway.ig_obligatorio",
            "module.aws.aws_route.ruta_a_internet",
            "module.aws.aws_security_group.sg_obligatorio",
            "module.aws.aws_subnet.subnet_A_obligatorio",
            "module.aws.aws_subnet.subnet_B_obligatorio",
            "module.aws.aws_vpc.vpc_obligatorio",
            "module.aws.data.aws_caller_identity.current",
            "module.aws.data.aws_ecr_authorization_token.token",
            "module.aws.null_resource.kubectl",
            "module.docker.data.aws_caller_identity.current"
          ]
        }
      ]
    },
    {
      "module": "module.docker",
      "mode": "managed",
      "type": "docker_registry_image",
      "name": "db",
      "provider": "provider[\"registry.terraform.io/kreuzwerker/docker\"]",
      "instances": [
        {
          "schema_version": 0,
          "attributes": {
            "id": "sha256:6611f28eb73804b037ed618c968dafddb63feae6677678e3744746afe12ba01f",
            "insecure_skip_verify": false,
            "keep_remotely": false,
            "name": "654654394525.dkr.ecr.us-east-1.amazonaws.com/db",
            "sha256_digest": "sha256:6611f28eb73804b037ed618c968dafddb63feae6677678e3744746afe12ba01f",
            "triggers": null
          },
          "sensitive_attributes": [],
          "private": "bnVsbA==",
          "dependencies": [
            "data.aws_caller_identity.current",
            "data.aws_ecr_authorization_token.token",
            "module.aws.aws_eks_cluster.cluster_obligatorio",
            "module.aws.aws_eks_node_group.node_group_obligatorio",
            "module.aws.aws_internet_gateway.ig_obligatorio",
            "module.aws.aws_route.ruta_a_internet",
            "module.aws.aws_security_group.sg_obligatorio",
            "module.aws.aws_subnet.subnet_A_obligatorio",
            "module.aws.aws_subnet.subnet_B_obligatorio",
            "module.aws.aws_vpc.vpc_obligatorio",
            "module.aws.data.aws_caller_identity.current",
            "module.aws.data.aws_ecr_authorization_token.token",
            "module.aws.null_resource.kubectl",
            "module.docker.data.aws_caller_identity.current",
            "module.docker.docker_image.db"
          ]
        }
      ]
    },
    {
      "module": "module.docker",
      "mode": "managed",
      "type": "docker_registry_image",
      "name": "web",
      "provider": "provider[\"registry.terraform.io/kreuzwerker/docker\"]",
      "instances": [
        {
          "schema_version": 0,
          "attributes": {
            "id": "sha256:302079bf3034e951d55ab318f7610469b519ffbcfed660218de2c07cedb59030",
            "insecure_skip_verify": false,
            "keep_remotely": false,
            "name": "654654394525.dkr.ecr.us-east-1.amazonaws.com/web",
            "sha256_digest": "sha256:302079bf3034e951d55ab318f7610469b519ffbcfed660218de2c07cedb59030",
            "triggers": null
          },
          "sensitive_attributes": [],
          "private": "bnVsbA==",
          "dependencies": [
            "data.aws_caller_identity.current",
            "data.aws_ecr_authorization_token.token",
            "module.aws.aws_eks_cluster.cluster_obligatorio",
            "module.aws.aws_eks_node_group.node_group_obligatorio",
            "module.aws.aws_internet_gateway.ig_obligatorio",
            "module.aws.aws_route.ruta_a_internet",
            "module.aws.aws_security_group.sg_obligatorio",
            "module.aws.aws_subnet.subnet_A_obligatorio",
            "module.aws.aws_subnet.subnet_B_obligatorio",
            "module.aws.aws_vpc.vpc_obligatorio",
            "module.aws.data.aws_caller_identity.current",
            "module.aws.data.aws_ecr_authorization_token.token",
            "module.aws.null_resource.kubectl",
            "module.docker.data.aws_caller_identity.current",
            "module.docker.docker_image.web"
          ]
        }
      ]
    },
    {
      "module": "module.kubernetes",
      "mode": "data",
      "type": "aws_caller_identity",
      "name": "current",
      "provider": "provider[\"registry.terraform.io/hashicorp/aws\"]",
      "instances": [
        {
          "schema_version": 0,
          "attributes": {
            "account_id": "654654394525",
            "arn": "arn:aws:sts::654654394525:assumed-role/voclabs/user3154006=gpramirezecheverria@gmail.com",
            "id": "654654394525",
            "user_id": "AROAZQ3DRKCORTCTDEKVT:user3154006=gpramirezecheverria@gmail.com"
          },
          "sensitive_attributes": []
        }
      ]
    },
    {
      "module": "module.kubernetes",
      "mode": "data",
      "type": "aws_ecr_authorization_token",
      "name": "token",
      "provider": "provider[\"registry.terraform.io/hashicorp/aws\"]",
      "instances": [
        {
          "schema_version": 0,
          "attributes": {
            "authorization_token": "QVdTOmV5SndZWGxzYjJGa0lqb2lXbXRIVUZwTFlsZGhXalJuUjB4WlpVWXZkU3REZVhOSmVtOHdiVGxSYkVsb2QyOTJSbEJ6ZG5GVE5sSnFOREl3TjA1RU1qSlJRaTlaUVVoSGQyZG9WelZsUVhNek5VMXdkM1JxU0RodlVWaFNVVGhaVDBsMFZ6QTFjRzVSVTI5NlRGcHpWV3RTV21GcWJYZFRabmRQWmpGTmVVVlNTMWc0SzNKSk9FZHpjbmR2UVRkdlNWRktlRVZHZDNkblkwRmpRU3RZUzJ4bmFVeEtTRkZqYUd4TVZrNVJTVXN4YVdZeFV5dFhla1J0YjNkdVlscGFlVmhpUWpWcFJVNVRMMHB5ZUdwSFNXcHBaV3A1ZDFGRVVGQlFNVTlTVms1blpYQTJlVEpNYzJKTmVrNHZXSGRFVURSVksxVndhSG94Y0V4ck5sbEJiRTFUT0hSWVQyaG9jeTlEWjNaNU5rOVVXVUZwVVVSMGFGWkpRMFJuVmtOcmRHOTNhV0ZhYkdaSVFrdEZkSFY2VVV4V1pVOXlNRkJQVm1WQmJqWnRVMHczVVU5MVVYRkJZWEpJWkhaVVpscFFWVnA1WjJoVVJqQjNSbk5qZG05NVYwZFNhRnBuWTBwV2FHUXJLMmhVYWtoVlZXcGxWRFU1VjBKU2REVmhTa05UU2tWd1ZscDJTREo2VVdKV1ZpczNWaXMxUW00NFVVZEJSMHRvV1ZWU1ZURlhWMHRuWkdKeFpWWlNhazltYUVOT2VrSmxhbTA1YlV0dGEweDVWRXRGVVd0RWFqUmtkRVJpZGxaTlNXZE5SR1JFTXpkQmFYWTNPV2hxVDNCemRscFhiRGx1TTI5NWNGcG9URGQzTm5sdUsyVjFOa1ZMYkhCVFEzSnNSelJoYUVkc1oycHlkRmtyUVVjemRVSjNPWFZRYTFKcmRXMUZTUzkwWldkM2VHTlZRVzVYV0RGNVJ6WjZla3BFV2pKYVNqUmhWR0k0U2sxblExWlJjbkZEU3pWM2RraDZkVk5KUnk5TloyNDBiVXBhVm1aUVQxTm5SRzl3WjJkcVdYTlpUMHhYUm1kWVFVaDRUblpaYkdGMVJYUk1lVUkzTUV4VWFWQktaM0ZoV1M5SGIzZHNTUzlJY1dNNFlUTjVNVUpoTkZrd1lVWm5hRTVLVnl0NlNXRXhOMUpzZDBaNFZXOU1NRXhsVEdWRWVYcFlSeTlCTVhWcGNqWndjR3M1UldJMlFrMXhXbFpDY3pOa0sydDZiamhDWlZCTksxazBWbHBMTjNWV1VWZHplbmRWSzI4M2RESnhWRzFQY0Vwd2JGZHNhekJJUzNWc1pFUnpOek5uUjJoNVkyOUhMM1pVUVVsTmFqRTJSMWQyVUhBeFIyUTJZbTFKZG0xeU5XeHZRMUJ3ZVM4MGRXNXBjamhrZVZwcVpWVjZhR2xsT0Zoc1QxbzRabEZCTDFkcWNtRnFkQ3RUYW0xQmVGWkdhMFIzVG5veWFqbDZVR0p6U3k5SVFVeEViREYyT0RkNUswUklTVVE0WVhSd1JuZENOMUp0Y0UxV1EyZHhZVFpTTjNSNGIwY3ZRVzUwUlRkRGVXWk5aRTl3ZEU4ck5FMVVUQzl4WWxGRGNHWkRhVmhrYjFkalRIZDJlRXBZVGs5T2NXSlFNM1o0V0hoamVUUm9iR0pTTm5aeGQydEJXbE5zU1dSTFpVWTNRbEY1TlVoTVUxVnJUMU55TW5KcGEzWm9OM1pHWkhGU1IwaHdWMWh3Vkc4MmMwWlNPRTlXVjFwWksxWnlSelJNVVhaeUwzQnFWMGcyTW1ac0swVm1OV0ZpYWtJMFdUZzRibHAzZEhwbVlXaHhlazlrZFhsMVdGUlNLMGx1UzB4TkwweEtTR2xGUlhoTGFUQklNbUpHVlhGaGFVRm9NbE5tYVROcmNtSkdReTl1Vm5Gdll6UTRTVUpUTWtGbWRHUnZOVEZaY0VNeWRtVmFOMjlvYW1sVmNWVmFhMDFGU0ZJNGRrSjNRVFJ6UW1oeGIwSlhORU0xWlROc05rRnNXVmRCUzFSaWFDOXdRVUZtU2t4TE9GcDRkRkl4WlhwNE5WVjRkVGRPUTFVd04ydHJUMDFrY1hKaVZtcFpUMjVsWjB0S1RESlRiRWxPTVd4WlMyNU1OV1JWWjBGbGFGUm1jMVJWTUhwR1RVWXJXbnA2TTJsS1pVWnJOaTh5Y205cGRUTk5Oa042WVVVd1pIcExjVVJOTld4TWQwcDVkRlZRZVV4WFpTdERXVGcyTlhkMFYwSkdhMDR5Y1RGTFJUQnhOVFJHZDJKT1dFcGFaWEV5VkRGTFNqVkpZV2wwZG1VME1raERTMUUyVkZsWlQxb3lRWHBxTWxsRmJFMXpaMHhIY21RM2FsbHRjRlJWT1dadmJYQTJSMnBzWkRjNUlpd2laR0YwWVd0bGVTSTZJa0ZSUlVKQlNHaDNiVEJaWVVsVFNtVlNkRXB0Tlc0eFJ6WjFjV1ZsYTFoMWIxaFlVR1UxVlVaalpUbFNjVGd2TVRSM1FVRkJTRFIzWmtGWlNrdHZXa2xvZG1OT1FWRmpSMjlIT0hkaVVVbENRVVJDYjBKbmEzRm9hMmxIT1hjd1FrSjNSWGRJWjFsS1dVbGFTVUZYVlVSQ1FVVjFUVUpGUlVST1RGbzVXVzlwU25seFlteGxaMWxNVVVsQ1JVbEJOemxDYUdzMk5FOTRWMU40Y1RCTGVEVjRkbmRCZUc5UVkwWllXV3RZUWl0Q1pTODNhbVo2VUhwYWMzUTVXVmxJUkV3d2R6RlhSREZWWlUxVlEwcG1WM2RNV2poNFdITndjWFV2Vm1jM2VYYzlJaXdpZG1WeWMybHZiaUk2SWpJaUxDSjBlWEJsSWpvaVJFRlVRVjlMUlZraUxDSmxlSEJwY21GMGFXOXVJam94TnpFNE9EZzFNRFl6ZlE9PQ==",
            "expires_at": "2024-06-20T12:04:23Z",
            "id": "us-east-1",
            "password": "eyJwYXlsb2FkIjoiWmtHUFpLYldhWjRnR0xZZUYvdStDeXNJem8wbTlRbElod292RlBzdnFTNlJqNDIwN05EMjJRQi9ZQUhHd2doVzVlQXMzNU1wd3RqSDhvUVhSUThZT0l0VzA1cG5RU296TFpzVWtSWmFqbXdTZndPZjFNeUVSS1g4K3JJOEdzcndvQTdvSVFKeEVGd3dnY0FjQStYS2xnaUxKSFFjaGxMVk5RSUsxaWYxUytXekRtb3duYlpaeVhiQjVpRU5TL0pyeGpHSWppZWp5d1FEUFBQMU9SVk5nZXA2eTJMc2JNek4vWHdEUDRVK1VwaHoxcExrNllBbE1TOHRYT2hocy9DZ3Z5Nk9UWUFpUUR0aFZJQ0RnVkNrdG93aWFabGZIQktFdHV6UUxWZU9yMFBPVmVBbjZtU0w3UU91UXFBYXJIZHZUZlpQVVp5Z2hURjB3RnNjdm95V0dSaFpnY0pWaGQrK2hUakhVVWplVDU5V0JSdDVhSkNTSkVwVlp2SDJ6UWJWVis3Vis1Qm44UUdBR0toWVVSVTFXV0tnZGJxZVZSak9maENOekJlam05bUtta0x5VEtFUWtEajRkdERidlZNSWdNRGREMzdBaXY3OWhqT3BzdlpXbDluM295cFpoTDd3NnluK2V1NkVLbHBTQ3JsRzRhaEdsZ2pydFkrQUczdUJ3OXVQa1JrdW1FSS90ZWd3eGNVQW5XWDF5RzZ6ekpEWjJaSjRhVGI4Sk1nQ1ZRcnFDSzV3dkh6dVNJRy9NZ240bUpaVmZQT1NnRG9wZ2dqWXNZT0xXRmdYQUh4TnZZbGF1RXRMeUI3MExUaVBKZ3FhWS9Hb3dsSS9IcWM4YTN5MUJhNFkwYUZnaE5KVyt6SWExN1Jsd0Z4VW9MMExlTGVEeXpYRy9BMXVpcjZwcGs5RWI2Qk1xWlZCczNkK2t6bjhCZVBNK1k0VlpLN3VWUVdzendVK283dDJxVG1PcEpwbFdsazBIS3VsZERzNzNnR2h5Y29HL3ZUQUlNajE2R1d2UHAxR2Q2Ym1Jdm1yNWxvQ1BweS80dW5pcjhkeVpqZVV6aGllOFhsT1o4ZlFBL1dqcmFqdCtTam1BeFZGa0R3Tnoyajl6UGJzSy9IQUxEbDF2ODd5K0RISUQ4YXRwRndCN1JtcE1WQ2dxYTZSN3R4b0cvQW50RTdDeWZNZE9wdE8rNE1UTC9xYlFDcGZDaVhkb1djTHd2eEpYTk9OcWJQM3Z4WHhjeTRobGJSNnZxd2tBWlNsSWRLZUY3QlF5NUhMU1VrT1NyMnJpa3ZoN3ZGZHFSR0hwV1hwVG82c0ZSOE9WV1pZK1ZyRzRMUXZyL3BqV0g2MmZsK0VmNWFiakI0WTg4blp3dHpmYWhxek9kdXl1WFRSK0luS0xNL0xKSGlFRXhLaTBIMmJGVXFhaUFoMlNmaTNrcmJGQy9uVnFvYzQ4SUJTMkFmdGRvNTFZcEMydmVaN29oamlVcVVaa01FSFI4dkJ3QTRzQmhxb0JXNEM1ZTNsNkFsWVdBS1RiaC9wQUFmSkxLOFp4dFIxZXp4NVV4dTdOQ1UwN2trT01kcXJiVmpZT25lZ0tKTDJTbElOMWxZS25MNWRVZ0FlaFRmc1RVMHpGTUYrWnp6M2lKZUZrNi8ycm9pdTNNNkN6YUUwZHpLcURNNWxMd0p5dFVQeUxXZStDWTg2NXd0V0JGa04ycTFLRTBxNTRGd2JOWEpaZXEyVDFLSjVJYWl0dmU0MkhDS1E2VFlZT1oyQXpqMllFbE1zZ0xHcmQ3alltcFRVOWZvbXA2R2psZDc5IiwiZGF0YWtleSI6IkFRRUJBSGh3bTBZYUlTSmVSdEptNW4xRzZ1cWVla1h1b1hYUGU1VUZjZTlScTgvMTR3QUFBSDR3ZkFZSktvWklodmNOQVFjR29HOHdiUUlCQURCb0Jna3Foa2lHOXcwQkJ3RXdIZ1lKWUlaSUFXVURCQUV1TUJFRUROTFo5WW9pSnlxYmxlZ1lMUUlCRUlBNzlCaGs2NE94V1N4cTBLeDV4dndBeG9QY0ZYWWtYQitCZS83amZ6UHpac3Q5WVlIREwwdzFXRDFVZU1VQ0pmV3dMWjh4WHNwcXUvVmc3eXc9IiwidmVyc2lvbiI6IjIiLCJ0eXBlIjoiREFUQV9LRVkiLCJleHBpcmF0aW9uIjoxNzE4ODg1MDYzfQ==",
            "proxy_endpoint": "https://654654394525.dkr.ecr.us-east-1.amazonaws.com",
            "registry_id": null,
            "user_name": "AWS"
          },
          "sensitive_attributes": [
            [
              {
                "type": "get_attr",
                "value": "authorization_token"
              }
            ],
            [
              {
                "type": "get_attr",
                "value": "password"
              }
            ]
          ]
        }
      ]
    },
    {
      "module": "module.kubernetes",
      "mode": "managed",
      "type": "kubectl_manifest",
      "name": "db",
      "provider": "provider[\"registry.terraform.io/gavinbunney/kubectl\"]",
      "instances": [
        {
          "schema_version": 1,
          "attributes": {
            "api_version": "apps/v1",
            "apply_only": false,
            "force_conflicts": false,
            "force_new": false,
            "id": "/apis/apps/v1/namespaces/default/deployments/db",
            "ignore_fields": null,
            "kind": "Deployment",
            "live_manifest_incluster": "abb96788f16f6eb2eac90c11f42478857b438835f71de5e2c0b2ff88f2a0904c",
            "live_uid": "bf8c5c05-d78f-421f-a227-e158d6e3f057",
            "name": "db",
            "namespace": null,
            "override_namespace": null,
            "sensitive_fields": null,
            "server_side_apply": false,
            "timeouts": null,
            "uid": "bf8c5c05-d78f-421f-a227-e158d6e3f057",
            "validate_schema": true,
            "wait": null,
            "wait_for_rollout": true,
            "yaml_body": "apiVersion: apps/v1\nkind: Deployment\nmetadata:\n  labels:\n    app: db\n  name: db\nspec:\n  replicas: 1\n  selector:\n    matchLabels:\n      app: db\n  strategy: {}\n  template:\n    metadata:\n      labels:\n        app: db\n    spec:\n      containers:\n      - name: db\n        image: \"654654394525.dkr.ecr.us-east-1.amazonaws.com/db\"\n        ports:\n        - containerPort: 3306\n",
            "yaml_body_parsed": "apiVersion: apps/v1\nkind: Deployment\nmetadata:\n  labels:\n    app: db\n  name: db\nspec:\n  replicas: 1\n  selector:\n    matchLabels:\n      app: db\n  strategy: {}\n  template:\n    metadata:\n      labels:\n        app: db\n    spec:\n      containers:\n      - image: 654654394525.dkr.ecr.us-east-1.amazonaws.com/db\n        name: db\n        ports:\n        - containerPort: 3306\n",
            "yaml_incluster": "abb96788f16f6eb2eac90c11f42478857b438835f71de5e2c0b2ff88f2a0904c"
          },
          "sensitive_attributes": [
            [
              {
                "type": "get_attr",
                "value": "yaml_incluster"
              }
            ],
            [
              {
                "type": "get_attr",
                "value": "yaml_body"
              }
            ],
            [
              {
                "type": "get_attr",
                "value": "live_manifest_incluster"
              }
            ]
          ],
          "private": "eyJlMmJmYjczMC1lY2FhLTExZTYtOGY4OC0zNDM2M2JjN2M0YzAiOnsiY3JlYXRlIjo2MDAwMDAwMDAwMDB9LCJzY2hlbWFfdmVyc2lvbiI6IjEifQ==",
          "dependencies": [
            "data.aws_caller_identity.current",
            "data.aws_ecr_authorization_token.token",
            "module.aws.aws_eks_cluster.cluster_obligatorio",
            "module.aws.aws_eks_node_group.node_group_obligatorio",
            "module.aws.aws_internet_gateway.ig_obligatorio",
            "module.aws.aws_route.ruta_a_internet",
            "module.aws.aws_security_group.sg_obligatorio",
            "module.aws.aws_subnet.subnet_A_obligatorio",
            "module.aws.aws_subnet.subnet_B_obligatorio",
            "module.aws.aws_vpc.vpc_obligatorio",
            "module.aws.data.aws_caller_identity.current",
            "module.aws.data.aws_ecr_authorization_token.token",
            "module.aws.null_resource.kubectl",
            "module.docker.aws_ecr_repository.db",
            "module.docker.aws_ecr_repository.web",
            "module.docker.data.aws_caller_identity.current",
            "module.docker.data.aws_ecr_authorization_token.token",
            "module.docker.docker_image.db",
            "module.docker.docker_image.web",
            "module.docker.docker_registry_image.db",
            "module.docker.docker_registry_image.web",
            "module.kubernetes.data.aws_caller_identity.current"
          ]
        }
      ]
    },
    {
      "module": "module.kubernetes",
      "mode": "managed",
      "type": "kubectl_manifest",
      "name": "db-config",
      "provider": "provider[\"registry.terraform.io/gavinbunney/kubectl\"]",
      "instances": [
        {
          "schema_version": 1,
          "attributes": {
            "api_version": "v1",
            "apply_only": false,
            "force_conflicts": false,
            "force_new": false,
            "id": "/api/v1/namespaces/default/configmaps/db-config",
            "ignore_fields": null,
            "kind": "ConfigMap",
            "live_manifest_incluster": "215b6938be41d868e7606b43299558e9edc2e802b61b6e7a95730c8fd38c6a49",
            "live_uid": "589f08d9-a92b-47cf-b8f9-a3721599230d",
            "name": "db-config",
            "namespace": null,
            "override_namespace": null,
            "sensitive_fields": null,
            "server_side_apply": false,
            "timeouts": null,
            "uid": "589f08d9-a92b-47cf-b8f9-a3721599230d",
            "validate_schema": true,
            "wait": null,
            "wait_for_rollout": true,
            "yaml_body": "apiVersion: v1\nkind: ConfigMap\ndata:\n  config.php: |\n    \u003c?php\n    ini_set('display_errors',1);\n    error_reporting(-1);\n    define('DB_HOST', 'db');\n    define('DB_USER', 'user');\n    define('DB_PASSWORD', 'user123');\n    define('DB_DATABASE', 'db_obligatorio');\nmetadata:\n  name: db-config\n",
            "yaml_body_parsed": "apiVersion: v1\ndata:\n  config.php: |\n    \u003c?php\n    ini_set('display_errors',1);\n    error_reporting(-1);\n    define('DB_HOST', 'db');\n    define('DB_USER', 'user');\n    define('DB_PASSWORD', 'user123');\n    define('DB_DATABASE', 'db_obligatorio');\nkind: ConfigMap\nmetadata:\n  name: db-config\n",
            "yaml_incluster": "215b6938be41d868e7606b43299558e9edc2e802b61b6e7a95730c8fd38c6a49"
          },
          "sensitive_attributes": [
            [
              {
                "type": "get_attr",
                "value": "yaml_incluster"
              }
            ],
            [
              {
                "type": "get_attr",
                "value": "live_manifest_incluster"
              }
            ],
            [
              {
                "type": "get_attr",
                "value": "yaml_body"
              }
            ]
          ],
          "private": "eyJlMmJmYjczMC1lY2FhLTExZTYtOGY4OC0zNDM2M2JjN2M0YzAiOnsiY3JlYXRlIjo2MDAwMDAwMDAwMDB9LCJzY2hlbWFfdmVyc2lvbiI6IjEifQ==",
          "dependencies": [
            "data.aws_caller_identity.current",
            "data.aws_ecr_authorization_token.token",
            "module.aws.aws_eks_cluster.cluster_obligatorio",
            "module.aws.aws_eks_node_group.node_group_obligatorio",
            "module.aws.aws_internet_gateway.ig_obligatorio",
            "module.aws.aws_route.ruta_a_internet",
            "module.aws.aws_security_group.sg_obligatorio",
            "module.aws.aws_subnet.subnet_A_obligatorio",
            "module.aws.aws_subnet.subnet_B_obligatorio",
            "module.aws.aws_vpc.vpc_obligatorio",
            "module.aws.data.aws_caller_identity.current",
            "module.aws.data.aws_ecr_authorization_token.token",
            "module.aws.null_resource.kubectl",
            "module.docker.aws_ecr_repository.db",
            "module.docker.aws_ecr_repository.web",
            "module.docker.data.aws_caller_identity.current",
            "module.docker.data.aws_ecr_authorization_token.token",
            "module.docker.docker_image.db",
            "module.docker.docker_image.web",
            "module.docker.docker_registry_image.db",
            "module.docker.docker_registry_image.web"
          ]
        }
      ]
    },
    {
      "module": "module.kubernetes",
      "mode": "managed",
      "type": "kubectl_manifest",
      "name": "db_svc",
      "provider": "provider[\"registry.terraform.io/gavinbunney/kubectl\"]",
      "instances": [
        {
          "schema_version": 1,
          "attributes": {
            "api_version": "v1",
            "apply_only": false,
            "force_conflicts": false,
            "force_new": false,
            "id": "/api/v1/namespaces/default/services/db",
            "ignore_fields": null,
            "kind": "Service",
            "live_manifest_incluster": "58eb985e0eac9e349d05312b548d0e7dc3735d0acd76da7736a4fc36c4d3fffb",
            "live_uid": "dc4b9cfa-4993-46bd-80f8-37cb4828373c",
            "name": "db",
            "namespace": null,
            "override_namespace": null,
            "sensitive_fields": null,
            "server_side_apply": false,
            "timeouts": null,
            "uid": "dc4b9cfa-4993-46bd-80f8-37cb4828373c",
            "validate_schema": true,
            "wait": null,
            "wait_for_rollout": true,
            "yaml_body": "apiVersion: v1\nkind: Service\nmetadata:\n  name: db\nspec:\n  type: ClusterIP\n  selector:\n    app: db\n  ports:\n  - name: mysql\n    port: 3306\n    targetPort: 3306\n",
            "yaml_body_parsed": "apiVersion: v1\nkind: Service\nmetadata:\n  name: db\nspec:\n  ports:\n  - name: mysql\n    port: 3306\n    targetPort: 3306\n  selector:\n    app: db\n  type: ClusterIP\n",
            "yaml_incluster": "58eb985e0eac9e349d05312b548d0e7dc3735d0acd76da7736a4fc36c4d3fffb"
          },
          "sensitive_attributes": [
            [
              {
                "type": "get_attr",
                "value": "yaml_incluster"
              }
            ],
            [
              {
                "type": "get_attr",
                "value": "yaml_body"
              }
            ],
            [
              {
                "type": "get_attr",
                "value": "live_manifest_incluster"
              }
            ]
          ],
          "private": "eyJlMmJmYjczMC1lY2FhLTExZTYtOGY4OC0zNDM2M2JjN2M0YzAiOnsiY3JlYXRlIjo2MDAwMDAwMDAwMDB9LCJzY2hlbWFfdmVyc2lvbiI6IjEifQ==",
          "dependencies": [
            "data.aws_caller_identity.current",
            "data.aws_ecr_authorization_token.token",
            "module.aws.aws_eks_cluster.cluster_obligatorio",
            "module.aws.aws_eks_node_group.node_group_obligatorio",
            "module.aws.aws_internet_gateway.ig_obligatorio",
            "module.aws.aws_route.ruta_a_internet",
            "module.aws.aws_security_group.sg_obligatorio",
            "module.aws.aws_subnet.subnet_A_obligatorio",
            "module.aws.aws_subnet.subnet_B_obligatorio",
            "module.aws.aws_vpc.vpc_obligatorio",
            "module.aws.data.aws_caller_identity.current",
            "module.aws.data.aws_ecr_authorization_token.token",
            "module.aws.null_resource.kubectl",
            "module.docker.aws_ecr_repository.db",
            "module.docker.aws_ecr_repository.web",
            "module.docker.data.aws_caller_identity.current",
            "module.docker.data.aws_ecr_authorization_token.token",
            "module.docker.docker_image.db",
            "module.docker.docker_image.web",
            "module.docker.docker_registry_image.db",
            "module.docker.docker_registry_image.web"
          ]
        }
      ]
    },
    {
      "module": "module.kubernetes",
      "mode": "managed",
      "type": "kubectl_manifest",
      "name": "web",
      "provider": "provider[\"registry.terraform.io/gavinbunney/kubectl\"]",
      "instances": [
        {
          "schema_version": 1,
          "attributes": {
            "api_version": "apps/v1",
            "apply_only": false,
            "force_conflicts": false,
            "force_new": false,
            "id": "/apis/apps/v1/namespaces/default/deployments/web",
            "ignore_fields": null,
            "kind": "Deployment",
            "live_manifest_incluster": "282d2365a5d98b2d902ba6f85026c7a71b9b0ef93dec0307da6ec9703405c64a",
            "live_uid": "6eee5bc6-9514-42fe-9dcd-802de8ff3e66",
            "name": "web",
            "namespace": null,
            "override_namespace": null,
            "sensitive_fields": null,
            "server_side_apply": false,
            "timeouts": null,
            "uid": "6eee5bc6-9514-42fe-9dcd-802de8ff3e66",
            "validate_schema": true,
            "wait": null,
            "wait_for_rollout": true,
            "yaml_body": "apiVersion: apps/v1\nkind: Deployment\nmetadata:\n  labels:\n    app: web\n  name: web\nspec:\n  replicas: 2\n  selector:\n    matchLabels:\n      app: web\n  strategy: {}\n  template:\n    metadata:\n      labels:\n        app: web\n    spec:\n      containers:\n      - name: web  \n        image: \"654654394525.dkr.ecr.us-east-1.amazonaws.com/web\"\n        ports:\n        - containerPort: 80\n        livenessProbe:\n          initialDelaySeconds: 20\n          periodSeconds: 15\n          httpGet:\n            path: /\n            port: 80\n\n",
            "yaml_body_parsed": "apiVersion: apps/v1\nkind: Deployment\nmetadata:\n  labels:\n    app: web\n  name: web\nspec:\n  replicas: 2\n  selector:\n    matchLabels:\n      app: web\n  strategy: {}\n  template:\n    metadata:\n      labels:\n        app: web\n    spec:\n      containers:\n      - image: 654654394525.dkr.ecr.us-east-1.amazonaws.com/web\n        livenessProbe:\n          httpGet:\n            path: /\n            port: 80\n          initialDelaySeconds: 20\n          periodSeconds: 15\n        name: web\n        ports:\n        - containerPort: 80\n",
            "yaml_incluster": "282d2365a5d98b2d902ba6f85026c7a71b9b0ef93dec0307da6ec9703405c64a"
          },
          "sensitive_attributes": [
            [
              {
                "type": "get_attr",
                "value": "yaml_body"
              }
            ],
            [
              {
                "type": "get_attr",
                "value": "live_manifest_incluster"
              }
            ],
            [
              {
                "type": "get_attr",
                "value": "yaml_incluster"
              }
            ]
          ],
          "private": "eyJlMmJmYjczMC1lY2FhLTExZTYtOGY4OC0zNDM2M2JjN2M0YzAiOnsiY3JlYXRlIjo2MDAwMDAwMDAwMDB9LCJzY2hlbWFfdmVyc2lvbiI6IjEifQ==",
          "dependencies": [
            "data.aws_caller_identity.current",
            "data.aws_ecr_authorization_token.token",
            "module.aws.aws_eks_cluster.cluster_obligatorio",
            "module.aws.aws_eks_node_group.node_group_obligatorio",
            "module.aws.aws_internet_gateway.ig_obligatorio",
            "module.aws.aws_route.ruta_a_internet",
            "module.aws.aws_security_group.sg_obligatorio",
            "module.aws.aws_subnet.subnet_A_obligatorio",
            "module.aws.aws_subnet.subnet_B_obligatorio",
            "module.aws.aws_vpc.vpc_obligatorio",
            "module.aws.data.aws_caller_identity.current",
            "module.aws.data.aws_ecr_authorization_token.token",
            "module.aws.null_resource.kubectl",
            "module.docker.aws_ecr_repository.db",
            "module.docker.aws_ecr_repository.web",
            "module.docker.data.aws_caller_identity.current",
            "module.docker.data.aws_ecr_authorization_token.token",
            "module.docker.docker_image.db",
            "module.docker.docker_image.web",
            "module.docker.docker_registry_image.db",
            "module.docker.docker_registry_image.web",
            "module.kubernetes.data.aws_caller_identity.current"
          ]
        }
      ]
    },
    {
      "module": "module.kubernetes",
      "mode": "managed",
      "type": "kubectl_manifest",
      "name": "web_svc",
      "provider": "provider[\"registry.terraform.io/gavinbunney/kubectl\"]",
      "instances": [
        {
          "schema_version": 1,
          "attributes": {
            "api_version": "v1",
            "apply_only": false,
            "force_conflicts": false,
            "force_new": false,
            "id": "/api/v1/namespaces/default/services/web",
            "ignore_fields": null,
            "kind": "Service",
            "live_manifest_incluster": "88ad385ab690d640960636024c74ebc45d959f182ba30383047990b5427efd38",
            "live_uid": "5c9ca18a-4941-4e1d-99a1-55992edeaa35",
            "name": "web",
            "namespace": null,
            "override_namespace": null,
            "sensitive_fields": null,
            "server_side_apply": false,
            "timeouts": null,
            "uid": "5c9ca18a-4941-4e1d-99a1-55992edeaa35",
            "validate_schema": true,
            "wait": null,
            "wait_for_rollout": true,
            "yaml_body": "apiVersion: v1\nkind: Service\nmetadata:\n  name: web\nspec:\n  type: LoadBalancer\n  selector:\n    app: web\n  ports:\n  - name: http\n    port: 80\n    targetPort: 80\n",
            "yaml_body_parsed": "apiVersion: v1\nkind: Service\nmetadata:\n  name: web\nspec:\n  ports:\n  - name: http\n    port: 80\n    targetPort: 80\n  selector:\n    app: web\n  type: LoadBalancer\n",
            "yaml_incluster": "88ad385ab690d640960636024c74ebc45d959f182ba30383047990b5427efd38"
          },
          "sensitive_attributes": [
            [
              {
                "type": "get_attr",
                "value": "live_manifest_incluster"
              }
            ],
            [
              {
                "type": "get_attr",
                "value": "yaml_body"
              }
            ],
            [
              {
                "type": "get_attr",
                "value": "yaml_incluster"
              }
            ]
          ],
          "private": "eyJlMmJmYjczMC1lY2FhLTExZTYtOGY4OC0zNDM2M2JjN2M0YzAiOnsiY3JlYXRlIjo2MDAwMDAwMDAwMDB9LCJzY2hlbWFfdmVyc2lvbiI6IjEifQ==",
          "dependencies": [
            "data.aws_caller_identity.current",
            "data.aws_ecr_authorization_token.token",
            "module.aws.aws_eks_cluster.cluster_obligatorio",
            "module.aws.aws_eks_node_group.node_group_obligatorio",
            "module.aws.aws_internet_gateway.ig_obligatorio",
            "module.aws.aws_route.ruta_a_internet",
            "module.aws.aws_security_group.sg_obligatorio",
            "module.aws.aws_subnet.subnet_A_obligatorio",
            "module.aws.aws_subnet.subnet_B_obligatorio",
            "module.aws.aws_vpc.vpc_obligatorio",
            "module.aws.data.aws_caller_identity.current",
            "module.aws.data.aws_ecr_authorization_token.token",
            "module.aws.null_resource.kubectl",
            "module.docker.aws_ecr_repository.db",
            "module.docker.aws_ecr_repository.web",
            "module.docker.data.aws_caller_identity.current",
            "module.docker.data.aws_ecr_authorization_token.token",
            "module.docker.docker_image.db",
            "module.docker.docker_image.web",
            "module.docker.docker_registry_image.db",
            "module.docker.docker_registry_image.web"
          ]
        }
      ]
    }
  ],
  "check_results": null
}
