{
  "version": 4,
  "terraform_version": "1.8.5",
  "serial": 78,
  "lineage": "d1c58729-fe15-cda0-aef2-93226575cda0",
  "outputs": {},
  "resources": [
    {
      "mode": "data",
      "type": "aws_caller_identity",
      "name": "current",
      "provider": "provider[\"registry.terraform.io/hashicorp/aws\"]",
      "instances": [
        {
          "schema_version": 0,
          "attributes": {
            "account_id": "654654394525",
            "arn": "arn:aws:sts::654654394525:assumed-role/voclabs/user3154006=gpramirezecheverria@gmail.com",
            "id": "654654394525",
            "user_id": "AROAZQ3DRKCORTCTDEKVT:user3154006=gpramirezecheverria@gmail.com"
          },
          "sensitive_attributes": []
        }
      ]
    },
    {
      "mode": "data",
      "type": "aws_ecr_authorization_token",
      "name": "token",
      "provider": "provider[\"registry.terraform.io/hashicorp/aws\"]",
      "instances": [
        {
          "schema_version": 0,
          "attributes": {
            "authorization_token": "QVdTOmV5SndZWGxzYjJGa0lqb2laSFIwTWxwdVRVODVNVkJzTlZGblpUaHVaME55ZG1oa1pITmlVMDVDVXpkNWVXSkpXVnBMUlVwSVZFeDZVRlpPWlRoQ1ZsQnJkamxRYlRKUWNGbHpXbHBZVWtkR2FFNTZXbXB2VkhSRlZVcDZUMXBTVUU5R05pdENhVEJDTnpBM2RqWXpRM3BOUW5ZMmFrbDZRV3QyUTBVd2RTc3ZRVGxHZWpWck5IQlhTV1UzWmpObU5GQm9RbkpLV2s5ek9WQkxWM0JIWVdSblN6SlNibTFLTVdrd1l5czFPWFJXWnpoeVkyOU5VSE00ZVdGVWRHRkdWekV2UTNGbU1UVm9TR3RTY1dWU1ZWVlVVSFJGS3k4emJHZFJibUYxTnpoNFJVWkNNRzAwT0ROU2QxSmpjM2s0YUUxeFQyRTBORlU0YTFONE5tdDNkSGRuWjNWQlMyNVRlVlZtTjIwek1XdE5VblU0YmxsWFdDczFaV2x2V2tkWE1UUkNUVXNyUkhGM01tTnFSV1ZOZUU4dlRVZGxjRTlvZDFwRE1FZ3JZVk5RU0VWWVJWUkJiRVp2YW5aR05tSnpVamR4ZVZWSlkxUjFUak5ZU0hSV1dGWlpRa05aVEd4VFVtaFBWa3hFVkdWR01IYzJZekpEYjFwMU9YTlZVVnBzUzBKRmVURldWVlZZVUZCd04zaFlhRFp0WVVsWGJVRkpNVE5tZUdOelIyWXJabll3VjFkaFpIcHNNRTl2Vm5aVlVXTldkM1pGVjJoWE9DODVhbXBGU0ZkamJsVlpWaXRSU2pJd04wdGxSbkpOZHpCdlpFRm1TbGxvYkdOT2JsRkxVVWxZT0hKYU1GWktZa05IWkZGTVNIUnpkVU01YmxwQlFWZDFUWFJDUTBKSFZqbHFZa1JRVkZJd2VUUkpMMnRXVURGNk5XbEZjemxxV0RrclRtVmxOWEkwUms5UWVUZHlObEJWY21sVU1HUlFURWM0VGtOTVdreGpWa1pQU0ZCWFdtaG9RVzFzUVZsd04weGpRelJXZERSUVYyYzVORFprYkRseVpHUXdjeko0YzNWRVNXWjZZa0l6V1ZGVlJIUjFkMm92ZVZsNVJXZG5PRzh2WmpkNFkwTnhhVVpvZUdkd2FEWTVUbXBVVFdOVlNWaFlaRWxuZFdKdGMxVlpiMFpCTURjMk9GaFNZV3hYUmpGdVRERjFiRXhVVm5rek1XTldhblI0V25OSVRFdEVkak5oVDFweGJtNWpTMEUxYWtkaUt6QXJMM2MzVFRjcllYRTJXa2RZZVZkR2JFUnhNMUl5Ym10VlFubGlRblZoYkUxTE5HaHZhSE5XTW1ka01FRlFTMnhMZUZsR2VuaExhbGhZUlU5MFZUZHhPRzByY21oREwwOUZia2x4Ukd0SFFuRlNRbVZPTVdsVWJHcHdiUzltTms1bldtaHNaazE1TjFGNU4yRjVhMW9yUjJjNUt5czROSE5JYUhkSE5HaHFlVE55VEVGNmNFRmlTelV3VDB4allYWnRiV3hpUVVSSWRqVXZha3h5TVc1cVVVSXlhekprZGxJMk9VRkZZalpRVTNCek1tTmtXR1ZqV1ZRcmFXMWhjVlExUW5KeU1GQnRiSEIwYmxSRGFVMHJiVGN5T1M5alQwZHRSVWx2UTJsc1JtZFdkbU5NTWpSSVZqaGhTbXRpY210cVQzRkVaVE5OVmxoM2RFVllLMjFZT1hJelZXdDRabmN3TDBoVmNVSm5hMHR1V1VGb2NVcDZSMW81VFhWR1JWSjBVR0pVYjNwak5FTlVNRWQzTUhkUWNVaFZhMjloV2taVmVWbE5SMUpVU0VSTk9XRlJRemQ0UldwWlN6TnJSRkYyWTJZMU5rVnNTWFZqYnpGRWNIVlFNQ3Q0TVdaWE4zaG9hV0ptVkUwd0swaElXa1l2UXpJeFlVSmhVV2REUkZCSVdFTnhiR1UwYkdocllsUlNXV3hhZURNeVlWUnBUa1JPUlhsVGMxUm9kelJCZW1NMlNuQjRiM05hUW5wd05sRlROekZoWjJwVVFVYzRXbkJTYkdaQlRHYzViRkpQVDB0RldXazJZVE5PZVd0d1EwdExUbnBoT0RGNllWRnJaemxxVXpZNE9VWkZLMHBUWm10b2JXZDZOMmQzZVhVMVEwRllUSFFyUVNzemFUWnFURVp2YVZaTFRHRlNaVUYxWW1jdmNXRnpMMHN6T0N0b2MyUjNObGxhYlU1UE1XaHdZa3gxTVVodGNqRXdWa3hXVUdseFRsbGFOMHBxZWxGblEwNVllVkk0UTNNdlQwUlBZbkZJUnpsUVJYZGhSbEZpVkVONE1HeFViMkZuYzNGd2JsQnhjMGRQZG5wMlVqY3ZNaTh6TURoc1RWaGtVMmQ1Vkd4bGIxTkxTVVYwTkRCRElpd2laR0YwWVd0bGVTSTZJa0ZSUlVKQlNHaDNiVEJaWVVsVFNtVlNkRXB0Tlc0eFJ6WjFjV1ZsYTFoMWIxaFlVR1UxVlVaalpUbFNjVGd2TVRSM1FVRkJTRFIzWmtGWlNrdHZXa2xvZG1OT1FWRmpSMjlIT0hkaVVVbENRVVJDYjBKbmEzRm9hMmxIT1hjd1FrSjNSWGRJWjFsS1dVbGFTVUZYVlVSQ1FVVjFUVUpGUlVSTmQzUXZUbmhaUWpOdVpqSlNWMlJIVVVsQ1JVbEJOM1YyWjNwVFlqSXJSbVF4WVZST2QwRlBaalJKYURCMmRWSjZhV000VGtGVk5rcFZUamQ0U2poNlRuWTFjVzkwVmxCc0sxTnBLM2x1TmpoMVJ6SnphRm9yY0daaE4zSkNNV1l6Y2tGU0wwVTlJaXdpZG1WeWMybHZiaUk2SWpJaUxDSjBlWEJsSWpvaVJFRlVRVjlMUlZraUxDSmxlSEJwY21GMGFXOXVJam94TnpFNE56ZzBNekUwZlE9PQ==",
            "expires_at": "2024-06-19T08:05:14Z",
            "id": "us-east-1",
            "password": "eyJwYXlsb2FkIjoiZHR0MlpuTU85MVBsNVFnZThuZ0NydmhkZHNiU05CUzd5eWJJWVpLRUpIVEx6UFZOZThCVlBrdjlQbTJQcFlzWlpYUkdGaE56WmpvVHRFVUp6T1pSUE9GNitCaTBCNzA3djYzQ3pNQnY2akl6QWt2Q0UwdSsvQTlGejVrNHBXSWU3ZjNmNFBoQnJKWk9zOVBLV3BHYWRnSzJSbm1KMWkwYys1OXRWZzhyY29NUHM4eWFUdGFGVzEvQ3FmMTVoSGtScWVSVVVUUHRFKy8zbGdRbmF1Nzh4RUZCMG00ODNSd1Jjc3k4aE1xT2E0NFU4a1N4Nmt3dHdnZ3VBS25TeVVmN20zMWtNUnU4bllXWCs1ZWlvWkdXMTRCTUsrRHF3MmNqRWVNeE8vTUdlcE9od1pDMEgrYVNQSEVYRVRBbEZvanZGNmJzUjdxeVVJY1R1TjNYSHRWWFZZQkNZTGxTUmhPVkxEVGVGMHc2YzJDb1p1OXNVUVpsS0JFeTFWVVVYUFBwN3hYaDZtYUlXbUFJMTNmeGNzR2YrZnYwV1dhZHpsME9vVnZVUWNWd3ZFV2hXOC85ampFSFdjblVZVitRSjIwN0tlRnJNdzBvZEFmSllobGNOblFLUUlYOHJaMFZKYkNHZFFMSHRzdUM5blpBQVd1TXRCQ0JHVjlqYkRQVFIweTRJL2tWUDF6NWlFczlqWDkrTmVlNXI0Rk9QeTdyNlBVcmlUMGRQTEc4TkNMWkxjVkZPSFBXWmhoQW1sQVlwN0xjQzRWdDRQV2c5NDZkbDlyZGQwczJ4c3VESWZ6YkIzWVFVRHR1d2oveVl5RWdnOG8vZjd4Y0NxaUZoeGdwaDY5TmpUTWNVSVhYZElndWJtc1VZb0ZBMDc2OFhSYWxXRjFuTDF1bExUVnkzMWNWanR4WnNITEtEdjNhT1pxbm5jS0E1akdiKzArL3c3TTcrYXE2WkdYeVdGbERxM1IybmtVQnliQnVhbE1LNGhvaHNWMmdkMEFQS2xLeFlGenhLalhYRU90VTdxOG0rcmhDL09FbklxRGtHQnFSQmVOMWlUbGpwbS9mNk5nWmhsZk15N1F5N2F5a1orR2c5Kys4NHNIaHdHNGhqeTNyTEF6cEFiSzUwT0xjYXZtbWxiQURIdjUvakxyMW5qUUIyazJkdlI2OUFFYjZQU3BzMmNkWGVjWVQraW1hcVQ1QnJyMFBtbHB0blRDaU0rbTcyOS9jT0dtRUlvQ2lsRmdWdmNMMjRIVjhhSmticmtqT3FEZTNNVlh3dEVYK21YOXIzVWt4ZncwL0hVcUJna0tuWUFocUp6R1o5TXVGRVJ0UGJUb3pjNENUMEd3MHdQcUhVa29hWkZVeVlNR1JUSERNOWFRQzd4RWpZSzNrRFF2Y2Y1NkVsSXVjbzFEcHVQMCt4MWZXN3hoaWJmVE0wK0hIWkYvQzIxYUJhUWdDRFBIWENxbGU0bGhrYlRSWWxaeDMyYVRpTkRORXlTc1RodzRBemM2SnB4b3NaQnpwNlFTNzFhZ2pUQUc4WnBSbGZBTGc5bFJPT0tFWWk2YTNOeWtwQ0tLTnphODF6YVFrZzlqUzY4OUZFK0pTZmtobWd6N2d3eXU1Q0FYTHQrQSszaTZqTEZvaVZLTGFSZUF1YmcvcWFzL0szOCtoc2R3NllabU5PMWhwYkx1MUhtcjEwVkxWUGlxTllaN0pqelFnQ05YeVI4Q3MvT0RPYnFIRzlQRXdhRlFiVEN4MGxUb2Fnc3FwblBxc0dPdnp2UjcvMi8zMDhsTVhkU2d5VGxlb1NLSUV0NDBDIiwiZGF0YWtleSI6IkFRRUJBSGh3bTBZYUlTSmVSdEptNW4xRzZ1cWVla1h1b1hYUGU1VUZjZTlScTgvMTR3QUFBSDR3ZkFZSktvWklodmNOQVFjR29HOHdiUUlCQURCb0Jna3Foa2lHOXcwQkJ3RXdIZ1lKWUlaSUFXVURCQUV1TUJFRURNd3QvTnhZQjNuZjJSV2RHUUlCRUlBN3V2Z3pTYjIrRmQxYVROd0FPZjRJaDB2dVJ6aWM4TkFVNkpVTjd4Sjh6TnY1cW90VlBsK1NpK3luNjh1RzJzaForcGZhN3JCMWYzckFSL0U9IiwidmVyc2lvbiI6IjIiLCJ0eXBlIjoiREFUQV9LRVkiLCJleHBpcmF0aW9uIjoxNzE4Nzg0MzE0fQ==",
            "proxy_endpoint": "https://654654394525.dkr.ecr.us-east-1.amazonaws.com",
            "registry_id": null,
            "user_name": "AWS"
          },
          "sensitive_attributes": [
            [
              {
                "type": "get_attr",
                "value": "authorization_token"
              }
            ],
            [
              {
                "type": "get_attr",
                "value": "password"
              }
            ]
          ]
        }
      ]
    },
    {
      "module": "module.aws",
      "mode": "managed",
      "type": "aws_internet_gateway",
      "name": "ig_obligatorio",
      "provider": "provider[\"registry.terraform.io/hashicorp/aws\"]",
      "instances": [
        {
          "schema_version": 0,
          "attributes": {
            "arn": "arn:aws:ec2:us-east-1:654654394525:internet-gateway/igw-00902c95a58410da0",
            "id": "igw-00902c95a58410da0",
            "owner_id": "654654394525",
            "tags": {},
            "tags_all": {},
            "timeouts": null,
            "vpc_id": "vpc-0d7d4c2959890a5d1"
          },
          "sensitive_attributes": [],
          "private": "eyJlMmJmYjczMC1lY2FhLTExZTYtOGY4OC0zNDM2M2JjN2M0YzAiOnsiY3JlYXRlIjoxMjAwMDAwMDAwMDAwLCJkZWxldGUiOjEyMDAwMDAwMDAwMDAsInVwZGF0ZSI6MTIwMDAwMDAwMDAwMH19",
          "dependencies": [
            "module.aws.aws_vpc.vpc_obligatorio"
          ]
        }
      ]
    },
    {
      "module": "module.aws",
      "mode": "managed",
      "type": "aws_route",
      "name": "ruta_a_internet",
      "provider": "provider[\"registry.terraform.io/hashicorp/aws\"]",
      "instances": [
        {
          "schema_version": 0,
          "attributes": {
            "carrier_gateway_id": "",
            "core_network_arn": "",
            "destination_cidr_block": "0.0.0.0/0",
            "destination_ipv6_cidr_block": "",
            "destination_prefix_list_id": "",
            "egress_only_gateway_id": "",
            "gateway_id": "igw-00902c95a58410da0",
            "id": "r-rtb-08b977ec6ee3b451b1080289494",
            "instance_id": "",
            "instance_owner_id": "",
            "local_gateway_id": "",
            "nat_gateway_id": "",
            "network_interface_id": "",
            "origin": "CreateRoute",
            "route_table_id": "rtb-08b977ec6ee3b451b",
            "state": "active",
            "timeouts": null,
            "transit_gateway_id": "",
            "vpc_endpoint_id": "",
            "vpc_peering_connection_id": ""
          },
          "sensitive_attributes": [],
          "private": "eyJlMmJmYjczMC1lY2FhLTExZTYtOGY4OC0zNDM2M2JjN2M0YzAiOnsiY3JlYXRlIjozMDAwMDAwMDAwMDAsImRlbGV0ZSI6MzAwMDAwMDAwMDAwLCJ1cGRhdGUiOjEyMDAwMDAwMDAwMH19",
          "dependencies": [
            "module.aws.aws_internet_gateway.ig_obligatorio",
            "module.aws.aws_vpc.vpc_obligatorio"
          ]
        }
      ]
    },
    {
      "module": "module.aws",
      "mode": "managed",
      "type": "aws_security_group",
      "name": "sg_obligatorio",
      "provider": "provider[\"registry.terraform.io/hashicorp/aws\"]",
      "instances": [
        {
          "schema_version": 1,
          "attributes": {
            "arn": "arn:aws:ec2:us-east-1:654654394525:security-group/sg-0caa2e103af534750",
            "description": "Managed by Terraform",
            "egress": [
              {
                "cidr_blocks": [
                  "0.0.0.0/0"
                ],
                "description": "all",
                "from_port": 0,
                "ipv6_cidr_blocks": [],
                "prefix_list_ids": [],
                "protocol": "-1",
                "security_groups": [],
                "self": false,
                "to_port": 0
              }
            ],
            "id": "sg-0caa2e103af534750",
            "ingress": [
              {
                "cidr_blocks": [
                  "0.0.0.0/0"
                ],
                "description": "http",
                "from_port": 80,
                "ipv6_cidr_blocks": [],
                "prefix_list_ids": [],
                "protocol": "tcp",
                "security_groups": [],
                "self": false,
                "to_port": 80
              },
              {
                "cidr_blocks": [
                  "0.0.0.0/0"
                ],
                "description": "ssh",
                "from_port": 22,
                "ipv6_cidr_blocks": [],
                "prefix_list_ids": [],
                "protocol": "tcp",
                "security_groups": [],
                "self": false,
                "to_port": 22
              }
            ],
            "name": "sg_obligatorio",
            "name_prefix": "",
            "owner_id": "654654394525",
            "revoke_rules_on_delete": false,
            "tags": {},
            "tags_all": {},
            "timeouts": null,
            "vpc_id": "vpc-0d7d4c2959890a5d1"
          },
          "sensitive_attributes": [],
          "private": "eyJlMmJmYjczMC1lY2FhLTExZTYtOGY4OC0zNDM2M2JjN2M0YzAiOnsiY3JlYXRlIjo2MDAwMDAwMDAwMDAsImRlbGV0ZSI6OTAwMDAwMDAwMDAwfSwic2NoZW1hX3ZlcnNpb24iOiIxIn0=",
          "dependencies": [
            "module.aws.aws_vpc.vpc_obligatorio"
          ]
        }
      ]
    },
    {
      "module": "module.aws",
      "mode": "managed",
      "type": "aws_subnet",
      "name": "subnet_A_obligatorio",
      "provider": "provider[\"registry.terraform.io/hashicorp/aws\"]",
      "instances": [
        {
          "schema_version": 1,
          "attributes": {
            "arn": "arn:aws:ec2:us-east-1:654654394525:subnet/subnet-0a0f6e289626c953b",
            "assign_ipv6_address_on_creation": false,
            "availability_zone": "us-east-1a",
            "availability_zone_id": "use1-az1",
            "cidr_block": "172.16.1.0/24",
            "customer_owned_ipv4_pool": "",
            "enable_dns64": false,
            "enable_lni_at_device_index": 0,
            "enable_resource_name_dns_a_record_on_launch": false,
            "enable_resource_name_dns_aaaa_record_on_launch": false,
            "id": "subnet-0a0f6e289626c953b",
            "ipv6_cidr_block": "",
            "ipv6_cidr_block_association_id": "",
            "ipv6_native": false,
            "map_customer_owned_ip_on_launch": false,
            "map_public_ip_on_launch": true,
            "outpost_arn": "",
            "owner_id": "654654394525",
            "private_dns_hostname_type_on_launch": "ip-name",
            "tags": {
              "Name": "subnet-A-obligatorio"
            },
            "tags_all": {
              "Name": "subnet-A-obligatorio"
            },
            "timeouts": null,
            "vpc_id": "vpc-0d7d4c2959890a5d1"
          },
          "sensitive_attributes": [],
          "private": "eyJlMmJmYjczMC1lY2FhLTExZTYtOGY4OC0zNDM2M2JjN2M0YzAiOnsiY3JlYXRlIjo2MDAwMDAwMDAwMDAsImRlbGV0ZSI6MTIwMDAwMDAwMDAwMH0sInNjaGVtYV92ZXJzaW9uIjoiMSJ9",
          "dependencies": [
            "module.aws.aws_vpc.vpc_obligatorio"
          ]
        }
      ]
    },
    {
      "module": "module.aws",
      "mode": "managed",
      "type": "aws_subnet",
      "name": "subnet_B_obligatorio",
      "provider": "provider[\"registry.terraform.io/hashicorp/aws\"]",
      "instances": [
        {
          "schema_version": 1,
          "attributes": {
            "arn": "arn:aws:ec2:us-east-1:654654394525:subnet/subnet-0409d956ed6eb4059",
            "assign_ipv6_address_on_creation": false,
            "availability_zone": "us-east-1b",
            "availability_zone_id": "use1-az2",
            "cidr_block": "172.16.2.0/24",
            "customer_owned_ipv4_pool": "",
            "enable_dns64": false,
            "enable_lni_at_device_index": 0,
            "enable_resource_name_dns_a_record_on_launch": false,
            "enable_resource_name_dns_aaaa_record_on_launch": false,
            "id": "subnet-0409d956ed6eb4059",
            "ipv6_cidr_block": "",
            "ipv6_cidr_block_association_id": "",
            "ipv6_native": false,
            "map_customer_owned_ip_on_launch": false,
            "map_public_ip_on_launch": true,
            "outpost_arn": "",
            "owner_id": "654654394525",
            "private_dns_hostname_type_on_launch": "ip-name",
            "tags": {
              "Name": "subnet-B-obligatorio"
            },
            "tags_all": {
              "Name": "subnet-B-obligatorio"
            },
            "timeouts": null,
            "vpc_id": "vpc-0d7d4c2959890a5d1"
          },
          "sensitive_attributes": [],
          "private": "eyJlMmJmYjczMC1lY2FhLTExZTYtOGY4OC0zNDM2M2JjN2M0YzAiOnsiY3JlYXRlIjo2MDAwMDAwMDAwMDAsImRlbGV0ZSI6MTIwMDAwMDAwMDAwMH0sInNjaGVtYV92ZXJzaW9uIjoiMSJ9",
          "dependencies": [
            "module.aws.aws_vpc.vpc_obligatorio"
          ]
        }
      ]
    },
    {
      "module": "module.aws",
      "mode": "managed",
      "type": "aws_vpc",
      "name": "vpc_obligatorio",
      "provider": "provider[\"registry.terraform.io/hashicorp/aws\"]",
      "instances": [
        {
          "schema_version": 1,
          "attributes": {
            "arn": "arn:aws:ec2:us-east-1:654654394525:vpc/vpc-0d7d4c2959890a5d1",
            "assign_generated_ipv6_cidr_block": false,
            "cidr_block": "172.16.0.0/16",
            "default_network_acl_id": "acl-0715175c0bc45708e",
            "default_route_table_id": "rtb-08b977ec6ee3b451b",
            "default_security_group_id": "sg-07509480e2f062e4a",
            "dhcp_options_id": "dopt-068fd658d84a3f0eb",
            "enable_dns_hostnames": true,
            "enable_dns_support": true,
            "enable_network_address_usage_metrics": false,
            "id": "vpc-0d7d4c2959890a5d1",
            "instance_tenancy": "default",
            "ipv4_ipam_pool_id": null,
            "ipv4_netmask_length": null,
            "ipv6_association_id": "",
            "ipv6_cidr_block": "",
            "ipv6_cidr_block_network_border_group": "",
            "ipv6_ipam_pool_id": "",
            "ipv6_netmask_length": 0,
            "main_route_table_id": "rtb-08b977ec6ee3b451b",
            "owner_id": "654654394525",
            "tags": {
              "Name": "vpc-obligatorio"
            },
            "tags_all": {
              "Name": "vpc-obligatorio"
            }
          },
          "sensitive_attributes": [],
          "private": "eyJzY2hlbWFfdmVyc2lvbiI6IjEifQ=="
        }
      ]
    },
    {
      "module": "module.docker",
      "mode": "data",
      "type": "aws_caller_identity",
      "name": "current",
      "provider": "provider[\"registry.terraform.io/hashicorp/aws\"]",
      "instances": [
        {
          "schema_version": 0,
          "attributes": {
            "account_id": "654654394525",
            "arn": "arn:aws:sts::654654394525:assumed-role/voclabs/user3154006=gpramirezecheverria@gmail.com",
            "id": "654654394525",
            "user_id": "AROAZQ3DRKCORTCTDEKVT:user3154006=gpramirezecheverria@gmail.com"
          },
          "sensitive_attributes": []
        }
      ]
    },
    {
      "module": "module.docker",
      "mode": "data",
      "type": "aws_ecr_authorization_token",
      "name": "token",
      "provider": "provider[\"registry.terraform.io/hashicorp/aws\"]",
      "instances": [
        {
          "schema_version": 0,
          "attributes": {
            "authorization_token": "QVdTOmV5SndZWGxzYjJGa0lqb2lhVmxRYkhORU5WRkNka2hxTlVkeVVHdFRiVGx6UzBreVNUZFZhbXhIWm1aMFMycHJOV2RXYUhGNFJESk5jRE12YURkb1FYTk1LemM0U1ZCaFltVjNRMk5DVDFwd1N6QnFaRWx3VFZSWEswZE5XRFV6ZHpsQ1pUTktPSFo1TUhOWE1GVTVNREpRUkZseU9VVXpXbW80Y0RRMVJraG1MMEpXUVRWbVduRnRRbmh3VUU5VVZYRm9VVTFaUVRacVN5dDBVbnA0TURabWRWa3phMDVtYVZGWVJtRXpaR1p5WnpWcmNpOTRNM3BSVlRWTE1rRnZhRVEwYmpWWFR6SmpRMmh6WlZkWmRrZFlZMXB4WjNCbGNtVjRTQzlaWjFncmJUaFZNM2xIY0ZWNVJqSjBhR2xoVlRneWFsbDRPR3RZYldSaWNXVlRSWFJOUTJGNWRVSktkVTlEWjFaRldrZ3haVGQ1YVhWRE9IRktjRUpMTDNVeVVFSXdRbXdyWW1KT1ZEZHRZMHd4U1haelpHeGhTRFl4V0ZWM2JVNUdaWEprU2xSNlR6VlZLMEpQZVVZM2JWbHRNVFZIVlRoTE5UQkdVMUZTYTFWYVN6QTRNekJsVFRORFVYcHRUR00wWW1GRGFGRXZLMk5CTjBGT1NHSXdNMWxhTTFSd2J6ZG5URUZFUTJ4WWJuUnBaWHBoUTBWUmJGSnpjell6YzFFNVptRm5hRVJXVTA5d00zWTJUeXQzTW10dmNrRm1TazR5VDFkWk5VSkxWWGxRVlRkcFRqTjJTVXhVVEZkSldXbDVURmgyTW5SVVdVczNVRTE2VTBvMU5saGhURXgzVEROeE1ub3JabGRVUzNkMGVVOVZTVEJpY21VdlNXZzROMlpoUzBKV1pqWlNTa2RZUTJOSlYxWXZSemN3U1dKUlJ6TnlWazFoTnpKM2NHSjFRMk5OTWxCd1VFRnhiV2xqYUc5NlNsWTBZWEJUUzFwdU4ybG9PRXRaWkZBd1ZYY3lTak5qU25KNVUwNWFXa1JDYWpkS1FpdGxSSFpPT1daTE4zQkNhVlV3TkdSV2MzTlJRaXR3TDBaU05GVjJiVUYwWkhoTmIwMW9kVlF6ZERKVGIzRnJTRTEwZUdaVEsxaFJWbUpGVTBVNFJuUjNaRTVXTmt4SGVYSkdTVGc1UVc1clpYUXZhR1ZJWldWaWVIRjBTa2xRTkdwRmJUaGlTMjFhY0VveGRFWlBkSEowUVM5MWNuaEhVa1pyWTI5eU4wTk1XazVsVTBGaVZYZFVNbnAzY2xkclNUZHVUbWhrUlV4bFpHMU9hR3BsV1VOMWJDc3hkVEpUU1habFlqTTROM1ZFVUhCdFJHbHpaMk5oWmtaTlJsaG5hRzFUVDFka2RGVnJPVk4zV0dGMlVHdDNRbFZKSzJrMlFWZE9WVGR2U0dweGN6SmtVVFpxTWxCUk9EWlVWblIzTVRSWVdVSjFSMFJXYVVwQ2NsWk5SU3RJT1doTmFtdG5VSGQzWkZsalpuRlFXWGdyUVRZelRuRTFNRE5CYXpFNWRuWkxWRk0wWmpCV01HeHZWMjExYURCaGRIWjNlakJpYldwclJFVnpjRVpLVDJVd1FXSlFXRnAyTDFCamFVMUlSMlpOWTFZelFWTktTVTlQZGpSdlFXd3JSRVV4TUc1bU9VRjFiRkF5V2xKUVRYQmxZMDByWnpsSVYwWmhVM1YxWW1NeU0wWlpZV3BhYW5GclVqQm5NVEZzYjNSSk5WRnVPVkp6YTIxMWRWSlhiRGhKTUVoQ2RtOXJRa2w1YzNaTk9VTlBha3g2TW1WWWIxSXJhbTExTVZsdWNrWkpZVk5TY1ROMFMyTXdURmRrYjFwM09Va3lRV1ZEWWpGU1FucEZTbkZyY0ZGaGFHRmtaV3BLWW10NGMzRkpTRkJ1ZG1wcVdEWTRTWGRJVWxWemVERXJNSE5vYzJka2FHNW1ZWEp1VlN0alZubFhWWHBuZUhveVVXcHVhM2RrV2twWWRXaElVSEI1UVhwMkwxQmFPR2hOVTFWamVIaDFWVUptVW0xeU5EUlBWVk5yVTFKNVozbzNhbEZ4UTBaWmNVSXpNRzVZUm1OblVYSnBiVTR3YVc0MlN6ZFVVV3AwUTBsSU4yczBiVzVHVERZMmMzazRXbmhZVkZsblFuTkdVbmR5TlRkUU5GRmlObUpMSzA5b1ZGQklNRXM1ZURaYWNTOTNNVzl2ZEVGbVlsRmxWVFYzVkZVeE1UTkNWblZoUmxwdVYwbDFaa2N2WVUxU2VYZFBkV2sxUmtkR2FYcEVWV1IyZVVGWVIyUkNSSE5SWXpsa2RVTmxORUZCTWxNNUwwWktSM1YwVDNGcGJrVldVazFaU0ZkT2Jrb3JkRVJXYmk5V2RWVlRiV2d2VFdSRklpd2laR0YwWVd0bGVTSTZJa0ZSUlVKQlNHaDNiVEJaWVVsVFNtVlNkRXB0Tlc0eFJ6WjFjV1ZsYTFoMWIxaFlVR1UxVlVaalpUbFNjVGd2TVRSM1FVRkJTRFIzWmtGWlNrdHZXa2xvZG1OT1FWRmpSMjlIT0hkaVVVbENRVVJDYjBKbmEzRm9hMmxIT1hjd1FrSjNSWGRJWjFsS1dVbGFTVUZYVlVSQ1FVVjFUVUpGUlVSSlpWUk5VM1ZuTVdReldtVkRVa3RpZDBsQ1JVbEJOMHN4YW1aRU1HTm9PR05EV0daVmVFWlNjbmRGUzFaUFlrVkVZa3RxT0cxd1NVMXhOMk5RTUhjMGFFWmpkRlZLZVhSVmNteDJLMWhPYm1STFEwWXpTWEV2TVZkVVNsSkJUazlCVWsxWVRFVTlJaXdpZG1WeWMybHZiaUk2SWpJaUxDSjBlWEJsSWpvaVJFRlVRVjlMUlZraUxDSmxlSEJwY21GMGFXOXVJam94TnpFNE56ZzBNekUwZlE9PQ==",
            "expires_at": "2024-06-19T08:05:14Z",
            "id": "us-east-1",
            "password": "eyJwYXlsb2FkIjoiaVlQbHNENVFCdkhqNUdyUGtTbTlzS0kySTdVamxHZmZ0S2prNWdWaHF4RDJNcDMvaDdoQXNMKzc4SVBhYmV3Q2NCT1pwSzBqZElwTVRXK0dNWDUzdzlCZTNKOHZ5MHNXMFU5MDJQRFlyOUUzWmo4cDQ1RkhmL0JWQTVmWnFtQnhwUE9UVXFoUU1ZQTZqSyt0Unp4MDZmdVkza05maVFYRmEzZGZyZzVrci94M3pRVTVLMkFvaEQ0bjVXTzJjQ2hzZVdZdkdYY1pxZ3BlcmV4SC9ZZ1grbThVM3lHcFV5RjJ0aGlhVTgyall4OGtYbWRicWVTRXRNQ2F5dUJKdU9DZ1ZFWkgxZTd5aXVDOHFKcEJLL3UyUEIwQmwrYmJOVDdtY0wxSXZzZGxhSDYxWFV3bU5GZXJkSlR6TzVVK0JPeUY3bVltMTVHVThLNTBGU1FSa1VaSzA4MzBlTTNDUXptTGM0YmFDaFEvK2NBN0FOSGIwM1laM1RwbzdnTEFEQ2xYbnRpZXphQ0VRbFJzczYzc1E5ZmFnaERWU09wM3Y2Tyt3MmtvckFmSk4yT1dZNUJLVXlQVTdpTjN2SUxUTFdJWWl5TFh2MnRUWUs3UE16U0o1NlhhTEx3TDNxMnorZldUS3d0eU9VSTBicmUvSWg4N2ZhS0JWZjZSSkdYQ2NJV1YvRzcwSWJRRzNyVk1hNzJ3cGJ1Q2NNMlBwUEFxbWljaG96SlY0YXBTS1puN2loOEtZZFAwVXcySjNjSnJ5U05aWkRCajdKQitlRHZOOWZLN3BCaVUwNGRWc3NRQitwL0ZSNFV2bUF0ZHhNb01odVQzdDJTb3FrSE10eGZTK1hRVmJFU0U4RnR3ZE5WNkxHeXJGSTg5QW5rZXQvaGVIZWVieHF0SklQNGpFbThiS21acEoxdEZPdHJ0QS91cnhHUkZrY29yN0NMWk5lU0FiVXdUMnp3cldrSTduTmhkRUxlZG1OaGplWUN1bCsxdTJTSXZlYjM4N3VEUHBtRGlzZ2NhZkZNRlhnaG1TT1dkdFVrOVN3WGF2UGt3QlVJK2k2QVdOVTdvSGpxczJkUTZqMlBRODZUVnR3MTRYWUJ1R0RWaUpCclZNRStIOWhNamtnUHd3ZFljZnFQWXgrQTYzTnE1MDNBazE5dnZLVFM0ZjBWMGxvV211aDBhdHZ3ejBibWprREVzcEZKT2UwQWJQWFp2L1BjaU1IR2ZNY1YzQVNKSU9PdjRvQWwrREUxMG5mOUF1bFAyWlJQTXBlY00rZzlIV0ZhU3V1YmMyM0ZZYWpaanFrUjBnMTFsb3RJNVFuOVJza211dVJXbDhJMEhCdm9rQkl5c3ZNOUNPakx6MmVYb1Iram11MVluckZJYVNScTN0S2MwTFdkb1p3OUkyQWVDYjFSQnpFSnFrcFFhaGFkZWpKYmt4c3FJSFBudmpqWDY4SXdIUlVzeDErMHNoc2dkaG5mYXJuVStjVnlXVXpneHoyUWpua3dkWkpYdWhIUHB5QXp2L1BaOGhNU1VjeHh1VUJmUm1yNDRPVVNrU1J5Z3o3alFxQ0ZZcUIzMG5YRmNnUXJpbU4waW42SzdUUWp0Q0lIN2s0bW5GTDY2c3k4WnhYVFlnQnNGUndyNTdQNFFiNmJLK09oVFBIMEs5eDZacS93MW9vdEFmYlFlVTV3VFUxMTNCVnVhRlpuV0l1ZkcvYU1SeXdPdWk1RkdGaXpEVWR2eUFYR2RCRHNRYzlkdUNlNEFBMlM5L0ZKR3V0T3FpbkVWUk1ZSFdObkordERWbi9WdVVTbWgvTWRFIiwiZGF0YWtleSI6IkFRRUJBSGh3bTBZYUlTSmVSdEptNW4xRzZ1cWVla1h1b1hYUGU1VUZjZTlScTgvMTR3QUFBSDR3ZkFZSktvWklodmNOQVFjR29HOHdiUUlCQURCb0Jna3Foa2lHOXcwQkJ3RXdIZ1lKWUlaSUFXVURCQUV1TUJFRURJZVRNU3VnMWQzWmVDUktid0lCRUlBN0sxamZEMGNoOGNDWGZVeEZScndFS1ZPYkVEYktqOG1wSU1xN2NQMHc0aEZjdFVKeXRVcmx2K1hObmRLQ0YzSXEvMVdUSlJBTk9BUk1YTEU9IiwidmVyc2lvbiI6IjIiLCJ0eXBlIjoiREFUQV9LRVkiLCJleHBpcmF0aW9uIjoxNzE4Nzg0MzE0fQ==",
            "proxy_endpoint": "https://654654394525.dkr.ecr.us-east-1.amazonaws.com",
            "registry_id": null,
            "user_name": "AWS"
          },
          "sensitive_attributes": [
            [
              {
                "type": "get_attr",
                "value": "authorization_token"
              }
            ],
            [
              {
                "type": "get_attr",
                "value": "password"
              }
            ]
          ]
        }
      ]
    },
    {
      "module": "module.docker",
      "mode": "managed",
      "type": "aws_ecr_repository",
      "name": "db",
      "provider": "provider[\"registry.terraform.io/hashicorp/aws\"]",
      "instances": [
        {
          "schema_version": 0,
          "attributes": {
            "arn": "arn:aws:ecr:us-east-1:654654394525:repository/db",
            "encryption_configuration": [
              {
                "encryption_type": "AES256",
                "kms_key": ""
              }
            ],
            "force_delete": true,
            "id": "db",
            "image_scanning_configuration": [
              {
                "scan_on_push": false
              }
            ],
            "image_tag_mutability": "MUTABLE",
            "name": "db",
            "registry_id": "654654394525",
            "repository_url": "654654394525.dkr.ecr.us-east-1.amazonaws.com/db",
            "tags": {},
            "tags_all": {},
            "timeouts": null
          },
          "sensitive_attributes": [],
          "private": "eyJlMmJmYjczMC1lY2FhLTExZTYtOGY4OC0zNDM2M2JjN2M0YzAiOnsiZGVsZXRlIjoxMjAwMDAwMDAwMDAwfX0="
        }
      ]
    },
    {
      "module": "module.docker",
      "mode": "managed",
      "type": "aws_ecr_repository",
      "name": "web",
      "provider": "provider[\"registry.terraform.io/hashicorp/aws\"]",
      "instances": [
        {
          "schema_version": 0,
          "attributes": {
            "arn": "arn:aws:ecr:us-east-1:654654394525:repository/web",
            "encryption_configuration": [
              {
                "encryption_type": "AES256",
                "kms_key": ""
              }
            ],
            "force_delete": true,
            "id": "web",
            "image_scanning_configuration": [
              {
                "scan_on_push": false
              }
            ],
            "image_tag_mutability": "MUTABLE",
            "name": "web",
            "registry_id": "654654394525",
            "repository_url": "654654394525.dkr.ecr.us-east-1.amazonaws.com/web",
            "tags": {},
            "tags_all": {},
            "timeouts": null
          },
          "sensitive_attributes": [],
          "private": "eyJlMmJmYjczMC1lY2FhLTExZTYtOGY4OC0zNDM2M2JjN2M0YzAiOnsiZGVsZXRlIjoxMjAwMDAwMDAwMDAwfX0="
        }
      ]
    },
    {
      "module": "module.docker",
      "mode": "managed",
      "type": "docker_image",
      "name": "db",
      "provider": "provider[\"registry.terraform.io/kreuzwerker/docker\"]",
      "instances": [
        {
          "schema_version": 0,
          "attributes": {
            "build": [
              {
                "auth_config": [],
                "build_arg": {},
                "build_args": {},
                "build_id": "",
                "cache_from": [],
                "cgroup_parent": "",
                "context": "./imagenes-docker/mysql57/",
                "cpu_period": 0,
                "cpu_quota": 0,
                "cpu_set_cpus": "",
                "cpu_set_mems": "",
                "cpu_shares": 0,
                "dockerfile": "Dockerfile",
                "extra_hosts": [],
                "force_remove": false,
                "isolation": "",
                "label": {},
                "labels": {},
                "memory": 0,
                "memory_swap": 0,
                "network_mode": "",
                "no_cache": false,
                "platform": "",
                "pull_parent": false,
                "remote_context": "",
                "remove": true,
                "security_opt": [],
                "session_id": "",
                "shm_size": 0,
                "squash": false,
                "suppress_output": false,
                "tag": [],
                "target": "",
                "ulimit": [],
                "version": ""
              }
            ],
            "force_remove": null,
            "id": "sha256:92baf7a5544490b19c36d8cb0a38a1171d87a249fae3eff4cc3146a482fba569654654394525.dkr.ecr.us-east-1.amazonaws.com/db",
            "image_id": "sha256:92baf7a5544490b19c36d8cb0a38a1171d87a249fae3eff4cc3146a482fba569",
            "keep_locally": null,
            "name": "654654394525.dkr.ecr.us-east-1.amazonaws.com/db",
            "platform": null,
            "pull_triggers": null,
            "repo_digest": "654654394525.dkr.ecr.us-east-1.amazonaws.com/db@sha256:9c1b31cd439abd534e374c45be3e3b91f1cde7b67aaebfbfa479f1bb32e284fe",
            "triggers": null
          },
          "sensitive_attributes": [],
          "private": "bnVsbA==",
          "dependencies": [
            "data.aws_caller_identity.current",
            "data.aws_ecr_authorization_token.token",
            "module.docker.data.aws_caller_identity.current"
          ]
        }
      ]
    },
    {
      "module": "module.docker",
      "mode": "managed",
      "type": "docker_image",
      "name": "web",
      "provider": "provider[\"registry.terraform.io/kreuzwerker/docker\"]",
      "instances": [
        {
          "schema_version": 0,
          "attributes": {
            "build": [
              {
                "auth_config": [],
                "build_arg": {},
                "build_args": {},
                "build_id": "",
                "cache_from": [],
                "cgroup_parent": "",
                "context": "./imagenes-docker/apache-php/",
                "cpu_period": 0,
                "cpu_quota": 0,
                "cpu_set_cpus": "",
                "cpu_set_mems": "",
                "cpu_shares": 0,
                "dockerfile": "Dockerfile",
                "extra_hosts": [],
                "force_remove": false,
                "isolation": "",
                "label": {},
                "labels": {},
                "memory": 0,
                "memory_swap": 0,
                "network_mode": "",
                "no_cache": false,
                "platform": "",
                "pull_parent": false,
                "remote_context": "",
                "remove": true,
                "security_opt": [],
                "session_id": "",
                "shm_size": 0,
                "squash": false,
                "suppress_output": false,
                "tag": [],
                "target": "",
                "ulimit": [],
                "version": ""
              }
            ],
            "force_remove": null,
            "id": "sha256:e41939413847febfff798e5411c95e04e65f8840cf3d15dcb3ea7444326177fb654654394525.dkr.ecr.us-east-1.amazonaws.com/web",
            "image_id": "sha256:e41939413847febfff798e5411c95e04e65f8840cf3d15dcb3ea7444326177fb",
            "keep_locally": null,
            "name": "654654394525.dkr.ecr.us-east-1.amazonaws.com/web",
            "platform": null,
            "pull_triggers": null,
            "repo_digest": "",
            "triggers": null
          },
          "sensitive_attributes": [],
          "private": "bnVsbA==",
          "dependencies": [
            "data.aws_caller_identity.current",
            "data.aws_ecr_authorization_token.token",
            "module.docker.data.aws_caller_identity.current"
          ]
        }
      ]
    },
    {
      "module": "module.docker",
      "mode": "managed",
      "type": "docker_registry_image",
      "name": "db",
      "provider": "provider[\"registry.terraform.io/kreuzwerker/docker\"]",
      "instances": [
        {
          "schema_version": 0,
          "attributes": {
            "id": "sha256:9c1b31cd439abd534e374c45be3e3b91f1cde7b67aaebfbfa479f1bb32e284fe",
            "insecure_skip_verify": false,
            "keep_remotely": false,
            "name": "654654394525.dkr.ecr.us-east-1.amazonaws.com/db",
            "sha256_digest": "sha256:9c1b31cd439abd534e374c45be3e3b91f1cde7b67aaebfbfa479f1bb32e284fe",
            "triggers": null
          },
          "sensitive_attributes": [],
          "private": "bnVsbA==",
          "dependencies": [
            "data.aws_caller_identity.current",
            "data.aws_ecr_authorization_token.token",
            "module.docker.data.aws_caller_identity.current"
          ]
        }
      ]
    },
    {
      "module": "module.docker",
      "mode": "managed",
      "type": "docker_registry_image",
      "name": "web",
      "provider": "provider[\"registry.terraform.io/kreuzwerker/docker\"]",
      "instances": [
        {
          "schema_version": 0,
          "attributes": {
            "id": "sha256:00dd062542f4b5f90f501d74d3f48dfa85fa3ace095b813a21b758d53e8c2dc4",
            "insecure_skip_verify": false,
            "keep_remotely": false,
            "name": "654654394525.dkr.ecr.us-east-1.amazonaws.com/web",
            "sha256_digest": "sha256:00dd062542f4b5f90f501d74d3f48dfa85fa3ace095b813a21b758d53e8c2dc4",
            "triggers": null
          },
          "sensitive_attributes": [],
          "private": "bnVsbA==",
          "dependencies": [
            "data.aws_caller_identity.current",
            "data.aws_ecr_authorization_token.token",
            "module.docker.data.aws_caller_identity.current"
          ]
        }
      ]
    }
  ],
  "check_results": null
}
