{
  "version": 4,
  "terraform_version": "1.8.5",
  "serial": 394,
  "lineage": "d1c58729-fe15-cda0-aef2-93226575cda0",
  "outputs": {},
  "resources": [
    {
      "mode": "data",
      "type": "aws_caller_identity",
      "name": "current",
      "provider": "provider[\"registry.terraform.io/hashicorp/aws\"]",
      "instances": [
        {
          "schema_version": 0,
          "attributes": {
            "account_id": "654654394525",
            "arn": "arn:aws:sts::654654394525:assumed-role/voclabs/user3154006=gpramirezecheverria@gmail.com",
            "id": "654654394525",
            "user_id": "AROAZQ3DRKCORTCTDEKVT:user3154006=gpramirezecheverria@gmail.com"
          },
          "sensitive_attributes": []
        }
      ]
    },
    {
      "mode": "data",
      "type": "aws_ecr_authorization_token",
      "name": "token",
      "provider": "provider[\"registry.terraform.io/hashicorp/aws\"]",
      "instances": [
        {
          "schema_version": 0,
          "attributes": {
            "authorization_token": "QVdTOmV5SndZWGxzYjJGa0lqb2liR3hSYWxGbFFXMXFRa05XTlcxVk0yNXVTMGh3VkdGeFMxRlJiamxqVjBVek5GUXpjbXhHUlcxbFNtTkhjbFUxYTA4MlVtNHdLMjlITmpCaGJVOXBSbHBKWlhGbWIzVkRNVmgwTDNoU1pHOXdUVWh3SzBwdVFuSkRibEF2YjNwVmRUVkViR3R2YUd0UmFUaHlORVF5UzJwYU1uUkVkelZEZEM5RFZUQkxPRWhUZWtreFkxWlJTRmN4WVRBckwwWk1SMFkwUW5GdWVVbHROVk5CUjI5RGFXbDZRME5pTldacU9XRkpjV0poYW13NFpWaDBka1F2WkVWTEsybG9Wak5CY2pSeFVTdEtTVGx5YzFwck1GUlhVRzFPTjNnNFZHZHZUREZWY25sa09EWkhTRTFyVldOR0szcEVWSE53Y0ZWalowaExSamMxVlRaUmNFTkJZVVJ2SzNOdk4weEpSblpXY1d4S2IyTmtXakI2Ym0xYWJWZFVSSFJSU3pGYWN6SklVelZ6Y0hsM1JTOTNiRWxpT0U5aE9GcE9UR2RaV2pkdlQxRXplVmtyYld4bE9IZzNUa1JPU2taSFdFOW9ObWsxWWpablVFSk5lRk5OY0VRNFdrZEdiV0YwYjBkTU9ITlpNbHBrZVZSRGF6ZEROVVpXZUhsSFVIaGpjV2x5U1RsR0wxQTNNRlZoV25CR1YyRkxNR3RtTDIwemJreGxXRmhRY2pKSlprUXhNa1Y2T0RSblZYSlpSWE5IYjBSMVVURTVkeTlWT1N0bFluTnJiRWhVYnpoMVFYSmhaMUpZUmtjMFoyeDRXSGhaVWpoR2VqaFhPVGhZV25OMlNYVnZXR3huYlZodFRUSXZla00zWTFOQ1oyNVhlR2hDVWtJcmRVZDFkWEpqVW1ka1lYUnZabGgwUVZwSVlsRlplVTFWYjNwekwyTkVNREZMV0ZSVFJDOXVlQzk2YzFwRE5sWkhOMFJ0VGxsTU9VcDRSRmhCUW5WSWJHcHpkM014VjJOeVQxUlFPVk5LU0hwSUwzbFZOMFZ1YURsb1JVOUROblU1VFhKS2VpdHhaVzFCWWpNMFZuVllWazlRT1U1elZWVXJWa1ZGTUhoU2JETkhWVkpFUzJkdVZrcHNaVFJEUlVsbU4waFpWVVZhVm5aWmVIYzRORGxFTkU1bVdrZGlSMkZGYmt4VmJESTFSa2REVDNWQkwzcFZXbE5EWkVKSFUzRnFNVk5tWWpBM056QnFUVFZsTmtnM2MweG9NbE5DY2xWWlQwMWpkRTVxZG5KVlowazFRWHA1VEc5eWJXdDFja3hPVEhweFJFMHZaelZVSzFOak9XeGxPV0o1U0ZFNVRVeEJUakEzVEdreFMxSXpVSGRUV0dGdWEwSmhNamcyTVZnMlkxQlNNV1ZHVjJkNFpHRkhXbmhDWlRZeGFGRnFlRGRZTDFsbE5FTkJTVE0wVDI4M1dYQTBTM0YxTldaTVdHYzJOakpRUjNjNVYzbDVkM0V2TUd4R2NUQndZbVo2T0VWT01UQjVRbkV6Vm14M05sa3piVFkwUkRkNWJtTllLMXAzVG5VMkwzbHJiVVZJUjFwbWRYTk1TeTluYUZCUk4wOHhkMWhTVERaM2VWUlBkbEpPTXlzemVVeEJVRXRpWnpsbWJEZDFVbFpKZWtsRlFtVnJOelkzZUdkS09HMXJOVTluYURKbmVqZGhabkl2UjJsRVRuaEpUMkpNWmxJdmRrNWhNRTVzZDI0M1QzQnVjRGw1VVVoaFpuRkZUMkZTU2sxSEt6TjVTR05tVVdOU1MwSnlWVE5ZVDB4MUwxbDRWall4V20xbFdHeHdPRmxsVjFsMFptUlJMMnBXVGpGU09YTlZkVEZWU0UxRE1VMVZkR3RXUVhkMVptNDJZa1I2TUd0dUt6Z3pOWGRvYURaTUwzaFpka2RWVGtOcFEyVnZjMWhwVm5WWWNpc3lXVVUyY0RkblpDdExORWMwV0hGNk5IZEJVbU5EYkZwUlRra3ZMeXRoYWtKVmFGRkhhbE12VURBdk5FeDRVekZTSzB3NEwwWXdaRU16TWpNeGQwdDZSbVpsUmxveFR6VnVha3h2UjJoQ1prdFRlRmxJY1Zwc1dGZzRjVlZJT1hKcFdXWklaV3BVSzFsNlNXUlVPREZOT1hGTFlUWnNaMXBTYTFwcmRFbHhaR05pVjA1Q1VIQlhjM0I0VVhGSlVscG1VbUZwZWxrcmFGTTVhR3huVUc4NGNVeGlWalV4VUZWTlNHNTFiVFZLV2xGS0sxWnRSVlZFYkRZdmFqRTVVek5zTVdOWFIwbzNkeXRwVVZWbFVrUkVUVWRtUWtkbFVqTnRaa2RUTlhWVlVYcEhNVEJaUVVSME5GbGxZWFFyWlRSSVZGQlFLMk0zWTI1RUlpd2laR0YwWVd0bGVTSTZJa0ZSUlVKQlNHaDNiVEJaWVVsVFNtVlNkRXB0Tlc0eFJ6WjFjV1ZsYTFoMWIxaFlVR1UxVlVaalpUbFNjVGd2TVRSM1FVRkJTRFIzWmtGWlNrdHZXa2xvZG1OT1FWRmpSMjlIT0hkaVVVbENRVVJDYjBKbmEzRm9hMmxIT1hjd1FrSjNSWGRJWjFsS1dVbGFTVUZYVlVSQ1FVVjFUVUpGUlVSR09GaHNVRXAwWjNGclZsWktha012ZDBsQ1JVbEJOMnRJVjBWV2VHaDZaVWs1WVU5V1QxSkphMEpoV0VsdU4wVlpVV05MZGt0c00xaHVPVGRvY1c5M1lrbHRRWEJRUzNST1JuWnlWM05WYlhGMFpWQlNhSGtyV0RjNU56ZGhMMjluYzFaVVZHTTlJaXdpZG1WeWMybHZiaUk2SWpJaUxDSjBlWEJsSWpvaVJFRlVRVjlMUlZraUxDSmxlSEJwY21GMGFXOXVJam94TnpFNE9EVTBNREV4ZlE9PQ==",
            "expires_at": "2024-06-20T03:26:51Z",
            "id": "us-east-1",
            "password": "eyJwYXlsb2FkIjoibGxRalFlQW1qQkNWNW1VM25uS0hwVGFxS1FRbjljV0UzNFQzcmxGRW1lSmNHclU1a082Um4wK29HNjBhbU9pRlpJZXFmb3VDMVh0L3hSZG9wTUhwK0puQnJDblAvb3pVdTVEbGtvaGtRaThyNEQyS2paMnREdzVDdC9DVTBLOEhTekkxY1ZRSFcxYTArL0ZMR0Y0QnFueUltNVNBR29DaWl6Q0NiNWZqOWFJcWJhamw4ZVh0dkQvZEVLK2loVjNBcjRxUStKSTlyc1prMFRXUG1ON3g4VGdvTDFVcnlkODZHSE1rVWNGK3pEVHNwcFVjZ0hLRjc1VTZRcENBYURvK3NvN0xJRnZWcWxKb2NkWjB6bm1abVdURHRRSzFaczJIUzVzcHl3RS93bEliOE9hOFpOTGdZWjdvT1EzeVkrbWxlOHg3TkROSkZHWE9oNmk1YjZnUEJNeFNNcEQ4WkdGbWF0b0dMOHNZMlpkeVRDazdDNUZWeHlHUHhjcWlySTlGL1A3MFVhWnBGV2FLMGtmL20zbkxlWFhQcjJJZkQxMkV6ODRnVXJZRXNHb0R1UTE5dy9VOStlYnNrbEhUbzh1QXJhZ1JYRkc0Z2x4WHhZUjhGejhXOThYWnN2SXVvWGxnbVhtTTIvekM3Y1NCZ25XeGhCUkIrdUd1dXJjUmdkYXRvZlh0QVpIYlFZeU1Vb3pzL2NEMDFLWFRTRC9ueC96c1pDNlZHN0RtTllMOUp4RFhBQnVIbGpzd3MxV2NyT1RQOVNKSHpIL3lVN0VuaDloRU9DNnU5TXJKeitxZW1BYjM0VnVYVk9QOU5zVVUrVkVFMHhSbDNHVVJES2duVkpsZTRDRUlmN0hZVUVaVnZZeHc4NDlENE5mWkdiR2FFbkxVbDI1RkdDT3VBL3pVWlNDZEJHU3FqMVNmYjA3NzBqTTVlNkg3c0xoMlNCclVZT01jdE5qdnJVZ0k1QXp5TG9ybWt1ckxOTHpxRE0vZzVUK1NjOWxlOWJ5SFE5TUxBTjA3TGkxS1IzUHdTWGFua0JhMjg2MVg2Y1BSMWVGV2d4ZGFHWnhCZTYxaFFqeDdYL1llNENBSTM0T283WXA0S3F1NWZMWGc2NjJQR3c5V3l5d3EvMGxGcTBwYmZ6OEVOMTB5QnEzVmx3NlkzbTY0RDd5bmNYK1p3TnU2L3lrbUVIR1pmdXNMSy9naFBRN08xd1hSTDZ3eVRPdlJOMyszeUxBUEtiZzlmbDd1UlZJeklFQmVrNzY3eGdKOG1rNU9naDJnejdhZnIvR2lETnhJT2JMZlIvdk5hME5sd243T3BucDl5UUhhZnFFT2FSSk1HKzN5SGNmUWNSS0JyVTNYT0x1L1l4VjYxWm1lWGxwOFllV1l0ZmRRL2pWTjFSOXNVdTFVSE1DMU1VdGtWQXd1Zm42YkR6MGtuKzgzNXdoaDZML3hZdkdVTkNpQ2Vvc1hpVnVYcisyWUU2cDdnZCtLNEc0WHF6NHdBUmNDbFpRTkkvLythakJVaFFHalMvUDAvNEx4UzFSK0w4L0YwZEMzMjMxd0t6RmZlRloxTzVuakxvR2hCZktTeFlIcVpsWFg4cVVIOXJpWWZIZWpUK1l6SWRUODFNOXFLYTZsZ1pSa1prdElxZGNiV05CUHBXc3B4UXFJUlpmUmFpelkraFM5aGxnUG84cUxiVjUxUFVNSG51bTVKWlFKK1ZtRVVEbDYvajE5UzNsMWNXR0o3dytpUVVlUkRETUdmQkdlUjNtZkdTNXVVUXpHMTBZQUR0NFllYXQrZTRIVFBQK2M3Y25EIiwiZGF0YWtleSI6IkFRRUJBSGh3bTBZYUlTSmVSdEptNW4xRzZ1cWVla1h1b1hYUGU1VUZjZTlScTgvMTR3QUFBSDR3ZkFZSktvWklodmNOQVFjR29HOHdiUUlCQURCb0Jna3Foa2lHOXcwQkJ3RXdIZ1lKWUlaSUFXVURCQUV1TUJFRURGOFhsUEp0Z3FrVlZKakMvd0lCRUlBN2tIV0VWeGh6ZUk5YU9WT1JJa0JhWEluN0VZUWNLdktsM1huOTdocW93YkltQXBQS3RORnZyV3NVbXF0ZVBSaHkrWDc5NzdhL29nc1ZUVGM9IiwidmVyc2lvbiI6IjIiLCJ0eXBlIjoiREFUQV9LRVkiLCJleHBpcmF0aW9uIjoxNzE4ODU0MDExfQ==",
            "proxy_endpoint": "https://654654394525.dkr.ecr.us-east-1.amazonaws.com",
            "registry_id": null,
            "user_name": "AWS"
          },
          "sensitive_attributes": [
            [
              {
                "type": "get_attr",
                "value": "authorization_token"
              }
            ],
            [
              {
                "type": "get_attr",
                "value": "password"
              }
            ]
          ]
        }
      ]
    },
    {
      "module": "module.aws",
      "mode": "data",
      "type": "aws_caller_identity",
      "name": "current",
      "provider": "provider[\"registry.terraform.io/hashicorp/aws\"]",
      "instances": [
        {
          "schema_version": 0,
          "attributes": {
            "account_id": "654654394525",
            "arn": "arn:aws:sts::654654394525:assumed-role/voclabs/user3154006=gpramirezecheverria@gmail.com",
            "id": "654654394525",
            "user_id": "AROAZQ3DRKCORTCTDEKVT:user3154006=gpramirezecheverria@gmail.com"
          },
          "sensitive_attributes": []
        }
      ]
    },
    {
      "module": "module.aws",
      "mode": "data",
      "type": "aws_ecr_authorization_token",
      "name": "token",
      "provider": "provider[\"registry.terraform.io/hashicorp/aws\"]",
      "instances": [
        {
          "schema_version": 0,
          "attributes": {
            "authorization_token": "QVdTOmV5SndZWGxzYjJGa0lqb2lZVmxMSzNBeWRpdGtOMWxWWkRoRWNGWlJWaTgwUm1SSVJtMUxSM1pZVld0WFpWTmtiVTVQYjA1bE4wcENRVVF3YjB3eWFXRnhMMHhhT0ZwVFdtWk9ZbUpzU21oUWVrdGpWVGRUWm1RMWIzVlBjSEI0WkdsNGFrMVZWM3B0TkdoYVdYTnJSekJST1V4WE9HNVlOM05MZUVGWlprSkdjM0JSTm0weFNWZ3llRnBhTURGUVpWRXJURTVKVDFGblNVRjNObTlJTjJOTFJ6bExkWGt4Ym1KWFUzVTRXRkZ5YkVoalJFd3ZTVzlQVHpnMFVTdFhZMVJGVTA1elVUZ3pPRTU0VTJKVVlTODFjSGs0WkZwWVFrWjNjMWN4VmxKSmVEZ3JabGMwU1hFdllXVm5hWE5ZVFc5WlpVOTFlR1VySzBJd0wyVmliMG80VVV4NVNTOXNhemhzV0V3elFrMDNWVE5CUzB0NU1ubEtWVmgxWVZOQlkwMHZUSHB2ZWpsVE1VdFFOSEZsV0RKWVdYVTVXRlEzTkhack9DdE1RbEZhVVRWaE1XbHpLemRhYXpaTllqRnZURGhWWTBaTlJURjJVRUkzTHpkRFJtczJhMnRsTlRGUGNuaEhWR015U1VSdFNHMDBSM0ZCTW1Oa2QzZHJXVmx2Tm10WFlXUmpWbWxoU21Gd1EyZHZVRGhHVlU1UGMydExaakpqTUZBMlkzUkpRWGgyVkhaR2JGQjNSV1ZJVlhGMU0wOXNlRUpoWkdaTFNsUlRUa1poYzBzNGFVSktLMHBpWkZGNldVWXhNamcyYlZsT1drdG1ZMjVOUVd3NEwyNDRSRlJUVG5KQk1WTlNVaXR4VURnNFUyMVdXSGRWWVVRNVozaHlNWE5XUmxKeldYSjBZM1pyZUhkemRVeHpkazA0YzJKNVlWRTFWek5qTkVvNGNrOW5UM1JoYUVKNlUzQjJUVVJ5WWt0VVZXNTBaakZzV1c0MmJqQTBTMWhJVDBrd2VrNTBMMk4zVm1Ga01tZGlZbGRHZVZBMFJEZGtZMU5rV1ZGeE9YRjVVM2hVVG1zMVoxWmtWMkpTYjBvNGFGTTJiVmxNVmpGc1puQnpSMG80VkVFMmJERTFOblVyWlROeVRrcElNWFV6TlVveFFXdDFRamxOT0hNeE9XUnhjWEUxVGxoMWJXbHNjRFk0U2tsR2VqVk1Oa1p1V200eE5VUmlTbVZvVDA5UmJVaFBVelpCU0hsblMzcFJLMjEwTVZOblFWZFRTVFZuYmpabmRYSXZUblJJWTJSVWJUQk1iM05CWkROck5YTm5lRXcxYzBzeWNsZFJWVzFCYWtGTE1EazFaVEJDYkdKM1MyVlZTVUZRT1UxRmNVZ3JUazQ1WjFkR1ltcGFXblJZZGtSc05GcG1hVGcwV0RobVMzY3JNRGw0TVhkSGVEZEpSWFl2V0c1SU1HOWxiRXBSYzNoQ2FuZHhObkowVjFGVmVrMTRVMVpsWVdwNlZGWkpNbXRoVGtZMWMwb3JSekUzY21aaVpIVmhhMGN2ZW1GSVNXaFdNVTVGTm5BdlZIWnhXVFJoZFZCSlRVRnVVWFUxY0U4d0wzQmhTMU5OU0VsV2VuUnZaMkZrVkZwcmFVSndVRUpDYjFaSE5FZ3pjbGx3VjFObVdGTnZZVFpyTldWeVV6WlNkREJhT1RCTFFucGFUemhIT1U1Rk1WWnZURmQyZHpGdU9IRlFRMjFFYmtoWU1VVjVjbm8zWW1RMVNrWkhVbEpyYlcxTVoyMWxTR2g1WlU5amMwTnlNVWRMWjFKR2FrOWxNRWhSVFZwTVNHeERiMnc0WVhWRWRYUm5hWEJGUlZCS2RtUktVVFFyTWtsT1pWWnhkRTg1Tm5OMlkxSk1Xak5MVUdWdk4wdFZSbEVyVGpWWlpVOUhaRkZpT0ZaUkwyb3JXbTFHT0hBM2RGWXlaVmw1Y2xjemVrZG5aMEV4U0RNNVN6VnpiVzVYWXk5MWRqbHdWblUyTjJOd05YVndkMUZTU2xCUWIzaDNUamhQY1RaSWVtSlFZWE42T1U1dk1UbDFkamR3ZEU5elRtNVlRV280WkhSWFVGazVhMlpoV0c5SVN6TlVORlI0Um5keWFXOXBSRWxWVld4T1MxbDJZVXhKYnpKQ09EaGpRMGhpZFVKaVNYazBhRmRNTHpkelFuSnZPSEZ1UlRoa2FHNDFjQ3MxVERkQmNXdFhSR3BHYXpSMlJDOXBhbGh3WkhBMFpuaEpka052Umk5dVkxUkhjR1JTV1hwS2JIbEhheTh4UjFCRk4yRlpiVWRKVDJkc2RHTktNamczZDFnMVFWVldZalV3VHk4dlZUVjBZamMwZFhWMGJEQjJUa2xxYmtsV2JHa3hiU3RyUlhacGJFdEhNR1JPWmtwbUlpd2laR0YwWVd0bGVTSTZJa0ZSUlVKQlNHaDNiVEJaWVVsVFNtVlNkRXB0Tlc0eFJ6WjFjV1ZsYTFoMWIxaFlVR1UxVlVaalpUbFNjVGd2TVRSM1FVRkJTRFIzWmtGWlNrdHZXa2xvZG1OT1FWRmpSMjlIT0hkaVVVbENRVVJDYjBKbmEzRm9hMmxIT1hjd1FrSjNSWGRJWjFsS1dVbGFTVUZYVlVSQ1FVVjFUVUpGUlVSTE0wTmtMMGhQT1RaWWJUWnpWR0kxUVVsQ1JVbEJOMnRrVldFeGJWaDVZMHRNVGs4NWRXdEJia2RPUW5Zd2RteDJZVWRCTURKU01rMTBkVFUzUjNoMWRUSlpOMWd6UjNjM2JEUm5ZWE4yUm01SGFVbGhhbU5VZW5CVE5FUXpkMWxhVldWWE1rRTlJaXdpZG1WeWMybHZiaUk2SWpJaUxDSjBlWEJsSWpvaVJFRlVRVjlMUlZraUxDSmxlSEJwY21GMGFXOXVJam94TnpFNE9EVTBNREV4ZlE9PQ==",
            "expires_at": "2024-06-20T03:26:51Z",
            "id": "us-east-1",
            "password": "eyJwYXlsb2FkIjoiYVlLK3AyditkN1lVZDhEcFZRVi80RmRIRm1LR3ZYVWtXZVNkbU5Pb05lN0pCQUQwb0wyaWFxL0xaOFpTWmZOYmJsSmhQektjVTdTZmQ1b3VPcHB4ZGl4ak1VV3ptNGhaWXNrRzBROUxXOG5YN3NLeEFZZkJGc3BRNm0xSVgyeFpaMDFQZVErTE5JT1FnSUF3Nm9IN2NLRzlLdXkxbmJXU3U4WFFybEhjREwvSW9PTzg0UStXY1RFU05zUTgzOE54U2JUYS81cHk4ZFpYQkZ3c1cxVlJJeDgrZlc0SXEvYWVnaXNYTW9ZZU91eGUrK0IwL2Vib0o4UUx5SS9sazhsWEwzQk03VTNBS0t5MnlKVVh1YVNBY00vTHpvejlTMUtQNHFlWDJYWXU5WFQ3NHZrOCtMQlFaUTVhMWlzKzdaazZNYjFvTDhVY0ZNRTF2UEI3LzdDRms2a2tlNTFPcnhHVGMySURtSG00R3FBMmNkd3drWVlvNmtXYWRjVmlhSmFwQ2dvUDhGVU5Pc2tLZjJjMFA2Y3RJQXh2VHZGbFB3RWVIVXF1M09seEJhZGZLSlRTTkZhc0s4aUJKK0piZFF6WUYxMjg2bVlOWktmY25NQWw4L244RFRTTnJBMVNSUitxUDg4U21WWHdVYUQ5Z3hyMXNWRlJzWXJ0Y3ZreHdzdUxzdk04c2J5YVE1VzNjNEo4ck9nT3RhaEJ6U3B2TURyYktUVW50ZjFsWW42bjA0S1hIT0kwek50L2N3VmFkMmdiYldGeVA0RDdkY1NkWVFxOXF5U3hUTms1Z1ZkV2JSb0o4aFM2bVlMVjFsZnBzR0o4VEE2bDE1NnUrZTNyTkpIMXUzNUoxQWt1QjlNOHMxOWRxcXE1Tlh1bWlscDY4SklGejVMNkZuWm4xNURiSmVoT09RbUhPUzZBSHlnS3pRK210MVNnQVdTSTVnbjZndXIvTnRIY2RUbTBMb3NBZDNrNXNneEw1c0sycldRVW1BakFLMDk1ZTBCbGJ3S2VVSUFQOU1FcUgrTk45Z1dGYmpaWnRYdkRsNFpmaTg0WDhmS3crMDl4MXdHeDdJRXYvWG5IMG9lbEpRc3hCandxNnJ0V1FVek14U1ZlYWp6VFZJMmthTkY1c0orRzE3cmZiZHVha0cvemFISWhWMU5FNnAvVHZxWTRhdVBJTUFuUXU1cE8wL3BhS1NNSElWenRvZ2FkVFpraUJwUEJCb1ZHNEgzcllwV1NmWFNvYTZrNWVyUzZSdDBaOTBLQnpaTzhHOU5FMVZvTFd2dzFuOHFQQ21EbkhYMUV5cno3YmQ1SkZHUlJrbW1MZ21lSGh5ZU9jc0NyMUdLZ1JGak9lMEhRTVpMSGxDb2w4YXVEdXRnaXBFRVBKdmRKUTQrMklOZVZxdE85NnN2Y1JMWjNLUGVvN0tVRlErTjVZZU9HZFFiOFZRL2orWm1GOHA3dFYyZVl5clczekdnZ0ExSDM5SzVzbW5XYy91djlwVnU2N2NwNXVwd1FSSlBQb3h3TjhPcTZIemJQYXN6OU5vMTl1djdwdE9zTm5YQWo4ZHRXUFk5a2ZhWG9ISzNUNFR4RndyaW9pRElVVWxOS1l2YUxJbzJCODhjQ0hidUJiSXk0aFdMLzdzQnJvOHFuRThkaG41cCs1TDdBcWtXRGpGazR2RC9palhwZHA0ZnhJdkNvRi9uY1RHcGRSWXpKbHlHay8xR1BFN2FZbUdJT2dsdGNKMjg3d1g1QVVWYjUwTy8vVTV0Yjc0dXV0bDB2TklqbklWbGkxbStrRXZpbEtHMGROZkpmIiwiZGF0YWtleSI6IkFRRUJBSGh3bTBZYUlTSmVSdEptNW4xRzZ1cWVla1h1b1hYUGU1VUZjZTlScTgvMTR3QUFBSDR3ZkFZSktvWklodmNOQVFjR29HOHdiUUlCQURCb0Jna3Foa2lHOXcwQkJ3RXdIZ1lKWUlaSUFXVURCQUV1TUJFRURLM0NkL0hPOTZYbTZzVGI1QUlCRUlBN2tkVWExbVh5Y0tMTk85dWtBbkdOQnYwdmx2YUdBMDJSMk10dTU3R3h1dTJZN1gzR3c3bDRnYXN2Rm5HaUlhamNUenBTNEQzd1laVWVXMkE9IiwidmVyc2lvbiI6IjIiLCJ0eXBlIjoiREFUQV9LRVkiLCJleHBpcmF0aW9uIjoxNzE4ODU0MDExfQ==",
            "proxy_endpoint": "https://654654394525.dkr.ecr.us-east-1.amazonaws.com",
            "registry_id": null,
            "user_name": "AWS"
          },
          "sensitive_attributes": [
            [
              {
                "type": "get_attr",
                "value": "password"
              }
            ],
            [
              {
                "type": "get_attr",
                "value": "authorization_token"
              }
            ]
          ]
        }
      ]
    },
    {
      "module": "module.aws",
      "mode": "managed",
      "type": "aws_eks_cluster",
      "name": "cluster_obligatorio",
      "provider": "provider[\"registry.terraform.io/hashicorp/aws\"]",
      "instances": [
        {
          "schema_version": 0,
          "attributes": {
            "access_config": [
              {
                "authentication_mode": "CONFIG_MAP",
                "bootstrap_cluster_creator_admin_permissions": false
              }
            ],
            "arn": "arn:aws:eks:us-east-1:654654394525:cluster/cluster_obligatorio",
            "certificate_authority": [
              {
                "data": "LS0tLS1CRUdJTiBDRVJUSUZJQ0FURS0tLS0tCk1JSURCVENDQWUyZ0F3SUJBZ0lJQVNFek94RUNoc013RFFZSktvWklodmNOQVFFTEJRQXdGVEVUTUJFR0ExVUUKQXhNS2EzVmlaWEp1WlhSbGN6QWVGdzB5TkRBMk1Ua3hOVEUxTkRoYUZ3MHpOREEyTVRjeE5USXdORGhhTUJVeApFekFSQmdOVkJBTVRDbXQxWW1WeWJtVjBaWE13Z2dFaU1BMEdDU3FHU0liM0RRRUJBUVVBQTRJQkR3QXdnZ0VLCkFvSUJBUUMrazBMZkhlbUFBT3plc1hMYndnTDdDbFh6ditlYk9FQTdPeS9wcnpJSUluNXM1aFBwd1c2cEQ2R1gKb3dIYi9lQVdXQlpXb0dLZVUrVkpSR1dhRzhLdzJCb0RudGFjQVRMUUxXVUpEQW56d21iVDlhN0NxYTRHVUh5YQpsK3FFenk0eXd4TW9KSnF1R055Z1NmU1RrVlNhK0wrSW9PMmhzWk5iSWJaMUpOd3JLc0l2RGMyU2RYNFI5OFlFCnV0d3dwaGdhbGdKc0JMYmJnRUh5ZDM5Z2tXMDhoREhrM3J1TUxEMS94SzVNTkpVTUhXMnI5aVpTbkY2cUUxQU4KSi9XRlA5NVlERUh3RU02ZFFob0F1OUY5dDdnbldxcCs1VFhaRVJ4eUEvOXZ3LzFic0JJdW96L1hac0VOU2ZseQpBcGo3VkdocHJQU1c3S0lxR0ZlTnAvTHV2c0puQWdNQkFBR2pXVEJYTUE0R0ExVWREd0VCL3dRRUF3SUNwREFQCkJnTlZIUk1CQWY4RUJUQURBUUgvTUIwR0ExVWREZ1FXQkJSWmR3SDVhb0hNcWx0emRGOXpuR2wydm10bWZ6QVYKQmdOVkhSRUVEakFNZ2dwcmRXSmxjbTVsZEdWek1BMEdDU3FHU0liM0RRRUJDd1VBQTRJQkFRQzRtMkhVekNUeQpzOEQybFp4YklCZWJVQmYzMlNjSGlMV1dKZlh5VnlLdE1PUHJWQ1ptaUhMVzE3WlExRysvMjNsbHYyOVNDSnNPCjVub0VMR28yVm84ckpTSzNZU1VzbFZMOFRwaWhtdmwvOUtPRVQxbHpvK0ZoWHBDamh0bEE2dkNxNDhxQWZ6WksKMXU0TDMrOWg0SDl5ZmY4c1VwT1Z0SDZMeGhydkRaUDJET0tBOHV0SmFnYTVuV3JvZUdLVXdieVc5WDJZUUV5dgoxY0JmMlZCZ25aSUI5c0l5Qyt0MGRLRzBPN0dhcVJwRnk0bVc4eUErSkk4MWUzMUt2SFJZQmpTNzJVYmdDODdjCnNINUxjaC9sT0duMmdPd2lsWDhtbGh1a28xRDAxUTkwcmRabVFtNDU2MVBQRHNINytJUk4vQU1RZlBVNHpuN3QKenloQ2FYNTNZa3h3Ci0tLS0tRU5EIENFUlRJRklDQVRFLS0tLS0K"
              }
            ],
            "cluster_id": null,
            "created_at": "2024-06-19 15:15:30.682 +0000 UTC",
            "enabled_cluster_log_types": [],
            "encryption_config": [],
            "endpoint": "https://F26F111B29CFDDBBFD74E3BC30807B5C.gr7.us-east-1.eks.amazonaws.com",
            "id": "cluster_obligatorio",
            "identity": [
              {
                "oidc": [
                  {
                    "issuer": "https://oidc.eks.us-east-1.amazonaws.com/id/F26F111B29CFDDBBFD74E3BC30807B5C"
                  }
                ]
              }
            ],
            "kubernetes_network_config": [
              {
                "ip_family": "ipv4",
                "service_ipv4_cidr": "10.100.0.0/16",
                "service_ipv6_cidr": ""
              }
            ],
            "name": "cluster_obligatorio",
            "outpost_config": [],
            "platform_version": "eks.18",
            "role_arn": "arn:aws:iam::654654394525:role/LabRole",
            "status": "ACTIVE",
            "tags": {},
            "tags_all": {},
            "timeouts": null,
            "version": "1.26",
            "vpc_config": [
              {
                "cluster_security_group_id": "sg-0e78d63cf15d4e3fd",
                "endpoint_private_access": false,
                "endpoint_public_access": true,
                "public_access_cidrs": [
                  "0.0.0.0/0"
                ],
                "security_group_ids": [
                  "sg-0eec1cecffc145ad2"
                ],
                "subnet_ids": [
                  "subnet-048040d693e1cae27",
                  "subnet-0eed1b890d72957ac"
                ],
                "vpc_id": "vpc-08843afe4654e222c"
              }
            ]
          },
          "sensitive_attributes": [],
          "private": "eyJlMmJmYjczMC1lY2FhLTExZTYtOGY4OC0zNDM2M2JjN2M0YzAiOnsiY3JlYXRlIjoxODAwMDAwMDAwMDAwLCJkZWxldGUiOjkwMDAwMDAwMDAwMCwidXBkYXRlIjozNjAwMDAwMDAwMDAwfX0=",
          "dependencies": [
            "module.aws.aws_security_group.sg_obligatorio",
            "module.aws.aws_subnet.subnet_A_obligatorio",
            "module.aws.aws_subnet.subnet_B_obligatorio",
            "module.aws.aws_vpc.vpc_obligatorio",
            "module.aws.data.aws_caller_identity.current"
          ]
        }
      ]
    },
    {
      "module": "module.aws",
      "mode": "managed",
      "type": "aws_eks_node_group",
      "name": "node_group_obligatorio",
      "provider": "provider[\"registry.terraform.io/hashicorp/aws\"]",
      "instances": [
        {
          "schema_version": 0,
          "attributes": {
            "ami_type": "AL2_x86_64",
            "arn": "arn:aws:eks:us-east-1:654654394525:nodegroup/cluster_obligatorio/node_group_obligatorio/88c8188c-d3e7-d70f-1053-1fc1f9517375",
            "capacity_type": "ON_DEMAND",
            "cluster_name": "cluster_obligatorio",
            "disk_size": 20,
            "force_update_version": null,
            "id": "cluster_obligatorio:node_group_obligatorio",
            "instance_types": [
              "t3.medium"
            ],
            "labels": {},
            "launch_template": [],
            "node_group_name": "node_group_obligatorio",
            "node_group_name_prefix": "",
            "node_role_arn": "arn:aws:iam::654654394525:role/LabRole",
            "release_version": "1.26.15-20240605",
            "remote_access": [],
            "resources": [
              {
                "autoscaling_groups": [
                  {
                    "name": "eks-node_group_obligatorio-88c8188c-d3e7-d70f-1053-1fc1f9517375"
                  }
                ],
                "remote_access_security_group_id": ""
              }
            ],
            "scaling_config": [
              {
                "desired_size": 2,
                "max_size": 2,
                "min_size": 1
              }
            ],
            "status": "ACTIVE",
            "subnet_ids": [
              "subnet-048040d693e1cae27",
              "subnet-0eed1b890d72957ac"
            ],
            "tags": {},
            "tags_all": {},
            "taint": [],
            "timeouts": null,
            "update_config": [
              {
                "max_unavailable": 1,
                "max_unavailable_percentage": 0
              }
            ],
            "version": "1.26"
          },
          "sensitive_attributes": [],
          "private": "eyJlMmJmYjczMC1lY2FhLTExZTYtOGY4OC0zNDM2M2JjN2M0YzAiOnsiY3JlYXRlIjozNjAwMDAwMDAwMDAwLCJkZWxldGUiOjM2MDAwMDAwMDAwMDAsInVwZGF0ZSI6MzYwMDAwMDAwMDAwMH19",
          "dependencies": [
            "module.aws.aws_eks_cluster.cluster_obligatorio",
            "module.aws.aws_security_group.sg_obligatorio",
            "module.aws.aws_subnet.subnet_A_obligatorio",
            "module.aws.aws_subnet.subnet_B_obligatorio",
            "module.aws.aws_vpc.vpc_obligatorio",
            "module.aws.data.aws_caller_identity.current"
          ]
        }
      ]
    },
    {
      "module": "module.aws",
      "mode": "managed",
      "type": "aws_internet_gateway",
      "name": "ig_obligatorio",
      "provider": "provider[\"registry.terraform.io/hashicorp/aws\"]",
      "instances": [
        {
          "schema_version": 0,
          "attributes": {
            "arn": "arn:aws:ec2:us-east-1:654654394525:internet-gateway/igw-06b9fe74ce2a5b5eb",
            "id": "igw-06b9fe74ce2a5b5eb",
            "owner_id": "654654394525",
            "tags": {},
            "tags_all": {},
            "timeouts": null,
            "vpc_id": "vpc-08843afe4654e222c"
          },
          "sensitive_attributes": [],
          "private": "eyJlMmJmYjczMC1lY2FhLTExZTYtOGY4OC0zNDM2M2JjN2M0YzAiOnsiY3JlYXRlIjoxMjAwMDAwMDAwMDAwLCJkZWxldGUiOjEyMDAwMDAwMDAwMDAsInVwZGF0ZSI6MTIwMDAwMDAwMDAwMH19",
          "dependencies": [
            "module.aws.aws_vpc.vpc_obligatorio"
          ]
        }
      ]
    },
    {
      "module": "module.aws",
      "mode": "managed",
      "type": "aws_route",
      "name": "ruta_a_internet",
      "provider": "provider[\"registry.terraform.io/hashicorp/aws\"]",
      "instances": [
        {
          "schema_version": 0,
          "attributes": {
            "carrier_gateway_id": "",
            "core_network_arn": "",
            "destination_cidr_block": "0.0.0.0/0",
            "destination_ipv6_cidr_block": "",
            "destination_prefix_list_id": "",
            "egress_only_gateway_id": "",
            "gateway_id": "igw-06b9fe74ce2a5b5eb",
            "id": "r-rtb-077c7609178be34291080289494",
            "instance_id": "",
            "instance_owner_id": "",
            "local_gateway_id": "",
            "nat_gateway_id": "",
            "network_interface_id": "",
            "origin": "CreateRoute",
            "route_table_id": "rtb-077c7609178be3429",
            "state": "active",
            "timeouts": null,
            "transit_gateway_id": "",
            "vpc_endpoint_id": "",
            "vpc_peering_connection_id": ""
          },
          "sensitive_attributes": [],
          "private": "eyJlMmJmYjczMC1lY2FhLTExZTYtOGY4OC0zNDM2M2JjN2M0YzAiOnsiY3JlYXRlIjozMDAwMDAwMDAwMDAsImRlbGV0ZSI6MzAwMDAwMDAwMDAwLCJ1cGRhdGUiOjEyMDAwMDAwMDAwMH19",
          "dependencies": [
            "module.aws.aws_internet_gateway.ig_obligatorio",
            "module.aws.aws_vpc.vpc_obligatorio"
          ]
        }
      ]
    },
    {
      "module": "module.aws",
      "mode": "managed",
      "type": "aws_security_group",
      "name": "sg_obligatorio",
      "provider": "provider[\"registry.terraform.io/hashicorp/aws\"]",
      "instances": [
        {
          "schema_version": 1,
          "attributes": {
            "arn": "arn:aws:ec2:us-east-1:654654394525:security-group/sg-0eec1cecffc145ad2",
            "description": "Managed by Terraform",
            "egress": [
              {
                "cidr_blocks": [
                  "0.0.0.0/0"
                ],
                "description": "all",
                "from_port": 0,
                "ipv6_cidr_blocks": [],
                "prefix_list_ids": [],
                "protocol": "-1",
                "security_groups": [],
                "self": false,
                "to_port": 0
              }
            ],
            "id": "sg-0eec1cecffc145ad2",
            "ingress": [
              {
                "cidr_blocks": [
                  "0.0.0.0/0"
                ],
                "description": "http",
                "from_port": 80,
                "ipv6_cidr_blocks": [],
                "prefix_list_ids": [],
                "protocol": "tcp",
                "security_groups": [],
                "self": false,
                "to_port": 80
              },
              {
                "cidr_blocks": [
                  "0.0.0.0/0"
                ],
                "description": "ssh",
                "from_port": 22,
                "ipv6_cidr_blocks": [],
                "prefix_list_ids": [],
                "protocol": "tcp",
                "security_groups": [],
                "self": false,
                "to_port": 22
              }
            ],
            "name": "sg_obligatorio",
            "name_prefix": "",
            "owner_id": "654654394525",
            "revoke_rules_on_delete": false,
            "tags": {
              "Name": "sg_obligatorio"
            },
            "tags_all": {
              "Name": "sg_obligatorio"
            },
            "timeouts": null,
            "vpc_id": "vpc-08843afe4654e222c"
          },
          "sensitive_attributes": [],
          "private": "eyJlMmJmYjczMC1lY2FhLTExZTYtOGY4OC0zNDM2M2JjN2M0YzAiOnsiY3JlYXRlIjo2MDAwMDAwMDAwMDAsImRlbGV0ZSI6OTAwMDAwMDAwMDAwfSwic2NoZW1hX3ZlcnNpb24iOiIxIn0=",
          "dependencies": [
            "module.aws.aws_vpc.vpc_obligatorio"
          ]
        }
      ]
    },
    {
      "module": "module.aws",
      "mode": "managed",
      "type": "aws_subnet",
      "name": "subnet_A_obligatorio",
      "provider": "provider[\"registry.terraform.io/hashicorp/aws\"]",
      "instances": [
        {
          "schema_version": 1,
          "attributes": {
            "arn": "arn:aws:ec2:us-east-1:654654394525:subnet/subnet-048040d693e1cae27",
            "assign_ipv6_address_on_creation": false,
            "availability_zone": "us-east-1a",
            "availability_zone_id": "use1-az1",
            "cidr_block": "172.16.1.0/24",
            "customer_owned_ipv4_pool": "",
            "enable_dns64": false,
            "enable_lni_at_device_index": 0,
            "enable_resource_name_dns_a_record_on_launch": false,
            "enable_resource_name_dns_aaaa_record_on_launch": false,
            "id": "subnet-048040d693e1cae27",
            "ipv6_cidr_block": "",
            "ipv6_cidr_block_association_id": "",
            "ipv6_native": false,
            "map_customer_owned_ip_on_launch": false,
            "map_public_ip_on_launch": true,
            "outpost_arn": "",
            "owner_id": "654654394525",
            "private_dns_hostname_type_on_launch": "ip-name",
            "tags": {
              "Name": "subnet_A_obligatorio"
            },
            "tags_all": {
              "Name": "subnet_A_obligatorio"
            },
            "timeouts": null,
            "vpc_id": "vpc-08843afe4654e222c"
          },
          "sensitive_attributes": [],
          "private": "eyJlMmJmYjczMC1lY2FhLTExZTYtOGY4OC0zNDM2M2JjN2M0YzAiOnsiY3JlYXRlIjo2MDAwMDAwMDAwMDAsImRlbGV0ZSI6MTIwMDAwMDAwMDAwMH0sInNjaGVtYV92ZXJzaW9uIjoiMSJ9",
          "dependencies": [
            "module.aws.aws_vpc.vpc_obligatorio"
          ]
        }
      ]
    },
    {
      "module": "module.aws",
      "mode": "managed",
      "type": "aws_subnet",
      "name": "subnet_B_obligatorio",
      "provider": "provider[\"registry.terraform.io/hashicorp/aws\"]",
      "instances": [
        {
          "schema_version": 1,
          "attributes": {
            "arn": "arn:aws:ec2:us-east-1:654654394525:subnet/subnet-0eed1b890d72957ac",
            "assign_ipv6_address_on_creation": false,
            "availability_zone": "us-east-1b",
            "availability_zone_id": "use1-az2",
            "cidr_block": "172.16.2.0/24",
            "customer_owned_ipv4_pool": "",
            "enable_dns64": false,
            "enable_lni_at_device_index": 0,
            "enable_resource_name_dns_a_record_on_launch": false,
            "enable_resource_name_dns_aaaa_record_on_launch": false,
            "id": "subnet-0eed1b890d72957ac",
            "ipv6_cidr_block": "",
            "ipv6_cidr_block_association_id": "",
            "ipv6_native": false,
            "map_customer_owned_ip_on_launch": false,
            "map_public_ip_on_launch": true,
            "outpost_arn": "",
            "owner_id": "654654394525",
            "private_dns_hostname_type_on_launch": "ip-name",
            "tags": {
              "Name": "subnet_B_obligatorio"
            },
            "tags_all": {
              "Name": "subnet_B_obligatorio"
            },
            "timeouts": null,
            "vpc_id": "vpc-08843afe4654e222c"
          },
          "sensitive_attributes": [],
          "private": "eyJlMmJmYjczMC1lY2FhLTExZTYtOGY4OC0zNDM2M2JjN2M0YzAiOnsiY3JlYXRlIjo2MDAwMDAwMDAwMDAsImRlbGV0ZSI6MTIwMDAwMDAwMDAwMH0sInNjaGVtYV92ZXJzaW9uIjoiMSJ9",
          "dependencies": [
            "module.aws.aws_vpc.vpc_obligatorio"
          ]
        }
      ]
    },
    {
      "module": "module.aws",
      "mode": "managed",
      "type": "aws_vpc",
      "name": "vpc_obligatorio",
      "provider": "provider[\"registry.terraform.io/hashicorp/aws\"]",
      "instances": [
        {
          "schema_version": 1,
          "attributes": {
            "arn": "arn:aws:ec2:us-east-1:654654394525:vpc/vpc-08843afe4654e222c",
            "assign_generated_ipv6_cidr_block": false,
            "cidr_block": "172.16.0.0/16",
            "default_network_acl_id": "acl-0f0683089818ba964",
            "default_route_table_id": "rtb-077c7609178be3429",
            "default_security_group_id": "sg-0995807951fa11645",
            "dhcp_options_id": "dopt-068fd658d84a3f0eb",
            "enable_dns_hostnames": true,
            "enable_dns_support": true,
            "enable_network_address_usage_metrics": false,
            "id": "vpc-08843afe4654e222c",
            "instance_tenancy": "default",
            "ipv4_ipam_pool_id": null,
            "ipv4_netmask_length": null,
            "ipv6_association_id": "",
            "ipv6_cidr_block": "",
            "ipv6_cidr_block_network_border_group": "",
            "ipv6_ipam_pool_id": "",
            "ipv6_netmask_length": 0,
            "main_route_table_id": "rtb-077c7609178be3429",
            "owner_id": "654654394525",
            "tags": {
              "Name": "vpc-obligatorio"
            },
            "tags_all": {
              "Name": "vpc-obligatorio"
            }
          },
          "sensitive_attributes": [],
          "private": "eyJzY2hlbWFfdmVyc2lvbiI6IjEifQ=="
        }
      ]
    },
    {
      "module": "module.aws",
      "mode": "managed",
      "type": "null_resource",
      "name": "kubectl",
      "provider": "provider[\"registry.terraform.io/hashicorp/null\"]",
      "instances": [
        {
          "schema_version": 0,
          "attributes": {
            "id": "1149962644052181166",
            "triggers": {
              "always_run": "2024-06-19T15:26:56Z"
            }
          },
          "sensitive_attributes": [],
          "dependencies": [
            "module.aws.aws_eks_cluster.cluster_obligatorio",
            "module.aws.aws_eks_node_group.node_group_obligatorio",
            "module.aws.aws_security_group.sg_obligatorio",
            "module.aws.aws_subnet.subnet_A_obligatorio",
            "module.aws.aws_subnet.subnet_B_obligatorio",
            "module.aws.aws_vpc.vpc_obligatorio",
            "module.aws.data.aws_caller_identity.current"
          ]
        }
      ]
    },
    {
      "module": "module.docker",
      "mode": "data",
      "type": "aws_caller_identity",
      "name": "current",
      "provider": "provider[\"registry.terraform.io/hashicorp/aws\"]",
      "instances": [
        {
          "schema_version": 0,
          "attributes": {
            "account_id": "654654394525",
            "arn": "arn:aws:sts::654654394525:assumed-role/voclabs/user3154006=gpramirezecheverria@gmail.com",
            "id": "654654394525",
            "user_id": "AROAZQ3DRKCORTCTDEKVT:user3154006=gpramirezecheverria@gmail.com"
          },
          "sensitive_attributes": []
        }
      ]
    },
    {
      "module": "module.docker",
      "mode": "data",
      "type": "aws_ecr_authorization_token",
      "name": "token",
      "provider": "provider[\"registry.terraform.io/hashicorp/aws\"]",
      "instances": [
        {
          "schema_version": 0,
          "attributes": {
            "authorization_token": "QVdTOmV5SndZWGxzYjJGa0lqb2lTWGxZVkdoSWVqZHFhM2RFU2xocVpIbzJXUzluVTFJMFZIZzRPWGhqTkZKVU0xaDNXbk5LWjFCeFJtazRWbGN6UmxkRFNGQnVVMEpIYUM5a2VXbE9NV2hOTjNCQ1FWUkVNMDFWZGxCUGVEY3ZXbUpPYTBOeWNVWndSRVJUVW5OS2RuY3ZjamxEVDBKNkwwdDJRbVY2WldwVVNuVjRhazFJU0RkeFFqbERlVE4wTm1sbGNWQkdORGgyTkhGM2FtTlZVVXM1VGpaT1RGaFFWbXhHWlVkUVJXTjRNRGhNTmpCc1FXUjVLMEZFTjBVMU5UUXphMGQyTUZscVQwUk1VMUJaV0dVNFZqUnNOV3g1T1dWU2JVdENSSEkxYW5Wa1kzUm9Na0ZyTVhobE5qWnVUMGgwV0doT2QzWklabkptYkZOak1YUnZPRXhuTm5kcFkyMTJlWEJUU2xGQk1GaE5ka2xKZHk5ak4yaGlhWG8wYTJoRGNrRldiVk0yUjJOelRFTmhLMUlyT1dOeFpYSlRPV0ZpVlU1c1pIQjJOVmRoZWt0a00yeFBUVXBaTW10TVkxSnZUbFZQVTNaVVdsRndZWEprU2xadVZYZDRlR1JHYkhWMVRtUnhiMFpwT0VkM1NrVnBXSHAzWVZOaFIwVnhkVFZuY1U1dmNHbGFZMGN3YUV0RFMwa3JVRTk0YUZGRVRXTlhTbWwxTVVwUWEwRjVkVFIyYXpCRGRIUTBWRVJITDFVemJFRjRaSHBDWm1ZMU5UbFZUR2R2VTBOYWMxbFZOMjVqUjJKR1IxSlJSbTFHWW5CWlpuVlFhMDl6Y1ZkTE1rbE1RaTh2TXpoWGRIWjFTblJuVVRsRWFWbzBjV1IxU2t0MldsSkRlRWhCT1hoS1NXaElSMmhtT0VSS2NuUkdiakIzYWt0NGNFaHJOekZLZVZOeVNVczBiRU4zV2tkSFZFTmpTVzUyWkhCamNuUnBjRGN2Ulc5WFlrUkVNRmxwT0hKSk9YaDJURkExTm10M2NFeGtSVTUyUldGM2FERnhiMGRWZFU0d2FpdGpiMGRyVUdOTVVuZFZOMUp0WlZVemJucERRMVpQU2xwbVl6ZFlhVWhTWWxoNWRYcGlZMHgyZDJ0WmVEVldUV0ZVUnpGelJtOUhiSGROZDJWalNuSlhZalF3VlhsUksyMVRkekp0YlN0UFdVTkJaM0JHTlhkQ1duZENkV05qV0Vzd2NGQlBRVTVSWTJoUVJHMVBja1ZtTDNoblUxY3pSWFZoTkM4dmJHMW5jREJ1ZW5OdE1rVk5WMWQwZFZkWGJuQjZlRGMySzNaVVJXVlNhMWd6VVhkc01VeGlZMmhDTW1Wc1RWSlNiblJ2VUVOV01scEljVkpYYkRoWlIyWlZLeTlhUmxSdWEzQXphRGhHVlU5U1FXMUhXa05GWTBKaGNVRkxSSGhZY0d3eWNrNTNjbWRZYUdsc056RmhkREpVYVZSQ1FsbG9kMk1yVGk5WU0xSjJOMnBMTnpoVVVHSkZNWFZJVkRWdWNWWklNVUU0YWxoNE4yOW9NRGxTVW13NVN6SnRia1pWTkV4YVVXcG1kWGhuVkdGUllsVkdTWElyUjFaeGFYRm9RelUzVWtZM1VFTXpUVWRxUm1Sa1dtRTBRV1JqYTBsNllTOWthbTl1TjJaeVVFTk9UbmhYZEZGT1pWWm9MMmhTUlhsWlQzVXdVVTFFV0dSSldESkJhVmhCY1VsREwzbFBSbk5xUWtreWJXOVlTVTlVWVc5Q2VuWmhObGh6UXpodVluSm5UV2xYSzFSeFMycEJOa01yVTJsb1RXNVNVWGxUUXpGbVlVRkhOVEl2T0RZMVRGWk9XRFJZVDNneE1IVlVSRmd4TW1NMWNWZEVRVUpCTkV0RVFYUjBUMHhCVm1sUGVtdFZNbmw2UTI0M09USk1aelV6VHpneWRFaHhRMFpDTjNJM2JIQklia0psT1N0Q1dERk9RVFJVY25GbVJ6WXZTVWRCY2poQ2RIVlZSM1Y2T0Zwc2REVTVibmhRVUZjdlowTm1hamMxWTFKU1dGZFBOVEpIYVRKc1VDOXhZek5tUTI1Uk0yZ3ZjbnB0Wm5SRmFHODJhbTF0U2pKU1pXRk1lakZTTld4R0wxWTNTV1VyYWtaSFdrY3JVV3BTYzBRdmMwSmxkV2xUTWtSQ2IxQldabFJvVFhwV1ZHY3ZXbXBzV1dSSlZISXpabmhpYW5KVVNEZzRlR0ZYU201T2NsRnliV3hyVm5sV2VWRnNWWEpqVmtZeVdHZG9aVFpHV0hSa2VraGxNbEYzYUVGeU55ODFXbWhVY21Ka1RtOVNia3B1Y0ZJckwwcFpPVlZGYUVab1FrVjVUakJqVUZoaFFuZFVRVGxRYTI1Mk5WaERlVmR5TVVGNklpd2laR0YwWVd0bGVTSTZJa0ZSUlVKQlNHaDNiVEJaWVVsVFNtVlNkRXB0Tlc0eFJ6WjFjV1ZsYTFoMWIxaFlVR1UxVlVaalpUbFNjVGd2TVRSM1FVRkJTRFIzWmtGWlNrdHZXa2xvZG1OT1FWRmpSMjlIT0hkaVVVbENRVVJDYjBKbmEzRm9hMmxIT1hjd1FrSjNSWGRJWjFsS1dVbGFTVUZYVlVSQ1FVVjFUVUpGUlVSTWVrcEVaVlpPTVcxT2VpdHdNMEo1ZDBsQ1JVbEJOMEo1YmtKM2RuWnZka0pXTUZoblNWY3ZSM1prVkhkbU1XNWhlWEpsVVZKUU5sSnpOamh4YWpaRmMwMHJkRzh5YzFaNlFYZDJWV280TTA5R1pGVktaREprTUdkRloweG5OMlZzWWxKSWVGazlJaXdpZG1WeWMybHZiaUk2SWpJaUxDSjBlWEJsSWpvaVJFRlVRVjlMUlZraUxDSmxlSEJwY21GMGFXOXVJam94TnpFNE9EVTBNREV4ZlE9PQ==",
            "expires_at": "2024-06-20T03:26:51Z",
            "id": "us-east-1",
            "password": "eyJwYXlsb2FkIjoiSXlYVGhIejdqa3dESlhqZHo2WS9nU1I0VHg4OXhjNFJUM1h3WnNKZ1BxRmk4VlczRldDSFBuU0JHaC9keWlOMWhNN3BCQVREM01VdlBPeDcvWmJOa0NycUZwRERTUnNKdncvcjlDT0J6L0t2QmV6ZWpUSnV4ak1ISDdxQjlDeTN0NmllcVBGNDh2NHF3amNVUUs5TjZOTFhQVmxGZUdQRWN4MDhMNjBsQWR5K0FEN0U1NTQza0d2MFlqT0RMU1BZWGU4VjRsNWx5OWVSbUtCRHI1anVkY3RoMkFrMXhlNjZuT0h0WGhOd3ZIZnJmbFNjMXRvOExnNndpY212eXBTSlFBMFhNdklJdy9jN2hiaXo0a2hDckFWbVM2R2NzTENhK1IrOWNxZXJTOWFiVU5sZHB2NVdhektkM2xPTUpZMmtMY1JvTlVPU3ZUWlFwYXJkSlZuVXd4eGRGbHV1TmRxb0ZpOEd3SkVpWHp3YVNhR0VxdTVncU5vcGlaY0cwaEtDS0krUE94aFFETWNXSml1MUpQa0F5dTR2azBDdHQ0VERHL1UzbEF4ZHpCZmY1NTlVTGdvU0Nac1lVN25jR2JGR1JRRm1GYnBZZnVQa09zcVdLMklMQi8vMzhXdHZ1SnRnUTlEaVo0cWR1Skt2WlJDeEhBOXhKSWhIR2hmOERKcnRGbjB3akt4cEhrNzFKeVNySUs0bEN3WkdHVENjSW52ZHBjcnRpcDcvRW9XYkREMFlpOHJJOXh2TFA1Nmt3cExkRU52RWF3aDFxb0dVdU4waitjb0drUGNMUndVN1JtZVUzbnpDQ1ZPSlpmYzdYaUhSYlh5dXpiY0x2d2tZeDVWTWFURzFzRm9HbHdNd2VjSnJXYjQwVXlRK21TdzJtbStPWUNBZ3BGNXdCWndCdWNjWEswcFBPQU5RY2hQRG1PckVmL3hnU1czRXVhNC8vbG1ncDBuenNtMkVNV1d0dVdXbnB6eDc2K3ZURWVSa1gzUXdsMUxiY2hCMmVsTVJSbnRvUENWMlpIcVJXbDhZR2ZVKy9aRlRua3AzaDhGVU9SQW1HWkNFY0JhcUFLRHhYcGwyck53cmdYaGlsNzFhdDJUaVRCQllod2MrTi9YM1J2N2pLNzhUUGJFMXVIVDVucVZIMUE4alh4N29oMDlSUmw5SzJtbkZVNExaUWpmdXhnVGFRYlVGSXIrR1ZxaXFoQzU3UkY3UEMzTUdqRmRkWmE0QWRja0l6YS9kam9uN2ZyUENOTnhXdFFOZVZoL2hSRXlZT3UwUU1EWGRJWDJBaVhBcUlDL3lPRnNqQkkybW9YSU9UYW9CenZhNlhzQzhuYnJnTWlXK1RxS2pBNkMrU2loTW5SUXlTQzFmYUFHNTIvODY1TFZOWDRYT3gxMHVURFgxMmM1cVdEQUJBNEtEQXR0T0xBVmlPemtVMnl6Q243OTJMZzUzTzgydEhxQ0ZCN3I3bHBIbkJlOStCWDFOQTRUcnFmRzYvSUdBcjhCdHVVR3V6OFpsdDU5bnhQUFcvZ0Nmajc1Y1JSWFdPNTJHaTJsUC9xYzNmQ25RM2gvcnptZnRFaG82am1tSjJSZWFMejFSNWxGL1Y3SWUrakZHWkcrUWpSc0Qvc0JldWlTMkRCb1BWZlRoTXpWVGcvWmpsWWRJVHIzZnhianJUSDg4eGFXSm5OclFybWxrVnlWeVFsVXJjVkYyWGdoZTZGWHRkekhlMlF3aEFyNy81WmhUcmJkTm9SbkpucFIrL0pZOVVFaEZoQkV5TjBjUFhhQndUQTlQa252NVhDeVdyMUF6IiwiZGF0YWtleSI6IkFRRUJBSGh3bTBZYUlTSmVSdEptNW4xRzZ1cWVla1h1b1hYUGU1VUZjZTlScTgvMTR3QUFBSDR3ZkFZSktvWklodmNOQVFjR29HOHdiUUlCQURCb0Jna3Foa2lHOXcwQkJ3RXdIZ1lKWUlaSUFXVURCQUV1TUJFRURMekpEZVZOMW1OeitwM0J5d0lCRUlBN0J5bkJ3dnZvdkJWMFhnSVcvR3ZkVHdmMW5heXJlUVJQNlJzNjhxajZFc00rdG8yc1Z6QXd2VWo4M09GZFVKZDJkMGdFZ0xnN2VsYlJIeFk9IiwidmVyc2lvbiI6IjIiLCJ0eXBlIjoiREFUQV9LRVkiLCJleHBpcmF0aW9uIjoxNzE4ODU0MDExfQ==",
            "proxy_endpoint": "https://654654394525.dkr.ecr.us-east-1.amazonaws.com",
            "registry_id": null,
            "user_name": "AWS"
          },
          "sensitive_attributes": [
            [
              {
                "type": "get_attr",
                "value": "authorization_token"
              }
            ],
            [
              {
                "type": "get_attr",
                "value": "password"
              }
            ]
          ]
        }
      ]
    },
    {
      "module": "module.docker",
      "mode": "managed",
      "type": "aws_ecr_repository",
      "name": "db",
      "provider": "provider[\"registry.terraform.io/hashicorp/aws\"]",
      "instances": [
        {
          "schema_version": 0,
          "attributes": {
            "arn": "arn:aws:ecr:us-east-1:654654394525:repository/db",
            "encryption_configuration": [
              {
                "encryption_type": "AES256",
                "kms_key": ""
              }
            ],
            "force_delete": true,
            "id": "db",
            "image_scanning_configuration": [
              {
                "scan_on_push": false
              }
            ],
            "image_tag_mutability": "MUTABLE",
            "name": "db",
            "registry_id": "654654394525",
            "repository_url": "654654394525.dkr.ecr.us-east-1.amazonaws.com/db",
            "tags": {},
            "tags_all": {},
            "timeouts": null
          },
          "sensitive_attributes": [],
          "private": "eyJlMmJmYjczMC1lY2FhLTExZTYtOGY4OC0zNDM2M2JjN2M0YzAiOnsiZGVsZXRlIjoxMjAwMDAwMDAwMDAwfX0="
        }
      ]
    },
    {
      "module": "module.docker",
      "mode": "managed",
      "type": "aws_ecr_repository",
      "name": "web",
      "provider": "provider[\"registry.terraform.io/hashicorp/aws\"]",
      "instances": [
        {
          "schema_version": 0,
          "attributes": {
            "arn": "arn:aws:ecr:us-east-1:654654394525:repository/web",
            "encryption_configuration": [
              {
                "encryption_type": "AES256",
                "kms_key": ""
              }
            ],
            "force_delete": true,
            "id": "web",
            "image_scanning_configuration": [
              {
                "scan_on_push": false
              }
            ],
            "image_tag_mutability": "MUTABLE",
            "name": "web",
            "registry_id": "654654394525",
            "repository_url": "654654394525.dkr.ecr.us-east-1.amazonaws.com/web",
            "tags": {},
            "tags_all": {},
            "timeouts": null
          },
          "sensitive_attributes": [],
          "private": "eyJlMmJmYjczMC1lY2FhLTExZTYtOGY4OC0zNDM2M2JjN2M0YzAiOnsiZGVsZXRlIjoxMjAwMDAwMDAwMDAwfX0="
        }
      ]
    },
    {
      "module": "module.docker",
      "mode": "managed",
      "type": "docker_image",
      "name": "db",
      "provider": "provider[\"registry.terraform.io/kreuzwerker/docker\"]",
      "instances": [
        {
          "schema_version": 0,
          "attributes": {
            "build": [
              {
                "auth_config": [],
                "build_arg": {},
                "build_args": {},
                "build_id": "",
                "cache_from": [],
                "cgroup_parent": "",
                "context": "./imagenes-docker/mysql57/",
                "cpu_period": 0,
                "cpu_quota": 0,
                "cpu_set_cpus": "",
                "cpu_set_mems": "",
                "cpu_shares": 0,
                "dockerfile": "Dockerfile",
                "extra_hosts": [],
                "force_remove": false,
                "isolation": "",
                "label": {},
                "labels": {},
                "memory": 0,
                "memory_swap": 0,
                "network_mode": "",
                "no_cache": false,
                "platform": "",
                "pull_parent": false,
                "remote_context": "",
                "remove": true,
                "security_opt": [],
                "session_id": "",
                "shm_size": 0,
                "squash": false,
                "suppress_output": false,
                "tag": [],
                "target": "",
                "ulimit": [],
                "version": ""
              }
            ],
            "force_remove": null,
            "id": "sha256:92baf7a5544490b19c36d8cb0a38a1171d87a249fae3eff4cc3146a482fba569654654394525.dkr.ecr.us-east-1.amazonaws.com/db",
            "image_id": "sha256:92baf7a5544490b19c36d8cb0a38a1171d87a249fae3eff4cc3146a482fba569",
            "keep_locally": null,
            "name": "654654394525.dkr.ecr.us-east-1.amazonaws.com/db",
            "platform": null,
            "pull_triggers": null,
            "repo_digest": "",
            "triggers": null
          },
          "sensitive_attributes": [],
          "private": "bnVsbA==",
          "dependencies": [
            "data.aws_caller_identity.current",
            "data.aws_ecr_authorization_token.token",
            "module.docker.data.aws_caller_identity.current"
          ]
        }
      ]
    },
    {
      "module": "module.docker",
      "mode": "managed",
      "type": "docker_image",
      "name": "web",
      "provider": "provider[\"registry.terraform.io/kreuzwerker/docker\"]",
      "instances": [
        {
          "schema_version": 0,
          "attributes": {
            "build": [
              {
                "auth_config": [],
                "build_arg": {},
                "build_args": {},
                "build_id": "",
                "cache_from": [],
                "cgroup_parent": "",
                "context": "./imagenes-docker/apache-php/",
                "cpu_period": 0,
                "cpu_quota": 0,
                "cpu_set_cpus": "",
                "cpu_set_mems": "",
                "cpu_shares": 0,
                "dockerfile": "Dockerfile",
                "extra_hosts": [],
                "force_remove": false,
                "isolation": "",
                "label": {},
                "labels": {},
                "memory": 0,
                "memory_swap": 0,
                "network_mode": "",
                "no_cache": false,
                "platform": "",
                "pull_parent": false,
                "remote_context": "",
                "remove": true,
                "security_opt": [],
                "session_id": "",
                "shm_size": 0,
                "squash": false,
                "suppress_output": false,
                "tag": [],
                "target": "",
                "ulimit": [],
                "version": ""
              }
            ],
            "force_remove": null,
            "id": "sha256:e41939413847febfff798e5411c95e04e65f8840cf3d15dcb3ea7444326177fb654654394525.dkr.ecr.us-east-1.amazonaws.com/web",
            "image_id": "sha256:e41939413847febfff798e5411c95e04e65f8840cf3d15dcb3ea7444326177fb",
            "keep_locally": null,
            "name": "654654394525.dkr.ecr.us-east-1.amazonaws.com/web",
            "platform": null,
            "pull_triggers": null,
            "repo_digest": "",
            "triggers": null
          },
          "sensitive_attributes": [],
          "private": "bnVsbA==",
          "dependencies": [
            "data.aws_caller_identity.current",
            "data.aws_ecr_authorization_token.token",
            "module.docker.data.aws_caller_identity.current"
          ]
        }
      ]
    },
    {
      "module": "module.docker",
      "mode": "managed",
      "type": "docker_registry_image",
      "name": "db",
      "provider": "provider[\"registry.terraform.io/kreuzwerker/docker\"]",
      "instances": [
        {
          "schema_version": 0,
          "attributes": {
            "id": "sha256:9c1b31cd439abd534e374c45be3e3b91f1cde7b67aaebfbfa479f1bb32e284fe",
            "insecure_skip_verify": false,
            "keep_remotely": false,
            "name": "654654394525.dkr.ecr.us-east-1.amazonaws.com/db",
            "sha256_digest": "sha256:9c1b31cd439abd534e374c45be3e3b91f1cde7b67aaebfbfa479f1bb32e284fe",
            "triggers": null
          },
          "sensitive_attributes": [],
          "private": "bnVsbA==",
          "dependencies": [
            "data.aws_caller_identity.current",
            "data.aws_ecr_authorization_token.token",
            "module.docker.data.aws_caller_identity.current"
          ]
        }
      ]
    },
    {
      "module": "module.docker",
      "mode": "managed",
      "type": "docker_registry_image",
      "name": "web",
      "provider": "provider[\"registry.terraform.io/kreuzwerker/docker\"]",
      "instances": [
        {
          "schema_version": 0,
          "attributes": {
            "id": "sha256:00dd062542f4b5f90f501d74d3f48dfa85fa3ace095b813a21b758d53e8c2dc4",
            "insecure_skip_verify": false,
            "keep_remotely": false,
            "name": "654654394525.dkr.ecr.us-east-1.amazonaws.com/web",
            "sha256_digest": "sha256:00dd062542f4b5f90f501d74d3f48dfa85fa3ace095b813a21b758d53e8c2dc4",
            "triggers": null
          },
          "sensitive_attributes": [],
          "private": "bnVsbA==",
          "dependencies": [
            "data.aws_caller_identity.current",
            "data.aws_ecr_authorization_token.token",
            "module.docker.data.aws_caller_identity.current"
          ]
        }
      ]
    },
    {
      "module": "module.kubernetes",
      "mode": "data",
      "type": "aws_caller_identity",
      "name": "current",
      "provider": "provider[\"registry.terraform.io/hashicorp/aws\"]",
      "instances": [
        {
          "schema_version": 0,
          "attributes": {
            "account_id": "654654394525",
            "arn": "arn:aws:sts::654654394525:assumed-role/voclabs/user3154006=gpramirezecheverria@gmail.com",
            "id": "654654394525",
            "user_id": "AROAZQ3DRKCORTCTDEKVT:user3154006=gpramirezecheverria@gmail.com"
          },
          "sensitive_attributes": []
        }
      ]
    },
    {
      "module": "module.kubernetes",
      "mode": "data",
      "type": "aws_ecr_authorization_token",
      "name": "token",
      "provider": "provider[\"registry.terraform.io/hashicorp/aws\"]",
      "instances": [
        {
          "schema_version": 0,
          "attributes": {
            "authorization_token": "QVdTOmV5SndZWGxzYjJGa0lqb2lVbll6SzNsMk9GbEZUQzlRWjJVM2VIUm5aakI1T1c1SGMwczRlRkJ2WTJWQllrNUNOV0pwUm5CWU4weGpTVmh6YXk4NGVEWkdPVWx5YmtOSVZtdGFaMjFHUm14dmVIWkRjMUF3WmtwRlVHOVlVa1ExTXpWU1RpdHhUMHh0ZUZOa2JuaGlMMUZaTjNreVduZFZPRkp3ZEU1NWExSjJWSG92TkU1RVJtcFdaMGgwT0hOeWEwazJObkJPTVU5RGFXNU5kSFZUTmpaM1dUaFVUSGRtY0ZSaVRWUmFlamhRVW1GTE9WRk5aRFU0Tlc5eU16RktUR1JrTldkc1EyaENTbVpwZHpOMlNHa3hOQ3RYY1VwWFEzQTFUMGxKY0hscFpYUjNhbUkxYVc5NGVrdFJZVFI1UVZoc1VIVm5NVmRZTDBwWmMyMDJhWEkyUzJ4Vk5FeDViRWhSY3pCcFV6aDZha3cyTmtFNE1WUXhWemt2ZDI5Q1JFSlNhemsyWmxOSVlYWnVjM2ROUVZacVZERmpTakpGWTNkd1RURjRlRGxNZDI5VmNVSXhRa1pYZVhkcVRuTjJlRkJ0V1ZCblNscGllWE0xTDBwa1NXcERja0prUlhwSVIwdEZPR0pEYUVOalpEZ3JhbkJ6YzJ4aVZtaEJRMmhpY1V4dmRsRjFOR05QY0VwelpXdDFPRkJLU1hkM2QzQklhVEUyVVVWS2QwbG1OMjVvUzB0eVNGTk1RWEJrWVdsbFNVcEtkbHB3U0M5emVGQmFkVlEyUTNSMVZVUk5iRGcwWWxoQ2QyTTBkRFpIWVROelVsTlRiMDFtYzB0UU5tczNXRVZLTjNOQldWUndlSGhrSzFac1RuUXlla3BqTVc4MFNsTm5iWE5rYlhkbmNFVlhabTFxT1hKSGJWVnFMeXRvWVd0blEwMDVPWFpZTjBSTmFqWTVWV2cwUVhkblUzTlZTR1pOVEdwUmJIWnBNMVl3YlZCQk1XODJRUzh5ZUUwek4wYzJPRUpyTUhndlQyeHVkbTlXVW05R1JqY3ZXVmh6ZW1Wck9XVTBjMmxpS3pWdWMxTm5hVUp3U1ROcWJubGhhMDVsUm5kSE56SldVMU5hVDI1b1FVSXlhMWgxWWk4NGRqbHdTMU5ZTVhBeVdtNU1OWFY2WTI5R2JGTlBabVpDTUhkb2NFa3ljRkJCV1ZSME5FbE1VRGd4WldsWVZrVlpSbkpsTTJRdldHUmhRV2MxTUhGNWVtcEJNRkpRUTNGSU16ZzJZMU0zVlRsa09YZHVOa3BRZFVKb2RYVTRkV3RxWjA5eFUySlNXVVpIYzA0eFNWWjJaWE5IT0daSGF6Vm1iSE5xZDJobVFrWm9ZVmxXTjJWSVRuRnJOM0ZDYm5reE1rcDFUbVpuWkhGVlltOUZjREJDVkVFMmNIWTBibGMwUWprNFNGbzFNVTlTYmtaNmQzZEJZMDlqWVdkSVdVd3dZelJzUWpGTFNIaG1UalZxTmxWb1UyRXhSblZRVnpSbmJYQmxXRkpTWXpkUk4waGxNRkV5VlVnNWFUQXJNRWhuZUdNNU9FSnNWWHB5TTJOU1Z6TXZPVXcxTjBsUEwxaFpabEJ5VHk5WllUTm1VVUZ5U2s1dloyODNXR1p3VjBaTVVVdFlWUzl6ZUM4eWNYb3hiMnA2T1RCNldrOHJOVEl5YVVOV05FcHdiV2xOVDNadVJYcERkMFZ0Ums1dVpGQXpZbmhYYWxaWFlYWmFka1ZzY0hoSldESXpZMlJKTWtwRU9FeGlURXhxSzJ3ck1rRkZZWEJSVW5Kc1NFdDZOelZPTnpkSU0xSnlWbGxEYm0wM1RuRlhlbk5FTURONFJHMXpRMkZ4WmpCTWJteGhabFJhVUhONFozQXhaUzlwUzBWS2EydHNhVlJrT0ZaMWJrZGxhek0zU1ZjNFpFSldhbkpSUzNSR1lsZ3pkemhoVW10TWVXTnNaVU5uVW5CRVpGQTVUME5HZVdWMFdqbHNNbkkyTlhWRllXNU1OM1pJU2pONVp6SkxlbVpXT0RGcVowRmlSa1JsVUdJeE1XbDRSbFYwVTNBdk5HRnZjVzR6WlhNcmVtUldaVGsxZVZCNGJsRm5ZazVhYUVWbWFXRk5VMEZZYlVsS1QyNHhUV1l4VXpoNk9GaFlabEJ4UmxFMU5YaHBkV0V5YUZabVVGaHdaVWszV25CT0wwZ3dVbkU0TmpSQkwySmpWRTFwWlRGalVHc3hPWEpqYlhaSmVGTkVLelpOY0daRE0wbHpSa3hXWW5sNFdITlFlV2xaV25SbWFXeEhaakZ1YzA5S1dEUjBPRmh2ZUdOUFUyUm1SRXBHTUZwcFVVcGxSalUzZUdGR05YZDFTbmRJYVUxVGVYTk1aMUY2Vm5wU2FrTkxNa1pZVFZZMElpd2laR0YwWVd0bGVTSTZJa0ZSUlVKQlNHaDNiVEJaWVVsVFNtVlNkRXB0Tlc0eFJ6WjFjV1ZsYTFoMWIxaFlVR1UxVlVaalpUbFNjVGd2TVRSM1FVRkJTRFIzWmtGWlNrdHZXa2xvZG1OT1FWRmpSMjlIT0hkaVVVbENRVVJDYjBKbmEzRm9hMmxIT1hjd1FrSjNSWGRJWjFsS1dVbGFTVUZYVlVSQ1FVVjFUVUpGUlVSSFkwbHRXSE15VEhaaFJIUXpja3hxVVVsQ1JVbEJOMmt5Ym1OWU5HZzRPVzFNTDFaTlIwTXZNbGx4V0ZoaVkyd3pjR2t5U0RZd1EwVmFaVTlLVjJoV1owUkVkR1ZRYTB4WFdFWmhlbFpaZVVkWlJ6WkJOQ3N4T0ZsUE1YTjJiVGxVVVdkb1UwazlJaXdpZG1WeWMybHZiaUk2SWpJaUxDSjBlWEJsSWpvaVJFRlVRVjlMUlZraUxDSmxlSEJwY21GMGFXOXVJam94TnpFNE9EVTBNRFkzZlE9PQ==",
            "expires_at": "2024-06-20T03:27:47Z",
            "id": "us-east-1",
            "password": "eyJwYXlsb2FkIjoiUnYzK3l2OFlFTC9QZ2U3eHRnZjB5OW5Hc0s4eFBvY2VBYk5CNWJpRnBYN0xjSVhzay84eDZGOUlybkNIVmtaZ21GRmxveHZDc1AwZkpFUG9YUkQ1MzVSTitxT0xteFNkbnhiL1FZN3kyWndVOFJwdE55a1J2VHovNE5ERmpWZ0h0OHNya0k2NnBOMU9DaW5NdHVTNjZ3WThUTHdmcFRiTVRaejhQUmFLOVFNZDU4NW9yMzFKTGRkNWdsQ2hCSmZpdzN2SGkxNCtXcUpXQ3A1T0lJcHlpZXR3amI1aW94ektRYTR5QVhsUHVnMVdYL0pZc202aXI2S2xVNEx5bEhRczBpUzh6akw2NkE4MVQxVzkvd29CREJSazk2ZlNIYXZuc3dNQVZqVDFjSjJFY3dwTTF4eDlMd29VcUIxQkZXeXdqTnN2eFBtWVBnSlpieXM1L0pkSWpDckJkRXpIR0tFOGJDaENjZDgranBzc2xiVmhBQ2hicUxvdlF1NGNPcEpzZWt1OFBKSXd3d3BIaTE2UUVKd0lmN25oS0tySFNMQXBkYWllSUpKdlpwSC9zeFBadVQ2Q3R1VURNbDg0YlhCd2M0dDZHYTNzUlNTb01mc0tQNms3WEVKN3NBWVRweHhkK1ZsTnQyekpjMW80SlNnbXNkbXdncEVXZm1qOXJHbVVqLytoYWtnQ005OXZYN0RNajY5VWg0QXdnU3NVSGZNTGpRbHZpM1YwbVBBMW82QS8yeE0zN0c2OEJrMHgvT2xudm9WUm9GRjcvWVhzemVrOWU0c2liKzVuc1NnaUJwSTNqbnlha05lRndHNzJWU1NaT25oQUIya1h1Yi84djlwS1NYMXAyWm5MNXV6Y29GbFNPZmZCMHdocEkycFBBWVR0NElMUDgxZWlYVkVZRnJlM2QvWGRhQWc1MHF5empBMFJQQ3FIMzg2Y1M3VTlkOXduNkpQdUJodXU4dWtqZ09xU2JSWUZHc04xSVZ2ZXNHOGZHazVmbHNqd2hmQkZoYVlWN2VITnFrN3FCbnkxMkp1TmZnZHFVYm9FcDBCVEE2cHY0blc0Qjk4SFo1MU9SbkZ6d3dBY09jYWdIWUwwYzRsQjFLSHhmTjVqNlVoU2ExRnVQVzRnbXBlWFJSYzdRN0hlMFEyVUg5aTArMEhneGM5OEJsVXpyM2NSVzMvOUw1N0lPL1hZZlByTy9ZYTNmUUFySk5vZ283WGZwV0ZMUUtYVS9zeC8ycXoxb2p6OTB6Wk8rNTIyaUNWNEpwbWlNT3ZuRXpDd0VtRk5uZFAzYnhXalZXYXZadkVscHhJWDIzY2RJMkpEOExiTExqK2wrMkFFYXBRUnJsSEt6NzVONzdIM1JyVllDbm03TnFXenNEMDN4RG1zQ2FxZjBMbmxhZlRaUHN4Z3AxZS9pS0VKa2tsaVRkOFZ1bkdlazM3SVc4ZEJWanJRS3RGYlgzdzhhUmtMeWNsZUNnUnBEZFA5T0NGeWV0WjlsMnI2NXVFYW5MN3ZISjN5ZzJLemZWODFqZ0FiRkRlUGIxMWl4RlV0U3AvNGFvcW4zZXMremRWZTk1eVB4blFnYk5aaEVmaWFNU0FYbUlKT24xTWYxUzh6OFhYZlBxRlE1NXhpdWEyaFZmUFhwZUk3WnBOL0gwUnE4NjRBL2JjVE1pZTFjUGsxOXJjbXZJeFNEKzZNcGZDM0lzRkxWYnl4WHNQeWlZWnRmaWxHZjFuc09KWDR0OFhveGNPU2RmREpGMFppUUplRjU3eGFGNXd1SndIaU1TeXNMZ1F6VnpSakNLMkZYTVY0IiwiZGF0YWtleSI6IkFRRUJBSGh3bTBZYUlTSmVSdEptNW4xRzZ1cWVla1h1b1hYUGU1VUZjZTlScTgvMTR3QUFBSDR3ZkFZSktvWklodmNOQVFjR29HOHdiUUlCQURCb0Jna3Foa2lHOXcwQkJ3RXdIZ1lKWUlaSUFXVURCQUV1TUJFRURHY0ltWHMyTHZhRHQzckxqUUlCRUlBN2kybmNYNGg4OW1ML1ZNR0MvMllxWFhiY2wzcGkySDYwQ0VaZU9KV2hWZ0REdGVQa0xXWEZhelZZeUdZRzZBNCsxOFlPMXN2bTlUUWdoU0k9IiwidmVyc2lvbiI6IjIiLCJ0eXBlIjoiREFUQV9LRVkiLCJleHBpcmF0aW9uIjoxNzE4ODU0MDY3fQ==",
            "proxy_endpoint": "https://654654394525.dkr.ecr.us-east-1.amazonaws.com",
            "registry_id": null,
            "user_name": "AWS"
          },
          "sensitive_attributes": [
            [
              {
                "type": "get_attr",
                "value": "password"
              }
            ],
            [
              {
                "type": "get_attr",
                "value": "authorization_token"
              }
            ]
          ]
        }
      ]
    },
    {
      "module": "module.kubernetes",
      "mode": "managed",
      "type": "kubectl_manifest",
      "name": "db",
      "provider": "provider[\"registry.terraform.io/gavinbunney/kubectl\"]",
      "instances": [
        {
          "schema_version": 1,
          "attributes": {
            "api_version": "apps/v1",
            "apply_only": false,
            "force_conflicts": false,
            "force_new": false,
            "id": "/apis/apps/v1/namespaces/default/deployments/db",
            "ignore_fields": null,
            "kind": "Deployment",
            "live_manifest_incluster": "5b35b0672f9c71d20afb9180ae6c9347a0814c87e18c76a98eaa03bf660aa757",
            "live_uid": "d7cb56b6-fa06-423d-9a5c-cc72d6c730df",
            "name": "db",
            "namespace": null,
            "override_namespace": null,
            "sensitive_fields": null,
            "server_side_apply": false,
            "timeouts": null,
            "uid": "d7cb56b6-fa06-423d-9a5c-cc72d6c730df",
            "validate_schema": true,
            "wait": null,
            "wait_for_rollout": true,
            "yaml_body": "apiVersion: apps/v1\nkind: Deployment\nmetadata:\n  labels:\n    app: db\n  name: db\nspec:\n  replicas: 1\n  selector:\n    matchLabels:\n      app: db\n  strategy: {}\n  template:\n    metadata:\n      labels:\n        app: db\n    spec:\n      containers:\n      - name: db\n        image: \"654654394525.dkr.ecr.us-east-1.amazonaws.com/db\"\n",
            "yaml_body_parsed": "apiVersion: apps/v1\nkind: Deployment\nmetadata:\n  labels:\n    app: db\n  name: db\nspec:\n  replicas: 1\n  selector:\n    matchLabels:\n      app: db\n  strategy: {}\n  template:\n    metadata:\n      labels:\n        app: db\n    spec:\n      containers:\n      - image: 654654394525.dkr.ecr.us-east-1.amazonaws.com/db\n        name: db\n",
            "yaml_incluster": "5b35b0672f9c71d20afb9180ae6c9347a0814c87e18c76a98eaa03bf660aa757"
          },
          "sensitive_attributes": [
            [
              {
                "type": "get_attr",
                "value": "yaml_incluster"
              }
            ],
            [
              {
                "type": "get_attr",
                "value": "live_manifest_incluster"
              }
            ],
            [
              {
                "type": "get_attr",
                "value": "yaml_body"
              }
            ]
          ],
          "private": "eyJlMmJmYjczMC1lY2FhLTExZTYtOGY4OC0zNDM2M2JjN2M0YzAiOnsiY3JlYXRlIjo2MDAwMDAwMDAwMDB9LCJzY2hlbWFfdmVyc2lvbiI6IjEifQ==",
          "dependencies": [
            "data.aws_caller_identity.current",
            "data.aws_ecr_authorization_token.token",
            "module.docker.aws_ecr_repository.db",
            "module.docker.aws_ecr_repository.web",
            "module.docker.data.aws_caller_identity.current",
            "module.docker.data.aws_ecr_authorization_token.token",
            "module.docker.docker_image.db",
            "module.docker.docker_image.web",
            "module.docker.docker_registry_image.db",
            "module.docker.docker_registry_image.web",
            "module.kubernetes.data.aws_caller_identity.current"
          ]
        }
      ]
    },
    {
      "module": "module.kubernetes",
      "mode": "managed",
      "type": "kubectl_manifest",
      "name": "db_svc",
      "provider": "provider[\"registry.terraform.io/gavinbunney/kubectl\"]",
      "instances": [
        {
          "schema_version": 1,
          "attributes": {
            "api_version": "v1",
            "apply_only": false,
            "force_conflicts": false,
            "force_new": false,
            "id": "/api/v1/namespaces/default/services/db",
            "ignore_fields": null,
            "kind": "Service",
            "live_manifest_incluster": "58eb985e0eac9e349d05312b548d0e7dc3735d0acd76da7736a4fc36c4d3fffb",
            "live_uid": "15dd5e5b-cb32-4e38-b0d9-b98312e41444",
            "name": "db",
            "namespace": null,
            "override_namespace": null,
            "sensitive_fields": null,
            "server_side_apply": false,
            "timeouts": null,
            "uid": "15dd5e5b-cb32-4e38-b0d9-b98312e41444",
            "validate_schema": true,
            "wait": null,
            "wait_for_rollout": true,
            "yaml_body": "apiVersion: v1\nkind: Service\nmetadata:\n  name: db\nspec:\n  type: ClusterIP\n  selector:\n    app: db\n  ports:\n  - name: mysql\n    port: 3306\n    targetPort: 3306\n",
            "yaml_body_parsed": "apiVersion: v1\nkind: Service\nmetadata:\n  name: db\nspec:\n  ports:\n  - name: mysql\n    port: 3306\n    targetPort: 3306\n  selector:\n    app: db\n  type: ClusterIP\n",
            "yaml_incluster": "58eb985e0eac9e349d05312b548d0e7dc3735d0acd76da7736a4fc36c4d3fffb"
          },
          "sensitive_attributes": [
            [
              {
                "type": "get_attr",
                "value": "yaml_body"
              }
            ],
            [
              {
                "type": "get_attr",
                "value": "live_manifest_incluster"
              }
            ],
            [
              {
                "type": "get_attr",
                "value": "yaml_incluster"
              }
            ]
          ],
          "private": "eyJlMmJmYjczMC1lY2FhLTExZTYtOGY4OC0zNDM2M2JjN2M0YzAiOnsiY3JlYXRlIjo2MDAwMDAwMDAwMDB9LCJzY2hlbWFfdmVyc2lvbiI6IjEifQ==",
          "dependencies": [
            "data.aws_caller_identity.current",
            "data.aws_ecr_authorization_token.token",
            "module.docker.aws_ecr_repository.db",
            "module.docker.aws_ecr_repository.web",
            "module.docker.data.aws_caller_identity.current",
            "module.docker.data.aws_ecr_authorization_token.token",
            "module.docker.docker_image.db",
            "module.docker.docker_image.web",
            "module.docker.docker_registry_image.db",
            "module.docker.docker_registry_image.web"
          ]
        }
      ]
    },
    {
      "module": "module.kubernetes",
      "mode": "managed",
      "type": "kubectl_manifest",
      "name": "web",
      "provider": "provider[\"registry.terraform.io/gavinbunney/kubectl\"]",
      "instances": [
        {
          "schema_version": 1,
          "attributes": {
            "api_version": "apps/v1",
            "apply_only": false,
            "force_conflicts": false,
            "force_new": false,
            "id": "/apis/apps/v1/namespaces/default/deployments/web",
            "ignore_fields": null,
            "kind": "Deployment",
            "live_manifest_incluster": "e94511f92c5bcbffa265ee732d4d88a048ad2e71cb870f2b35f92fdd8f3865bc",
            "live_uid": "166810b6-4827-4a4f-8932-eff16935e1ef",
            "name": "web",
            "namespace": null,
            "override_namespace": null,
            "sensitive_fields": null,
            "server_side_apply": false,
            "timeouts": null,
            "uid": "166810b6-4827-4a4f-8932-eff16935e1ef",
            "validate_schema": true,
            "wait": null,
            "wait_for_rollout": true,
            "yaml_body": "apiVersion: apps/v1\nkind: Deployment\nmetadata:\n  labels:\n    app: web\n  name: web\nspec:\n  replicas: 2\n  selector:\n    matchLabels:\n      app: web\n  strategy: {}\n  template:\n    metadata:\n      labels:\n        app: web\n    spec:\n      containers:\n      - name: web  \n        image: \"654654394525.dkr.ecr.us-east-1.amazonaws.com/web\"\n",
            "yaml_body_parsed": "apiVersion: apps/v1\nkind: Deployment\nmetadata:\n  labels:\n    app: web\n  name: web\nspec:\n  replicas: 2\n  selector:\n    matchLabels:\n      app: web\n  strategy: {}\n  template:\n    metadata:\n      labels:\n        app: web\n    spec:\n      containers:\n      - image: 654654394525.dkr.ecr.us-east-1.amazonaws.com/web\n        name: web\n",
            "yaml_incluster": "e94511f92c5bcbffa265ee732d4d88a048ad2e71cb870f2b35f92fdd8f3865bc"
          },
          "sensitive_attributes": [
            [
              {
                "type": "get_attr",
                "value": "live_manifest_incluster"
              }
            ],
            [
              {
                "type": "get_attr",
                "value": "yaml_incluster"
              }
            ],
            [
              {
                "type": "get_attr",
                "value": "yaml_body"
              }
            ]
          ],
          "private": "eyJlMmJmYjczMC1lY2FhLTExZTYtOGY4OC0zNDM2M2JjN2M0YzAiOnsiY3JlYXRlIjo2MDAwMDAwMDAwMDB9LCJzY2hlbWFfdmVyc2lvbiI6IjEifQ==",
          "dependencies": [
            "data.aws_caller_identity.current",
            "data.aws_ecr_authorization_token.token",
            "module.docker.aws_ecr_repository.db",
            "module.docker.aws_ecr_repository.web",
            "module.docker.data.aws_caller_identity.current",
            "module.docker.data.aws_ecr_authorization_token.token",
            "module.docker.docker_image.db",
            "module.docker.docker_image.web",
            "module.docker.docker_registry_image.db",
            "module.docker.docker_registry_image.web",
            "module.kubernetes.data.aws_caller_identity.current"
          ]
        }
      ]
    },
    {
      "module": "module.kubernetes",
      "mode": "managed",
      "type": "kubectl_manifest",
      "name": "web_svc",
      "provider": "provider[\"registry.terraform.io/gavinbunney/kubectl\"]",
      "instances": [
        {
          "schema_version": 1,
          "attributes": {
            "api_version": "v1",
            "apply_only": false,
            "force_conflicts": false,
            "force_new": false,
            "id": "/api/v1/namespaces/default/services/web",
            "ignore_fields": null,
            "kind": "Service",
            "live_manifest_incluster": "49a2337dd55f66c0e52e51d1337e88d9b842ad9b263f2be0a4836464bf9c6bdf",
            "live_uid": "b9e32e58-a70c-46c1-8994-c7034f4dbe40",
            "name": "web",
            "namespace": null,
            "override_namespace": null,
            "sensitive_fields": null,
            "server_side_apply": false,
            "timeouts": null,
            "uid": "b9e32e58-a70c-46c1-8994-c7034f4dbe40",
            "validate_schema": true,
            "wait": null,
            "wait_for_rollout": true,
            "yaml_body": "apiVersion: v1\nkind: Service\nmetadata:\n  name: web\nspec:\n  type: ClusterIP\n  selector:\n    app: web\n  ports:\n  - name: apache\n    port: 80\n    targetPort: 80\n",
            "yaml_body_parsed": "apiVersion: v1\nkind: Service\nmetadata:\n  name: web\nspec:\n  ports:\n  - name: apache\n    port: 80\n    targetPort: 80\n  selector:\n    app: web\n  type: ClusterIP\n",
            "yaml_incluster": "49a2337dd55f66c0e52e51d1337e88d9b842ad9b263f2be0a4836464bf9c6bdf"
          },
          "sensitive_attributes": [
            [
              {
                "type": "get_attr",
                "value": "live_manifest_incluster"
              }
            ],
            [
              {
                "type": "get_attr",
                "value": "yaml_body"
              }
            ],
            [
              {
                "type": "get_attr",
                "value": "yaml_incluster"
              }
            ]
          ],
          "private": "eyJlMmJmYjczMC1lY2FhLTExZTYtOGY4OC0zNDM2M2JjN2M0YzAiOnsiY3JlYXRlIjo2MDAwMDAwMDAwMDB9LCJzY2hlbWFfdmVyc2lvbiI6IjEifQ==",
          "dependencies": [
            "data.aws_caller_identity.current",
            "data.aws_ecr_authorization_token.token",
            "module.docker.aws_ecr_repository.db",
            "module.docker.aws_ecr_repository.web",
            "module.docker.data.aws_caller_identity.current",
            "module.docker.data.aws_ecr_authorization_token.token",
            "module.docker.docker_image.db",
            "module.docker.docker_image.web",
            "module.docker.docker_registry_image.db",
            "module.docker.docker_registry_image.web"
          ]
        }
      ]
    }
  ],
  "check_results": null
}
