{
  "version": 4,
  "terraform_version": "1.8.5",
  "serial": 383,
  "lineage": "d1c58729-fe15-cda0-aef2-93226575cda0",
  "outputs": {},
  "resources": [
    {
      "mode": "data",
      "type": "aws_caller_identity",
      "name": "current",
      "provider": "provider[\"registry.terraform.io/hashicorp/aws\"]",
      "instances": [
        {
          "schema_version": 0,
          "attributes": {
            "account_id": "654654394525",
            "arn": "arn:aws:sts::654654394525:assumed-role/voclabs/user3154006=gpramirezecheverria@gmail.com",
            "id": "654654394525",
            "user_id": "AROAZQ3DRKCORTCTDEKVT:user3154006=gpramirezecheverria@gmail.com"
          },
          "sensitive_attributes": []
        }
      ]
    },
    {
      "mode": "data",
      "type": "aws_ecr_authorization_token",
      "name": "token",
      "provider": "provider[\"registry.terraform.io/hashicorp/aws\"]",
      "instances": [
        {
          "schema_version": 0,
          "attributes": {
            "authorization_token": "QVdTOmV5SndZWGxzYjJGa0lqb2liMGQyUXpsRlZXcFJlSEJ4ZWpGdmFtWldSbmRZYWtadVYyUkVlV0pFWVcxSE5YZDZOekp2YVdwS2VVNWhiMU5HTUZCQ1duSTNiVFpMVlVaYWJFb3piRUo0U25GWVYyYzRaalZVWlZkS1lWazFVRWc1WTBoeWVtaHJURlJIZEM5bVFuWndLMXB3VFc1UlZHVmplRWxFYVc1elJFSTBXVVF4YldkcFQzWTFObXRhWkVsRVJuQm5VRUZvYUcxMldFdHBTbmhJTVdWUFQzUTFXa2x2T1ZObVYzaHRRV056YURSb1JURjRXRWxRYjFBNFFqWlRSMnBOTW1Kd2J6VmllRUZUTTJSM2NtSldSMnh0TDFsUVVqUkNaMk54UVVKMVdYRm1OR2wyYVV4bVVuUldUWFl6VjNnMGFrOTZTbGd6VUdOamNHZHlaWGx5TVVsMlRsUklMMjVxZEZGVFQzWlBVR28wZUVwckwzUTJRazlXU1doaFptaEZhelkxTWxkeFpVSTVWWHBwUTBsTFJYbzVTRzg0UTBZM1RFcHNWMFV5TXpZMlFucHNURUUwTlVkdFdFcG5lazFZTUhNMFlXWm5ka2hPWTJaQmVWSkpVWEpDTmxWeWEwSjNlVVV5VG1oaGIxQTFRV0ZzYkRKcE9WZDRaek5CTm1sMWJIaGpUMFpqYTFWbFduaGxjMU5VTnpjemEyaGpiRXB5VVRSV2FXWkZVVmRTYjBWMldqUkRNa2xrYm5ORWNsaFlhU3RwTm5GalUxTjJMM2R5T0ZoRVJHWlFXV1UzVG5SalJtZFFPVkoyWkhCTFYzVlJWRWhXU2pjNVJqQmxkR0Z0U2s5VVJpdDVUVU0zT0N0Tkt6QTNOblpNYTIxRU0wOUhTR3A1YUdGM2EzUTJWbFZ6Vm1sc01WRXhibVV2SzIxV1RuaExVV0pDWm5BM1ZXeGhTMnhrVHpGalNFUnRLelV5VWpoSWEyaG9aazFZUVhSUVN5OWxjbTk1VmxGSk1rbFhZVWxsUlZkRlMyaFJjMXBOVEVOSlpYZHJiWGxSZFZCQmRqQkVlak5UVldwRlExWlFOWFJHVUVKNGRtSndObkZaYTFkWFlVNVZhWFpqT0VGVlVTczBhMUoyVmxwSGJuZDFhblJ6SzJOUGJGaGtaMmROVlZGdmFtRnBNRUoxTVU5TmRESkhWR1Z0YzBKaloycFJTVzU1Vms1YVJXSnJaWEZ3ZEdabVdrUndaMk5RVUVsVmFEQm9UMngzV0VGR1FtMDVWMVZyZVhWUWIySkNhV1ZLZG14VVpDdDZVMlIyT1cwd1Rrd3pNV2g2TkdacllVNDFVWFJ6WTIxNFJESXZWV2RLVXpsSGNuTmpaVlEyWkc1TVNtOVpWRUo2VG5WYVpuUktRMlpVV1VwR1VFZFdNRTFCT0dFMGVsRllkbVJXYlUxSlIzWmpjWEZ3VEZWM2JHWjFZM2xUUTAxdk9IWkNSU3RIV25CaU5VVnBWbkkxY0ZseFozSXdlazl6ZW13MlJqTkRlSGRTVnpKV00zcDFNVGxPUnpaNVVFWnRaR1JIYVdkSU56aEJNazEwVjJ3NGIyNUpaMVkyVTB4SlVrNDRXVGRoZFZScldqUldOekZRUTBKSk9FSlRiSFZ4VUd0SVVGTjRiWFZKVjNwUFEybHljR0V6Ym1sUVRGVXZLMjE2ZFc1TVpVMW9UMU5hWm5ONFVIUnRiVlJVTlhOcldrRjZlbWx4YjFReVEwMTFNREJMVWsxRlpqWXpTbFpWTDFGRlFsUkViQ3RRTTFkQ1ZrNVhjbnByVUhOcE0wSlFha28xVjBkQ1owRjFVSFF6WkdJNU9HMHZiVFpOWkVKR2JXUTVhamtyS3pSWldYRXdWbTByVkRsMWVYSXdOa0ZuYjJrNVZUWXhjMHRJZEZWdFFVRjJhR1ZMY25Wd1dtWTRNbnBpWkhZeFJYTTFWbEp1Y1d4UFFXNTBTR1JzWWxsSWJESTJTbkZvUmxsalNrcHVUbWhuT1RJeVZFNTVRM0p3WlVsek0xRkdjMUpQZW1zeFpGaE9TMFpsZFc1NVdFTXhURmh1UW10U1NVSmtaME5UWm5OM1YxVnpVM0ZZY2taTE9EQlBhMFJQTDFCa0szaG1hakZsV0ZGSU1IWnFkVmx1VjFSeU9DOWxXRGhJZDBWd1JqSTRlRkF3ZDNGdmRra3llV2g1VEd3eVpWQTFRV0pNTTNNMmR6RmhkbEV2T0VOclNqbENhMUpPVDBVNGFVODBNMWQwTmxoR1ZsQnhTbmN6TmpWM1ZFWjNUSGhpVUhaYWQzRmFRMEk0VTBKWU5EUXhhMGRzT0VnMFJUQktVRnBzVDJGTFIyZDJRbHBKUjJvMk1HeDZOR2RXVW1zd2FGTlRkblkxZVVsR2ExaFpTSGxTVmxaMklpd2laR0YwWVd0bGVTSTZJa0ZSUlVKQlNHaDNiVEJaWVVsVFNtVlNkRXB0Tlc0eFJ6WjFjV1ZsYTFoMWIxaFlVR1UxVlVaalpUbFNjVGd2TVRSM1FVRkJTRFIzWmtGWlNrdHZXa2xvZG1OT1FWRmpSMjlIT0hkaVVVbENRVVJDYjBKbmEzRm9hMmxIT1hjd1FrSjNSWGRJWjFsS1dVbGFTVUZYVlVSQ1FVVjFUVUpGUlVSRlNXZDVjbE5EWWxaeWNqaEtjWGhGZDBsQ1JVbEJOMWhLYUZaMlowdEpPR1JwVWxoMmQzVm9aM1p2WkRGSlJrdDJaMGxIZG1FM1ZIcEVjbVpDVDBadmFXSkpNa2d5ZVVwV1l5OUpRMUExYWtjMFNIZE1NMUoyU0VSMWRsUmFZekJIYWpkQ2RqQTlJaXdpZG1WeWMybHZiaUk2SWpJaUxDSjBlWEJsSWpvaVJFRlVRVjlMUlZraUxDSmxlSEJwY21GMGFXOXVJam94TnpFNE9EVXpNekF3ZlE9PQ==",
            "expires_at": "2024-06-20T03:15:00Z",
            "id": "us-east-1",
            "password": "eyJwYXlsb2FkIjoib0d2QzlFVWpReHBxejFvamZWRndYakZuV2REeWJEYW1HNXd6NzJvaWpKeU5hb1NGMFBCWnI3bTZLVUZabEozbEJ4SnFYV2c4ZjVUZVdKYVk1UEg5Y0hyemhrTFRHdC9mQnZwK1pwTW5RVGVjeElEaW5zREI0WUQxbWdpT3Y1NmtaZElERnBnUEFoaG12WEtpSnhIMWVPT3Q1WklvOVNmV3htQWNzaDRoRTF4WElQb1A4QjZTR2pNMmJwbzVieEFTM2R3cmJWR2xtL1lQUjRCZ2NxQUJ1WXFmNGl2aUxmUnRWTXYzV3g0ak96SlgzUGNjcGdyZXlyMUl2TlRIL25qdFFTT3ZPUGo0eEprL3Q2Qk9WSWhhZmhFazY1MldxZUI5VXppQ0lLRXo5SG84Q0Y3TEpsV0UyMzY2QnpsTEE0NUdtWEpnek1YMHM0YWZndkhOY2ZBeVJJUXJCNlVya0J3eUUyTmhhb1A1QWFsbDJpOVd4ZzNBNml1bHhjT0Zja1VlWnhlc1NUNzcza2hjbEpyUTRWaWZFUVdSb0V2WjRDMklkbnNEclhYaStpNnFjU1N2L3dyOFhERGZQWWU3TnRjRmdQOVJ2ZHBLV3VRVEhWSjc5RjBldGFtSk9URit5TUM3OCtNKzA3NnZMa21EM09HSGp5aGF3a3Q2VlVzVmlsMVExbmUvK21WTnhLUWJCZnA3VWxhS2xkTzFjSERtKzUyUjhIa2hoZk1YQXRQSy9lcm95VlFJMklXYUllRVdFS2hRc1pNTENJZXdrbXlRdVBBdjBEejNTVWpFQ1ZQNXRGUEJ4dmJwNnFZa1dXYU5VaXZjOEFVUSs0a1J2VlpHbnd1anRzK2NPbFhkZ2dNVVFvamFpMEJ1MU9NdDJHVGVtc0JjZ2pRSW55Vk5aRWJrZXFwdGZmWkRwZ2NQUElVaDBoT2x3WEFGQm05V1VreXVQb2JCaWVKdmxUZCt6U2R2OW0wTkwzMWh6NGZrYU41UXRzY214RDIvVWdKUzlHcnNjZVQ2ZG5MSm9ZVEJ6TnVaZnRKQ2ZUWUpGUEdWME1BOGE0elFYdmRWbU1JR3ZjcXFwTFV3bGZ1Y3lTQ01vOHZCRStHWnBiNUVpVnI1cFlxZ3Iwek9zemw2RjNDeHdSVzJWM3p1MTlORzZ5UEZtZGRHaWdINzhBMk10V2w4b25JZ1Y2U0xJUk44WTdhdVRrWjRWNzFQQ0JJOEJTbHVxUGtIUFN4bXVJV3pPQ2lycGEzbmlQTFUvK216dW5MZU1oT1NaZnN4UHRtbVRUNXNrWkF6emlxb1QyQ011MDBLUk1FZjYzSlZVL1FFQlREbCtQM1dCVk5XcnprUHNpM0JQako1V0dCZ0F1UHQzZGI5OG0vbTZNZEJGbWQ5ajkrKzRZWXEwVm0rVDl1eXIwNkFnb2k5VTYxc0tIdFVtQUF2aGVLcnVwWmY4MnpiZHYxRXM1VlJucWxPQW50SGRsYllIbDI2SnFoRlljSkpuTmhnOTIyVE55Q3JwZUlzM1FGc1JPemsxZFhOS0ZldW55WEMxTFhuQmtSSUJkZ0NTZnN3V1VzU3FYckZLODBPa0RPL1BkK3hmajFlWFFIMHZqdVluV1RyOC9lWDhId0VwRjI4eFAwd3FvdkkyeWh5TGwyZVA1QWJMM3M2dzFhdlEvOENrSjlCa1JOT0U4aU80M1d0NlhGVlBxSnczNjV3VEZ3THhiUHZad3FaQ0I4U0JYNDQxa0dsOEg0RTBKUFpsT2FLR2d2QlpJR2o2MGx6NGdWUmswaFNTdnY1eUlGa1hZSHlSVlZ2IiwiZGF0YWtleSI6IkFRRUJBSGh3bTBZYUlTSmVSdEptNW4xRzZ1cWVla1h1b1hYUGU1VUZjZTlScTgvMTR3QUFBSDR3ZkFZSktvWklodmNOQVFjR29HOHdiUUlCQURCb0Jna3Foa2lHOXcwQkJ3RXdIZ1lKWUlaSUFXVURCQUV1TUJFRURFSWd5clNDYlZycjhKcXhFd0lCRUlBN1hKaFZ2Z0tJOGRpUlh2d3VoZ3ZvZDFJRkt2Z0lHdmE3VHpEcmZCT0ZvaWJJMkgyeUpWYy9JQ1A1akc0SHdMM1J2SER1dlRaYzBHajdCdjA9IiwidmVyc2lvbiI6IjIiLCJ0eXBlIjoiREFUQV9LRVkiLCJleHBpcmF0aW9uIjoxNzE4ODUzMzAwfQ==",
            "proxy_endpoint": "https://654654394525.dkr.ecr.us-east-1.amazonaws.com",
            "registry_id": null,
            "user_name": "AWS"
          },
          "sensitive_attributes": [
            [
              {
                "type": "get_attr",
                "value": "authorization_token"
              }
            ],
            [
              {
                "type": "get_attr",
                "value": "password"
              }
            ]
          ]
        }
      ]
    },
    {
      "module": "module.aws",
      "mode": "data",
      "type": "aws_caller_identity",
      "name": "current",
      "provider": "provider[\"registry.terraform.io/hashicorp/aws\"]",
      "instances": [
        {
          "schema_version": 0,
          "attributes": {
            "account_id": "654654394525",
            "arn": "arn:aws:sts::654654394525:assumed-role/voclabs/user3154006=gpramirezecheverria@gmail.com",
            "id": "654654394525",
            "user_id": "AROAZQ3DRKCORTCTDEKVT:user3154006=gpramirezecheverria@gmail.com"
          },
          "sensitive_attributes": []
        }
      ]
    },
    {
      "module": "module.aws",
      "mode": "data",
      "type": "aws_ecr_authorization_token",
      "name": "token",
      "provider": "provider[\"registry.terraform.io/hashicorp/aws\"]",
      "instances": [
        {
          "schema_version": 0,
          "attributes": {
            "authorization_token": "QVdTOmV5SndZWGxzYjJGa0lqb2ljazF0VFRKMlVGZG1kVUZJSzBRcmRtOTZkRUpTZWtGaFFsVnZlVTlXTUhSb01uRnRUa0kwY0hwb1EwaFZjamRVVEdoNE5rNDRRMmRFVDJNck4weFJPRGxFZVdOT05YRTJlVkJzWlVONlRYZEVPV013Ym1obVUyTTJVa0ZzUW5aUGJuUXlVa2hoZUVsR1NucHFjSEYzTDBKcGRYaHdORWsxUTA5blJqUlNlbEptYzBSaU0zQTFjbEp6VFZSNldHcE9lRlJGUXl0dWNFaERNVWhMUmpOb2RXNVdXWE5KZUdaeVpFbE9jVUo2YUZadWFWbHphMDFEYlhwNmMwWnVXamxRY0RGQ09FcEVWVVpRYTNGTVlXTjVRVEZuSzNwWFFTOVdhVXgxU1dSVGMyNHpORmRvU1VwWllpOTFabFZVY21SRVRFVjZSWGhEUVdkVWNVZHBibTV0ZWxGMlltWkZNVGxwV1dSMlIzUkpPRlUxU1U1cVRIVjFWbGt4TW1sSFQxbFBZelJyVVdSV2JFWTBhVmRQZEdSU00yeDBVbEJ3YlZWRlkwOTJaMGhGYWxnMFdrSlZkV05CWjJkdlZqQlBXVGMwV1daaVYwTlZZVWRCUlRnemRqVTBUVGgzTTFWcVprUnBiVkZyTDFVd2FqaFplVWg2U0hoVFJTdDNUMXBEYTNKcGFEZExjbXhUU1RVNFlreHFkWEF2WmxsYVZtOUVVMFJHZEhJek5qZ3pRbTAwZDNRM1NtTXhORVZHY0dzMlIwMVhkamgyWWtGMWFFY3paRGxpVlhOSWRGSjVXVGRwVlZweE0xaDFTbEZ6ZGxkbVJDdDFSelpGTkZKdmRrOTRjREpKYkVwV05uaEtTbXB6WW1aWk9USllUSGhuTlVoSFNXeFBlaTlaYUV4UllVdEVNV05vV2tRek5HSmpRazQwUjFORU9WRjNXRkZuWW5odFZFWlFUblJCTW5RMU5sWjFWekJ1UVV4S01VeG1TVUl2Wkc4MksyUjVTMnBZUWxaUmIxTm1SbEF6VkdKamREaFNVVEkyYUZsdVdsTTRNRUZwZFhKNFJXZG9ZMk0wVlV0eFRXRlVTVGRCWnpSVmJEbFNZMEZXTkVKTFZYYzFURGxYUkdOMlVqVkJOblF3VTNWbVMyWXlVMUpYWVRka01rdGhLMEpuUW01cVZIaGFUbWxLYlN0U1EycG1PRk0yV2pOaFpWRkxWelZvZDBKNllVcHRlbkIxVVVGQ1FtVllOMlJLY1hjMGJsSm1ibGRqZWs4eFQxbDZWa0pKT1d0dldrZGlZWFp6YWtOYWVYaHBWVkJNVUVObmQwa3djR3ByV204MlNHZFhaVlJWWm1sbWJucFFOV2g2T0ZwaFZUVkhZM0pYZEhCTVpFTnZURU5sUldJMU1UQlZiRlEyU0RCbmVERlFjVzR6VkVoUWJqZzNSSFU0TTBVNFQyaGpORXBFVEM5cVZHTlVlR2xsTm5jM1ozVjFTalU1ZFZkTE56QjVORzFwYzFwSU1uSmFiV1ZoYjBGcFlYa3JWRFJ6Vldkb1dYQnVjMVpzYkN0b1JHWnZUMVJNWlhKWlVGaGpiVVJwY0daNlNEZEZjRVpQZDJ4c2VESlBZbTVwTmpsTFNuaDZTRzlLU0UxSlZGTnRSMjVUWjFVNFRtcDFUV05FVGxaNFIzWlVjVUl4ZUVac1dEWlZjVVJ3TkdweU9UQnpNMFJOVUdWdk5WSkZPR2htZURjMlUxUnFTbEJCUWs0M1Nrd3ZNMlY1T1hJeWFYUnBjVlp5WlVOM2EzZEdRa1ZhYzJWWFMyaExiRXgyZVdGeWFsQm9URUU0TkRndlNUVmtVMlpDZEhWSFJVdzJObnBJTkVFNWRtd3llall4ZW5ObmJFRkxaMkkxUlZKTVIzZEJVbkY2TVVkbFlVVnRRMGRQZGxWek9ITkhWR0pIVEZkS01XWjRUQ3RHUW5FNFkzZEJRblYzUWxoMUwyaEpWVnBKWnk5alFYUTRRVWwyVFdnMFlWRXZLMVZSYjNFMWIydHhORzVEU1dWV2JYQlVaRlZNYW5SaWFsQTRTVmhaU1U4MVUwNUxhVlZXY1dsVFNFd3JjMWhsY0RkMk1DOWljMnhFYkhCeGRXcFhhVU14VWpWbk0wcHpPV0p0U0c1eGFsbGtSbGRZVjB0c016aG5ka1pVYjA5T1IzWlZTMGRVSzFkaVdrSlBiUzlYZFVoRlJuTjNURlo1ZWtSV2FVbEpOVk5KWkcxUlNITlJNWFoxU1dSQk5VZHZhbGxIZDI5MlZtWkVhSFZzTmt0UU1rSk9hV1JoVkVSQ00wRk5XRWh4THl0a1ZtdEpOMkZVYmpsd2VISnFNbmQ1Vm1oSmFFNVFjaXRaZFUxcVZXZFJLMGxRUzBVeGJVZFBNR0U0U2pKcklpd2laR0YwWVd0bGVTSTZJa0ZSUlVKQlNHaDNiVEJaWVVsVFNtVlNkRXB0Tlc0eFJ6WjFjV1ZsYTFoMWIxaFlVR1UxVlVaalpUbFNjVGd2TVRSM1FVRkJTRFIzWmtGWlNrdHZXa2xvZG1OT1FWRmpSMjlIT0hkaVVVbENRVVJDYjBKbmEzRm9hMmxIT1hjd1FrSjNSWGRJWjFsS1dVbGFTVUZYVlVSQ1FVVjFUVUpGUlVST2EwaDFPREJ4UVU5cU5FOHdOVGRYVVVsQ1JVbEJOek5EZW5CVGRtaEtjWEpsVUU5ME1IZHVkalF4Y2sxUWJFWnRObVJDVUZoNVNHaFdZbk52TWtoaE9ETXpVVVJPV204cmMxRkpjM016UW1kRVUyWnlWRmhYS3pKblpGaFVTblF2VjI1SGRGRTlJaXdpZG1WeWMybHZiaUk2SWpJaUxDSjBlWEJsSWpvaVJFRlVRVjlMUlZraUxDSmxlSEJwY21GMGFXOXVJam94TnpFNE9EVXpNekF3ZlE9PQ==",
            "expires_at": "2024-06-20T03:15:00Z",
            "id": "us-east-1",
            "password": "eyJwYXlsb2FkIjoick1tTTJ2UFdmdUFIK0Qrdm96dEJSekFhQlVveU9WMHRoMnFtTkI0cHpoQ0hVcjdUTGh4Nk44Q2dET2MrN0xRODlEeWNONXE2eVBsZUN6TXdEOWMwbmhmU2M2UkFsQnZPbnQyUkhheElGSnpqcHF3L0JpdXhwNEk1Q09nRjRSelJmc0RiM3A1clJzTVR6WGpOeFRFQytucEhDMUhLRjNodW5WWXNJeGZyZElOcUJ6aFZuaVlza01DbXp6c0ZuWjlQcDFCOEpEVUZQa3FMYWN5QTFnK3pXQS9WaUx1SWRTc24zNFdoSUpZYi91ZlVUcmRETEV6RXhDQWdUcUdpbm5telF2YmZFMTlpWWR2R3RJOFU1SU5qTHV1VlkxMmlHT1lPYzRrUWRWbEY0aVdPdGRSM2x0UlBwbVVFY092Z0hFalg0WkJVdWNBZ2dvVjBPWTc0WWZiV0NVYUdBRTgzdjU0TTh3M1VqZkRpbVFrL1UwajhZeUh6SHhTRSt3T1pDa3JpaDdLcmxTSTU4YkxqdXAvZllaVm9EU0RGdHIzNjgzQm00d3Q3SmMxNEVGcGs2R01Xdjh2YkF1aEczZDliVXNIdFJ5WTdpVVpxM1h1SlFzdldmRCt1RzZFNFJvdk94cDJJbEpWNnhKSmpzYmZZOTJYTHhnNUhHSWxPei9ZaExRYUtEMWNoWkQzNGJjQk40R1NEOVF3WFFnYnhtVEZQTnRBMnQ1NlZ1VzBuQUxKMUxmSUIvZG82K2R5S2pYQlZRb1NmRlAzVGJjdDhSUTI2aFluWlM4MEFpdXJ4RWdoY2M0VUtxTWFUSTdBZzRVbDlSY0FWNEJLVXc1TDlXRGN2UjVBNnQwU3VmS2YyU1JXYTdkMkthK0JnQm5qVHhaTmlKbStSQ2pmOFM2WjNhZVFLVzVod0J6YUptenB1UUFCQmVYN2RKcXc0blJmbldjek8xT1l6VkJJOWtvWkdiYXZzakNaeXhpVVBMUENnd0kwcGprWm82SGdXZVRVZmlmbnpQNWh6OFphVTVHY3JXdHBMZENvTENlRWI1MTBVbFQ2SDBneDFQcW4zVEhQbjg3RHU4M0U4T2hjNEpETC9qVGNUeGllNnc3Z3V1SjU5dVdLNzB5NG1pc1pIMnJabWVhb0FpYXkrVDRzVWdoWXBuc1ZsbCtoRGZvT1RMZXJZUFhjbURpcGZ6SDdFcEZPd2xseDJPYm5pNjlLSnh6SG9KSE1JVFNtR25TZ1U4Tmp1TWNETlZ4R3ZUcUIxeEZsWDZVcURwNGpyOTBzM0RNUGVvNVJFOGhmeDc2U1RqSlBBQk43SkwvM2V5OXIyaXRpcVZyZUN3a3dGQkVac2VXS2hLbEx2eWFyalBoTEE4NDgvSTVkU2ZCdHVHRUw2NnpINEE5dmwyejYxenNnbEFLZ2I1RVJMR3dBUnF6MUdlYUVtQ0dPdlVzOHNHVGJHTFdKMWZ4TCtGQnE4Y3dBQnV3Qlh1L2hJVVpJZy9jQXQ4QUl2TWg0YVEvK1VRb3E1b2txNG5DSWVWbXBUZFVManRialA4SVhZSU81U05LaVVWcWlTSEwrc1hlcDd2MC9ic2xEbHBxdWpXaUMxUjVnM0pzOWJtSG5xallkRldYV0tsMzhndkZUb09OR3ZVS0dUK1diWkJPbS9XdUhFRnN3TFZ5ekRWaUlJNVNJZG1RSHNRMXZ1SWRBNUdvallHd292VmZEaHVsNktQMkJOaWRhVERCM0FNWEhxLytkVmtJN2FUbjlweHJqMnd5VmhJaE5QcitZdU1qVWdRK0lQS0UxbUdPMGE4SjJrIiwiZGF0YWtleSI6IkFRRUJBSGh3bTBZYUlTSmVSdEptNW4xRzZ1cWVla1h1b1hYUGU1VUZjZTlScTgvMTR3QUFBSDR3ZkFZSktvWklodmNOQVFjR29HOHdiUUlCQURCb0Jna3Foa2lHOXcwQkJ3RXdIZ1lKWUlaSUFXVURCQUV1TUJFRUROa0h1ODBxQU9qNE8wNTdXUUlCRUlBNzNDenBTdmhKcXJlUE90MHdudjQxck1QbEZtNmRCUFh5SGhWYnNvMkhhODMzUUROWm8rc1FJc3MzQmdEU2ZyVFhXKzJnZFhUSnQvV25HdFE9IiwidmVyc2lvbiI6IjIiLCJ0eXBlIjoiREFUQV9LRVkiLCJleHBpcmF0aW9uIjoxNzE4ODUzMzAwfQ==",
            "proxy_endpoint": "https://654654394525.dkr.ecr.us-east-1.amazonaws.com",
            "registry_id": null,
            "user_name": "AWS"
          },
          "sensitive_attributes": [
            [
              {
                "type": "get_attr",
                "value": "authorization_token"
              }
            ],
            [
              {
                "type": "get_attr",
                "value": "password"
              }
            ]
          ]
        }
      ]
    },
    {
      "module": "module.aws",
      "mode": "managed",
      "type": "aws_eks_cluster",
      "name": "cluster_obligatorio",
      "provider": "provider[\"registry.terraform.io/hashicorp/aws\"]",
      "instances": [
        {
          "schema_version": 0,
          "attributes": {
            "access_config": [
              {
                "authentication_mode": "CONFIG_MAP",
                "bootstrap_cluster_creator_admin_permissions": false
              }
            ],
            "arn": "arn:aws:eks:us-east-1:654654394525:cluster/cluster_obligatorio",
            "certificate_authority": [
              {
                "data": "LS0tLS1CRUdJTiBDRVJUSUZJQ0FURS0tLS0tCk1JSURCVENDQWUyZ0F3SUJBZ0lJQVNFek94RUNoc013RFFZSktvWklodmNOQVFFTEJRQXdGVEVUTUJFR0ExVUUKQXhNS2EzVmlaWEp1WlhSbGN6QWVGdzB5TkRBMk1Ua3hOVEUxTkRoYUZ3MHpOREEyTVRjeE5USXdORGhhTUJVeApFekFSQmdOVkJBTVRDbXQxWW1WeWJtVjBaWE13Z2dFaU1BMEdDU3FHU0liM0RRRUJBUVVBQTRJQkR3QXdnZ0VLCkFvSUJBUUMrazBMZkhlbUFBT3plc1hMYndnTDdDbFh6ditlYk9FQTdPeS9wcnpJSUluNXM1aFBwd1c2cEQ2R1gKb3dIYi9lQVdXQlpXb0dLZVUrVkpSR1dhRzhLdzJCb0RudGFjQVRMUUxXVUpEQW56d21iVDlhN0NxYTRHVUh5YQpsK3FFenk0eXd4TW9KSnF1R055Z1NmU1RrVlNhK0wrSW9PMmhzWk5iSWJaMUpOd3JLc0l2RGMyU2RYNFI5OFlFCnV0d3dwaGdhbGdKc0JMYmJnRUh5ZDM5Z2tXMDhoREhrM3J1TUxEMS94SzVNTkpVTUhXMnI5aVpTbkY2cUUxQU4KSi9XRlA5NVlERUh3RU02ZFFob0F1OUY5dDdnbldxcCs1VFhaRVJ4eUEvOXZ3LzFic0JJdW96L1hac0VOU2ZseQpBcGo3VkdocHJQU1c3S0lxR0ZlTnAvTHV2c0puQWdNQkFBR2pXVEJYTUE0R0ExVWREd0VCL3dRRUF3SUNwREFQCkJnTlZIUk1CQWY4RUJUQURBUUgvTUIwR0ExVWREZ1FXQkJSWmR3SDVhb0hNcWx0emRGOXpuR2wydm10bWZ6QVYKQmdOVkhSRUVEakFNZ2dwcmRXSmxjbTVsZEdWek1BMEdDU3FHU0liM0RRRUJDd1VBQTRJQkFRQzRtMkhVekNUeQpzOEQybFp4YklCZWJVQmYzMlNjSGlMV1dKZlh5VnlLdE1PUHJWQ1ptaUhMVzE3WlExRysvMjNsbHYyOVNDSnNPCjVub0VMR28yVm84ckpTSzNZU1VzbFZMOFRwaWhtdmwvOUtPRVQxbHpvK0ZoWHBDamh0bEE2dkNxNDhxQWZ6WksKMXU0TDMrOWg0SDl5ZmY4c1VwT1Z0SDZMeGhydkRaUDJET0tBOHV0SmFnYTVuV3JvZUdLVXdieVc5WDJZUUV5dgoxY0JmMlZCZ25aSUI5c0l5Qyt0MGRLRzBPN0dhcVJwRnk0bVc4eUErSkk4MWUzMUt2SFJZQmpTNzJVYmdDODdjCnNINUxjaC9sT0duMmdPd2lsWDhtbGh1a28xRDAxUTkwcmRabVFtNDU2MVBQRHNINytJUk4vQU1RZlBVNHpuN3QKenloQ2FYNTNZa3h3Ci0tLS0tRU5EIENFUlRJRklDQVRFLS0tLS0K"
              }
            ],
            "cluster_id": null,
            "created_at": "2024-06-19 15:15:30.682 +0000 UTC",
            "enabled_cluster_log_types": null,
            "encryption_config": [],
            "endpoint": "https://F26F111B29CFDDBBFD74E3BC30807B5C.gr7.us-east-1.eks.amazonaws.com",
            "id": "cluster_obligatorio",
            "identity": [
              {
                "oidc": [
                  {
                    "issuer": "https://oidc.eks.us-east-1.amazonaws.com/id/F26F111B29CFDDBBFD74E3BC30807B5C"
                  }
                ]
              }
            ],
            "kubernetes_network_config": [
              {
                "ip_family": "ipv4",
                "service_ipv4_cidr": "10.100.0.0/16",
                "service_ipv6_cidr": ""
              }
            ],
            "name": "cluster_obligatorio",
            "outpost_config": [],
            "platform_version": "eks.18",
            "role_arn": "arn:aws:iam::654654394525:role/LabRole",
            "status": "ACTIVE",
            "tags": null,
            "tags_all": {},
            "timeouts": null,
            "version": "1.26",
            "vpc_config": [
              {
                "cluster_security_group_id": "sg-0e78d63cf15d4e3fd",
                "endpoint_private_access": false,
                "endpoint_public_access": true,
                "public_access_cidrs": [
                  "0.0.0.0/0"
                ],
                "security_group_ids": [
                  "sg-0eec1cecffc145ad2"
                ],
                "subnet_ids": [
                  "subnet-048040d693e1cae27",
                  "subnet-0eed1b890d72957ac"
                ],
                "vpc_id": "vpc-08843afe4654e222c"
              }
            ]
          },
          "sensitive_attributes": [],
          "private": "eyJlMmJmYjczMC1lY2FhLTExZTYtOGY4OC0zNDM2M2JjN2M0YzAiOnsiY3JlYXRlIjoxODAwMDAwMDAwMDAwLCJkZWxldGUiOjkwMDAwMDAwMDAwMCwidXBkYXRlIjozNjAwMDAwMDAwMDAwfX0=",
          "dependencies": [
            "module.aws.aws_security_group.sg_obligatorio",
            "module.aws.aws_subnet.subnet_A_obligatorio",
            "module.aws.aws_subnet.subnet_B_obligatorio",
            "module.aws.aws_vpc.vpc_obligatorio",
            "module.aws.data.aws_caller_identity.current"
          ]
        }
      ]
    },
    {
      "module": "module.aws",
      "mode": "managed",
      "type": "aws_eks_node_group",
      "name": "node_group_obligatorio",
      "provider": "provider[\"registry.terraform.io/hashicorp/aws\"]",
      "instances": [
        {
          "schema_version": 0,
          "attributes": {
            "ami_type": "AL2_x86_64",
            "arn": "arn:aws:eks:us-east-1:654654394525:nodegroup/cluster_obligatorio/node_group_obligatorio/88c8188c-d3e7-d70f-1053-1fc1f9517375",
            "capacity_type": "ON_DEMAND",
            "cluster_name": "cluster_obligatorio",
            "disk_size": 20,
            "force_update_version": null,
            "id": "cluster_obligatorio:node_group_obligatorio",
            "instance_types": [
              "t3.medium"
            ],
            "labels": null,
            "launch_template": [],
            "node_group_name": "node_group_obligatorio",
            "node_group_name_prefix": "",
            "node_role_arn": "arn:aws:iam::654654394525:role/LabRole",
            "release_version": "1.26.15-20240605",
            "remote_access": [],
            "resources": [
              {
                "autoscaling_groups": [
                  {
                    "name": "eks-node_group_obligatorio-88c8188c-d3e7-d70f-1053-1fc1f9517375"
                  }
                ],
                "remote_access_security_group_id": ""
              }
            ],
            "scaling_config": [
              {
                "desired_size": 2,
                "max_size": 2,
                "min_size": 1
              }
            ],
            "status": "ACTIVE",
            "subnet_ids": [
              "subnet-048040d693e1cae27",
              "subnet-0eed1b890d72957ac"
            ],
            "tags": null,
            "tags_all": {},
            "taint": [],
            "timeouts": null,
            "update_config": [
              {
                "max_unavailable": 1,
                "max_unavailable_percentage": 0
              }
            ],
            "version": "1.26"
          },
          "sensitive_attributes": [],
          "private": "eyJlMmJmYjczMC1lY2FhLTExZTYtOGY4OC0zNDM2M2JjN2M0YzAiOnsiY3JlYXRlIjozNjAwMDAwMDAwMDAwLCJkZWxldGUiOjM2MDAwMDAwMDAwMDAsInVwZGF0ZSI6MzYwMDAwMDAwMDAwMH19",
          "dependencies": [
            "module.aws.aws_eks_cluster.cluster_obligatorio",
            "module.aws.aws_security_group.sg_obligatorio",
            "module.aws.aws_subnet.subnet_A_obligatorio",
            "module.aws.aws_subnet.subnet_B_obligatorio",
            "module.aws.aws_vpc.vpc_obligatorio",
            "module.aws.data.aws_caller_identity.current"
          ]
        }
      ]
    },
    {
      "module": "module.aws",
      "mode": "managed",
      "type": "aws_internet_gateway",
      "name": "ig_obligatorio",
      "provider": "provider[\"registry.terraform.io/hashicorp/aws\"]",
      "instances": [
        {
          "schema_version": 0,
          "attributes": {
            "arn": "arn:aws:ec2:us-east-1:654654394525:internet-gateway/igw-06b9fe74ce2a5b5eb",
            "id": "igw-06b9fe74ce2a5b5eb",
            "owner_id": "654654394525",
            "tags": null,
            "tags_all": {},
            "timeouts": null,
            "vpc_id": "vpc-08843afe4654e222c"
          },
          "sensitive_attributes": [],
          "private": "eyJlMmJmYjczMC1lY2FhLTExZTYtOGY4OC0zNDM2M2JjN2M0YzAiOnsiY3JlYXRlIjoxMjAwMDAwMDAwMDAwLCJkZWxldGUiOjEyMDAwMDAwMDAwMDAsInVwZGF0ZSI6MTIwMDAwMDAwMDAwMH19",
          "dependencies": [
            "module.aws.aws_vpc.vpc_obligatorio"
          ]
        }
      ]
    },
    {
      "module": "module.aws",
      "mode": "managed",
      "type": "aws_route",
      "name": "ruta_a_internet",
      "provider": "provider[\"registry.terraform.io/hashicorp/aws\"]",
      "instances": [
        {
          "schema_version": 0,
          "attributes": {
            "carrier_gateway_id": "",
            "core_network_arn": "",
            "destination_cidr_block": "0.0.0.0/0",
            "destination_ipv6_cidr_block": "",
            "destination_prefix_list_id": "",
            "egress_only_gateway_id": "",
            "gateway_id": "igw-06b9fe74ce2a5b5eb",
            "id": "r-rtb-077c7609178be34291080289494",
            "instance_id": "",
            "instance_owner_id": "",
            "local_gateway_id": "",
            "nat_gateway_id": "",
            "network_interface_id": "",
            "origin": "CreateRoute",
            "route_table_id": "rtb-077c7609178be3429",
            "state": "active",
            "timeouts": null,
            "transit_gateway_id": "",
            "vpc_endpoint_id": "",
            "vpc_peering_connection_id": ""
          },
          "sensitive_attributes": [],
          "private": "eyJlMmJmYjczMC1lY2FhLTExZTYtOGY4OC0zNDM2M2JjN2M0YzAiOnsiY3JlYXRlIjozMDAwMDAwMDAwMDAsImRlbGV0ZSI6MzAwMDAwMDAwMDAwLCJ1cGRhdGUiOjEyMDAwMDAwMDAwMH19",
          "dependencies": [
            "module.aws.aws_internet_gateway.ig_obligatorio",
            "module.aws.aws_vpc.vpc_obligatorio"
          ]
        }
      ]
    },
    {
      "module": "module.aws",
      "mode": "managed",
      "type": "aws_security_group",
      "name": "sg_obligatorio",
      "provider": "provider[\"registry.terraform.io/hashicorp/aws\"]",
      "instances": [
        {
          "schema_version": 1,
          "attributes": {
            "arn": "arn:aws:ec2:us-east-1:654654394525:security-group/sg-0eec1cecffc145ad2",
            "description": "Managed by Terraform",
            "egress": [
              {
                "cidr_blocks": [
                  "0.0.0.0/0"
                ],
                "description": "all",
                "from_port": 0,
                "ipv6_cidr_blocks": [],
                "prefix_list_ids": [],
                "protocol": "-1",
                "security_groups": [],
                "self": false,
                "to_port": 0
              }
            ],
            "id": "sg-0eec1cecffc145ad2",
            "ingress": [
              {
                "cidr_blocks": [
                  "0.0.0.0/0"
                ],
                "description": "http",
                "from_port": 80,
                "ipv6_cidr_blocks": [],
                "prefix_list_ids": [],
                "protocol": "tcp",
                "security_groups": [],
                "self": false,
                "to_port": 80
              },
              {
                "cidr_blocks": [
                  "0.0.0.0/0"
                ],
                "description": "ssh",
                "from_port": 22,
                "ipv6_cidr_blocks": [],
                "prefix_list_ids": [],
                "protocol": "tcp",
                "security_groups": [],
                "self": false,
                "to_port": 22
              }
            ],
            "name": "sg_obligatorio",
            "name_prefix": "",
            "owner_id": "654654394525",
            "revoke_rules_on_delete": false,
            "tags": {
              "Name": "sg_obligatorio"
            },
            "tags_all": {
              "Name": "sg_obligatorio"
            },
            "timeouts": null,
            "vpc_id": "vpc-08843afe4654e222c"
          },
          "sensitive_attributes": [],
          "private": "eyJlMmJmYjczMC1lY2FhLTExZTYtOGY4OC0zNDM2M2JjN2M0YzAiOnsiY3JlYXRlIjo2MDAwMDAwMDAwMDAsImRlbGV0ZSI6OTAwMDAwMDAwMDAwfSwic2NoZW1hX3ZlcnNpb24iOiIxIn0=",
          "dependencies": [
            "module.aws.aws_vpc.vpc_obligatorio"
          ]
        }
      ]
    },
    {
      "module": "module.aws",
      "mode": "managed",
      "type": "aws_subnet",
      "name": "subnet_A_obligatorio",
      "provider": "provider[\"registry.terraform.io/hashicorp/aws\"]",
      "instances": [
        {
          "schema_version": 1,
          "attributes": {
            "arn": "arn:aws:ec2:us-east-1:654654394525:subnet/subnet-048040d693e1cae27",
            "assign_ipv6_address_on_creation": false,
            "availability_zone": "us-east-1a",
            "availability_zone_id": "use1-az1",
            "cidr_block": "172.16.1.0/24",
            "customer_owned_ipv4_pool": "",
            "enable_dns64": false,
            "enable_lni_at_device_index": 0,
            "enable_resource_name_dns_a_record_on_launch": false,
            "enable_resource_name_dns_aaaa_record_on_launch": false,
            "id": "subnet-048040d693e1cae27",
            "ipv6_cidr_block": "",
            "ipv6_cidr_block_association_id": "",
            "ipv6_native": false,
            "map_customer_owned_ip_on_launch": false,
            "map_public_ip_on_launch": true,
            "outpost_arn": "",
            "owner_id": "654654394525",
            "private_dns_hostname_type_on_launch": "ip-name",
            "tags": {
              "Name": "subnet_A_obligatorio"
            },
            "tags_all": {
              "Name": "subnet_A_obligatorio"
            },
            "timeouts": null,
            "vpc_id": "vpc-08843afe4654e222c"
          },
          "sensitive_attributes": [],
          "private": "eyJlMmJmYjczMC1lY2FhLTExZTYtOGY4OC0zNDM2M2JjN2M0YzAiOnsiY3JlYXRlIjo2MDAwMDAwMDAwMDAsImRlbGV0ZSI6MTIwMDAwMDAwMDAwMH0sInNjaGVtYV92ZXJzaW9uIjoiMSJ9",
          "dependencies": [
            "module.aws.aws_vpc.vpc_obligatorio"
          ]
        }
      ]
    },
    {
      "module": "module.aws",
      "mode": "managed",
      "type": "aws_subnet",
      "name": "subnet_B_obligatorio",
      "provider": "provider[\"registry.terraform.io/hashicorp/aws\"]",
      "instances": [
        {
          "schema_version": 1,
          "attributes": {
            "arn": "arn:aws:ec2:us-east-1:654654394525:subnet/subnet-0eed1b890d72957ac",
            "assign_ipv6_address_on_creation": false,
            "availability_zone": "us-east-1b",
            "availability_zone_id": "use1-az2",
            "cidr_block": "172.16.2.0/24",
            "customer_owned_ipv4_pool": "",
            "enable_dns64": false,
            "enable_lni_at_device_index": 0,
            "enable_resource_name_dns_a_record_on_launch": false,
            "enable_resource_name_dns_aaaa_record_on_launch": false,
            "id": "subnet-0eed1b890d72957ac",
            "ipv6_cidr_block": "",
            "ipv6_cidr_block_association_id": "",
            "ipv6_native": false,
            "map_customer_owned_ip_on_launch": false,
            "map_public_ip_on_launch": true,
            "outpost_arn": "",
            "owner_id": "654654394525",
            "private_dns_hostname_type_on_launch": "ip-name",
            "tags": {
              "Name": "subnet_B_obligatorio"
            },
            "tags_all": {
              "Name": "subnet_B_obligatorio"
            },
            "timeouts": null,
            "vpc_id": "vpc-08843afe4654e222c"
          },
          "sensitive_attributes": [],
          "private": "eyJlMmJmYjczMC1lY2FhLTExZTYtOGY4OC0zNDM2M2JjN2M0YzAiOnsiY3JlYXRlIjo2MDAwMDAwMDAwMDAsImRlbGV0ZSI6MTIwMDAwMDAwMDAwMH0sInNjaGVtYV92ZXJzaW9uIjoiMSJ9",
          "dependencies": [
            "module.aws.aws_vpc.vpc_obligatorio"
          ]
        }
      ]
    },
    {
      "module": "module.aws",
      "mode": "managed",
      "type": "aws_vpc",
      "name": "vpc_obligatorio",
      "provider": "provider[\"registry.terraform.io/hashicorp/aws\"]",
      "instances": [
        {
          "schema_version": 1,
          "attributes": {
            "arn": "arn:aws:ec2:us-east-1:654654394525:vpc/vpc-08843afe4654e222c",
            "assign_generated_ipv6_cidr_block": false,
            "cidr_block": "172.16.0.0/16",
            "default_network_acl_id": "acl-0f0683089818ba964",
            "default_route_table_id": "rtb-077c7609178be3429",
            "default_security_group_id": "sg-0995807951fa11645",
            "dhcp_options_id": "dopt-068fd658d84a3f0eb",
            "enable_dns_hostnames": true,
            "enable_dns_support": true,
            "enable_network_address_usage_metrics": false,
            "id": "vpc-08843afe4654e222c",
            "instance_tenancy": "default",
            "ipv4_ipam_pool_id": null,
            "ipv4_netmask_length": null,
            "ipv6_association_id": "",
            "ipv6_cidr_block": "",
            "ipv6_cidr_block_network_border_group": "",
            "ipv6_ipam_pool_id": "",
            "ipv6_netmask_length": 0,
            "main_route_table_id": "rtb-077c7609178be3429",
            "owner_id": "654654394525",
            "tags": {
              "Name": "vpc-obligatorio"
            },
            "tags_all": {
              "Name": "vpc-obligatorio"
            }
          },
          "sensitive_attributes": [],
          "private": "eyJzY2hlbWFfdmVyc2lvbiI6IjEifQ=="
        }
      ]
    },
    {
      "module": "module.aws",
      "mode": "managed",
      "type": "null_resource",
      "name": "kubectl",
      "provider": "provider[\"registry.terraform.io/hashicorp/null\"]",
      "instances": [
        {
          "schema_version": 0,
          "attributes": {
            "id": "7894465665735787255",
            "triggers": {
              "always_run": "2024-06-19T15:26:39Z"
            }
          },
          "sensitive_attributes": [],
          "dependencies": [
            "module.aws.aws_eks_cluster.cluster_obligatorio",
            "module.aws.aws_eks_node_group.node_group_obligatorio",
            "module.aws.aws_security_group.sg_obligatorio",
            "module.aws.aws_subnet.subnet_A_obligatorio",
            "module.aws.aws_subnet.subnet_B_obligatorio",
            "module.aws.aws_vpc.vpc_obligatorio",
            "module.aws.data.aws_caller_identity.current"
          ]
        }
      ]
    },
    {
      "module": "module.docker",
      "mode": "data",
      "type": "aws_caller_identity",
      "name": "current",
      "provider": "provider[\"registry.terraform.io/hashicorp/aws\"]",
      "instances": [
        {
          "schema_version": 0,
          "attributes": {
            "account_id": "654654394525",
            "arn": "arn:aws:sts::654654394525:assumed-role/voclabs/user3154006=gpramirezecheverria@gmail.com",
            "id": "654654394525",
            "user_id": "AROAZQ3DRKCORTCTDEKVT:user3154006=gpramirezecheverria@gmail.com"
          },
          "sensitive_attributes": []
        }
      ]
    },
    {
      "module": "module.docker",
      "mode": "data",
      "type": "aws_ecr_authorization_token",
      "name": "token",
      "provider": "provider[\"registry.terraform.io/hashicorp/aws\"]",
      "instances": [
        {
          "schema_version": 0,
          "attributes": {
            "authorization_token": "QVdTOmV5SndZWGxzYjJGa0lqb2lTazk1VWxJcmFuWmhWV1pLTUV4aGVXZE1UMUY2V1d4TFMyc3lTREU0VXpGUFluUTRWR2xaWVdSUFNraHBkbHAyVEZKcFZVZHFWak5aVjA5aEsyNDViWFpHYmtsd2VFVkpiVlJSU0VOc2RWaFpaRkZtVkc0ek5rRnZlVTk2YTNvM1NpdGlSV3hoYmtSck9ITXZhVWhyWm1KeksyOVFWMWhqVDJoVkwwd3JTMjlyU1ZCSFRVWktWemcyTkZWaVdXSXhhMkZTUnpoWVNUTTBaVEpaVUhoQlVXMUJVSEUxUkdOSFJsWllPWFo0YTA1YWJtSXhVVGcyWVUxMU56aHRTbmdyZEdaSVZDdDNkM3B5ZW5waFozbENVV2hhWjJsNlpFaFFNREp0UWs5eFVrMDRaVk5rWmxwRVRUVjRUVnAwU0VFelZUQkZTRXQxUjFRMWQwOW5SbFpuZERsMFVqWkxlVVJhTkZGYWJHSXdjRzlFZVM5bE1VcEVUVmRITTJGbFJWSkNTVVo0TVZGSU5GVnVhMFV4YUdSV1lVbGpNRW93VEdoeVJIVlpaMmxWZW5oR04yRnJjblJ6UkVka1pUSlFXbGRCWlZOcmIwaE1SMkk1UTJ0RldDdGhMMUl4UzBwbGFWbFFVMHhEWmxJcksyVXhjVlp3ZW5oNGFGcFpOREZxUVRORFJrNVlhWEJKWkRkNWVXcEljbXRPTkhKa2RIVk1UbFp6YzBvM1MycDJiREJwVTJ0a01FZDFlVVpHVUROSVpWQnNkbkJNTkhoVWJUSXJlRFZzVG5ZeGVsZE9SMVZTVEVRMk4zQmtSVmhsTldkNFVWVnlkMWwxUXpkcGMyaGliQzlvYVZwT2R6WkhiMEpzYUZZcmJHODRlVU5IUlVSRWRGRTRXRGRhSzNONkwySmtNVXQ0V0hrNVdrcFBTblZpTldSWGVFOXVXVUZyUVhobFFqUkZVRkJuVDNVMmF6SXZTMGQyVDBOV2RIaHZlRmg0U2tKUVYwWmxOM2hUTTJGak9YaDFaRFJDZURoVFZtc3dNRmRaVmtNeVZGbEhZbVJ3UlRGMVNVTm9kM1ptTjNoS1dHWllha3c0Tm5wUk9FdHRTR2wxSzJOUGRtcDVXRzF2V1dSRmNsbzJWSGcwTWpObFZYUnNVMFJzY1hCUE1TdEdiblZGVG05bWFFWldXa1Z5U1dGSE9EZ3pTVlV4ZG1WU2NsbG5NWGg2VEdaSFVEWk1hMnhtT1M5SWFVSTRkR2h0ZGxweVNESnpkMEl4YkZGS2VYZG5RazlvYkVaV04wdElWVkpyUlRKRldVSldOM1JOVmxveldUTnVTVUZuVUM5Wk9GRjBPSGRFTHpGR1NXa3plREZZTVZKMWJVTnFha1ZJVVc1dlF6TjRUbmhCVWl0ek4yaFdPVmxwTlZSU1MyWk5jVGt5WTJ0TVV6VnFSQ3RITlVOcmNteFBRMVJQWm0xTFJEZERiMGRNTkZOdGExY3pSa05PUkhKUkwydHRaSFpMZFM5UU9FdHNZMHhpZUdOM01EUkplVGt3VTBKWFV5ODFZVWhXUlNzMWVWcE9aRk5DY2t0a2FXdDJORlZ0VlRkT2RWcHdMMVJOVWs1cGJVODJUakYwTlU5dWVqRXlPSE01WWpCaVdrSm5kMFZ4T0RFNEsyUklMMUF3U0c5cGRYTnZUMGhJTTJSUVpGSlpUblJxVTNnMU5sRTVXVzFhWkdwMlVsZGhlbTlhV1hWbFkwVnVWVkpEZWpGVlIxY3pkSEF2ZERKNFJ6WnplWEJ4WkhkaWRISlJWbkpFVUdoMWJuWlhVVzVvVFVOVFJYbHlabXh3WW1sTk5tb3lkVlYxYVhoSFUxZHhiRFIzZURjeEwwSTNjMU5ZY1dWNFYwNXNWVXBUUlZBek1YTnVUR3hIUTFGbVprVmhPV1JSWXpONVRUUjVOVTVpYm01a1dqVlhOM0J3WkhCRWFEUnJXa1pGVGtnNFNGVTVWME5SYkhwT2EyUjJZa2xoVTJsaGNIWldVVmRGZFVNNVVHNWFUbWc1UkVwM1UwWk9LekY2VW01S2JrRmFTR0ZVYlVaWk1rYzJjbWczTUdFM1ZIUnZUREJxTlZSTVQwWnpLelp5V0hKQ01FdHpaU3RZUjNoSmVFcG5PRzVNYmpKVWJXWTFUM2hrZW1neGNUQXdXSEJWZG5OU01scFVNMVZQUkRKaVdEbDVMMWhvY2xCVGIybHdZM04zWjNVcmNuVm1VR2xQTjFkc1pqRjVkRzk2YlVOTlpYaHhUbEUwWmxZd2FqRlRXREpTT1ZWeGJVWlhRVVkwTVdsWVIxUllhMVZpSzNGTFJGZ3pNbUpMU0dzMGFsSmhkMDQxUTNjNUswOXNWRkpTWlZaM2RFZDVUbHBLTUhveWN5OXdNMW8wTVU5cElpd2laR0YwWVd0bGVTSTZJa0ZSUlVKQlNHaDNiVEJaWVVsVFNtVlNkRXB0Tlc0eFJ6WjFjV1ZsYTFoMWIxaFlVR1UxVlVaalpUbFNjVGd2TVRSM1FVRkJTRFIzWmtGWlNrdHZXa2xvZG1OT1FWRmpSMjlIT0hkaVVVbENRVVJDYjBKbmEzRm9hMmxIT1hjd1FrSjNSWGRJWjFsS1dVbGFTVUZYVlVSQ1FVVjFUVUpGUlVST2EwaDFPREJ4UVU5cU5FOHdOVGRYVVVsQ1JVbEJOek5EZW5CVGRtaEtjWEpsVUU5ME1IZHVkalF4Y2sxUWJFWnRObVJDVUZoNVNHaFdZbk52TWtoaE9ETXpVVVJPV204cmMxRkpjM016UW1kRVUyWnlWRmhYS3pKblpGaFVTblF2VjI1SGRGRTlJaXdpZG1WeWMybHZiaUk2SWpJaUxDSjBlWEJsSWpvaVJFRlVRVjlMUlZraUxDSmxlSEJwY21GMGFXOXVJam94TnpFNE9EVXpNekF3ZlE9PQ==",
            "expires_at": "2024-06-20T03:15:00Z",
            "id": "us-east-1",
            "password": "eyJwYXlsb2FkIjoiSk95UlIranZhVWZKMExheWdMT1F6WWxLS2sySDE4UzFPYnQ4VGlZYWRPSkhpdlp2TFJpVUdqVjNZV09hK245bXZGbklweEVJbVRRSENsdVhZZFFmVG4zNkFveU96a3o3SitiRWxhbkRrOHMvaUhrZmJzK29QV1hjT2hVL0wrS29rSVBHTUZKVzg2NFViWWIxa2FSRzhYSTM0ZTJZUHhBUW1BUHE1RGNHRlZYOXZ4a05abmIxUTg2YU11NzhtSngrdGZIVCt3d3pyenphZ3lCUWhaZ2l6ZEhQMDJtQk9xUk04ZVNkZlpETTV4TVp0SEEzVTBFSEt1R1Q1d09nRlZndDl0UjZLeURaNFFabGIwcG9EeS9lMUpETVdHM2FlRVJCSUZ4MVFINFVua0UxaGRWYUljMEowTGhyRHVZZ2lVenhGN2FrcnRzREdkZTJQWldBZVNrb0hMR2I5Q2tFWCthL1IxS0plaVlQU0xDZlIrK2UxcVZwenh4aFpZNDFqQTNDRk5YaXBJZDd5eWpIcmtONHJkdHVMTlZzc0o3S2p2bDBpU2tkMEd1eUZGUDNIZVBsdnBMNHhUbTIreDVsTnYxeldOR1VSTEQ2N3BkRVhlNWd4UVVyd1l1Qzdpc2hibC9oaVpOdzZHb0JsaFYrbG84eUNHRUREdFE4WDdaK3N6L2JkMUt4WHk5WkpPSnViNWRXeE9uWUFrQXhlQjRFUFBnT3U2azIvS0d2T0NWdHhveFh4SkJQV0ZlN3hTM2FjOXh1ZDRCeDhTVmswMFdZVkMyVFlHYmRwRTF1SUNod3ZmN3hKWGZYakw4NnpROEttSGl1K2NPdmp5WG1vWWRFclo2VHg0MjNlVXRsU0RscXBPMStGbnVFTm9maEZWWkVySWFHODgzSVUxdmVScllnMXh6TGZHUDZMa2xmOS9IaUI4dGhtdlpySDJzd0IxbFFKeXdnQk9obEZWN0tIVVJrRTJFWUJWN3RNVlozWTNuSUFnUC9ZOFF0OHdELzFGSWkzeDFYMVJ1bUNqakVIUW5vQzN4TnhBUitzN2hWOVlpNVRSS2ZNcTkyY2tMUzVqRCtHNUNrcmxPQ1RPZm1LRDdDb0dMNFNta1czRkNORHJRL2ttZHZLdS9QOEtsY0xieGN3MDRJeTkwU0JXUy81YUhWRSs1eVpOZFNCcktkaWt2NFVtVTdOdVpwL1RNUk5pbU82TjF0NU9uejEyOHM5YjBiWkJnd0VxODE4K2RIL1AwSG9pdXNvT0hIM2RQZFJZTnRqU3g1NlE5WW1aZGp2Uldhem9aWXVlY0VuVVJDejFVR1czdHAvdDJ4RzZzeXBxZHdidHJRVnJEUGh1bnZXUW5oTUNTRXlyZmxwYmlNNmoydVV1aXhHU1dxbDR3eDcxL0I3c1NYcWV4V05sVUpTRVAzMXNuTGxHQ1FmZkVhOWRRYzN5TTR5NU5ibm5kWjVXN3BwZHBEaDRrWkZFTkg4SFU5V0NRbHpOa2R2YklhU2lhcHZWUVdFdUM5UG5aTmg5REp3U0ZOKzF6Um5KbkFaSGFUbUZZMkc2cmg3MGE3VHRvTDBqNVRMT0ZzKzZyWHJCMEtzZStYR3hJeEpnOG5MbjJUbWY1T3hkemgxcTAwWHBVdnNSMlpUM1VPRDJiWDl5L1hoclBTb2lwY3N3Z3UrcnVmUGlPN1dsZjF5dG96bUNNZXhxTlE0ZlYwajFTWDJSOVVxbUZXQUY0MWlYR1RYa1ViK3FLRFgzMmJLSGs0alJhd041Q3c5K09sVFJSZVZ3dEd5TlpKMHoycy9wM1o0MU9pIiwiZGF0YWtleSI6IkFRRUJBSGh3bTBZYUlTSmVSdEptNW4xRzZ1cWVla1h1b1hYUGU1VUZjZTlScTgvMTR3QUFBSDR3ZkFZSktvWklodmNOQVFjR29HOHdiUUlCQURCb0Jna3Foa2lHOXcwQkJ3RXdIZ1lKWUlaSUFXVURCQUV1TUJFRUROa0h1ODBxQU9qNE8wNTdXUUlCRUlBNzNDenBTdmhKcXJlUE90MHdudjQxck1QbEZtNmRCUFh5SGhWYnNvMkhhODMzUUROWm8rc1FJc3MzQmdEU2ZyVFhXKzJnZFhUSnQvV25HdFE9IiwidmVyc2lvbiI6IjIiLCJ0eXBlIjoiREFUQV9LRVkiLCJleHBpcmF0aW9uIjoxNzE4ODUzMzAwfQ==",
            "proxy_endpoint": "https://654654394525.dkr.ecr.us-east-1.amazonaws.com",
            "registry_id": null,
            "user_name": "AWS"
          },
          "sensitive_attributes": [
            [
              {
                "type": "get_attr",
                "value": "password"
              }
            ],
            [
              {
                "type": "get_attr",
                "value": "authorization_token"
              }
            ]
          ]
        }
      ]
    },
    {
      "module": "module.docker",
      "mode": "managed",
      "type": "aws_ecr_repository",
      "name": "db",
      "provider": "provider[\"registry.terraform.io/hashicorp/aws\"]",
      "instances": [
        {
          "schema_version": 0,
          "attributes": {
            "arn": "arn:aws:ecr:us-east-1:654654394525:repository/db",
            "encryption_configuration": [
              {
                "encryption_type": "AES256",
                "kms_key": ""
              }
            ],
            "force_delete": true,
            "id": "db",
            "image_scanning_configuration": [
              {
                "scan_on_push": false
              }
            ],
            "image_tag_mutability": "MUTABLE",
            "name": "db",
            "registry_id": "654654394525",
            "repository_url": "654654394525.dkr.ecr.us-east-1.amazonaws.com/db",
            "tags": null,
            "tags_all": {},
            "timeouts": null
          },
          "sensitive_attributes": [],
          "private": "eyJlMmJmYjczMC1lY2FhLTExZTYtOGY4OC0zNDM2M2JjN2M0YzAiOnsiZGVsZXRlIjoxMjAwMDAwMDAwMDAwfX0="
        }
      ]
    },
    {
      "module": "module.docker",
      "mode": "managed",
      "type": "aws_ecr_repository",
      "name": "web",
      "provider": "provider[\"registry.terraform.io/hashicorp/aws\"]",
      "instances": [
        {
          "schema_version": 0,
          "attributes": {
            "arn": "arn:aws:ecr:us-east-1:654654394525:repository/web",
            "encryption_configuration": [
              {
                "encryption_type": "AES256",
                "kms_key": ""
              }
            ],
            "force_delete": true,
            "id": "web",
            "image_scanning_configuration": [
              {
                "scan_on_push": false
              }
            ],
            "image_tag_mutability": "MUTABLE",
            "name": "web",
            "registry_id": "654654394525",
            "repository_url": "654654394525.dkr.ecr.us-east-1.amazonaws.com/web",
            "tags": null,
            "tags_all": {},
            "timeouts": null
          },
          "sensitive_attributes": [],
          "private": "eyJlMmJmYjczMC1lY2FhLTExZTYtOGY4OC0zNDM2M2JjN2M0YzAiOnsiZGVsZXRlIjoxMjAwMDAwMDAwMDAwfX0="
        }
      ]
    },
    {
      "module": "module.docker",
      "mode": "managed",
      "type": "docker_image",
      "name": "db",
      "provider": "provider[\"registry.terraform.io/kreuzwerker/docker\"]",
      "instances": [
        {
          "schema_version": 0,
          "attributes": {
            "build": [
              {
                "auth_config": [],
                "build_arg": null,
                "build_args": null,
                "build_id": "",
                "cache_from": [],
                "cgroup_parent": "",
                "context": "./imagenes-docker/mysql57/",
                "cpu_period": null,
                "cpu_quota": null,
                "cpu_set_cpus": "",
                "cpu_set_mems": "",
                "cpu_shares": null,
                "dockerfile": "Dockerfile",
                "extra_hosts": [],
                "force_remove": null,
                "isolation": "",
                "label": null,
                "labels": null,
                "memory": null,
                "memory_swap": null,
                "network_mode": "",
                "no_cache": null,
                "platform": "",
                "pull_parent": null,
                "remote_context": "",
                "remove": true,
                "security_opt": [],
                "session_id": "",
                "shm_size": null,
                "squash": null,
                "suppress_output": null,
                "tag": [],
                "target": "",
                "ulimit": [],
                "version": ""
              }
            ],
            "force_remove": null,
            "id": "sha256:92baf7a5544490b19c36d8cb0a38a1171d87a249fae3eff4cc3146a482fba569654654394525.dkr.ecr.us-east-1.amazonaws.com/db",
            "image_id": "sha256:92baf7a5544490b19c36d8cb0a38a1171d87a249fae3eff4cc3146a482fba569",
            "keep_locally": null,
            "name": "654654394525.dkr.ecr.us-east-1.amazonaws.com/db",
            "platform": null,
            "pull_triggers": null,
            "repo_digest": "",
            "triggers": null
          },
          "sensitive_attributes": [],
          "private": "bnVsbA==",
          "dependencies": [
            "data.aws_caller_identity.current",
            "data.aws_ecr_authorization_token.token",
            "module.docker.data.aws_caller_identity.current"
          ]
        }
      ]
    },
    {
      "module": "module.docker",
      "mode": "managed",
      "type": "docker_image",
      "name": "web",
      "provider": "provider[\"registry.terraform.io/kreuzwerker/docker\"]",
      "instances": [
        {
          "schema_version": 0,
          "attributes": {
            "build": [
              {
                "auth_config": [],
                "build_arg": null,
                "build_args": null,
                "build_id": "",
                "cache_from": [],
                "cgroup_parent": "",
                "context": "./imagenes-docker/apache-php/",
                "cpu_period": null,
                "cpu_quota": null,
                "cpu_set_cpus": "",
                "cpu_set_mems": "",
                "cpu_shares": null,
                "dockerfile": "Dockerfile",
                "extra_hosts": [],
                "force_remove": null,
                "isolation": "",
                "label": null,
                "labels": null,
                "memory": null,
                "memory_swap": null,
                "network_mode": "",
                "no_cache": null,
                "platform": "",
                "pull_parent": null,
                "remote_context": "",
                "remove": true,
                "security_opt": [],
                "session_id": "",
                "shm_size": null,
                "squash": null,
                "suppress_output": null,
                "tag": [],
                "target": "",
                "ulimit": [],
                "version": ""
              }
            ],
            "force_remove": null,
            "id": "sha256:e41939413847febfff798e5411c95e04e65f8840cf3d15dcb3ea7444326177fb654654394525.dkr.ecr.us-east-1.amazonaws.com/web",
            "image_id": "sha256:e41939413847febfff798e5411c95e04e65f8840cf3d15dcb3ea7444326177fb",
            "keep_locally": null,
            "name": "654654394525.dkr.ecr.us-east-1.amazonaws.com/web",
            "platform": null,
            "pull_triggers": null,
            "repo_digest": "",
            "triggers": null
          },
          "sensitive_attributes": [],
          "private": "bnVsbA==",
          "dependencies": [
            "data.aws_caller_identity.current",
            "data.aws_ecr_authorization_token.token",
            "module.docker.data.aws_caller_identity.current"
          ]
        }
      ]
    }
  ],
  "check_results": null
}
