{
  "version": 4,
  "terraform_version": "1.8.5",
  "serial": 76,
  "lineage": "d1c58729-fe15-cda0-aef2-93226575cda0",
  "outputs": {},
  "resources": [
    {
      "mode": "data",
      "type": "aws_caller_identity",
      "name": "current",
      "provider": "provider[\"registry.terraform.io/hashicorp/aws\"]",
      "instances": [
        {
          "schema_version": 0,
          "attributes": {
            "account_id": "654654394525",
            "arn": "arn:aws:sts::654654394525:assumed-role/voclabs/user3154006=gpramirezecheverria@gmail.com",
            "id": "654654394525",
            "user_id": "AROAZQ3DRKCORTCTDEKVT:user3154006=gpramirezecheverria@gmail.com"
          },
          "sensitive_attributes": []
        }
      ]
    },
    {
      "mode": "data",
      "type": "aws_ecr_authorization_token",
      "name": "token",
      "provider": "provider[\"registry.terraform.io/hashicorp/aws\"]",
      "instances": [
        {
          "schema_version": 0,
          "attributes": {
            "authorization_token": "QVdTOmV5SndZWGxzYjJGa0lqb2lSMjB2YUhod1VUbFRaMmswZVVSQmQxVkxPVUpFYWtSYVVqWnBkbEJNVFZJclRqUjNaRE13WTNwNFVYSldSbXg2WlhOUlRFSlRPVUk1WW1GR1ZrVXlSRk0yYjFaVFZXUXhaMGh5T0ZadE5XZE5lbVJZTkhwaVZuUklXbEZ6WkhjcmJIcDNPRGh6UzBGblJERmFiVUo1YWxkV2MzWnhVSGcwVkhOT1ZXWldZVEpDTWpNM2FYa3pWVmRsV1hBdlQyWmlXVUZ1S3pOMVRrTnlkRXRYWmpGU1VFOTBXVGxoTjJkRldFUlROVkJUTkhSUUwxVndRVmRrZDBScGRGYzBOMWwyZFRWbVNIRldVMlJwWjJ4SFJuTlFXVGxGTm1jd1dWWkNPVEkzV1RWdVJtMVZPU3Q1WjNkQ1RHbDBSazFhZW1WYU5rcDJVa1JUZGpVME5WWlZXRVJyVkRsa01YSmFWMmMxSzFCUloxWXdZMHhMTVZnNVdERnZVRVZ3UzFKc1dXVnFjM1JNYlVoWVRXWlFaMmx4YUdaV05GWnpaRkY2VUV3ek9HOHZlSHBqUTBGeWNtNUNkRlJEVHpSSlRucFhlSE5UVjBzeVJISTFZa3RIV2sxdGJpdDZkbTFxUm5GaFZVOXpXRlJ1VTJ0MkwyRlhkRXROVEc1aWIwbElTa01yVTFaa2RXVmhiblZHUVZCTVNtVmtRemMwYTJzMllUbDVOMjVyTjNoQmF6bHJkelZTVGtSd1lYY3lXV3c0ZVM5SWRsVlZORFJLU1hkQ09TOU5Sa2RaYmt4emFtcHZORkV6ZVVsMVRqUkhaRFJJZEZwSk56VlBUamR0WVU0NWF6RXliRXhrT1hsMGJtRXhNVmRNTUZkSVVtbHVZM0pCVlZSM1RIZHhOMjR5Ym1wck5uTjRPV1F2YkRCblNVSjZRVmhrUjNWM1JIZ3JkMkpQYlRaRVkxQlFUR2hPTlhOSVdqaFRjWHBuVDAweGFTdGtWalJ0WVM5VVYyUmxlREpOY0hGaFR6WXZSVmxaUldKelpXNVdWRmhHYjFOMGFuRjRabmxyZFZGeVVIWmlLM2RhU2lzdlRuZEVheloyVFdkSlMweFBiMFYxTmpBMlowOHZXR0pEUmxaeWVFWlZORTFYVURsQ2EwODVVWGxvZWxSYVpITTVVekpHYm5WSlMxUXphbWxPWWpCV1kwWklWVFJ5UW5aR1pIaEVRbFZvUkdzNWFIZ3JNa053Vnpkc2Jsb3liSEJFV1ZKVlREUXdjR3hNZFVSd1VVRkZZM2huU0dwdFpGbHFRMGR0VG5WbVMwUjFZMlZZT0cxa0szRk9ja2w2ZUhSSFoyZGlhVTAwUzNwaU1USnJkbGRrVW1oMWJGQlFXRGR5TTNwT1pXTTRiRU5vVlZodFkwa3JVREJJZFM4clFrRXdaSFp0Vlcwd1lqWkxNWGRtTkRaamMxSnVaMlZ5YjJGcGJTOWpaRTU2UlRNMGIzbHRNamxNTW5aR1MxVnJjek5qSzIxck9VMXhOVlpVYTNwUGRWTlpXRFZOUkN0TlpXNUNZVzByZEhrMFNFNWtjSEZCTjNCR1l6VjJkWEIwVkVKMFltTTVRbFZrSzJKMlNUaE9SSEZvYjFWclowcHdXVXRYVUd4U1VXcGxha1JwYkROclkzRndkMlJ5Vmt4VVVYSm1jV3RhY3pkUVFqTnRjV0o1TUVacVRWVlBOR1U0UVRSdUwwZ3lObHB6WTJWRVNrVjBaMjFDYUhWNWFHVTFjbEpYVkV0U1pVMDRhMmxRVjBWemJ6UnBlakZsWXpSUlJVTjFSVUYyZG5KMWMwSkdRVzQxZDFWelJtbDJkSGhWVFZNd2FqYzNaRFZVVUdneFdWVjVjR2t5VWxZeE9VbzNZVmRsVDJGWlZHNXpXVUZ6VjJWTWIyRk1RMUZWTUdoRWRVVnpXRVpuY2pOeVZscFRaaXRsY0ZGa1kwNURPRFl5Y1dzMllsTnJibGQ2Y2lzek5uRldSV2xMUzNwc0wyOTRUa0pwV0hGMlNIUnRjV1kxUmpWNGRtVnJhVko0V1dvMVdYUk9kRm9yY1cxS1dFRjZlRnBEVVRSU2RVb3daWFJRVWxaVEszSldUMUY1WkROVVUzTkxWVmcxZEc0MVVrcFZjVm92ZDNSVGNuUXZialp3Wm5kWGFWVmhjMXBxZFZnNWFua3JTREpXUmsxQ2VUZEhabTFoYkVjemJHUXJaWFYzVVc0elEzSk5TRVpZU0UxVFUyZDNRa1ptY0ZoUFdFZ3lTVFYzT0ZRNFRuTmFlRlpvVjNkSVdWVnJXRzVWVkVaQ2FEUmtUVUV3ZUd0VlNUQkVZWFJUTVdFeGEwbzFTMjh6VVZGTmVHbFFRak5hTm05WmRIUnZZMnRwTUdKalVGUTJhMGM1VVc1Mklpd2laR0YwWVd0bGVTSTZJa0ZSUlVKQlNHaDNiVEJaWVVsVFNtVlNkRXB0Tlc0eFJ6WjFjV1ZsYTFoMWIxaFlVR1UxVlVaalpUbFNjVGd2TVRSM1FVRkJTRFIzWmtGWlNrdHZXa2xvZG1OT1FWRmpSMjlIT0hkaVVVbENRVVJDYjBKbmEzRm9hMmxIT1hjd1FrSjNSWGRJWjFsS1dVbGFTVUZYVlVSQ1FVVjFUVUpGUlVSSFFVdFVOVmN3TVVGNldsQTFVbkJzUVVsQ1JVbEJOMHBuVEcxNk1FSlJURk5YZERkUVFqSkVVR05XYXl0alJHRkJNRWhJYkdkbE1rOUVjbWMxS3pkelNGVkZZMmd3VUVsNlJUSnNSREV4YmtwT1ZsaHlPRXRIWVV0alJYUjZSelZGVDBsTU1VRTlJaXdpZG1WeWMybHZiaUk2SWpJaUxDSjBlWEJsSWpvaVJFRlVRVjlMUlZraUxDSmxlSEJwY21GMGFXOXVJam94TnpFNE56Z3pPVEV3ZlE9PQ==",
            "expires_at": "2024-06-19T07:58:30Z",
            "id": "us-east-1",
            "password": "eyJwYXlsb2FkIjoiR20vaHhwUTlTZ2k0eURBd1VLOUJEakRaUjZpdlBMTVIrTjR3ZDMwY3p4UXJWRmx6ZXNRTEJTOUI5YmFGVkUyRFM2b1ZTVWQxZ0hyOFZtNWdNemRYNHpiVnRIWlFzZHcrbHp3ODhzS0FnRDFabUJ5aldWc3ZxUHg0VHNOVWZWYTJCMjM3aXkzVVdlWXAvT2ZiWUFuKzN1TkNydEtXZjFSUE90WTlhN2dFWERTNVBTNHRQL1VwQVdkd0RpdFc0N1l2dTVmSHFWU2RpZ2xHRnNQWTlFNmcwWVZCOTI3WTVuRm1VOSt5Z3dCTGl0Rk1aemVaNkp2UkRTdjU0NVZVWERrVDlkMXJaV2c1K1BRZ1YwY0xLMVg5WDFvUEVwS1JsWWVqc3RMbUhYTWZQZ2lxaGZWNFZzZFF6UEwzOG8veHpjQ0Fycm5CdFRDTzRJTnpXeHNTV0syRHI1YktHWk1tbit6dm1qRnFhVU9zWFRuU2t2L2FXdEtNTG5ib0lISkMrU1ZkdWVhbnVGQVBMSmVkQzc0a2s2YTl5N25rN3hBazlrdzVSTkRwYXcyWWw4eS9IdlVVNDRKSXdCOS9NRkdZbkxzampvNFEzeUl1TjRHZDRIdFpJNzVPTjdtYU45azEybExkOXl0bmExMVdMMFdIUmluY3JBVVR3THdxN24ybmprNnN4OWQvbDBnSUJ6QVhkR3V3RHgrd2JPbTZEY1BQTGhONXNIWjhTcXpnT00xaStkVjRtYS9UV2RleDJNcHFhTzYvRVlZRWJzZW5WVFhGb1N0anF4ZnlrdVFyUHZiK3daSisvTndEazZ2TWdJS0xPb0V1NjA2Z08vWGJDRlZyeEZVNE1XUDlCa085UXloelRaZHM5UzJGbnVJS1QzamlOYjBWY0ZIVTRyQnZGZHhEQlVoRGs5aHgrMkNwVzdsbloybHBEWVJVTDQwcGxMdURwUUFFY3hnSGptZFlqQ0dtTnVmS0R1Y2VYOG1kK3FOckl6eHRHZ2diaU00S3piMTJrdldkUmh1bFBQWDdyM3pOZWM4bENoVVhtY0krUDBIdS8rQkEwZHZtVW0wYjZLMXdmNDZjc1JuZ2Vyb2FpbS9jZE56RTM0b3ltMjlMMnZGS1VrczNjK21rOU1xNVZUa3pPdVNZWDVNRCtNZW5CYW0rdHk0SE5kcHFBN3BGYzV2dXB0VEJ0YmM5QlVkK2J2SThORHFob1VrZ0pwWUtXUGxSUWplakRpbDNrY3Fwd2RyVkxUUXJmcWtaczdQQjNtcWJ5MEZqTVVPNGU4QTRuL0gyNlpzY2VESkV0Z21CaHV5aGU1clJXVEtSZU04a2lQV0VzbzRpejFlYzRRRUN1RUF2dnJ1c0JGQW41d1VzRml2dHhVTVMwajc3ZDVUUGgxWVV5cGkyUlYxOUo3YVdlT2FZVG5zWUFzV2VMb2FMQ1FVMGhEdUVzWEZncjNyVlpTZitlcFFkY05DODYycWs2YlNrbld6ciszNnFWRWlLS3psL294TkJpWHF2SHRtcWY1RjV4dmVraVJ4WWo1WXROdForcW1KWEF6eFpDUTRSdUowZXRQUlZTK3JWT1F5ZDNUU3NLVVg1dG41UkpVcVovd3RTcnQvbjZwZndXaVVhc1pqdVg5ankrSDJWRk1CeTdHZm1hbEczbGQrZXV3UW4zQ3JNSEZYSE1TU2d3QkZmcFhPWEgySTV3OFQ4TnNaeFZoV3dIWVVrWG5VVEZCaDRkTUEweGtVSTBEYXRTMWExa0o1S28zUVFNeGlQQjNaNm9ZdHRvY2tpMGJjUFQ2a0c5UW52IiwiZGF0YWtleSI6IkFRRUJBSGh3bTBZYUlTSmVSdEptNW4xRzZ1cWVla1h1b1hYUGU1VUZjZTlScTgvMTR3QUFBSDR3ZkFZSktvWklodmNOQVFjR29HOHdiUUlCQURCb0Jna3Foa2lHOXcwQkJ3RXdIZ1lKWUlaSUFXVURCQUV1TUJFRURHQUtUNVcwMUF6WlA1UnBsQUlCRUlBN0pnTG16MEJRTFNXdDdQQjJEUGNWaytjRGFBMEhIbGdlMk9Ecmc1KzdzSFVFY2gwUEl6RTJsRDExbkpOVlhyOEtHYUtjRXR6RzVFT0lMMUE9IiwidmVyc2lvbiI6IjIiLCJ0eXBlIjoiREFUQV9LRVkiLCJleHBpcmF0aW9uIjoxNzE4NzgzOTEwfQ==",
            "proxy_endpoint": "https://654654394525.dkr.ecr.us-east-1.amazonaws.com",
            "registry_id": null,
            "user_name": "AWS"
          },
          "sensitive_attributes": [
            [
              {
                "type": "get_attr",
                "value": "authorization_token"
              }
            ],
            [
              {
                "type": "get_attr",
                "value": "password"
              }
            ]
          ]
        }
      ]
    },
    {
      "module": "module.aws",
      "mode": "managed",
      "type": "aws_internet_gateway",
      "name": "ig_obligatorio",
      "provider": "provider[\"registry.terraform.io/hashicorp/aws\"]",
      "instances": [
        {
          "schema_version": 0,
          "attributes": {
            "arn": "arn:aws:ec2:us-east-1:654654394525:internet-gateway/igw-00902c95a58410da0",
            "id": "igw-00902c95a58410da0",
            "owner_id": "654654394525",
            "tags": {},
            "tags_all": {},
            "timeouts": null,
            "vpc_id": "vpc-0d7d4c2959890a5d1"
          },
          "sensitive_attributes": [],
          "private": "eyJlMmJmYjczMC1lY2FhLTExZTYtOGY4OC0zNDM2M2JjN2M0YzAiOnsiY3JlYXRlIjoxMjAwMDAwMDAwMDAwLCJkZWxldGUiOjEyMDAwMDAwMDAwMDAsInVwZGF0ZSI6MTIwMDAwMDAwMDAwMH19",
          "dependencies": [
            "module.aws.aws_vpc.vpc_obligatorio"
          ]
        }
      ]
    },
    {
      "module": "module.aws",
      "mode": "managed",
      "type": "aws_route",
      "name": "ruta_a_internet",
      "provider": "provider[\"registry.terraform.io/hashicorp/aws\"]",
      "instances": [
        {
          "schema_version": 0,
          "attributes": {
            "carrier_gateway_id": "",
            "core_network_arn": "",
            "destination_cidr_block": "0.0.0.0/0",
            "destination_ipv6_cidr_block": "",
            "destination_prefix_list_id": "",
            "egress_only_gateway_id": "",
            "gateway_id": "igw-00902c95a58410da0",
            "id": "r-rtb-08b977ec6ee3b451b1080289494",
            "instance_id": "",
            "instance_owner_id": "",
            "local_gateway_id": "",
            "nat_gateway_id": "",
            "network_interface_id": "",
            "origin": "CreateRoute",
            "route_table_id": "rtb-08b977ec6ee3b451b",
            "state": "active",
            "timeouts": null,
            "transit_gateway_id": "",
            "vpc_endpoint_id": "",
            "vpc_peering_connection_id": ""
          },
          "sensitive_attributes": [],
          "private": "eyJlMmJmYjczMC1lY2FhLTExZTYtOGY4OC0zNDM2M2JjN2M0YzAiOnsiY3JlYXRlIjozMDAwMDAwMDAwMDAsImRlbGV0ZSI6MzAwMDAwMDAwMDAwLCJ1cGRhdGUiOjEyMDAwMDAwMDAwMH19",
          "dependencies": [
            "module.aws.aws_internet_gateway.ig_obligatorio",
            "module.aws.aws_vpc.vpc_obligatorio"
          ]
        }
      ]
    },
    {
      "module": "module.aws",
      "mode": "managed",
      "type": "aws_security_group",
      "name": "sg_obligatorio",
      "provider": "provider[\"registry.terraform.io/hashicorp/aws\"]",
      "instances": [
        {
          "schema_version": 1,
          "attributes": {
            "arn": "arn:aws:ec2:us-east-1:654654394525:security-group/sg-0caa2e103af534750",
            "description": "Managed by Terraform",
            "egress": [
              {
                "cidr_blocks": [
                  "0.0.0.0/0"
                ],
                "description": "all",
                "from_port": 0,
                "ipv6_cidr_blocks": [],
                "prefix_list_ids": [],
                "protocol": "-1",
                "security_groups": [],
                "self": false,
                "to_port": 0
              }
            ],
            "id": "sg-0caa2e103af534750",
            "ingress": [
              {
                "cidr_blocks": [
                  "0.0.0.0/0"
                ],
                "description": "http",
                "from_port": 80,
                "ipv6_cidr_blocks": [],
                "prefix_list_ids": [],
                "protocol": "tcp",
                "security_groups": [],
                "self": false,
                "to_port": 80
              },
              {
                "cidr_blocks": [
                  "0.0.0.0/0"
                ],
                "description": "ssh",
                "from_port": 22,
                "ipv6_cidr_blocks": [],
                "prefix_list_ids": [],
                "protocol": "tcp",
                "security_groups": [],
                "self": false,
                "to_port": 22
              }
            ],
            "name": "sg_obligatorio",
            "name_prefix": "",
            "owner_id": "654654394525",
            "revoke_rules_on_delete": false,
            "tags": {},
            "tags_all": {},
            "timeouts": null,
            "vpc_id": "vpc-0d7d4c2959890a5d1"
          },
          "sensitive_attributes": [],
          "private": "eyJlMmJmYjczMC1lY2FhLTExZTYtOGY4OC0zNDM2M2JjN2M0YzAiOnsiY3JlYXRlIjo2MDAwMDAwMDAwMDAsImRlbGV0ZSI6OTAwMDAwMDAwMDAwfSwic2NoZW1hX3ZlcnNpb24iOiIxIn0=",
          "dependencies": [
            "module.aws.aws_vpc.vpc_obligatorio"
          ]
        }
      ]
    },
    {
      "module": "module.aws",
      "mode": "managed",
      "type": "aws_subnet",
      "name": "subnet_A_obligatorio",
      "provider": "provider[\"registry.terraform.io/hashicorp/aws\"]",
      "instances": [
        {
          "schema_version": 1,
          "attributes": {
            "arn": "arn:aws:ec2:us-east-1:654654394525:subnet/subnet-0a0f6e289626c953b",
            "assign_ipv6_address_on_creation": false,
            "availability_zone": "us-east-1a",
            "availability_zone_id": "use1-az1",
            "cidr_block": "172.16.1.0/24",
            "customer_owned_ipv4_pool": "",
            "enable_dns64": false,
            "enable_lni_at_device_index": 0,
            "enable_resource_name_dns_a_record_on_launch": false,
            "enable_resource_name_dns_aaaa_record_on_launch": false,
            "id": "subnet-0a0f6e289626c953b",
            "ipv6_cidr_block": "",
            "ipv6_cidr_block_association_id": "",
            "ipv6_native": false,
            "map_customer_owned_ip_on_launch": false,
            "map_public_ip_on_launch": true,
            "outpost_arn": "",
            "owner_id": "654654394525",
            "private_dns_hostname_type_on_launch": "ip-name",
            "tags": {
              "Name": "subnet-A-obligatorio"
            },
            "tags_all": {
              "Name": "subnet-A-obligatorio"
            },
            "timeouts": null,
            "vpc_id": "vpc-0d7d4c2959890a5d1"
          },
          "sensitive_attributes": [],
          "private": "eyJlMmJmYjczMC1lY2FhLTExZTYtOGY4OC0zNDM2M2JjN2M0YzAiOnsiY3JlYXRlIjo2MDAwMDAwMDAwMDAsImRlbGV0ZSI6MTIwMDAwMDAwMDAwMH0sInNjaGVtYV92ZXJzaW9uIjoiMSJ9",
          "dependencies": [
            "module.aws.aws_vpc.vpc_obligatorio"
          ]
        }
      ]
    },
    {
      "module": "module.aws",
      "mode": "managed",
      "type": "aws_subnet",
      "name": "subnet_B_obligatorio",
      "provider": "provider[\"registry.terraform.io/hashicorp/aws\"]",
      "instances": [
        {
          "schema_version": 1,
          "attributes": {
            "arn": "arn:aws:ec2:us-east-1:654654394525:subnet/subnet-0409d956ed6eb4059",
            "assign_ipv6_address_on_creation": false,
            "availability_zone": "us-east-1b",
            "availability_zone_id": "use1-az2",
            "cidr_block": "172.16.2.0/24",
            "customer_owned_ipv4_pool": "",
            "enable_dns64": false,
            "enable_lni_at_device_index": 0,
            "enable_resource_name_dns_a_record_on_launch": false,
            "enable_resource_name_dns_aaaa_record_on_launch": false,
            "id": "subnet-0409d956ed6eb4059",
            "ipv6_cidr_block": "",
            "ipv6_cidr_block_association_id": "",
            "ipv6_native": false,
            "map_customer_owned_ip_on_launch": false,
            "map_public_ip_on_launch": true,
            "outpost_arn": "",
            "owner_id": "654654394525",
            "private_dns_hostname_type_on_launch": "ip-name",
            "tags": {
              "Name": "subnet-B-obligatorio"
            },
            "tags_all": {
              "Name": "subnet-B-obligatorio"
            },
            "timeouts": null,
            "vpc_id": "vpc-0d7d4c2959890a5d1"
          },
          "sensitive_attributes": [],
          "private": "eyJlMmJmYjczMC1lY2FhLTExZTYtOGY4OC0zNDM2M2JjN2M0YzAiOnsiY3JlYXRlIjo2MDAwMDAwMDAwMDAsImRlbGV0ZSI6MTIwMDAwMDAwMDAwMH0sInNjaGVtYV92ZXJzaW9uIjoiMSJ9",
          "dependencies": [
            "module.aws.aws_vpc.vpc_obligatorio"
          ]
        }
      ]
    },
    {
      "module": "module.aws",
      "mode": "managed",
      "type": "aws_vpc",
      "name": "vpc_obligatorio",
      "provider": "provider[\"registry.terraform.io/hashicorp/aws\"]",
      "instances": [
        {
          "schema_version": 1,
          "attributes": {
            "arn": "arn:aws:ec2:us-east-1:654654394525:vpc/vpc-0d7d4c2959890a5d1",
            "assign_generated_ipv6_cidr_block": false,
            "cidr_block": "172.16.0.0/16",
            "default_network_acl_id": "acl-0715175c0bc45708e",
            "default_route_table_id": "rtb-08b977ec6ee3b451b",
            "default_security_group_id": "sg-07509480e2f062e4a",
            "dhcp_options_id": "dopt-068fd658d84a3f0eb",
            "enable_dns_hostnames": true,
            "enable_dns_support": true,
            "enable_network_address_usage_metrics": false,
            "id": "vpc-0d7d4c2959890a5d1",
            "instance_tenancy": "default",
            "ipv4_ipam_pool_id": null,
            "ipv4_netmask_length": null,
            "ipv6_association_id": "",
            "ipv6_cidr_block": "",
            "ipv6_cidr_block_network_border_group": "",
            "ipv6_ipam_pool_id": "",
            "ipv6_netmask_length": 0,
            "main_route_table_id": "rtb-08b977ec6ee3b451b",
            "owner_id": "654654394525",
            "tags": {
              "Name": "vpc-obligatorio"
            },
            "tags_all": {
              "Name": "vpc-obligatorio"
            }
          },
          "sensitive_attributes": [],
          "private": "eyJzY2hlbWFfdmVyc2lvbiI6IjEifQ=="
        }
      ]
    },
    {
      "module": "module.docker",
      "mode": "data",
      "type": "aws_caller_identity",
      "name": "current",
      "provider": "provider[\"registry.terraform.io/hashicorp/aws\"]",
      "instances": [
        {
          "schema_version": 0,
          "attributes": {
            "account_id": "654654394525",
            "arn": "arn:aws:sts::654654394525:assumed-role/voclabs/user3154006=gpramirezecheverria@gmail.com",
            "id": "654654394525",
            "user_id": "AROAZQ3DRKCORTCTDEKVT:user3154006=gpramirezecheverria@gmail.com"
          },
          "sensitive_attributes": []
        }
      ]
    },
    {
      "module": "module.docker",
      "mode": "data",
      "type": "aws_ecr_authorization_token",
      "name": "token",
      "provider": "provider[\"registry.terraform.io/hashicorp/aws\"]",
      "instances": [
        {
          "schema_version": 0,
          "attributes": {
            "authorization_token": "QVdTOmV5SndZWGxzYjJGa0lqb2lZVVkwVVRKellYazBTVU5TZVVOelNIRjBjMmhUZDNCM01GaGliREZzWVZJeU5USkhORzVHZEZCRGIxSktWME5oVnl0UFpIRkZjak5SVVd4U1MzZExWamhWTnpkemRDOUxhVVJzTUdneWFUTTFVbWhVU210SFdHVktia1JyYWpVd1NHTXZhRlk0WlVKV1ZHeGpZbkV3VnpGWlRrWnJlamRCVFc4Mk5XYzVjbVZIZHpkNWMzTkJNVVZZWTFwMlMwZEZkR0l6TUN0clZXZHBVWFZ2SzNwelJtVjFWMWQ0VkVwTGJuZGxRVEZ5ZDNrMVkzUnhhR1ZCZEhsUloxUmpObTF1VTBwaVZtNW5kWFZHZG00NFIxWlViRWRqZW1oTVQzbHNhekZsYnpkRmJVcERjRU5uV1hKcGVta3llVW93YmpSMU5YTkhiRzFHTVM5NVlrTjRSMmhyYjBaNllqaGljVVEyY1ZWd2NXTkhaMmw1ZUZsSmFGaG5SRlF5TjNGaVVVNTNjREZOVEdneFZVWm5VVm8zTmtaSVZWTlVjRFZJTW1oWGFXcFBXRkpUY0VRcldXSkZkMkZQVDFFeVFrUkNRMFF6VkdwbFVYRkpNbXAyTjFCb2VYZDFiMVY1YWtsTVkzaHJLMGsyVVd0eVIySldVa2h0UlZWb2VHbFVja2h1U21waFRFVm9ialI0YWpaNVMxcGFXVzU2Ym5sdGVFcFFlVTgzYmpVd05USlJRWG8zZG5kc2EwRmlMMUpYTTFOSmJGSnVNemt6TWxsSU1FMXdiVFpRVW5kdmRFcGxiSFJhZVZvd04yRmxWa0pGV25KVVpXcEdjR2h0U2tKRFlrazRlWFF3YlU5SVozTk5hVVZHZDJoM1QyUkNhRTlXTW5SWU9EQnVUMGR2TTBOWkt6WXhWR0ZQUVRaelQydFVNMHhtVGtFck5YRnJZbWxuZVM5WGRXcE5VSE5PT1hrclNXOTBSVTBySzBGTE9YZEZjR3MwZVUxWVYweDJTV2xTTldSTmNHcEpaM1JyTjI5bUwxbDRkMmh1Wmtkd1JFeEVPRTVwYXk5dVEwTmlVbThyZWxWSGNVVlpVV1ZKYlhWSWMzUXlUR2hzVTJKb2JsVkNkMUZ4V2tjNEwxUnJjbE5rWXpaVE9EVTNVVmRpZEZNelNFdzJaM041WlZKRU1qaDNWek14Wmk4cmFGRmthVTk0UjIxRk1VWlZXSGRGTUZWaGNqVnRUalUxUlZCcGJqUm9keXRVVTBGQ01DdEJNazB6ZVVGeVVreFlWVTlET1dzeFZYVlBTeTlKY1haNE5VSkVjbXBEUW5sMWVHeE9kVFpqZFRCbFRreEpOMFZTVFRscmNWUkpNalZrYXpKd016aDNURlpIY21WMGRIbzViMnBNZUVSMFVubExaVXA2UzI4dlNYWkVZelpOVlVsS2Nrd3ZiWE16VlRJM1YxWkxZV05FUVhGb1F6VTFSR055VkZwM1VUZEhXazEzYjA4cldGZzNURFJHUmxaT1kzSndNV0ZuTTNCU1MydHBjMHhqVkROd1ozRkZXRVpsYVV0a1FsbDFUREZEWlhaR2IwZEVjR2RyVDNWclJEZDNlRXB0ZERCT1VFOUZjalUwZFU1bEwwMDRkaXM1WTFGcGRtbDVOSGRJVTFSMVJTczVLM0kwUTJ3clZsRTFkR3hwYVZseEt6VlJlaXREYzA5MlEzWlVhbVF2V1RGdmEyZ3hhM3A0Wm14WGJ6ZDNVbHBOZEZaSVVrZHRhVzlDWjFndksyVjZZbk5QVWs1RGFYaGFTVUk0T1c1T2IwbE1XWEpSVm1neEwxQkpSa2hZZW14SEsySklZMUJyUWsxYVNEaENabFl5UjBFeVJWTmFjR1YxUkdGSFVIQXhiV001SzNwb2VuUktTMFJoVTJwaFMyczFOazFxZEZSbmRXUnlSM2hJYVZOemJrRnlhMjFYYVd0eWFYQXpaa1ZMT1M5bVlXMUpkRVpLWmpaRU1IUm5PVWxGWWxCR1dHMUNPV05FVjNwQ2FVTXhhVUptWlhWMVRYRmpWbFZSZEVSVWIySkthRWhvUkU5Q1ZsRjBiRGcyTDB4R1UxcFFUVGNyZDNsUk1IRXljeTlFUWtKR0szWnVUVEIwT1hSeFdpdE5XR014V2xwMllUbGtOVXBQWm5CT1FUbHRVSEJsZGpsblNtcHRTV2xWU0cxVVpUbGtaWEJPTTB4MU1GQm5la0p4ZGpOWlRYSktRamQxTkRVMk56QXJVRk5WYUhJM2VITjFhSHB2SzNsU05tZENiM0JCU25nMFJVeHZkVWh3TURaVVQyWk5UVXRRUkV0alprWlJNR0ZXTUhkb1FWWjNiaXRGTVZwVFlrWjRXVWwyY1VSRlprSkZjamxPUTFJdk5XUjVNVFZVUjFNeElpd2laR0YwWVd0bGVTSTZJa0ZSUlVKQlNHaDNiVEJaWVVsVFNtVlNkRXB0Tlc0eFJ6WjFjV1ZsYTFoMWIxaFlVR1UxVlVaalpUbFNjVGd2TVRSM1FVRkJTRFIzWmtGWlNrdHZXa2xvZG1OT1FWRmpSMjlIT0hkaVVVbENRVVJDYjBKbmEzRm9hMmxIT1hjd1FrSjNSWGRJWjFsS1dVbGFTVUZYVlVSQ1FVVjFUVUpGUlVST1VVaGxaR3hTWVRGWVZtczNPWFoyWjBsQ1JVbEJOelJTWkc1aU4xcFJOak5qVkRNM2QzbHJMMDlFV1VGRllsRjZiMHhrWVdFM1lrdFdTbUppU0dKMWJHdElObnBHY2tJcloySkxkRkJDYjNscFZVWkdNMVV6VkRWSE5rNVpWMGxQVlU5dlRVazlJaXdpZG1WeWMybHZiaUk2SWpJaUxDSjBlWEJsSWpvaVJFRlVRVjlMUlZraUxDSmxlSEJwY21GMGFXOXVJam94TnpFNE56Z3pPVEV3ZlE9PQ==",
            "expires_at": "2024-06-19T07:58:30Z",
            "id": "us-east-1",
            "password": "eyJwYXlsb2FkIjoiYUY0UTJzYXk0SUNSeUNzSHF0c2hTd3B3MFhibDFsYVIyNTJHNG5GdFBDb1JKV0NhVytPZHFFcjNRUWxSS3dLVjhVNzdzdC9LaURsMGgyaTM1UmhUSmtHWGVKbkRrajUwSGMvaFY4ZUJWVGxjYnEwVzFZTkZrejdBTW82NWc5cmVHdzd5c3NBMUVYY1p2S0dFdGIzMCtrVWdpUXVvK3pzRmV1V1d4VEpLbndlQTFyd3k1Y3RxaGVBdHlRZ1RjNm1uU0piVm5ndXVGdm44R1ZUbEdjemhMT3lsazFlbzdFbUpDcENnWXJpemkyeUowbjR1NXNHbG1GMS95YkN4R2hrb0Z6YjhicUQ2cVVwcWNHZ2l5eFlJaFhnRFQyN3FiUU53cDFNTGgxVUZnUVo3NkZIVVNUcDVIMmhXaWpPWFJTcEQrWWJFd2FPT1EyQkRCQ0QzVGplUXFJMmp2N1BoeXd1b1V5aklMY3hrK0k2UWtyR2JWUkhtRVVoeGlUckhuSmphTEVobjR4ajZ5S1paWW56bnlteEpQeU83bjUwNTJRQXo3dndsa0FiL1JXM1NJbFJuMzkzMllIME1wbTZQUndvdEplbHRaeVowN2FlVkJFWnJUZWpGcGhtSkJDYkk4eXQwbU9IZ3NNaUVGd2h3T2RCaE9WMnRYODBuT0dvM0NZKzYxVGFPQTZzT2tUM0xmTkErNXFrYmlneS9XdWpNUHNOOXkrSW90RU0rK0FLOXdFcGs0eU1YV0x2SWlSNWRNcGpJZ3RrN29mL1l4d2huZkdwRExEOE5pay9uQ0NiUm8relVHcUVZUWVJbXVIc3QyTGhsU2JoblVCd1FxWkc4L1RrclNkYzZTODU3UVdidFMzSEw2Z3N5ZVJEMjh3VzMxZi8raFFkaU94R21FMUZVWHdFMFVhcjVtTjU1RVBpbjRodytUU0FCMCtBMk0zeUFyUkxYVU9DOWsxVXVPSy9JcXZ4NUJEcmpDQnl1eGxOdTZjdTBlTkxJN0VSTTlrcVRJMjVkazJwMzh3TFZHcmV0dHo5b2pMeER0UnlLZUp6S28vSXZEYzZNVUlKckwvbXMzVTI3V1ZLYWNEQXFoQzU1RGNyVFp3UTdHWk13b08rWFg3TDRGRlZOY3JwMWFnM3BSS2tpc0xjVDNwZ3FFWEZlaUtkQll1TDFDZXZGb0dEcGdrT3VrRDd3eEptdDBOUE9FcjU0dU5lL004dis5Y1Fpdml5NHdIU1R1RSs5K3I0Q2wrVlE1dGxpaVlxKzVReitDc092Q3ZUamQvWTFva2gxa3p4ZmxXbzd3UlpNdFZIUkdtaW9CZ1gvK2V6YnNPUk5DaXhaSUI4OW5Ob0lMWXJRVmgxL1BJRkhYemxHK2JIY1BrQk1aSDhCZlYyR0EyRVNacGV1RGFHUHAxbWM5K3poenRKS0RhU2phS2s1Nk1qdFRndWRyR3hIaVNzbkFya21XaWtyaXAzZkVLOS9mYW1JdEZKZjZEMHRnOUlFYlBGWG1COWNEV3pCaUMxaUJmZXV1TXFjVlVRdERUb2JKaEhoRE9CVlF0bDg2L0xGU1pQTTcrd3lRMHEycy9EQkJGK3ZuTTB0OXRxWitNWGMxWlp2YTlkNUpPZnBOQTltUHBldjlnSmptSWlVSG1UZTlkZXBOM0x1MFBnekJxdjNZTXJKQjd1NDU2NzArUFNVaHI3eHN1aHpvK3lSNmdCb3BBSng0RUxvdUhwMDZUT2ZNTUtQREtjZkZRMGFWMHdoQVZ3bitFMVpTYkZ4WUl2cURFZkJFcjlOQ1IvNWR5MTVUR1MxIiwiZGF0YWtleSI6IkFRRUJBSGh3bTBZYUlTSmVSdEptNW4xRzZ1cWVla1h1b1hYUGU1VUZjZTlScTgvMTR3QUFBSDR3ZkFZSktvWklodmNOQVFjR29HOHdiUUlCQURCb0Jna3Foa2lHOXcwQkJ3RXdIZ1lKWUlaSUFXVURCQUV1TUJFRUROUUhlZGxSYTFYVms3OXZ2Z0lCRUlBNzRSZG5iN1pRNjNjVDM3d3lrL09EWUFFYlF6b0xkYWE3YktWSmJiSGJ1bGtINnpGckIrZ2JLdFBCb3lpVUZGM1UzVDVHNk5ZV0lPVU9vTUk9IiwidmVyc2lvbiI6IjIiLCJ0eXBlIjoiREFUQV9LRVkiLCJleHBpcmF0aW9uIjoxNzE4NzgzOTEwfQ==",
            "proxy_endpoint": "https://654654394525.dkr.ecr.us-east-1.amazonaws.com",
            "registry_id": null,
            "user_name": "AWS"
          },
          "sensitive_attributes": [
            [
              {
                "type": "get_attr",
                "value": "authorization_token"
              }
            ],
            [
              {
                "type": "get_attr",
                "value": "password"
              }
            ]
          ]
        }
      ]
    },
    {
      "module": "module.docker",
      "mode": "managed",
      "type": "aws_ecr_repository",
      "name": "db",
      "provider": "provider[\"registry.terraform.io/hashicorp/aws\"]",
      "instances": [
        {
          "schema_version": 0,
          "attributes": {
            "arn": "arn:aws:ecr:us-east-1:654654394525:repository/db",
            "encryption_configuration": [
              {
                "encryption_type": "AES256",
                "kms_key": ""
              }
            ],
            "force_delete": true,
            "id": "db",
            "image_scanning_configuration": [
              {
                "scan_on_push": false
              }
            ],
            "image_tag_mutability": "MUTABLE",
            "name": "db",
            "registry_id": "654654394525",
            "repository_url": "654654394525.dkr.ecr.us-east-1.amazonaws.com/db",
            "tags": {},
            "tags_all": {},
            "timeouts": null
          },
          "sensitive_attributes": [],
          "private": "eyJlMmJmYjczMC1lY2FhLTExZTYtOGY4OC0zNDM2M2JjN2M0YzAiOnsiZGVsZXRlIjoxMjAwMDAwMDAwMDAwfX0="
        }
      ]
    },
    {
      "module": "module.docker",
      "mode": "managed",
      "type": "aws_ecr_repository",
      "name": "web",
      "provider": "provider[\"registry.terraform.io/hashicorp/aws\"]",
      "instances": [
        {
          "schema_version": 0,
          "attributes": {
            "arn": "arn:aws:ecr:us-east-1:654654394525:repository/web",
            "encryption_configuration": [
              {
                "encryption_type": "AES256",
                "kms_key": ""
              }
            ],
            "force_delete": true,
            "id": "web",
            "image_scanning_configuration": [
              {
                "scan_on_push": false
              }
            ],
            "image_tag_mutability": "MUTABLE",
            "name": "web",
            "registry_id": "654654394525",
            "repository_url": "654654394525.dkr.ecr.us-east-1.amazonaws.com/web",
            "tags": {},
            "tags_all": {},
            "timeouts": null
          },
          "sensitive_attributes": [],
          "private": "eyJlMmJmYjczMC1lY2FhLTExZTYtOGY4OC0zNDM2M2JjN2M0YzAiOnsiZGVsZXRlIjoxMjAwMDAwMDAwMDAwfX0="
        }
      ]
    },
    {
      "module": "module.docker",
      "mode": "managed",
      "type": "docker_image",
      "name": "db",
      "provider": "provider[\"registry.terraform.io/kreuzwerker/docker\"]",
      "instances": [
        {
          "schema_version": 0,
          "attributes": {
            "build": [
              {
                "auth_config": [],
                "build_arg": {},
                "build_args": {},
                "build_id": "",
                "cache_from": [],
                "cgroup_parent": "",
                "context": "./imagenes-docker/mysql57/",
                "cpu_period": 0,
                "cpu_quota": 0,
                "cpu_set_cpus": "",
                "cpu_set_mems": "",
                "cpu_shares": 0,
                "dockerfile": "Dockerfile",
                "extra_hosts": [],
                "force_remove": false,
                "isolation": "",
                "label": {},
                "labels": {},
                "memory": 0,
                "memory_swap": 0,
                "network_mode": "",
                "no_cache": false,
                "platform": "",
                "pull_parent": false,
                "remote_context": "",
                "remove": true,
                "security_opt": [],
                "session_id": "",
                "shm_size": 0,
                "squash": false,
                "suppress_output": false,
                "tag": [],
                "target": "",
                "ulimit": [],
                "version": ""
              }
            ],
            "force_remove": null,
            "id": "sha256:92baf7a5544490b19c36d8cb0a38a1171d87a249fae3eff4cc3146a482fba569654654394525.dkr.ecr.us-east-1.amazonaws.com/db",
            "image_id": "sha256:92baf7a5544490b19c36d8cb0a38a1171d87a249fae3eff4cc3146a482fba569",
            "keep_locally": null,
            "name": "654654394525.dkr.ecr.us-east-1.amazonaws.com/db",
            "platform": null,
            "pull_triggers": null,
            "repo_digest": "",
            "triggers": null
          },
          "sensitive_attributes": [],
          "private": "bnVsbA==",
          "dependencies": [
            "data.aws_caller_identity.current",
            "data.aws_ecr_authorization_token.token",
            "module.docker.data.aws_caller_identity.current"
          ]
        }
      ]
    },
    {
      "module": "module.docker",
      "mode": "managed",
      "type": "docker_image",
      "name": "web",
      "provider": "provider[\"registry.terraform.io/kreuzwerker/docker\"]",
      "instances": [
        {
          "schema_version": 0,
          "attributes": {
            "build": [
              {
                "auth_config": [],
                "build_arg": null,
                "build_args": null,
                "build_id": "",
                "cache_from": [],
                "cgroup_parent": "",
                "context": "./imagenes-docker/apache-php/",
                "cpu_period": null,
                "cpu_quota": null,
                "cpu_set_cpus": "",
                "cpu_set_mems": "",
                "cpu_shares": null,
                "dockerfile": "Dockerfile",
                "extra_hosts": [],
                "force_remove": null,
                "isolation": "",
                "label": null,
                "labels": null,
                "memory": null,
                "memory_swap": null,
                "network_mode": "",
                "no_cache": null,
                "platform": "",
                "pull_parent": null,
                "remote_context": "",
                "remove": true,
                "security_opt": [],
                "session_id": "",
                "shm_size": null,
                "squash": null,
                "suppress_output": null,
                "tag": [],
                "target": "",
                "ulimit": [],
                "version": ""
              }
            ],
            "force_remove": null,
            "id": "sha256:e41939413847febfff798e5411c95e04e65f8840cf3d15dcb3ea7444326177fb654654394525.dkr.ecr.us-east-1.amazonaws.com/web",
            "image_id": "sha256:e41939413847febfff798e5411c95e04e65f8840cf3d15dcb3ea7444326177fb",
            "keep_locally": null,
            "name": "654654394525.dkr.ecr.us-east-1.amazonaws.com/web",
            "platform": null,
            "pull_triggers": null,
            "repo_digest": "",
            "triggers": null
          },
          "sensitive_attributes": [],
          "private": "bnVsbA==",
          "dependencies": [
            "data.aws_caller_identity.current",
            "data.aws_ecr_authorization_token.token",
            "module.docker.data.aws_caller_identity.current"
          ]
        }
      ]
    },
    {
      "module": "module.docker",
      "mode": "managed",
      "type": "docker_registry_image",
      "name": "db",
      "provider": "provider[\"registry.terraform.io/kreuzwerker/docker\"]",
      "instances": [
        {
          "schema_version": 0,
          "attributes": {
            "id": "sha256:9c1b31cd439abd534e374c45be3e3b91f1cde7b67aaebfbfa479f1bb32e284fe",
            "insecure_skip_verify": false,
            "keep_remotely": false,
            "name": "654654394525.dkr.ecr.us-east-1.amazonaws.com/db",
            "sha256_digest": "sha256:9c1b31cd439abd534e374c45be3e3b91f1cde7b67aaebfbfa479f1bb32e284fe",
            "triggers": null
          },
          "sensitive_attributes": [],
          "private": "bnVsbA==",
          "dependencies": [
            "data.aws_caller_identity.current",
            "data.aws_ecr_authorization_token.token",
            "module.docker.data.aws_caller_identity.current"
          ]
        }
      ]
    }
  ],
  "check_results": null
}
